{
  "version": 4,
  "terraform_version": "1.1.5",
  "serial": 13,
  "lineage": "4f07ac3a-367c-4b72-43ec-c65e19f3b3df",
  "outputs": {
    "bigquery_datasets": {
      "value": {
        "drop-bq-0": "fs_50_dev_datadrp_bq_0",
        "dwh-confidential-bq-0": "fs_50_dev_data_dwh_conf_bq_0",
        "dwh-curated-bq-0": "fs_50_dev_data_dwh_lnd_bq_0",
        "dwh-landing-bq-0": "fs_50_dev_data_dwh_lnd_bq_0",
        "dwh-plg-bq-0": "fs_50_dev_data_dwh_plg_bq_0"
      },
      "type": [
        "object",
        {
          "drop-bq-0": "string",
          "dwh-confidential-bq-0": "string",
          "dwh-curated-bq-0": "string",
          "dwh-landing-bq-0": "string",
          "dwh-plg-bq-0": "string"
        }
      ]
    },
    "demo_commands": {
      "value": {
        "1": "gsutil -i fs-50-dev-data-drp-cs-0@fs-50-dev-data-drp-0.iam.gserviceaccount.com cp demo/data/*.csv gs://fs-50-dev-data-drp-cs-0",
        "2": "gsutil -i fs-50-dev-data-orc-cmp-0@fs-50-dev-data-orc-0.iam.gserviceaccount.com cp demo/data/*.j* gs://fs-50-dev-data-orc-cs-0",
        "3": "gsutil -i fs-50-dev-data-orc-cmp-0@fs-50-dev-data-orc-0.iam.gserviceaccount.com cp demo/*.py gs://europe-west1-fs-50-dev-data-d3c11db3-bucket/dags/",
        "4": "Open https://e82d364ff47742f29087e5877028d226-dot-europe-west1.composer.googleusercontent.com and run uploaded DAG.",
        "5": "           bq query --project_id=fs-50-dev-data-dwh-conf-0 --use_legacy_sql=false 'SELECT * EXCEPT (name, surname) FROM `fs-50-dev-data-dwh-conf-0.fs_50_dev_data_dwh_conf_bq_0.customer_purchase` LIMIT 1000'\"\n"
      },
      "type": [
        "object",
        {
          "1": "string",
          "2": "string",
          "3": "string",
          "4": "string",
          "5": "string"
        }
      ]
    },
    "gcs_buckets": {
      "value": {
        "drop-cs-0": "fs-50-dev-data-drp-cs-0",
        "dwh-confidential-cs-0": "fs-50-dev-data-dwh-conf-cs-0",
        "dwh-curated-cs-0": "fs-50-dev-data-dwh-cur-cs-0",
        "dwh-landing-cs-0": "fs-50-dev-data-dwh-lnd-cs-0",
        "dwh-plg-cs-0": "fs-50-dev-data-dwh-plg-cs-0",
        "lod-cs-df": "fs-50-dev-data-load-cs-0",
        "orch-cs-0": "fs-50-dev-data-orc-cs-0",
        "transf-cs-df": "fs-50-dev-data-trf-cs-0"
      },
      "type": [
        "object",
        {
          "drop-cs-0": "string",
          "dwh-confidential-cs-0": "string",
          "dwh-curated-cs-0": "string",
          "dwh-landing-cs-0": "string",
          "dwh-plg-cs-0": "string",
          "lod-cs-df": "string",
          "orch-cs-0": "string",
          "transf-cs-df": "string"
        }
      ]
    },
    "projects": {
      "value": {
        "project_id": {
          "dropoff": "fs-50-dev-data-drp-0",
          "dwh-confidential": "fs-50-dev-data-dwh-conf-0",
          "dwh-curated": "fs-50-dev-data-dwh-cur-0",
          "dwh-landing": "fs-50-dev-data-dwh-lnd-0",
          "dwh-plg": "fs-50-dev-data-dwh-plg-0",
          "exposure": "fs-50-dev-data-exp-0",
          "load": "fs-50-dev-data-lod-0",
          "orchestration": "fs-50-dev-data-orc-0",
          "transformation": "fs-50-dev-data-trf-0"
        },
        "project_number": {
          "dropoff": "998381442778",
          "dwh-confidential": "982510995954",
          "dwh-curated": "748078921393",
          "dwh-landing": "615991677963",
          "dwh-plg": "278244931207",
          "exposure": "34767627274",
          "load": "656288834514",
          "orchestration": "863516118970",
          "transformation": "815882013226"
        }
      },
      "type": [
        "object",
        {
          "project_id": [
            "object",
            {
              "dropoff": "string",
              "dwh-confidential": "string",
              "dwh-curated": "string",
              "dwh-landing": "string",
              "dwh-plg": "string",
              "exposure": "string",
              "load": "string",
              "orchestration": "string",
              "transformation": "string"
            }
          ],
          "project_number": [
            "object",
            {
              "dropoff": "string",
              "dwh-confidential": "string",
              "dwh-curated": "string",
              "dwh-landing": "string",
              "dwh-plg": "string",
              "exposure": "string",
              "load": "string",
              "orchestration": "string",
              "transformation": "string"
            }
          ]
        }
      ]
    },
    "vpc_network": {
      "value": {
        "load": "https://www.googleapis.com/compute/v1/projects/fs-30-dev-net-spoke-0/global/networks/dev-spoke-0",
        "orchestration": "https://www.googleapis.com/compute/v1/projects/fs-30-dev-net-spoke-0/global/networks/dev-spoke-0",
        "transformation": "https://www.googleapis.com/compute/v1/projects/fs-30-dev-net-spoke-0/global/networks/dev-spoke-0"
      },
      "type": [
        "object",
        {
          "load": "string",
          "orchestration": "string",
          "transformation": "string"
        }
      ]
    },
    "vpc_subnet": {
      "value": {
        "load": "https://www.googleapis.com/compute/v1/projects/fs-30-dev-net-spoke-0/regions/europe-west1/subnetworks/dev-dataplatform-ew1",
        "orchestration": "https://www.googleapis.com/compute/v1/projects/fs-30-dev-net-spoke-0/regions/europe-west1/subnetworks/dev-dataplatform-ew1",
        "transformation": "https://www.googleapis.com/compute/v1/projects/fs-30-dev-net-spoke-0/regions/europe-west1/subnetworks/dev-dataplatform-ew1"
      },
      "type": [
        "object",
        {
          "load": "string",
          "orchestration": "string",
          "transformation": "string"
        }
      ]
    }
  },
  "resources": [
    {
      "module": "module.data-platform",
      "mode": "managed",
      "type": "google_project_iam_member",
      "name": "shared_vpc",
      "provider": "provider[\"registry.terraform.io/hashicorp/google\"]",
      "instances": [
        {
          "index_key": "roles/composer.sharedVpcAgent-orch-robot-cs",
          "schema_version": 0,
          "attributes": {
            "condition": [],
            "etag": "BwXeV2twjr0=",
            "id": "fs-30-dev-net-spoke-0/roles/composer.sharedVpcAgent/serviceAccount:service-863516118970@cloudcomposer-accounts.iam.gserviceaccount.com",
            "member": "serviceAccount:service-863516118970@cloudcomposer-accounts.iam.gserviceaccount.com",
            "project": "fs-30-dev-net-spoke-0",
            "role": "roles/composer.sharedVpcAgent"
          },
          "sensitive_attributes": [],
          "private": "bnVsbA==",
          "dependencies": [
            "module.data-platform.module.load-project.data.google_bigquery_default_service_account.bq_sa",
            "module.data-platform.module.load-project.data.google_storage_project_service_account.gcs_sa",
            "module.data-platform.module.load-project.google_compute_shared_vpc_host_project.shared_vpc_host",
            "module.data-platform.module.load-project.data.google_project.project",
            "module.data-platform.module.load-project.google_compute_shared_vpc_service_project.service_projects",
            "module.data-platform.module.load-project.google_kms_crypto_key_iam_member.service_identity_cmek",
            "module.data-platform.module.load-project.google_project.project",
            "module.data-platform.module.load-project.google_project_iam_member.servicenetworking",
            "module.data-platform.module.load-project.google_project_iam_member.shared_vpc_host_robots",
            "module.data-platform.module.load-project.google_project_organization_policy.boolean",
            "module.data-platform.module.load-project.google_project_organization_policy.list",
            "module.data-platform.module.load-project.google_project_service.project_services",
            "module.data-platform.module.load-project.google_project_service_identity.jit_si",
            "module.data-platform.module.load-project.google_project_service_identity.servicenetworking",
            "module.data-platform.module.load-sa-df-0.google_service_account.service_account",
            "module.data-platform.module.orch-project.data.google_bigquery_default_service_account.bq_sa",
            "module.data-platform.module.load-sa-df-0.data.google_service_account.service_account",
            "module.data-platform.module.orch-project.data.google_project.project",
            "module.data-platform.module.orch-project.data.google_storage_project_service_account.gcs_sa",
            "module.data-platform.module.orch-project.google_kms_crypto_key_iam_member.service_identity_cmek",
            "module.data-platform.module.orch-project.google_project.project",
            "module.data-platform.module.orch-project.google_project_service.project_services",
            "module.data-platform.module.orch-project.google_project_service_identity.jit_si",
            "module.data-platform.module.transf-project.data.google_bigquery_default_service_account.bq_sa",
            "module.data-platform.module.transf-project.data.google_project.project",
            "module.data-platform.module.transf-project.data.google_storage_project_service_account.gcs_sa",
            "module.data-platform.module.transf-project.google_compute_shared_vpc_host_project.shared_vpc_host",
            "module.data-platform.module.transf-project.google_compute_shared_vpc_service_project.service_projects",
            "module.data-platform.module.transf-project.google_kms_crypto_key_iam_member.service_identity_cmek",
            "module.data-platform.module.transf-project.google_project.project",
            "module.data-platform.module.transf-project.google_project_iam_member.servicenetworking",
            "module.data-platform.module.transf-project.google_project_iam_member.shared_vpc_host_robots",
            "module.data-platform.module.transf-project.google_project_organization_policy.boolean",
            "module.data-platform.module.transf-project.google_project_organization_policy.list",
            "module.data-platform.module.transf-project.google_project_service.project_services",
            "module.data-platform.module.transf-project.google_project_service_identity.jit_si",
            "module.data-platform.module.transf-project.google_project_service_identity.servicenetworking",
            "module.data-platform.module.transf-sa-df-0.data.google_service_account.service_account",
            "module.data-platform.module.transf-sa-df-0.google_service_account.service_account"
          ]
        },
        {
          "index_key": "roles/compute.networkUser-load-robot-df",
          "schema_version": 0,
          "attributes": {
            "condition": [],
            "etag": "BwXeV2twjr0=",
            "id": "fs-30-dev-net-spoke-0/roles/compute.networkUser/serviceAccount:service-656288834514@dataflow-service-producer-prod.iam.gserviceaccount.com",
            "member": "serviceAccount:service-656288834514@dataflow-service-producer-prod.iam.gserviceaccount.com",
            "project": "fs-30-dev-net-spoke-0",
            "role": "roles/compute.networkUser"
          },
          "sensitive_attributes": [],
          "private": "bnVsbA==",
          "dependencies": [
            "module.data-platform.module.load-project.data.google_bigquery_default_service_account.bq_sa",
            "module.data-platform.module.load-project.data.google_project.project",
            "module.data-platform.module.load-project.google_project.project",
            "module.data-platform.module.load-project.google_compute_shared_vpc_service_project.service_projects",
            "module.data-platform.module.load-project.google_kms_crypto_key_iam_member.service_identity_cmek",
            "module.data-platform.module.orch-project.google_kms_crypto_key_iam_member.service_identity_cmek",
            "module.data-platform.module.load-project.google_project_organization_policy.boolean",
            "module.data-platform.module.load-project.google_project_iam_member.servicenetworking",
            "module.data-platform.module.load-project.google_project_iam_member.shared_vpc_host_robots",
            "module.data-platform.module.load-project.data.google_storage_project_service_account.gcs_sa",
            "module.data-platform.module.load-project.google_project_organization_policy.list",
            "module.data-platform.module.load-project.google_project_service.project_services",
            "module.data-platform.module.load-project.google_project_service_identity.jit_si",
            "module.data-platform.module.load-project.google_project_service_identity.servicenetworking",
            "module.data-platform.module.load-sa-df-0.data.google_service_account.service_account",
            "module.data-platform.module.load-sa-df-0.google_service_account.service_account",
            "module.data-platform.module.orch-project.data.google_bigquery_default_service_account.bq_sa",
            "module.data-platform.module.orch-project.data.google_project.project",
            "module.data-platform.module.orch-project.data.google_storage_project_service_account.gcs_sa",
            "module.data-platform.module.load-project.google_compute_shared_vpc_host_project.shared_vpc_host",
            "module.data-platform.module.orch-project.google_project.project",
            "module.data-platform.module.orch-project.google_project_service.project_services",
            "module.data-platform.module.orch-project.google_project_service_identity.jit_si",
            "module.data-platform.module.transf-project.data.google_bigquery_default_service_account.bq_sa",
            "module.data-platform.module.transf-project.data.google_project.project",
            "module.data-platform.module.transf-project.data.google_storage_project_service_account.gcs_sa",
            "module.data-platform.module.transf-project.google_compute_shared_vpc_host_project.shared_vpc_host",
            "module.data-platform.module.transf-project.google_compute_shared_vpc_service_project.service_projects",
            "module.data-platform.module.transf-project.google_kms_crypto_key_iam_member.service_identity_cmek",
            "module.data-platform.module.transf-project.google_project.project",
            "module.data-platform.module.transf-project.google_project_iam_member.servicenetworking",
            "module.data-platform.module.transf-project.google_project_iam_member.shared_vpc_host_robots",
            "module.data-platform.module.transf-project.google_project_organization_policy.boolean",
            "module.data-platform.module.transf-project.google_project_organization_policy.list",
            "module.data-platform.module.transf-project.google_project_service.project_services",
            "module.data-platform.module.transf-project.google_project_service_identity.jit_si",
            "module.data-platform.module.transf-project.google_project_service_identity.servicenetworking",
            "module.data-platform.module.transf-sa-df-0.data.google_service_account.service_account",
            "module.data-platform.module.transf-sa-df-0.google_service_account.service_account"
          ]
        },
        {
          "index_key": "roles/compute.networkUser-load-sa-df-worker",
          "schema_version": 0,
          "attributes": {
            "condition": [],
            "etag": "BwXeV2twjr0=",
            "id": "fs-30-dev-net-spoke-0/roles/compute.networkUser/serviceAccount:fs-50-dev-data-load-df-0@fs-50-dev-data-lod-0.iam.gserviceaccount.com",
            "member": "serviceAccount:fs-50-dev-data-load-df-0@fs-50-dev-data-lod-0.iam.gserviceaccount.com",
            "project": "fs-30-dev-net-spoke-0",
            "role": "roles/compute.networkUser"
          },
          "sensitive_attributes": [],
          "private": "bnVsbA==",
          "dependencies": [
            "module.data-platform.module.load-project.data.google_bigquery_default_service_account.bq_sa",
            "module.data-platform.module.load-project.data.google_project.project",
            "module.data-platform.module.load-project.data.google_storage_project_service_account.gcs_sa",
            "module.data-platform.module.load-project.google_compute_shared_vpc_host_project.shared_vpc_host",
            "module.data-platform.module.load-project.google_compute_shared_vpc_service_project.service_projects",
            "module.data-platform.module.load-project.google_kms_crypto_key_iam_member.service_identity_cmek",
            "module.data-platform.module.load-project.google_project.project",
            "module.data-platform.module.load-project.google_project_iam_member.servicenetworking",
            "module.data-platform.module.load-project.google_project_iam_member.shared_vpc_host_robots",
            "module.data-platform.module.load-project.google_project_organization_policy.boolean",
            "module.data-platform.module.load-project.google_project_organization_policy.list",
            "module.data-platform.module.load-project.google_project_service.project_services",
            "module.data-platform.module.load-project.google_project_service_identity.jit_si",
            "module.data-platform.module.load-project.google_project_service_identity.servicenetworking",
            "module.data-platform.module.load-sa-df-0.data.google_service_account.service_account",
            "module.data-platform.module.load-sa-df-0.google_service_account.service_account",
            "module.data-platform.module.orch-project.data.google_bigquery_default_service_account.bq_sa",
            "module.data-platform.module.orch-project.data.google_storage_project_service_account.gcs_sa",
            "module.data-platform.module.orch-project.google_kms_crypto_key_iam_member.service_identity_cmek",
            "module.data-platform.module.orch-project.google_project.project",
            "module.data-platform.module.orch-project.google_project_service.project_services",
            "module.data-platform.module.orch-project.google_project_service_identity.jit_si",
            "module.data-platform.module.transf-project.data.google_bigquery_default_service_account.bq_sa",
            "module.data-platform.module.transf-project.data.google_project.project",
            "module.data-platform.module.transf-project.data.google_storage_project_service_account.gcs_sa",
            "module.data-platform.module.transf-project.google_compute_shared_vpc_host_project.shared_vpc_host",
            "module.data-platform.module.transf-project.google_compute_shared_vpc_service_project.service_projects",
            "module.data-platform.module.orch-project.data.google_project.project",
            "module.data-platform.module.transf-project.google_kms_crypto_key_iam_member.service_identity_cmek",
            "module.data-platform.module.transf-project.google_project.project",
            "module.data-platform.module.transf-project.google_project_iam_member.servicenetworking",
            "module.data-platform.module.transf-project.google_project_iam_member.shared_vpc_host_robots",
            "module.data-platform.module.transf-project.google_project_organization_policy.boolean",
            "module.data-platform.module.transf-project.google_project_organization_policy.list",
            "module.data-platform.module.transf-project.google_project_service.project_services",
            "module.data-platform.module.transf-project.google_project_service_identity.jit_si",
            "module.data-platform.module.transf-project.google_project_service_identity.servicenetworking",
            "module.data-platform.module.transf-sa-df-0.data.google_service_account.service_account",
            "module.data-platform.module.transf-sa-df-0.google_service_account.service_account"
          ]
        },
        {
          "index_key": "roles/compute.networkUser-orch-cloudservices",
          "schema_version": 0,
          "attributes": {
            "condition": [],
            "etag": "BwXeV2twjr0=",
            "id": "fs-30-dev-net-spoke-0/roles/compute.networkUser/serviceAccount:863516118970@cloudservices.gserviceaccount.com",
            "member": "serviceAccount:863516118970@cloudservices.gserviceaccount.com",
            "project": "fs-30-dev-net-spoke-0",
            "role": "roles/compute.networkUser"
          },
          "sensitive_attributes": [],
          "private": "bnVsbA==",
          "dependencies": [
            "module.data-platform.module.load-project.data.google_bigquery_default_service_account.bq_sa",
            "module.data-platform.module.load-project.data.google_project.project",
            "module.data-platform.module.load-project.data.google_storage_project_service_account.gcs_sa",
            "module.data-platform.module.load-project.google_compute_shared_vpc_host_project.shared_vpc_host",
            "module.data-platform.module.load-project.google_compute_shared_vpc_service_project.service_projects",
            "module.data-platform.module.load-project.google_kms_crypto_key_iam_member.service_identity_cmek",
            "module.data-platform.module.load-project.google_project.project",
            "module.data-platform.module.load-project.google_project_iam_member.servicenetworking",
            "module.data-platform.module.load-project.google_project_iam_member.shared_vpc_host_robots",
            "module.data-platform.module.load-project.google_project_organization_policy.boolean",
            "module.data-platform.module.load-project.google_project_organization_policy.list",
            "module.data-platform.module.load-project.google_project_service.project_services",
            "module.data-platform.module.load-project.google_project_service_identity.jit_si",
            "module.data-platform.module.load-project.google_project_service_identity.servicenetworking",
            "module.data-platform.module.load-sa-df-0.data.google_service_account.service_account",
            "module.data-platform.module.load-sa-df-0.google_service_account.service_account",
            "module.data-platform.module.orch-project.data.google_bigquery_default_service_account.bq_sa",
            "module.data-platform.module.orch-project.data.google_storage_project_service_account.gcs_sa",
            "module.data-platform.module.orch-project.google_kms_crypto_key_iam_member.service_identity_cmek",
            "module.data-platform.module.transf-project.data.google_storage_project_service_account.gcs_sa",
            "module.data-platform.module.orch-project.google_project.project",
            "module.data-platform.module.orch-project.google_project_service.project_services",
            "module.data-platform.module.orch-project.google_project_service_identity.jit_si",
            "module.data-platform.module.transf-project.data.google_bigquery_default_service_account.bq_sa",
            "module.data-platform.module.transf-project.data.google_project.project",
            "module.data-platform.module.transf-project.google_compute_shared_vpc_service_project.service_projects",
            "module.data-platform.module.transf-project.google_compute_shared_vpc_host_project.shared_vpc_host",
            "module.data-platform.module.orch-project.data.google_project.project",
            "module.data-platform.module.transf-project.google_kms_crypto_key_iam_member.service_identity_cmek",
            "module.data-platform.module.transf-project.google_project.project",
            "module.data-platform.module.transf-project.google_project_iam_member.servicenetworking",
            "module.data-platform.module.transf-project.google_project_iam_member.shared_vpc_host_robots",
            "module.data-platform.module.transf-project.google_project_organization_policy.boolean",
            "module.data-platform.module.transf-project.google_project_organization_policy.list",
            "module.data-platform.module.transf-project.google_project_service.project_services",
            "module.data-platform.module.transf-project.google_project_service_identity.jit_si",
            "module.data-platform.module.transf-project.google_project_service_identity.servicenetworking",
            "module.data-platform.module.transf-sa-df-0.data.google_service_account.service_account",
            "module.data-platform.module.transf-sa-df-0.google_service_account.service_account"
          ]
        },
        {
          "index_key": "roles/compute.networkUser-orch-robot-df",
          "schema_version": 0,
          "attributes": {
            "condition": [],
            "etag": "BwXeV2twjr0=",
            "id": "fs-30-dev-net-spoke-0/roles/compute.networkUser/serviceAccount:service-863516118970@dataflow-service-producer-prod.iam.gserviceaccount.com",
            "member": "serviceAccount:service-863516118970@dataflow-service-producer-prod.iam.gserviceaccount.com",
            "project": "fs-30-dev-net-spoke-0",
            "role": "roles/compute.networkUser"
          },
          "sensitive_attributes": [],
          "private": "bnVsbA==",
          "dependencies": [
            "module.data-platform.module.load-project.data.google_bigquery_default_service_account.bq_sa",
            "module.data-platform.module.load-project.data.google_project.project",
            "module.data-platform.module.load-project.data.google_storage_project_service_account.gcs_sa",
            "module.data-platform.module.load-project.google_compute_shared_vpc_host_project.shared_vpc_host",
            "module.data-platform.module.load-project.google_compute_shared_vpc_service_project.service_projects",
            "module.data-platform.module.load-project.google_kms_crypto_key_iam_member.service_identity_cmek",
            "module.data-platform.module.load-project.google_project.project",
            "module.data-platform.module.load-project.google_project_iam_member.servicenetworking",
            "module.data-platform.module.load-project.google_project_iam_member.shared_vpc_host_robots",
            "module.data-platform.module.load-project.google_project_organization_policy.boolean",
            "module.data-platform.module.load-project.google_project_organization_policy.list",
            "module.data-platform.module.load-project.google_project_service.project_services",
            "module.data-platform.module.load-project.google_project_service_identity.jit_si",
            "module.data-platform.module.load-project.google_project_service_identity.servicenetworking",
            "module.data-platform.module.load-sa-df-0.data.google_service_account.service_account",
            "module.data-platform.module.load-sa-df-0.google_service_account.service_account",
            "module.data-platform.module.orch-project.data.google_bigquery_default_service_account.bq_sa",
            "module.data-platform.module.orch-project.data.google_project.project",
            "module.data-platform.module.orch-project.data.google_storage_project_service_account.gcs_sa",
            "module.data-platform.module.orch-project.google_kms_crypto_key_iam_member.service_identity_cmek",
            "module.data-platform.module.orch-project.google_project.project",
            "module.data-platform.module.orch-project.google_project_service.project_services",
            "module.data-platform.module.orch-project.google_project_service_identity.jit_si",
            "module.data-platform.module.transf-project.data.google_bigquery_default_service_account.bq_sa",
            "module.data-platform.module.transf-project.data.google_project.project",
            "module.data-platform.module.transf-project.data.google_storage_project_service_account.gcs_sa",
            "module.data-platform.module.transf-project.google_compute_shared_vpc_host_project.shared_vpc_host",
            "module.data-platform.module.transf-project.google_compute_shared_vpc_service_project.service_projects",
            "module.data-platform.module.transf-project.google_kms_crypto_key_iam_member.service_identity_cmek",
            "module.data-platform.module.transf-project.google_project.project",
            "module.data-platform.module.transf-project.google_project_iam_member.servicenetworking",
            "module.data-platform.module.transf-project.google_project_iam_member.shared_vpc_host_robots",
            "module.data-platform.module.transf-project.google_project_organization_policy.boolean",
            "module.data-platform.module.transf-project.google_project_organization_policy.list",
            "module.data-platform.module.transf-project.google_project_service.project_services",
            "module.data-platform.module.transf-project.google_project_service_identity.jit_si",
            "module.data-platform.module.transf-project.google_project_service_identity.servicenetworking",
            "module.data-platform.module.transf-sa-df-0.data.google_service_account.service_account",
            "module.data-platform.module.transf-sa-df-0.google_service_account.service_account"
          ]
        },
        {
          "index_key": "roles/compute.networkUser-orch-robot-gke",
          "schema_version": 0,
          "attributes": {
            "condition": [],
            "etag": "BwXeV2twjr0=",
            "id": "fs-30-dev-net-spoke-0/roles/compute.networkUser/serviceAccount:service-863516118970@container-engine-robot.iam.gserviceaccount.com",
            "member": "serviceAccount:service-863516118970@container-engine-robot.iam.gserviceaccount.com",
            "project": "fs-30-dev-net-spoke-0",
            "role": "roles/compute.networkUser"
          },
          "sensitive_attributes": [],
          "private": "bnVsbA==",
          "dependencies": [
            "module.data-platform.module.load-project.data.google_bigquery_default_service_account.bq_sa",
            "module.data-platform.module.load-project.data.google_project.project",
            "module.data-platform.module.load-project.data.google_storage_project_service_account.gcs_sa",
            "module.data-platform.module.load-project.google_compute_shared_vpc_host_project.shared_vpc_host",
            "module.data-platform.module.load-project.google_compute_shared_vpc_service_project.service_projects",
            "module.data-platform.module.load-project.google_kms_crypto_key_iam_member.service_identity_cmek",
            "module.data-platform.module.load-project.google_project.project",
            "module.data-platform.module.load-project.google_project_iam_member.servicenetworking",
            "module.data-platform.module.load-project.google_project_iam_member.shared_vpc_host_robots",
            "module.data-platform.module.load-project.google_project_organization_policy.boolean",
            "module.data-platform.module.load-project.google_project_organization_policy.list",
            "module.data-platform.module.load-project.google_project_service.project_services",
            "module.data-platform.module.load-project.google_project_service_identity.jit_si",
            "module.data-platform.module.load-project.google_project_service_identity.servicenetworking",
            "module.data-platform.module.load-sa-df-0.data.google_service_account.service_account",
            "module.data-platform.module.load-sa-df-0.google_service_account.service_account",
            "module.data-platform.module.orch-project.data.google_bigquery_default_service_account.bq_sa",
            "module.data-platform.module.orch-project.data.google_project.project",
            "module.data-platform.module.orch-project.data.google_storage_project_service_account.gcs_sa",
            "module.data-platform.module.orch-project.google_kms_crypto_key_iam_member.service_identity_cmek",
            "module.data-platform.module.orch-project.google_project.project",
            "module.data-platform.module.orch-project.google_project_service.project_services",
            "module.data-platform.module.orch-project.google_project_service_identity.jit_si",
            "module.data-platform.module.transf-project.data.google_bigquery_default_service_account.bq_sa",
            "module.data-platform.module.transf-project.data.google_project.project",
            "module.data-platform.module.transf-project.data.google_storage_project_service_account.gcs_sa",
            "module.data-platform.module.transf-project.google_compute_shared_vpc_host_project.shared_vpc_host",
            "module.data-platform.module.transf-project.google_compute_shared_vpc_service_project.service_projects",
            "module.data-platform.module.transf-project.google_kms_crypto_key_iam_member.service_identity_cmek",
            "module.data-platform.module.transf-project.google_project.project",
            "module.data-platform.module.transf-project.google_project_iam_member.servicenetworking",
            "module.data-platform.module.transf-project.google_project_iam_member.shared_vpc_host_robots",
            "module.data-platform.module.transf-project.google_project_organization_policy.boolean",
            "module.data-platform.module.transf-project.google_project_organization_policy.list",
            "module.data-platform.module.transf-project.google_project_service.project_services",
            "module.data-platform.module.transf-project.google_project_service_identity.jit_si",
            "module.data-platform.module.transf-project.google_project_service_identity.servicenetworking",
            "module.data-platform.module.transf-sa-df-0.data.google_service_account.service_account",
            "module.data-platform.module.transf-sa-df-0.google_service_account.service_account"
          ]
        },
        {
          "index_key": "roles/compute.networkUser-transf-robot-df",
          "schema_version": 0,
          "attributes": {
            "condition": [],
            "etag": "BwXeV2twjr0=",
            "id": "fs-30-dev-net-spoke-0/roles/compute.networkUser/serviceAccount:service-815882013226@dataflow-service-producer-prod.iam.gserviceaccount.com",
            "member": "serviceAccount:service-815882013226@dataflow-service-producer-prod.iam.gserviceaccount.com",
            "project": "fs-30-dev-net-spoke-0",
            "role": "roles/compute.networkUser"
          },
          "sensitive_attributes": [],
          "private": "bnVsbA==",
          "dependencies": [
            "module.data-platform.module.load-project.data.google_bigquery_default_service_account.bq_sa",
            "module.data-platform.module.load-project.data.google_project.project",
            "module.data-platform.module.load-project.data.google_storage_project_service_account.gcs_sa",
            "module.data-platform.module.load-project.google_compute_shared_vpc_host_project.shared_vpc_host",
            "module.data-platform.module.load-project.google_compute_shared_vpc_service_project.service_projects",
            "module.data-platform.module.load-project.google_kms_crypto_key_iam_member.service_identity_cmek",
            "module.data-platform.module.load-project.google_project.project",
            "module.data-platform.module.load-project.google_project_iam_member.servicenetworking",
            "module.data-platform.module.load-project.google_project_iam_member.shared_vpc_host_robots",
            "module.data-platform.module.load-project.google_project_organization_policy.boolean",
            "module.data-platform.module.load-project.google_project_organization_policy.list",
            "module.data-platform.module.load-project.google_project_service.project_services",
            "module.data-platform.module.load-project.google_project_service_identity.jit_si",
            "module.data-platform.module.load-project.google_project_service_identity.servicenetworking",
            "module.data-platform.module.load-sa-df-0.data.google_service_account.service_account",
            "module.data-platform.module.load-sa-df-0.google_service_account.service_account",
            "module.data-platform.module.orch-project.data.google_bigquery_default_service_account.bq_sa",
            "module.data-platform.module.orch-project.data.google_project.project",
            "module.data-platform.module.orch-project.data.google_storage_project_service_account.gcs_sa",
            "module.data-platform.module.orch-project.google_kms_crypto_key_iam_member.service_identity_cmek",
            "module.data-platform.module.orch-project.google_project.project",
            "module.data-platform.module.orch-project.google_project_service.project_services",
            "module.data-platform.module.orch-project.google_project_service_identity.jit_si",
            "module.data-platform.module.transf-project.data.google_bigquery_default_service_account.bq_sa",
            "module.data-platform.module.transf-project.data.google_project.project",
            "module.data-platform.module.transf-project.data.google_storage_project_service_account.gcs_sa",
            "module.data-platform.module.transf-project.google_compute_shared_vpc_host_project.shared_vpc_host",
            "module.data-platform.module.transf-project.google_compute_shared_vpc_service_project.service_projects",
            "module.data-platform.module.transf-project.google_kms_crypto_key_iam_member.service_identity_cmek",
            "module.data-platform.module.transf-project.google_project.project",
            "module.data-platform.module.transf-project.google_project_iam_member.servicenetworking",
            "module.data-platform.module.transf-project.google_project_iam_member.shared_vpc_host_robots",
            "module.data-platform.module.transf-project.google_project_organization_policy.boolean",
            "module.data-platform.module.transf-project.google_project_organization_policy.list",
            "module.data-platform.module.transf-project.google_project_service.project_services",
            "module.data-platform.module.transf-project.google_project_service_identity.jit_si",
            "module.data-platform.module.transf-project.google_project_service_identity.servicenetworking",
            "module.data-platform.module.transf-sa-df-0.data.google_service_account.service_account",
            "module.data-platform.module.transf-sa-df-0.google_service_account.service_account"
          ]
        },
        {
          "index_key": "roles/compute.networkUser-transf-sa-df-worker",
          "schema_version": 0,
          "attributes": {
            "condition": [],
            "etag": "BwXeV2twjr0=",
            "id": "fs-30-dev-net-spoke-0/roles/compute.networkUser/serviceAccount:fs-50-dev-data-trf-df-0@fs-50-dev-data-trf-0.iam.gserviceaccount.com",
            "member": "serviceAccount:fs-50-dev-data-trf-df-0@fs-50-dev-data-trf-0.iam.gserviceaccount.com",
            "project": "fs-30-dev-net-spoke-0",
            "role": "roles/compute.networkUser"
          },
          "sensitive_attributes": [],
          "private": "bnVsbA==",
          "dependencies": [
            "module.data-platform.module.load-project.data.google_project.project",
            "module.data-platform.module.load-project.data.google_storage_project_service_account.gcs_sa",
            "module.data-platform.module.load-project.google_compute_shared_vpc_host_project.shared_vpc_host",
            "module.data-platform.module.load-project.google_compute_shared_vpc_service_project.service_projects",
            "module.data-platform.module.load-project.google_kms_crypto_key_iam_member.service_identity_cmek",
            "module.data-platform.module.orch-project.google_kms_crypto_key_iam_member.service_identity_cmek",
            "module.data-platform.module.load-project.google_project_organization_policy.boolean",
            "module.data-platform.module.load-project.google_project_iam_member.servicenetworking",
            "module.data-platform.module.load-project.google_project_iam_member.shared_vpc_host_robots",
            "module.data-platform.module.load-project.data.google_bigquery_default_service_account.bq_sa",
            "module.data-platform.module.load-project.google_project_organization_policy.list",
            "module.data-platform.module.load-project.google_project_service.project_services",
            "module.data-platform.module.load-project.google_project_service_identity.jit_si",
            "module.data-platform.module.load-project.google_project_service_identity.servicenetworking",
            "module.data-platform.module.load-sa-df-0.data.google_service_account.service_account",
            "module.data-platform.module.load-sa-df-0.google_service_account.service_account",
            "module.data-platform.module.orch-project.data.google_bigquery_default_service_account.bq_sa",
            "module.data-platform.module.orch-project.data.google_project.project",
            "module.data-platform.module.orch-project.data.google_storage_project_service_account.gcs_sa",
            "module.data-platform.module.transf-project.google_project.project",
            "module.data-platform.module.orch-project.google_project.project",
            "module.data-platform.module.orch-project.google_project_service.project_services",
            "module.data-platform.module.orch-project.google_project_service_identity.jit_si",
            "module.data-platform.module.transf-project.data.google_bigquery_default_service_account.bq_sa",
            "module.data-platform.module.transf-project.data.google_project.project",
            "module.data-platform.module.transf-project.data.google_storage_project_service_account.gcs_sa",
            "module.data-platform.module.transf-project.google_compute_shared_vpc_host_project.shared_vpc_host",
            "module.data-platform.module.transf-project.google_compute_shared_vpc_service_project.service_projects",
            "module.data-platform.module.transf-project.google_kms_crypto_key_iam_member.service_identity_cmek",
            "module.data-platform.module.load-project.google_project.project",
            "module.data-platform.module.transf-project.google_project_iam_member.servicenetworking",
            "module.data-platform.module.transf-project.google_project_iam_member.shared_vpc_host_robots",
            "module.data-platform.module.transf-project.google_project_organization_policy.boolean",
            "module.data-platform.module.transf-project.google_project_organization_policy.list",
            "module.data-platform.module.transf-project.google_project_service.project_services",
            "module.data-platform.module.transf-project.google_project_service_identity.jit_si",
            "module.data-platform.module.transf-project.google_project_service_identity.servicenetworking",
            "module.data-platform.module.transf-sa-df-0.data.google_service_account.service_account",
            "module.data-platform.module.transf-sa-df-0.google_service_account.service_account"
          ]
        },
        {
          "index_key": "roles/container.hostServiceAgentUser-orch-robot-df",
          "schema_version": 0,
          "attributes": {
            "condition": [],
            "etag": "BwXeV2twjr0=",
            "id": "fs-30-dev-net-spoke-0/roles/container.hostServiceAgentUser/serviceAccount:service-863516118970@dataflow-service-producer-prod.iam.gserviceaccount.com",
            "member": "serviceAccount:service-863516118970@dataflow-service-producer-prod.iam.gserviceaccount.com",
            "project": "fs-30-dev-net-spoke-0",
            "role": "roles/container.hostServiceAgentUser"
          },
          "sensitive_attributes": [],
          "private": "bnVsbA==",
          "dependencies": [
            "module.data-platform.module.load-project.data.google_bigquery_default_service_account.bq_sa",
            "module.data-platform.module.load-project.data.google_project.project",
            "module.data-platform.module.load-project.data.google_storage_project_service_account.gcs_sa",
            "module.data-platform.module.load-project.google_compute_shared_vpc_host_project.shared_vpc_host",
            "module.data-platform.module.load-project.google_compute_shared_vpc_service_project.service_projects",
            "module.data-platform.module.load-project.google_kms_crypto_key_iam_member.service_identity_cmek",
            "module.data-platform.module.load-project.google_project.project",
            "module.data-platform.module.load-project.google_project_iam_member.servicenetworking",
            "module.data-platform.module.load-project.google_project_iam_member.shared_vpc_host_robots",
            "module.data-platform.module.load-project.google_project_organization_policy.boolean",
            "module.data-platform.module.load-project.google_project_organization_policy.list",
            "module.data-platform.module.load-project.google_project_service.project_services",
            "module.data-platform.module.load-project.google_project_service_identity.jit_si",
            "module.data-platform.module.load-project.google_project_service_identity.servicenetworking",
            "module.data-platform.module.load-sa-df-0.data.google_service_account.service_account",
            "module.data-platform.module.load-sa-df-0.google_service_account.service_account",
            "module.data-platform.module.orch-project.data.google_bigquery_default_service_account.bq_sa",
            "module.data-platform.module.orch-project.data.google_project.project",
            "module.data-platform.module.orch-project.data.google_storage_project_service_account.gcs_sa",
            "module.data-platform.module.orch-project.google_kms_crypto_key_iam_member.service_identity_cmek",
            "module.data-platform.module.orch-project.google_project.project",
            "module.data-platform.module.orch-project.google_project_service.project_services",
            "module.data-platform.module.orch-project.google_project_service_identity.jit_si",
            "module.data-platform.module.transf-project.data.google_bigquery_default_service_account.bq_sa",
            "module.data-platform.module.transf-project.data.google_project.project",
            "module.data-platform.module.transf-project.data.google_storage_project_service_account.gcs_sa",
            "module.data-platform.module.transf-project.google_compute_shared_vpc_host_project.shared_vpc_host",
            "module.data-platform.module.transf-project.google_compute_shared_vpc_service_project.service_projects",
            "module.data-platform.module.transf-project.google_kms_crypto_key_iam_member.service_identity_cmek",
            "module.data-platform.module.transf-project.google_project.project",
            "module.data-platform.module.transf-project.google_project_iam_member.servicenetworking",
            "module.data-platform.module.transf-project.google_project_iam_member.shared_vpc_host_robots",
            "module.data-platform.module.transf-project.google_project_organization_policy.boolean",
            "module.data-platform.module.transf-project.google_project_organization_policy.list",
            "module.data-platform.module.transf-project.google_project_service.project_services",
            "module.data-platform.module.transf-project.google_project_service_identity.jit_si",
            "module.data-platform.module.transf-project.google_project_service_identity.servicenetworking",
            "module.data-platform.module.transf-sa-df-0.data.google_service_account.service_account",
            "module.data-platform.module.transf-sa-df-0.google_service_account.service_account"
          ]
        },
        {
          "index_key": "roles/container.hostServiceAgentUser-orch-robot-gke",
          "schema_version": 0,
          "attributes": {
            "condition": [],
            "etag": "BwXeV2twjr0=",
            "id": "fs-30-dev-net-spoke-0/roles/container.hostServiceAgentUser/serviceAccount:service-863516118970@container-engine-robot.iam.gserviceaccount.com",
            "member": "serviceAccount:service-863516118970@container-engine-robot.iam.gserviceaccount.com",
            "project": "fs-30-dev-net-spoke-0",
            "role": "roles/container.hostServiceAgentUser"
          },
          "sensitive_attributes": [],
          "private": "bnVsbA==",
          "dependencies": [
            "module.data-platform.module.load-project.data.google_bigquery_default_service_account.bq_sa",
            "module.data-platform.module.load-project.data.google_project.project",
            "module.data-platform.module.load-project.data.google_storage_project_service_account.gcs_sa",
            "module.data-platform.module.load-project.google_compute_shared_vpc_host_project.shared_vpc_host",
            "module.data-platform.module.load-project.google_compute_shared_vpc_service_project.service_projects",
            "module.data-platform.module.load-project.google_kms_crypto_key_iam_member.service_identity_cmek",
            "module.data-platform.module.load-project.google_project.project",
            "module.data-platform.module.load-project.google_project_iam_member.servicenetworking",
            "module.data-platform.module.load-project.google_project_iam_member.shared_vpc_host_robots",
            "module.data-platform.module.load-project.google_project_organization_policy.boolean",
            "module.data-platform.module.load-project.google_project_organization_policy.list",
            "module.data-platform.module.load-project.google_project_service.project_services",
            "module.data-platform.module.load-project.google_project_service_identity.jit_si",
            "module.data-platform.module.load-project.google_project_service_identity.servicenetworking",
            "module.data-platform.module.load-sa-df-0.data.google_service_account.service_account",
            "module.data-platform.module.load-sa-df-0.google_service_account.service_account",
            "module.data-platform.module.orch-project.data.google_bigquery_default_service_account.bq_sa",
            "module.data-platform.module.orch-project.data.google_project.project",
            "module.data-platform.module.orch-project.data.google_storage_project_service_account.gcs_sa",
            "module.data-platform.module.orch-project.google_kms_crypto_key_iam_member.service_identity_cmek",
            "module.data-platform.module.orch-project.google_project.project",
            "module.data-platform.module.orch-project.google_project_service.project_services",
            "module.data-platform.module.orch-project.google_project_service_identity.jit_si",
            "module.data-platform.module.transf-project.data.google_bigquery_default_service_account.bq_sa",
            "module.data-platform.module.transf-project.data.google_project.project",
            "module.data-platform.module.transf-project.data.google_storage_project_service_account.gcs_sa",
            "module.data-platform.module.transf-project.google_compute_shared_vpc_host_project.shared_vpc_host",
            "module.data-platform.module.transf-project.google_compute_shared_vpc_service_project.service_projects",
            "module.data-platform.module.transf-project.google_kms_crypto_key_iam_member.service_identity_cmek",
            "module.data-platform.module.transf-project.google_project.project",
            "module.data-platform.module.transf-project.google_project_iam_member.servicenetworking",
            "module.data-platform.module.transf-project.google_project_iam_member.shared_vpc_host_robots",
            "module.data-platform.module.transf-project.google_project_organization_policy.boolean",
            "module.data-platform.module.transf-project.google_project_organization_policy.list",
            "module.data-platform.module.transf-project.google_project_service.project_services",
            "module.data-platform.module.transf-project.google_project_service_identity.jit_si",
            "module.data-platform.module.transf-project.google_project_service_identity.servicenetworking",
            "module.data-platform.module.transf-sa-df-0.data.google_service_account.service_account",
            "module.data-platform.module.transf-sa-df-0.google_service_account.service_account"
          ]
        }
      ]
    },
    {
      "module": "module.data-platform.module.common-datacatalog",
      "mode": "managed",
      "type": "google_data_catalog_policy_tag",
      "name": "default",
      "provider": "provider[\"registry.terraform.io/hashicorp/google-beta\"]",
      "instances": [
        {
          "index_key": "1_Sensitive",
          "schema_version": 0,
          "attributes": {
            "child_policy_tags": [],
            "description": "1_Sensitive - Terraform managed.  ",
            "display_name": "1_Sensitive",
            "id": "projects/fs-50-dev-data-cmn-0/locations/eu/taxonomies/8396188378659715030/policyTags/2036153902000219785",
            "name": "projects/fs-50-dev-data-cmn-0/locations/eu/taxonomies/8396188378659715030/policyTags/2036153902000219785",
            "parent_policy_tag": "",
            "taxonomy": "projects/fs-50-dev-data-cmn-0/locations/eu/taxonomies/8396188378659715030",
            "timeouts": null
          },
          "sensitive_attributes": [],
          "private": "eyJlMmJmYjczMC1lY2FhLTExZTYtOGY4OC0zNDM2M2JjN2M0YzAiOnsiY3JlYXRlIjoyNDAwMDAwMDAwMDAsImRlbGV0ZSI6MjQwMDAwMDAwMDAwLCJ1cGRhdGUiOjI0MDAwMDAwMDAwMH19",
          "dependencies": [
            "module.data-platform.module.common-datacatalog.google_data_catalog_taxonomy.default",
            "module.data-platform.module.common-project.data.google_bigquery_default_service_account.bq_sa",
            "module.data-platform.module.common-project.data.google_project.project",
            "module.data-platform.module.common-project.data.google_storage_project_service_account.gcs_sa",
            "module.data-platform.module.common-project.google_compute_shared_vpc_host_project.shared_vpc_host",
            "module.data-platform.module.common-project.google_compute_shared_vpc_service_project.service_projects",
            "module.data-platform.module.common-project.google_kms_crypto_key_iam_member.service_identity_cmek",
            "module.data-platform.module.common-project.google_project.project",
            "module.data-platform.module.common-project.google_project_iam_member.servicenetworking",
            "module.data-platform.module.common-project.google_project_iam_member.shared_vpc_host_robots",
            "module.data-platform.module.common-project.google_project_organization_policy.boolean",
            "module.data-platform.module.common-project.google_project_organization_policy.list",
            "module.data-platform.module.common-project.google_project_service.project_services",
            "module.data-platform.module.common-project.google_project_service_identity.jit_si",
            "module.data-platform.module.common-project.google_project_service_identity.servicenetworking"
          ]
        },
        {
          "index_key": "2_Private",
          "schema_version": 0,
          "attributes": {
            "child_policy_tags": [],
            "description": "2_Private - Terraform managed.  ",
            "display_name": "2_Private",
            "id": "projects/fs-50-dev-data-cmn-0/locations/eu/taxonomies/8396188378659715030/policyTags/8864956442122566462",
            "name": "projects/fs-50-dev-data-cmn-0/locations/eu/taxonomies/8396188378659715030/policyTags/8864956442122566462",
            "parent_policy_tag": "",
            "taxonomy": "projects/fs-50-dev-data-cmn-0/locations/eu/taxonomies/8396188378659715030",
            "timeouts": null
          },
          "sensitive_attributes": [],
          "private": "eyJlMmJmYjczMC1lY2FhLTExZTYtOGY4OC0zNDM2M2JjN2M0YzAiOnsiY3JlYXRlIjoyNDAwMDAwMDAwMDAsImRlbGV0ZSI6MjQwMDAwMDAwMDAwLCJ1cGRhdGUiOjI0MDAwMDAwMDAwMH19",
          "dependencies": [
            "module.data-platform.module.common-datacatalog.google_data_catalog_taxonomy.default",
            "module.data-platform.module.common-project.data.google_bigquery_default_service_account.bq_sa",
            "module.data-platform.module.common-project.data.google_project.project",
            "module.data-platform.module.common-project.data.google_storage_project_service_account.gcs_sa",
            "module.data-platform.module.common-project.google_compute_shared_vpc_host_project.shared_vpc_host",
            "module.data-platform.module.common-project.google_compute_shared_vpc_service_project.service_projects",
            "module.data-platform.module.common-project.google_kms_crypto_key_iam_member.service_identity_cmek",
            "module.data-platform.module.common-project.google_project.project",
            "module.data-platform.module.common-project.google_project_iam_member.servicenetworking",
            "module.data-platform.module.common-project.google_project_iam_member.shared_vpc_host_robots",
            "module.data-platform.module.common-project.google_project_organization_policy.boolean",
            "module.data-platform.module.common-project.google_project_organization_policy.list",
            "module.data-platform.module.common-project.google_project_service.project_services",
            "module.data-platform.module.common-project.google_project_service_identity.jit_si",
            "module.data-platform.module.common-project.google_project_service_identity.servicenetworking"
          ]
        },
        {
          "index_key": "3_Confidential",
          "schema_version": 0,
          "attributes": {
            "child_policy_tags": [],
            "description": "3_Confidential - Terraform managed.  ",
            "display_name": "3_Confidential",
            "id": "projects/fs-50-dev-data-cmn-0/locations/eu/taxonomies/8396188378659715030/policyTags/1430614803179372254",
            "name": "projects/fs-50-dev-data-cmn-0/locations/eu/taxonomies/8396188378659715030/policyTags/1430614803179372254",
            "parent_policy_tag": "",
            "taxonomy": "projects/fs-50-dev-data-cmn-0/locations/eu/taxonomies/8396188378659715030",
            "timeouts": null
          },
          "sensitive_attributes": [],
          "private": "eyJlMmJmYjczMC1lY2FhLTExZTYtOGY4OC0zNDM2M2JjN2M0YzAiOnsiY3JlYXRlIjoyNDAwMDAwMDAwMDAsImRlbGV0ZSI6MjQwMDAwMDAwMDAwLCJ1cGRhdGUiOjI0MDAwMDAwMDAwMH19",
          "dependencies": [
            "module.data-platform.module.common-datacatalog.google_data_catalog_taxonomy.default",
            "module.data-platform.module.common-project.data.google_bigquery_default_service_account.bq_sa",
            "module.data-platform.module.common-project.data.google_project.project",
            "module.data-platform.module.common-project.data.google_storage_project_service_account.gcs_sa",
            "module.data-platform.module.common-project.google_compute_shared_vpc_host_project.shared_vpc_host",
            "module.data-platform.module.common-project.google_compute_shared_vpc_service_project.service_projects",
            "module.data-platform.module.common-project.google_kms_crypto_key_iam_member.service_identity_cmek",
            "module.data-platform.module.common-project.google_project.project",
            "module.data-platform.module.common-project.google_project_iam_member.servicenetworking",
            "module.data-platform.module.common-project.google_project_iam_member.shared_vpc_host_robots",
            "module.data-platform.module.common-project.google_project_organization_policy.boolean",
            "module.data-platform.module.common-project.google_project_organization_policy.list",
            "module.data-platform.module.common-project.google_project_service.project_services",
            "module.data-platform.module.common-project.google_project_service_identity.jit_si",
            "module.data-platform.module.common-project.google_project_service_identity.servicenetworking"
          ]
        }
      ]
    },
    {
      "module": "module.data-platform.module.common-datacatalog",
      "mode": "managed",
      "type": "google_data_catalog_taxonomy",
      "name": "default",
      "provider": "provider[\"registry.terraform.io/hashicorp/google-beta\"]",
      "instances": [
        {
          "schema_version": 0,
          "attributes": {
            "activated_policy_types": [
              "FINE_GRAINED_ACCESS_CONTROL"
            ],
            "description": "Taxonomy - Terraform managed",
            "display_name": "fs-50-dev-data-datacatalog-policy-tags",
            "id": "projects/fs-50-dev-data-cmn-0/locations/eu/taxonomies/8396188378659715030",
            "name": "projects/fs-50-dev-data-cmn-0/locations/eu/taxonomies/8396188378659715030",
            "project": "fs-50-dev-data-cmn-0",
            "region": "eu",
            "timeouts": null
          },
          "sensitive_attributes": [],
          "private": "eyJlMmJmYjczMC1lY2FhLTExZTYtOGY4OC0zNDM2M2JjN2M0YzAiOnsiY3JlYXRlIjoyNDAwMDAwMDAwMDAsImRlbGV0ZSI6MjQwMDAwMDAwMDAwLCJ1cGRhdGUiOjI0MDAwMDAwMDAwMH19",
          "dependencies": [
            "module.data-platform.module.common-project.data.google_bigquery_default_service_account.bq_sa",
            "module.data-platform.module.common-project.data.google_project.project",
            "module.data-platform.module.common-project.data.google_storage_project_service_account.gcs_sa",
            "module.data-platform.module.common-project.google_compute_shared_vpc_host_project.shared_vpc_host",
            "module.data-platform.module.common-project.google_compute_shared_vpc_service_project.service_projects",
            "module.data-platform.module.common-project.google_kms_crypto_key_iam_member.service_identity_cmek",
            "module.data-platform.module.common-project.google_project.project",
            "module.data-platform.module.common-project.google_project_iam_member.servicenetworking",
            "module.data-platform.module.common-project.google_project_iam_member.shared_vpc_host_robots",
            "module.data-platform.module.common-project.google_project_organization_policy.boolean",
            "module.data-platform.module.common-project.google_project_organization_policy.list",
            "module.data-platform.module.common-project.google_project_service.project_services",
            "module.data-platform.module.common-project.google_project_service_identity.jit_si",
            "module.data-platform.module.common-project.google_project_service_identity.servicenetworking"
          ]
        }
      ]
    },
    {
      "module": "module.data-platform.module.common-project",
      "mode": "managed",
      "type": "google_project",
      "name": "project",
      "provider": "provider[\"registry.terraform.io/hashicorp/google\"]",
      "instances": [
        {
          "index_key": 0,
          "schema_version": 1,
          "attributes": {
            "auto_create_network": false,
            "billing_account": "0181A7-4CC981-B7594C",
            "folder_id": "86898363966",
            "id": "projects/fs-50-dev-data-cmn-0",
            "labels": null,
            "name": "fs-50-dev-data-cmn-0",
            "number": "802917523283",
            "org_id": "",
            "project_id": "fs-50-dev-data-cmn-0",
            "skip_delete": false,
            "timeouts": null
          },
          "sensitive_attributes": [],
          "private": "eyJlMmJmYjczMC1lY2FhLTExZTYtOGY4OC0zNDM2M2JjN2M0YzAiOnsiY3JlYXRlIjo2MDAwMDAwMDAwMDAsImRlbGV0ZSI6NjAwMDAwMDAwMDAwLCJyZWFkIjo2MDAwMDAwMDAwMDAsInVwZGF0ZSI6NjAwMDAwMDAwMDAwfSwic2NoZW1hX3ZlcnNpb24iOiIxIn0="
        }
      ]
    },
    {
      "module": "module.data-platform.module.common-project",
      "mode": "managed",
      "type": "google_project_iam_binding",
      "name": "authoritative",
      "provider": "provider[\"registry.terraform.io/hashicorp/google\"]",
      "instances": [
        {
          "index_key": "roles/datacatalog.admin",
          "schema_version": 0,
          "attributes": {
            "condition": [],
            "etag": "BwXeV23pwg4=",
            "id": "fs-50-dev-data-cmn-0/roles/datacatalog.admin",
            "members": [
              "group:gcp-data-security@caggioland.com"
            ],
            "project": "fs-50-dev-data-cmn-0",
            "role": "roles/datacatalog.admin"
          },
          "sensitive_attributes": [],
          "private": "bnVsbA==",
          "dependencies": [
            "module.data-platform.module.common-project.data.google_project.project",
            "module.data-platform.module.common-project.google_project.project",
            "module.data-platform.module.common-project.google_project_iam_custom_role.roles",
            "module.data-platform.module.common-project.google_project_service.project_services",
            "module.data-platform.module.load-project.data.google_bigquery_default_service_account.bq_sa",
            "module.data-platform.module.load-project.data.google_project.project",
            "module.data-platform.module.load-project.data.google_storage_project_service_account.gcs_sa",
            "module.data-platform.module.load-project.google_compute_shared_vpc_host_project.shared_vpc_host",
            "module.data-platform.module.load-project.google_compute_shared_vpc_service_project.service_projects",
            "module.data-platform.module.load-project.google_kms_crypto_key_iam_member.service_identity_cmek",
            "module.data-platform.module.load-project.google_project.project",
            "module.data-platform.module.load-project.google_project_iam_member.servicenetworking",
            "module.data-platform.module.load-project.google_project_iam_member.shared_vpc_host_robots",
            "module.data-platform.module.load-project.google_project_organization_policy.boolean",
            "module.data-platform.module.load-project.google_project_organization_policy.list",
            "module.data-platform.module.load-project.google_project_service.project_services",
            "module.data-platform.module.load-project.google_project_service_identity.jit_si",
            "module.data-platform.module.load-project.google_project_service_identity.servicenetworking",
            "module.data-platform.module.load-sa-df-0.data.google_service_account.service_account",
            "module.data-platform.module.load-sa-df-0.google_service_account.service_account",
            "module.data-platform.module.transf-project.data.google_bigquery_default_service_account.bq_sa",
            "module.data-platform.module.transf-project.data.google_project.project",
            "module.data-platform.module.transf-project.data.google_storage_project_service_account.gcs_sa",
            "module.data-platform.module.transf-project.google_compute_shared_vpc_host_project.shared_vpc_host",
            "module.data-platform.module.transf-project.google_compute_shared_vpc_service_project.service_projects",
            "module.data-platform.module.transf-project.google_kms_crypto_key_iam_member.service_identity_cmek",
            "module.data-platform.module.transf-project.google_project.project",
            "module.data-platform.module.transf-project.google_project_iam_member.servicenetworking",
            "module.data-platform.module.transf-project.google_project_iam_member.shared_vpc_host_robots",
            "module.data-platform.module.transf-project.google_project_organization_policy.boolean",
            "module.data-platform.module.transf-project.google_project_organization_policy.list",
            "module.data-platform.module.transf-project.google_project_service.project_services",
            "module.data-platform.module.transf-project.google_project_service_identity.jit_si",
            "module.data-platform.module.transf-project.google_project_service_identity.servicenetworking",
            "module.data-platform.module.transf-sa-bq-0.data.google_service_account.service_account",
            "module.data-platform.module.transf-sa-bq-0.google_service_account.service_account",
            "module.data-platform.module.transf-sa-df-0.data.google_service_account.service_account",
            "module.data-platform.module.transf-sa-df-0.google_service_account.service_account"
          ]
        },
        {
          "index_key": "roles/datacatalog.categoryFineGrainedReader",
          "schema_version": 0,
          "attributes": {
            "condition": [],
            "etag": "BwXeV23pwg4=",
            "id": "fs-50-dev-data-cmn-0/roles/datacatalog.categoryFineGrainedReader",
            "members": [
              "serviceAccount:fs-50-dev-data-trf-bq-0@fs-50-dev-data-trf-0.iam.gserviceaccount.com",
              "serviceAccount:fs-50-dev-data-trf-df-0@fs-50-dev-data-trf-0.iam.gserviceaccount.com"
            ],
            "project": "fs-50-dev-data-cmn-0",
            "role": "roles/datacatalog.categoryFineGrainedReader"
          },
          "sensitive_attributes": [],
          "private": "bnVsbA==",
          "dependencies": [
            "module.data-platform.module.common-project.data.google_project.project",
            "module.data-platform.module.common-project.google_project.project",
            "module.data-platform.module.common-project.google_project_iam_custom_role.roles",
            "module.data-platform.module.common-project.google_project_service.project_services",
            "module.data-platform.module.load-project.data.google_bigquery_default_service_account.bq_sa",
            "module.data-platform.module.load-project.data.google_project.project",
            "module.data-platform.module.load-project.data.google_storage_project_service_account.gcs_sa",
            "module.data-platform.module.load-project.google_compute_shared_vpc_host_project.shared_vpc_host",
            "module.data-platform.module.load-project.google_compute_shared_vpc_service_project.service_projects",
            "module.data-platform.module.load-project.google_kms_crypto_key_iam_member.service_identity_cmek",
            "module.data-platform.module.load-project.google_project.project",
            "module.data-platform.module.load-project.google_project_iam_member.servicenetworking",
            "module.data-platform.module.load-project.google_project_iam_member.shared_vpc_host_robots",
            "module.data-platform.module.load-project.google_project_organization_policy.boolean",
            "module.data-platform.module.load-project.google_project_organization_policy.list",
            "module.data-platform.module.load-project.google_project_service.project_services",
            "module.data-platform.module.load-project.google_project_service_identity.jit_si",
            "module.data-platform.module.load-project.google_project_service_identity.servicenetworking",
            "module.data-platform.module.load-sa-df-0.data.google_service_account.service_account",
            "module.data-platform.module.load-sa-df-0.google_service_account.service_account",
            "module.data-platform.module.transf-project.data.google_bigquery_default_service_account.bq_sa",
            "module.data-platform.module.transf-project.data.google_project.project",
            "module.data-platform.module.transf-project.data.google_storage_project_service_account.gcs_sa",
            "module.data-platform.module.transf-project.google_compute_shared_vpc_host_project.shared_vpc_host",
            "module.data-platform.module.transf-project.google_compute_shared_vpc_service_project.service_projects",
            "module.data-platform.module.transf-project.google_kms_crypto_key_iam_member.service_identity_cmek",
            "module.data-platform.module.transf-project.google_project.project",
            "module.data-platform.module.transf-project.google_project_iam_member.servicenetworking",
            "module.data-platform.module.transf-project.google_project_iam_member.shared_vpc_host_robots",
            "module.data-platform.module.transf-project.google_project_organization_policy.boolean",
            "module.data-platform.module.transf-project.google_project_organization_policy.list",
            "module.data-platform.module.transf-project.google_project_service.project_services",
            "module.data-platform.module.transf-project.google_project_service_identity.jit_si",
            "module.data-platform.module.transf-project.google_project_service_identity.servicenetworking",
            "module.data-platform.module.transf-sa-bq-0.data.google_service_account.service_account",
            "module.data-platform.module.transf-sa-bq-0.google_service_account.service_account",
            "module.data-platform.module.transf-sa-df-0.data.google_service_account.service_account",
            "module.data-platform.module.transf-sa-df-0.google_service_account.service_account"
          ]
        },
        {
          "index_key": "roles/datacatalog.viewer",
          "schema_version": 0,
          "attributes": {
            "condition": [],
            "etag": "BwXeV22OECM=",
            "id": "fs-50-dev-data-cmn-0/roles/datacatalog.viewer",
            "members": [
              "group:gcp-data-analysts@caggioland.com",
              "serviceAccount:fs-50-dev-data-load-df-0@fs-50-dev-data-lod-0.iam.gserviceaccount.com",
              "serviceAccount:fs-50-dev-data-trf-bq-0@fs-50-dev-data-trf-0.iam.gserviceaccount.com",
              "serviceAccount:fs-50-dev-data-trf-df-0@fs-50-dev-data-trf-0.iam.gserviceaccount.com"
            ],
            "project": "fs-50-dev-data-cmn-0",
            "role": "roles/datacatalog.viewer"
          },
          "sensitive_attributes": [],
          "private": "bnVsbA==",
          "dependencies": [
            "module.data-platform.module.common-project.data.google_project.project",
            "module.data-platform.module.common-project.google_project.project",
            "module.data-platform.module.common-project.google_project_iam_custom_role.roles",
            "module.data-platform.module.common-project.google_project_service.project_services",
            "module.data-platform.module.load-project.data.google_bigquery_default_service_account.bq_sa",
            "module.data-platform.module.load-project.data.google_project.project",
            "module.data-platform.module.load-project.data.google_storage_project_service_account.gcs_sa",
            "module.data-platform.module.load-project.google_compute_shared_vpc_host_project.shared_vpc_host",
            "module.data-platform.module.load-project.google_compute_shared_vpc_service_project.service_projects",
            "module.data-platform.module.load-project.google_kms_crypto_key_iam_member.service_identity_cmek",
            "module.data-platform.module.load-project.google_project.project",
            "module.data-platform.module.load-project.google_project_iam_member.servicenetworking",
            "module.data-platform.module.load-project.google_project_iam_member.shared_vpc_host_robots",
            "module.data-platform.module.load-project.google_project_organization_policy.boolean",
            "module.data-platform.module.load-project.google_project_organization_policy.list",
            "module.data-platform.module.load-project.google_project_service.project_services",
            "module.data-platform.module.load-project.google_project_service_identity.jit_si",
            "module.data-platform.module.load-project.google_project_service_identity.servicenetworking",
            "module.data-platform.module.load-sa-df-0.data.google_service_account.service_account",
            "module.data-platform.module.load-sa-df-0.google_service_account.service_account",
            "module.data-platform.module.transf-project.data.google_bigquery_default_service_account.bq_sa",
            "module.data-platform.module.transf-project.data.google_project.project",
            "module.data-platform.module.transf-project.data.google_storage_project_service_account.gcs_sa",
            "module.data-platform.module.transf-project.google_compute_shared_vpc_host_project.shared_vpc_host",
            "module.data-platform.module.transf-project.google_compute_shared_vpc_service_project.service_projects",
            "module.data-platform.module.transf-project.google_kms_crypto_key_iam_member.service_identity_cmek",
            "module.data-platform.module.transf-project.google_project.project",
            "module.data-platform.module.transf-project.google_project_iam_member.servicenetworking",
            "module.data-platform.module.transf-project.google_project_iam_member.shared_vpc_host_robots",
            "module.data-platform.module.transf-project.google_project_organization_policy.boolean",
            "module.data-platform.module.transf-project.google_project_organization_policy.list",
            "module.data-platform.module.transf-project.google_project_service.project_services",
            "module.data-platform.module.transf-project.google_project_service_identity.jit_si",
            "module.data-platform.module.transf-project.google_project_service_identity.servicenetworking",
            "module.data-platform.module.transf-sa-bq-0.data.google_service_account.service_account",
            "module.data-platform.module.transf-sa-bq-0.google_service_account.service_account",
            "module.data-platform.module.transf-sa-df-0.data.google_service_account.service_account",
            "module.data-platform.module.transf-sa-df-0.google_service_account.service_account"
          ]
        },
        {
          "index_key": "roles/dlp.admin",
          "schema_version": 0,
          "attributes": {
            "condition": [],
            "etag": "BwXeV23pwg4=",
            "id": "fs-50-dev-data-cmn-0/roles/dlp.admin",
            "members": [
              "group:gcp-data-security@caggioland.com"
            ],
            "project": "fs-50-dev-data-cmn-0",
            "role": "roles/dlp.admin"
          },
          "sensitive_attributes": [],
          "private": "bnVsbA==",
          "dependencies": [
            "module.data-platform.module.common-project.google_project.project",
            "module.data-platform.module.common-project.google_project_iam_custom_role.roles",
            "module.data-platform.module.common-project.google_project_service.project_services",
            "module.data-platform.module.common-project.data.google_project.project",
            "module.data-platform.module.load-project.data.google_bigquery_default_service_account.bq_sa",
            "module.data-platform.module.load-project.data.google_project.project",
            "module.data-platform.module.load-project.google_compute_shared_vpc_host_project.shared_vpc_host",
            "module.data-platform.module.load-project.google_compute_shared_vpc_service_project.service_projects",
            "module.data-platform.module.load-project.google_kms_crypto_key_iam_member.service_identity_cmek",
            "module.data-platform.module.load-project.google_project.project",
            "module.data-platform.module.load-project.google_project_iam_member.servicenetworking",
            "module.data-platform.module.load-project.google_project_iam_member.shared_vpc_host_robots",
            "module.data-platform.module.load-project.google_project_organization_policy.boolean",
            "module.data-platform.module.load-project.google_project_organization_policy.list",
            "module.data-platform.module.load-project.google_project_service.project_services",
            "module.data-platform.module.load-project.data.google_storage_project_service_account.gcs_sa",
            "module.data-platform.module.load-project.google_project_service_identity.jit_si",
            "module.data-platform.module.load-project.google_project_service_identity.servicenetworking",
            "module.data-platform.module.load-sa-df-0.data.google_service_account.service_account",
            "module.data-platform.module.load-sa-df-0.google_service_account.service_account",
            "module.data-platform.module.transf-project.data.google_bigquery_default_service_account.bq_sa",
            "module.data-platform.module.transf-project.data.google_project.project",
            "module.data-platform.module.transf-project.data.google_storage_project_service_account.gcs_sa",
            "module.data-platform.module.transf-project.google_compute_shared_vpc_host_project.shared_vpc_host",
            "module.data-platform.module.transf-project.google_compute_shared_vpc_service_project.service_projects",
            "module.data-platform.module.transf-project.google_kms_crypto_key_iam_member.service_identity_cmek",
            "module.data-platform.module.transf-project.google_project.project",
            "module.data-platform.module.transf-project.google_project_iam_member.servicenetworking",
            "module.data-platform.module.transf-project.google_project_iam_member.shared_vpc_host_robots",
            "module.data-platform.module.transf-project.google_project_organization_policy.boolean",
            "module.data-platform.module.transf-project.google_project_organization_policy.list",
            "module.data-platform.module.transf-project.google_project_service.project_services",
            "module.data-platform.module.transf-project.google_project_service_identity.jit_si",
            "module.data-platform.module.transf-project.google_project_service_identity.servicenetworking",
            "module.data-platform.module.transf-sa-bq-0.data.google_service_account.service_account",
            "module.data-platform.module.transf-sa-bq-0.google_service_account.service_account",
            "module.data-platform.module.transf-sa-df-0.data.google_service_account.service_account",
            "module.data-platform.module.transf-sa-df-0.google_service_account.service_account"
          ]
        },
        {
          "index_key": "roles/dlp.estimatesAdmin",
          "schema_version": 0,
          "attributes": {
            "condition": [],
            "etag": "BwXeV23pwg4=",
            "id": "fs-50-dev-data-cmn-0/roles/dlp.estimatesAdmin",
            "members": [
              "group:gcp-data-engineers@caggioland.com"
            ],
            "project": "fs-50-dev-data-cmn-0",
            "role": "roles/dlp.estimatesAdmin"
          },
          "sensitive_attributes": [],
          "private": "bnVsbA==",
          "dependencies": [
            "module.data-platform.module.common-project.data.google_project.project",
            "module.data-platform.module.common-project.google_project.project",
            "module.data-platform.module.common-project.google_project_iam_custom_role.roles",
            "module.data-platform.module.common-project.google_project_service.project_services",
            "module.data-platform.module.load-project.data.google_bigquery_default_service_account.bq_sa",
            "module.data-platform.module.load-project.data.google_project.project",
            "module.data-platform.module.load-project.google_compute_shared_vpc_host_project.shared_vpc_host",
            "module.data-platform.module.load-project.google_compute_shared_vpc_service_project.service_projects",
            "module.data-platform.module.load-project.google_kms_crypto_key_iam_member.service_identity_cmek",
            "module.data-platform.module.load-project.google_project_organization_policy.list",
            "module.data-platform.module.load-project.google_project.project",
            "module.data-platform.module.load-project.google_project_iam_member.servicenetworking",
            "module.data-platform.module.load-project.google_project_iam_member.shared_vpc_host_robots",
            "module.data-platform.module.load-project.google_project_organization_policy.boolean",
            "module.data-platform.module.load-project.google_project_service.project_services",
            "module.data-platform.module.load-project.data.google_storage_project_service_account.gcs_sa",
            "module.data-platform.module.load-project.google_project_service_identity.jit_si",
            "module.data-platform.module.load-project.google_project_service_identity.servicenetworking",
            "module.data-platform.module.load-sa-df-0.data.google_service_account.service_account",
            "module.data-platform.module.load-sa-df-0.google_service_account.service_account",
            "module.data-platform.module.transf-project.data.google_bigquery_default_service_account.bq_sa",
            "module.data-platform.module.transf-project.data.google_project.project",
            "module.data-platform.module.transf-project.data.google_storage_project_service_account.gcs_sa",
            "module.data-platform.module.transf-project.google_compute_shared_vpc_host_project.shared_vpc_host",
            "module.data-platform.module.transf-project.google_compute_shared_vpc_service_project.service_projects",
            "module.data-platform.module.transf-project.google_kms_crypto_key_iam_member.service_identity_cmek",
            "module.data-platform.module.transf-project.google_project.project",
            "module.data-platform.module.transf-project.google_project_iam_member.servicenetworking",
            "module.data-platform.module.transf-project.google_project_iam_member.shared_vpc_host_robots",
            "module.data-platform.module.transf-project.google_project_organization_policy.boolean",
            "module.data-platform.module.transf-project.google_project_organization_policy.list",
            "module.data-platform.module.transf-project.google_project_service.project_services",
            "module.data-platform.module.transf-project.google_project_service_identity.jit_si",
            "module.data-platform.module.transf-project.google_project_service_identity.servicenetworking",
            "module.data-platform.module.transf-sa-bq-0.data.google_service_account.service_account",
            "module.data-platform.module.transf-sa-bq-0.google_service_account.service_account",
            "module.data-platform.module.transf-sa-df-0.data.google_service_account.service_account",
            "module.data-platform.module.transf-sa-df-0.google_service_account.service_account"
          ]
        },
        {
          "index_key": "roles/dlp.reader",
          "schema_version": 0,
          "attributes": {
            "condition": [],
            "etag": "BwXeV23pwg4=",
            "id": "fs-50-dev-data-cmn-0/roles/dlp.reader",
            "members": [
              "group:gcp-data-engineers@caggioland.com"
            ],
            "project": "fs-50-dev-data-cmn-0",
            "role": "roles/dlp.reader"
          },
          "sensitive_attributes": [],
          "private": "bnVsbA==",
          "dependencies": [
            "module.data-platform.module.common-project.data.google_project.project",
            "module.data-platform.module.common-project.google_project.project",
            "module.data-platform.module.common-project.google_project_iam_custom_role.roles",
            "module.data-platform.module.common-project.google_project_service.project_services",
            "module.data-platform.module.load-project.data.google_bigquery_default_service_account.bq_sa",
            "module.data-platform.module.load-project.data.google_project.project",
            "module.data-platform.module.load-project.data.google_storage_project_service_account.gcs_sa",
            "module.data-platform.module.load-project.google_compute_shared_vpc_host_project.shared_vpc_host",
            "module.data-platform.module.load-project.google_compute_shared_vpc_service_project.service_projects",
            "module.data-platform.module.load-project.google_kms_crypto_key_iam_member.service_identity_cmek",
            "module.data-platform.module.load-project.google_project.project",
            "module.data-platform.module.load-project.google_project_iam_member.servicenetworking",
            "module.data-platform.module.load-project.google_project_iam_member.shared_vpc_host_robots",
            "module.data-platform.module.load-project.google_project_organization_policy.boolean",
            "module.data-platform.module.load-project.google_project_organization_policy.list",
            "module.data-platform.module.load-project.google_project_service.project_services",
            "module.data-platform.module.load-project.google_project_service_identity.jit_si",
            "module.data-platform.module.load-project.google_project_service_identity.servicenetworking",
            "module.data-platform.module.load-sa-df-0.data.google_service_account.service_account",
            "module.data-platform.module.load-sa-df-0.google_service_account.service_account",
            "module.data-platform.module.transf-project.data.google_bigquery_default_service_account.bq_sa",
            "module.data-platform.module.transf-project.data.google_project.project",
            "module.data-platform.module.transf-project.data.google_storage_project_service_account.gcs_sa",
            "module.data-platform.module.transf-project.google_compute_shared_vpc_host_project.shared_vpc_host",
            "module.data-platform.module.transf-project.google_compute_shared_vpc_service_project.service_projects",
            "module.data-platform.module.transf-project.google_kms_crypto_key_iam_member.service_identity_cmek",
            "module.data-platform.module.transf-project.google_project.project",
            "module.data-platform.module.transf-project.google_project_iam_member.servicenetworking",
            "module.data-platform.module.transf-project.google_project_iam_member.shared_vpc_host_robots",
            "module.data-platform.module.transf-project.google_project_organization_policy.boolean",
            "module.data-platform.module.transf-project.google_project_organization_policy.list",
            "module.data-platform.module.transf-project.google_project_service.project_services",
            "module.data-platform.module.transf-project.google_project_service_identity.jit_si",
            "module.data-platform.module.transf-project.google_project_service_identity.servicenetworking",
            "module.data-platform.module.transf-sa-bq-0.data.google_service_account.service_account",
            "module.data-platform.module.transf-sa-bq-0.google_service_account.service_account",
            "module.data-platform.module.transf-sa-df-0.data.google_service_account.service_account",
            "module.data-platform.module.transf-sa-df-0.google_service_account.service_account"
          ]
        },
        {
          "index_key": "roles/dlp.user",
          "schema_version": 0,
          "attributes": {
            "condition": [],
            "etag": "BwXeV23pwg4=",
            "id": "fs-50-dev-data-cmn-0/roles/dlp.user",
            "members": [
              "group:gcp-data-engineers@caggioland.com",
              "serviceAccount:fs-50-dev-data-load-df-0@fs-50-dev-data-lod-0.iam.gserviceaccount.com",
              "serviceAccount:fs-50-dev-data-trf-df-0@fs-50-dev-data-trf-0.iam.gserviceaccount.com"
            ],
            "project": "fs-50-dev-data-cmn-0",
            "role": "roles/dlp.user"
          },
          "sensitive_attributes": [],
          "private": "bnVsbA==",
          "dependencies": [
            "module.data-platform.module.common-project.data.google_project.project",
            "module.data-platform.module.common-project.google_project.project",
            "module.data-platform.module.common-project.google_project_iam_custom_role.roles",
            "module.data-platform.module.common-project.google_project_service.project_services",
            "module.data-platform.module.load-project.data.google_bigquery_default_service_account.bq_sa",
            "module.data-platform.module.load-project.data.google_project.project",
            "module.data-platform.module.load-project.data.google_storage_project_service_account.gcs_sa",
            "module.data-platform.module.load-project.google_compute_shared_vpc_host_project.shared_vpc_host",
            "module.data-platform.module.load-project.google_compute_shared_vpc_service_project.service_projects",
            "module.data-platform.module.load-project.google_kms_crypto_key_iam_member.service_identity_cmek",
            "module.data-platform.module.load-project.google_project.project",
            "module.data-platform.module.load-project.google_project_iam_member.servicenetworking",
            "module.data-platform.module.load-project.google_project_iam_member.shared_vpc_host_robots",
            "module.data-platform.module.load-project.google_project_organization_policy.boolean",
            "module.data-platform.module.load-project.google_project_organization_policy.list",
            "module.data-platform.module.load-project.google_project_service.project_services",
            "module.data-platform.module.load-project.google_project_service_identity.jit_si",
            "module.data-platform.module.load-project.google_project_service_identity.servicenetworking",
            "module.data-platform.module.load-sa-df-0.data.google_service_account.service_account",
            "module.data-platform.module.load-sa-df-0.google_service_account.service_account",
            "module.data-platform.module.transf-project.data.google_bigquery_default_service_account.bq_sa",
            "module.data-platform.module.transf-project.data.google_project.project",
            "module.data-platform.module.transf-project.data.google_storage_project_service_account.gcs_sa",
            "module.data-platform.module.transf-project.google_compute_shared_vpc_host_project.shared_vpc_host",
            "module.data-platform.module.transf-project.google_compute_shared_vpc_service_project.service_projects",
            "module.data-platform.module.transf-project.google_kms_crypto_key_iam_member.service_identity_cmek",
            "module.data-platform.module.transf-project.google_project.project",
            "module.data-platform.module.transf-project.google_project_iam_member.servicenetworking",
            "module.data-platform.module.transf-project.google_project_iam_member.shared_vpc_host_robots",
            "module.data-platform.module.transf-project.google_project_organization_policy.boolean",
            "module.data-platform.module.transf-project.google_project_organization_policy.list",
            "module.data-platform.module.transf-project.google_project_service.project_services",
            "module.data-platform.module.transf-project.google_project_service_identity.jit_si",
            "module.data-platform.module.transf-project.google_project_service_identity.servicenetworking",
            "module.data-platform.module.transf-sa-bq-0.data.google_service_account.service_account",
            "module.data-platform.module.transf-sa-bq-0.google_service_account.service_account",
            "module.data-platform.module.transf-sa-df-0.data.google_service_account.service_account",
            "module.data-platform.module.transf-sa-df-0.google_service_account.service_account"
          ]
        }
      ]
    },
    {
      "module": "module.data-platform.module.common-project",
      "mode": "managed",
      "type": "google_project_service",
      "name": "project_services",
      "provider": "provider[\"registry.terraform.io/hashicorp/google\"]",
      "instances": [
        {
          "index_key": "cloudresourcemanager.googleapis.com",
          "schema_version": 0,
          "attributes": {
            "disable_dependent_services": true,
            "disable_on_destroy": true,
            "id": "fs-50-dev-data-cmn-0/cloudresourcemanager.googleapis.com",
            "project": "fs-50-dev-data-cmn-0",
            "service": "cloudresourcemanager.googleapis.com",
            "timeouts": null
          },
          "sensitive_attributes": [],
          "private": "eyJlMmJmYjczMC1lY2FhLTExZTYtOGY4OC0zNDM2M2JjN2M0YzAiOnsiY3JlYXRlIjoxMjAwMDAwMDAwMDAwLCJkZWxldGUiOjEyMDAwMDAwMDAwMDAsInJlYWQiOjYwMDAwMDAwMDAwMCwidXBkYXRlIjoxMjAwMDAwMDAwMDAwfX0=",
          "dependencies": [
            "module.data-platform.module.common-project.data.google_project.project",
            "module.data-platform.module.common-project.google_project.project"
          ]
        },
        {
          "index_key": "datacatalog.googleapis.com",
          "schema_version": 0,
          "attributes": {
            "disable_dependent_services": true,
            "disable_on_destroy": true,
            "id": "fs-50-dev-data-cmn-0/datacatalog.googleapis.com",
            "project": "fs-50-dev-data-cmn-0",
            "service": "datacatalog.googleapis.com",
            "timeouts": null
          },
          "sensitive_attributes": [],
          "private": "eyJlMmJmYjczMC1lY2FhLTExZTYtOGY4OC0zNDM2M2JjN2M0YzAiOnsiY3JlYXRlIjoxMjAwMDAwMDAwMDAwLCJkZWxldGUiOjEyMDAwMDAwMDAwMDAsInJlYWQiOjYwMDAwMDAwMDAwMCwidXBkYXRlIjoxMjAwMDAwMDAwMDAwfX0=",
          "dependencies": [
            "module.data-platform.module.common-project.data.google_project.project",
            "module.data-platform.module.common-project.google_project.project"
          ]
        },
        {
          "index_key": "dlp.googleapis.com",
          "schema_version": 0,
          "attributes": {
            "disable_dependent_services": true,
            "disable_on_destroy": true,
            "id": "fs-50-dev-data-cmn-0/dlp.googleapis.com",
            "project": "fs-50-dev-data-cmn-0",
            "service": "dlp.googleapis.com",
            "timeouts": null
          },
          "sensitive_attributes": [],
          "private": "eyJlMmJmYjczMC1lY2FhLTExZTYtOGY4OC0zNDM2M2JjN2M0YzAiOnsiY3JlYXRlIjoxMjAwMDAwMDAwMDAwLCJkZWxldGUiOjEyMDAwMDAwMDAwMDAsInJlYWQiOjYwMDAwMDAwMDAwMCwidXBkYXRlIjoxMjAwMDAwMDAwMDAwfX0=",
          "dependencies": [
            "module.data-platform.module.common-project.data.google_project.project",
            "module.data-platform.module.common-project.google_project.project"
          ]
        },
        {
          "index_key": "iam.googleapis.com",
          "schema_version": 0,
          "attributes": {
            "disable_dependent_services": true,
            "disable_on_destroy": true,
            "id": "fs-50-dev-data-cmn-0/iam.googleapis.com",
            "project": "fs-50-dev-data-cmn-0",
            "service": "iam.googleapis.com",
            "timeouts": null
          },
          "sensitive_attributes": [],
          "private": "eyJlMmJmYjczMC1lY2FhLTExZTYtOGY4OC0zNDM2M2JjN2M0YzAiOnsiY3JlYXRlIjoxMjAwMDAwMDAwMDAwLCJkZWxldGUiOjEyMDAwMDAwMDAwMDAsInJlYWQiOjYwMDAwMDAwMDAwMCwidXBkYXRlIjoxMjAwMDAwMDAwMDAwfX0=",
          "dependencies": [
            "module.data-platform.module.common-project.data.google_project.project",
            "module.data-platform.module.common-project.google_project.project"
          ]
        },
        {
          "index_key": "serviceusage.googleapis.com",
          "schema_version": 0,
          "attributes": {
            "disable_dependent_services": true,
            "disable_on_destroy": true,
            "id": "fs-50-dev-data-cmn-0/serviceusage.googleapis.com",
            "project": "fs-50-dev-data-cmn-0",
            "service": "serviceusage.googleapis.com",
            "timeouts": null
          },
          "sensitive_attributes": [],
          "private": "eyJlMmJmYjczMC1lY2FhLTExZTYtOGY4OC0zNDM2M2JjN2M0YzAiOnsiY3JlYXRlIjoxMjAwMDAwMDAwMDAwLCJkZWxldGUiOjEyMDAwMDAwMDAwMDAsInJlYWQiOjYwMDAwMDAwMDAwMCwidXBkYXRlIjoxMjAwMDAwMDAwMDAwfX0=",
          "dependencies": [
            "module.data-platform.module.common-project.data.google_project.project",
            "module.data-platform.module.common-project.google_project.project"
          ]
        },
        {
          "index_key": "stackdriver.googleapis.com",
          "schema_version": 0,
          "attributes": {
            "disable_dependent_services": true,
            "disable_on_destroy": true,
            "id": "fs-50-dev-data-cmn-0/stackdriver.googleapis.com",
            "project": "fs-50-dev-data-cmn-0",
            "service": "stackdriver.googleapis.com",
            "timeouts": null
          },
          "sensitive_attributes": [],
          "private": "eyJlMmJmYjczMC1lY2FhLTExZTYtOGY4OC0zNDM2M2JjN2M0YzAiOnsiY3JlYXRlIjoxMjAwMDAwMDAwMDAwLCJkZWxldGUiOjEyMDAwMDAwMDAwMDAsInJlYWQiOjYwMDAwMDAwMDAwMCwidXBkYXRlIjoxMjAwMDAwMDAwMDAwfX0=",
          "dependencies": [
            "module.data-platform.module.common-project.data.google_project.project",
            "module.data-platform.module.common-project.google_project.project"
          ]
        }
      ]
    },
    {
      "module": "module.data-platform.module.drop-bq-0",
      "mode": "managed",
      "type": "google_bigquery_dataset",
      "name": "default",
      "provider": "provider[\"registry.terraform.io/hashicorp/google\"]",
      "instances": [
        {
          "schema_version": 0,
          "attributes": {
            "access": [
              {
                "dataset": [],
                "domain": "",
                "group_by_email": "",
                "role": "OWNER",
                "special_group": "",
                "user_by_email": "fs-20-dev-resman-dp-0@fs-10-prod-iac-core-0.iam.gserviceaccount.com",
                "view": []
              },
              {
                "dataset": [],
                "domain": "",
                "group_by_email": "",
                "role": "OWNER",
                "special_group": "projectOwners",
                "user_by_email": "",
                "view": []
              },
              {
                "dataset": [],
                "domain": "",
                "group_by_email": "",
                "role": "READER",
                "special_group": "projectReaders",
                "user_by_email": "",
                "view": []
              },
              {
                "dataset": [],
                "domain": "",
                "group_by_email": "",
                "role": "WRITER",
                "special_group": "projectWriters",
                "user_by_email": "",
                "view": []
              }
            ],
            "creation_time": 1651841907095,
            "dataset_id": "fs_50_dev_datadrp_bq_0",
            "default_encryption_configuration": [],
            "default_partition_expiration_ms": 0,
            "default_table_expiration_ms": 0,
            "delete_contents_on_destroy": false,
            "description": "Terraform managed.",
            "etag": "xgX4EDOq9eNZudAwqVWISg==",
            "friendly_name": "",
            "id": "projects/fs-50-dev-data-drp-0/datasets/fs_50_dev_datadrp_bq_0",
            "labels": null,
            "last_modified_time": 1651841907095,
            "location": "EU",
            "project": "fs-50-dev-data-drp-0",
            "self_link": "https://bigquery.googleapis.com/bigquery/v2/projects/fs-50-dev-data-drp-0/datasets/fs_50_dev_datadrp_bq_0",
            "timeouts": null
          },
          "sensitive_attributes": [],
          "private": "eyJlMmJmYjczMC1lY2FhLTExZTYtOGY4OC0zNDM2M2JjN2M0YzAiOnsiY3JlYXRlIjoyNDAwMDAwMDAwMDAsImRlbGV0ZSI6MjQwMDAwMDAwMDAwLCJ1cGRhdGUiOjI0MDAwMDAwMDAwMH19",
          "dependencies": [
            "module.data-platform.module.drop-project.data.google_bigquery_default_service_account.bq_sa",
            "module.data-platform.module.drop-project.data.google_project.project",
            "module.data-platform.module.drop-project.data.google_storage_project_service_account.gcs_sa",
            "module.data-platform.module.drop-project.google_compute_shared_vpc_host_project.shared_vpc_host",
            "module.data-platform.module.drop-project.google_compute_shared_vpc_service_project.service_projects",
            "module.data-platform.module.drop-project.google_kms_crypto_key_iam_member.service_identity_cmek",
            "module.data-platform.module.drop-project.google_project.project",
            "module.data-platform.module.drop-project.google_project_iam_member.servicenetworking",
            "module.data-platform.module.drop-project.google_project_iam_member.shared_vpc_host_robots",
            "module.data-platform.module.drop-project.google_project_organization_policy.boolean",
            "module.data-platform.module.drop-project.google_project_organization_policy.list",
            "module.data-platform.module.drop-project.google_project_service.project_services",
            "module.data-platform.module.drop-project.google_project_service_identity.jit_si",
            "module.data-platform.module.drop-project.google_project_service_identity.servicenetworking"
          ]
        }
      ]
    },
    {
      "module": "module.data-platform.module.drop-cs-0",
      "mode": "managed",
      "type": "google_storage_bucket",
      "name": "bucket",
      "provider": "provider[\"registry.terraform.io/hashicorp/google\"]",
      "instances": [
        {
          "schema_version": 0,
          "attributes": {
            "cors": [],
            "default_event_based_hold": false,
            "encryption": [],
            "force_destroy": false,
            "id": "fs-50-dev-data-drp-cs-0",
            "labels": null,
            "lifecycle_rule": [],
            "location": "EU",
            "logging": [],
            "name": "fs-50-dev-data-drp-cs-0",
            "project": "fs-50-dev-data-drp-0",
            "requester_pays": false,
            "retention_policy": [],
            "self_link": "https://www.googleapis.com/storage/v1/b/fs-50-dev-data-drp-cs-0",
            "storage_class": "MULTI_REGIONAL",
            "timeouts": null,
            "uniform_bucket_level_access": true,
            "url": "gs://fs-50-dev-data-drp-cs-0",
            "versioning": [
              {
                "enabled": false
              }
            ],
            "website": []
          },
          "sensitive_attributes": [],
          "private": "bnVsbA==",
          "dependencies": [
            "module.data-platform.module.drop-project.data.google_bigquery_default_service_account.bq_sa",
            "module.data-platform.module.drop-project.data.google_project.project",
            "module.data-platform.module.drop-project.data.google_storage_project_service_account.gcs_sa",
            "module.data-platform.module.drop-project.google_compute_shared_vpc_host_project.shared_vpc_host",
            "module.data-platform.module.drop-project.google_compute_shared_vpc_service_project.service_projects",
            "module.data-platform.module.drop-project.google_kms_crypto_key_iam_member.service_identity_cmek",
            "module.data-platform.module.drop-project.google_project.project",
            "module.data-platform.module.drop-project.google_project_iam_member.servicenetworking",
            "module.data-platform.module.drop-project.google_project_iam_member.shared_vpc_host_robots",
            "module.data-platform.module.drop-project.google_project_organization_policy.boolean",
            "module.data-platform.module.drop-project.google_project_organization_policy.list",
            "module.data-platform.module.drop-project.google_project_service.project_services",
            "module.data-platform.module.drop-project.google_project_service_identity.jit_si",
            "module.data-platform.module.drop-project.google_project_service_identity.servicenetworking"
          ]
        }
      ]
    },
    {
      "module": "module.data-platform.module.drop-project",
      "mode": "data",
      "type": "google_bigquery_default_service_account",
      "name": "bq_sa",
      "provider": "provider[\"registry.terraform.io/hashicorp/google\"]",
      "instances": [
        {
          "index_key": 0,
          "schema_version": 0,
          "attributes": {
            "email": "bq-998381442778@bigquery-encryption.iam.gserviceaccount.com",
            "id": "bq-998381442778@bigquery-encryption.iam.gserviceaccount.com",
            "project": "fs-50-dev-data-drp-0"
          },
          "sensitive_attributes": []
        }
      ]
    },
    {
      "module": "module.data-platform.module.drop-project",
      "mode": "data",
      "type": "google_storage_project_service_account",
      "name": "gcs_sa",
      "provider": "provider[\"registry.terraform.io/hashicorp/google\"]",
      "instances": [
        {
          "index_key": 0,
          "schema_version": 0,
          "attributes": {
            "email_address": "service-998381442778@gs-project-accounts.iam.gserviceaccount.com",
            "id": "service-998381442778@gs-project-accounts.iam.gserviceaccount.com",
            "project": "fs-50-dev-data-drp-0",
            "user_project": null
          },
          "sensitive_attributes": []
        }
      ]
    },
    {
      "module": "module.data-platform.module.drop-project",
      "mode": "managed",
      "type": "google_project",
      "name": "project",
      "provider": "provider[\"registry.terraform.io/hashicorp/google\"]",
      "instances": [
        {
          "index_key": 0,
          "schema_version": 1,
          "attributes": {
            "auto_create_network": false,
            "billing_account": "0181A7-4CC981-B7594C",
            "folder_id": "86898363966",
            "id": "projects/fs-50-dev-data-drp-0",
            "labels": null,
            "name": "fs-50-dev-data-drp-0",
            "number": "998381442778",
            "org_id": "",
            "project_id": "fs-50-dev-data-drp-0",
            "skip_delete": false,
            "timeouts": null
          },
          "sensitive_attributes": [],
          "private": "eyJlMmJmYjczMC1lY2FhLTExZTYtOGY4OC0zNDM2M2JjN2M0YzAiOnsiY3JlYXRlIjo2MDAwMDAwMDAwMDAsImRlbGV0ZSI6NjAwMDAwMDAwMDAwLCJyZWFkIjo2MDAwMDAwMDAwMDAsInVwZGF0ZSI6NjAwMDAwMDAwMDAwfSwic2NoZW1hX3ZlcnNpb24iOiIxIn0="
        }
      ]
    },
    {
      "module": "module.data-platform.module.drop-project",
      "mode": "managed",
      "type": "google_project_iam_binding",
      "name": "authoritative",
      "provider": "provider[\"registry.terraform.io/hashicorp/google\"]",
      "instances": [
        {
          "index_key": "roles/bigquery.dataEditor",
          "schema_version": 0,
          "attributes": {
            "condition": [],
            "etag": "BwXeV27segA=",
            "id": "fs-50-dev-data-drp-0/roles/bigquery.dataEditor",
            "members": [
              "group:gcp-data-engineers@caggioland.com",
              "serviceAccount:fs-50-dev-data-drp-bq-0@fs-50-dev-data-drp-0.iam.gserviceaccount.com"
            ],
            "project": "fs-50-dev-data-drp-0",
            "role": "roles/bigquery.dataEditor"
          },
          "sensitive_attributes": [],
          "private": "bnVsbA==",
          "dependencies": [
            "module.data-platform.module.drop-project.data.google_bigquery_default_service_account.bq_sa",
            "module.data-platform.module.drop-project.data.google_project.project",
            "module.data-platform.module.drop-project.data.google_storage_project_service_account.gcs_sa",
            "module.data-platform.module.drop-project.google_compute_shared_vpc_host_project.shared_vpc_host",
            "module.data-platform.module.drop-project.google_compute_shared_vpc_service_project.service_projects",
            "module.data-platform.module.drop-project.google_kms_crypto_key_iam_member.service_identity_cmek",
            "module.data-platform.module.drop-project.google_project.project",
            "module.data-platform.module.drop-project.google_project_iam_custom_role.roles",
            "module.data-platform.module.drop-project.google_project_iam_member.servicenetworking",
            "module.data-platform.module.drop-project.google_project_iam_member.shared_vpc_host_robots",
            "module.data-platform.module.drop-project.google_project_organization_policy.boolean",
            "module.data-platform.module.drop-project.google_project_organization_policy.list",
            "module.data-platform.module.drop-project.google_project_service.project_services",
            "module.data-platform.module.drop-project.google_project_service_identity.jit_si",
            "module.data-platform.module.drop-project.google_project_service_identity.servicenetworking",
            "module.data-platform.module.drop-sa-bq-0.data.google_service_account.service_account",
            "module.data-platform.module.drop-sa-bq-0.google_service_account.service_account",
            "module.data-platform.module.drop-sa-cs-0.data.google_service_account.service_account",
            "module.data-platform.module.drop-sa-cs-0.google_service_account.service_account",
            "module.data-platform.module.drop-sa-ps-0.data.google_service_account.service_account",
            "module.data-platform.module.drop-sa-ps-0.google_service_account.service_account",
            "module.data-platform.module.load-project.data.google_bigquery_default_service_account.bq_sa",
            "module.data-platform.module.load-project.data.google_project.project",
            "module.data-platform.module.load-project.data.google_storage_project_service_account.gcs_sa",
            "module.data-platform.module.load-project.google_compute_shared_vpc_host_project.shared_vpc_host",
            "module.data-platform.module.load-project.google_compute_shared_vpc_service_project.service_projects",
            "module.data-platform.module.load-project.google_kms_crypto_key_iam_member.service_identity_cmek",
            "module.data-platform.module.load-project.google_project.project",
            "module.data-platform.module.load-project.google_project_iam_member.servicenetworking",
            "module.data-platform.module.load-project.google_project_iam_member.shared_vpc_host_robots",
            "module.data-platform.module.load-project.google_project_organization_policy.boolean",
            "module.data-platform.module.load-project.google_project_organization_policy.list",
            "module.data-platform.module.load-project.google_project_service.project_services",
            "module.data-platform.module.load-project.google_project_service_identity.jit_si",
            "module.data-platform.module.load-project.google_project_service_identity.servicenetworking",
            "module.data-platform.module.load-sa-df-0.data.google_service_account.service_account",
            "module.data-platform.module.load-sa-df-0.google_service_account.service_account",
            "module.data-platform.module.orch-project.data.google_bigquery_default_service_account.bq_sa",
            "module.data-platform.module.orch-project.data.google_project.project",
            "module.data-platform.module.orch-project.data.google_storage_project_service_account.gcs_sa",
            "module.data-platform.module.orch-project.google_compute_shared_vpc_host_project.shared_vpc_host",
            "module.data-platform.module.orch-project.google_compute_shared_vpc_service_project.service_projects",
            "module.data-platform.module.orch-project.google_kms_crypto_key_iam_member.service_identity_cmek",
            "module.data-platform.module.orch-project.google_project.project",
            "module.data-platform.module.orch-project.google_project_iam_member.servicenetworking",
            "module.data-platform.module.orch-project.google_project_iam_member.shared_vpc_host_robots",
            "module.data-platform.module.orch-project.google_project_organization_policy.boolean",
            "module.data-platform.module.orch-project.google_project_organization_policy.list",
            "module.data-platform.module.orch-project.google_project_service.project_services",
            "module.data-platform.module.orch-project.google_project_service_identity.jit_si",
            "module.data-platform.module.orch-project.google_project_service_identity.servicenetworking",
            "module.data-platform.module.orch-sa-cmp-0.data.google_service_account.service_account",
            "module.data-platform.module.orch-sa-cmp-0.google_service_account.service_account"
          ]
        },
        {
          "index_key": "roles/bigquery.user",
          "schema_version": 0,
          "attributes": {
            "condition": [],
            "etag": "BwXeV23Zqoo=",
            "id": "fs-50-dev-data-drp-0/roles/bigquery.user",
            "members": [
              "serviceAccount:fs-50-dev-data-load-df-0@fs-50-dev-data-lod-0.iam.gserviceaccount.com"
            ],
            "project": "fs-50-dev-data-drp-0",
            "role": "roles/bigquery.user"
          },
          "sensitive_attributes": [],
          "private": "bnVsbA==",
          "dependencies": [
            "module.data-platform.module.drop-project.data.google_project.project",
            "module.data-platform.module.drop-project.data.google_storage_project_service_account.gcs_sa",
            "module.data-platform.module.drop-project.google_compute_shared_vpc_host_project.shared_vpc_host",
            "module.data-platform.module.drop-project.google_compute_shared_vpc_service_project.service_projects",
            "module.data-platform.module.drop-project.google_kms_crypto_key_iam_member.service_identity_cmek",
            "module.data-platform.module.drop-project.google_project.project",
            "module.data-platform.module.drop-project.google_project_iam_custom_role.roles",
            "module.data-platform.module.drop-project.google_project_iam_member.servicenetworking",
            "module.data-platform.module.drop-project.google_project_iam_member.shared_vpc_host_robots",
            "module.data-platform.module.drop-project.google_project_organization_policy.boolean",
            "module.data-platform.module.drop-project.google_project_organization_policy.list",
            "module.data-platform.module.drop-project.google_project_service.project_services",
            "module.data-platform.module.drop-project.google_project_service_identity.jit_si",
            "module.data-platform.module.drop-project.data.google_bigquery_default_service_account.bq_sa",
            "module.data-platform.module.drop-project.google_project_service_identity.servicenetworking",
            "module.data-platform.module.drop-sa-bq-0.data.google_service_account.service_account",
            "module.data-platform.module.drop-sa-bq-0.google_service_account.service_account",
            "module.data-platform.module.drop-sa-cs-0.data.google_service_account.service_account",
            "module.data-platform.module.drop-sa-cs-0.google_service_account.service_account",
            "module.data-platform.module.drop-sa-ps-0.data.google_service_account.service_account",
            "module.data-platform.module.drop-sa-ps-0.google_service_account.service_account",
            "module.data-platform.module.load-project.data.google_bigquery_default_service_account.bq_sa",
            "module.data-platform.module.load-project.data.google_project.project",
            "module.data-platform.module.load-project.data.google_storage_project_service_account.gcs_sa",
            "module.data-platform.module.load-project.google_compute_shared_vpc_host_project.shared_vpc_host",
            "module.data-platform.module.load-project.google_compute_shared_vpc_service_project.service_projects",
            "module.data-platform.module.load-project.google_kms_crypto_key_iam_member.service_identity_cmek",
            "module.data-platform.module.load-project.google_project.project",
            "module.data-platform.module.load-project.google_project_iam_member.servicenetworking",
            "module.data-platform.module.load-project.google_project_iam_member.shared_vpc_host_robots",
            "module.data-platform.module.load-project.google_project_organization_policy.boolean",
            "module.data-platform.module.load-project.google_project_organization_policy.list",
            "module.data-platform.module.load-project.google_project_service.project_services",
            "module.data-platform.module.load-project.google_project_service_identity.jit_si",
            "module.data-platform.module.load-project.google_project_service_identity.servicenetworking",
            "module.data-platform.module.load-sa-df-0.data.google_service_account.service_account",
            "module.data-platform.module.load-sa-df-0.google_service_account.service_account",
            "module.data-platform.module.orch-project.data.google_bigquery_default_service_account.bq_sa",
            "module.data-platform.module.orch-project.data.google_project.project",
            "module.data-platform.module.orch-project.data.google_storage_project_service_account.gcs_sa",
            "module.data-platform.module.orch-project.google_compute_shared_vpc_host_project.shared_vpc_host",
            "module.data-platform.module.orch-project.google_compute_shared_vpc_service_project.service_projects",
            "module.data-platform.module.orch-project.google_kms_crypto_key_iam_member.service_identity_cmek",
            "module.data-platform.module.orch-project.google_project.project",
            "module.data-platform.module.orch-project.google_project_iam_member.servicenetworking",
            "module.data-platform.module.orch-project.google_project_iam_member.shared_vpc_host_robots",
            "module.data-platform.module.orch-project.google_project_organization_policy.boolean",
            "module.data-platform.module.orch-project.google_project_organization_policy.list",
            "module.data-platform.module.orch-project.google_project_service.project_services",
            "module.data-platform.module.orch-project.google_project_service_identity.jit_si",
            "module.data-platform.module.orch-project.google_project_service_identity.servicenetworking",
            "module.data-platform.module.orch-sa-cmp-0.data.google_service_account.service_account",
            "module.data-platform.module.orch-sa-cmp-0.google_service_account.service_account"
          ]
        },
        {
          "index_key": "roles/pubsub.editor",
          "schema_version": 0,
          "attributes": {
            "condition": [],
            "etag": "BwXeV26ZEsc=",
            "id": "fs-50-dev-data-drp-0/roles/pubsub.editor",
            "members": [
              "group:gcp-data-engineers@caggioland.com"
            ],
            "project": "fs-50-dev-data-drp-0",
            "role": "roles/pubsub.editor"
          },
          "sensitive_attributes": [],
          "private": "bnVsbA==",
          "dependencies": [
            "module.data-platform.module.drop-project.data.google_bigquery_default_service_account.bq_sa",
            "module.data-platform.module.drop-project.data.google_project.project",
            "module.data-platform.module.drop-project.data.google_storage_project_service_account.gcs_sa",
            "module.data-platform.module.drop-project.google_compute_shared_vpc_host_project.shared_vpc_host",
            "module.data-platform.module.drop-project.google_compute_shared_vpc_service_project.service_projects",
            "module.data-platform.module.drop-project.google_kms_crypto_key_iam_member.service_identity_cmek",
            "module.data-platform.module.drop-project.google_project.project",
            "module.data-platform.module.drop-project.google_project_iam_custom_role.roles",
            "module.data-platform.module.drop-project.google_project_iam_member.servicenetworking",
            "module.data-platform.module.drop-project.google_project_iam_member.shared_vpc_host_robots",
            "module.data-platform.module.drop-project.google_project_organization_policy.boolean",
            "module.data-platform.module.drop-project.google_project_organization_policy.list",
            "module.data-platform.module.drop-project.google_project_service.project_services",
            "module.data-platform.module.drop-project.google_project_service_identity.jit_si",
            "module.data-platform.module.drop-project.google_project_service_identity.servicenetworking",
            "module.data-platform.module.drop-sa-bq-0.data.google_service_account.service_account",
            "module.data-platform.module.drop-sa-bq-0.google_service_account.service_account",
            "module.data-platform.module.drop-sa-cs-0.data.google_service_account.service_account",
            "module.data-platform.module.drop-sa-cs-0.google_service_account.service_account",
            "module.data-platform.module.drop-sa-ps-0.data.google_service_account.service_account",
            "module.data-platform.module.drop-sa-ps-0.google_service_account.service_account",
            "module.data-platform.module.load-project.data.google_bigquery_default_service_account.bq_sa",
            "module.data-platform.module.load-project.data.google_project.project",
            "module.data-platform.module.load-project.data.google_storage_project_service_account.gcs_sa",
            "module.data-platform.module.load-project.google_compute_shared_vpc_host_project.shared_vpc_host",
            "module.data-platform.module.load-project.google_compute_shared_vpc_service_project.service_projects",
            "module.data-platform.module.load-project.google_kms_crypto_key_iam_member.service_identity_cmek",
            "module.data-platform.module.load-project.google_project.project",
            "module.data-platform.module.load-project.google_project_iam_member.servicenetworking",
            "module.data-platform.module.load-project.google_project_iam_member.shared_vpc_host_robots",
            "module.data-platform.module.load-project.google_project_organization_policy.boolean",
            "module.data-platform.module.load-project.google_project_organization_policy.list",
            "module.data-platform.module.load-project.google_project_service.project_services",
            "module.data-platform.module.load-project.google_project_service_identity.jit_si",
            "module.data-platform.module.load-project.google_project_service_identity.servicenetworking",
            "module.data-platform.module.load-sa-df-0.data.google_service_account.service_account",
            "module.data-platform.module.load-sa-df-0.google_service_account.service_account",
            "module.data-platform.module.orch-project.data.google_bigquery_default_service_account.bq_sa",
            "module.data-platform.module.orch-project.data.google_project.project",
            "module.data-platform.module.orch-project.data.google_storage_project_service_account.gcs_sa",
            "module.data-platform.module.orch-project.google_compute_shared_vpc_host_project.shared_vpc_host",
            "module.data-platform.module.orch-project.google_compute_shared_vpc_service_project.service_projects",
            "module.data-platform.module.orch-project.google_kms_crypto_key_iam_member.service_identity_cmek",
            "module.data-platform.module.orch-project.google_project.project",
            "module.data-platform.module.orch-project.google_project_iam_member.servicenetworking",
            "module.data-platform.module.orch-project.google_project_iam_member.shared_vpc_host_robots",
            "module.data-platform.module.orch-project.google_project_organization_policy.boolean",
            "module.data-platform.module.orch-project.google_project_organization_policy.list",
            "module.data-platform.module.orch-project.google_project_service.project_services",
            "module.data-platform.module.orch-project.google_project_service_identity.jit_si",
            "module.data-platform.module.orch-project.google_project_service_identity.servicenetworking",
            "module.data-platform.module.orch-sa-cmp-0.data.google_service_account.service_account",
            "module.data-platform.module.orch-sa-cmp-0.google_service_account.service_account"
          ]
        },
        {
          "index_key": "roles/pubsub.publisher",
          "schema_version": 0,
          "attributes": {
            "condition": [],
            "etag": "BwXeV24v36M=",
            "id": "fs-50-dev-data-drp-0/roles/pubsub.publisher",
            "members": [
              "serviceAccount:fs-50-dev-data-drp-ps-0@fs-50-dev-data-drp-0.iam.gserviceaccount.com"
            ],
            "project": "fs-50-dev-data-drp-0",
            "role": "roles/pubsub.publisher"
          },
          "sensitive_attributes": [],
          "private": "bnVsbA==",
          "dependencies": [
            "module.data-platform.module.drop-project.data.google_bigquery_default_service_account.bq_sa",
            "module.data-platform.module.drop-project.data.google_project.project",
            "module.data-platform.module.drop-project.data.google_storage_project_service_account.gcs_sa",
            "module.data-platform.module.drop-project.google_compute_shared_vpc_host_project.shared_vpc_host",
            "module.data-platform.module.drop-project.google_compute_shared_vpc_service_project.service_projects",
            "module.data-platform.module.drop-project.google_kms_crypto_key_iam_member.service_identity_cmek",
            "module.data-platform.module.drop-project.google_project.project",
            "module.data-platform.module.drop-project.google_project_iam_custom_role.roles",
            "module.data-platform.module.drop-project.google_project_iam_member.servicenetworking",
            "module.data-platform.module.drop-project.google_project_iam_member.shared_vpc_host_robots",
            "module.data-platform.module.drop-project.google_project_organization_policy.boolean",
            "module.data-platform.module.drop-project.google_project_organization_policy.list",
            "module.data-platform.module.drop-project.google_project_service.project_services",
            "module.data-platform.module.drop-project.google_project_service_identity.jit_si",
            "module.data-platform.module.drop-project.google_project_service_identity.servicenetworking",
            "module.data-platform.module.drop-sa-bq-0.data.google_service_account.service_account",
            "module.data-platform.module.drop-sa-bq-0.google_service_account.service_account",
            "module.data-platform.module.drop-sa-cs-0.data.google_service_account.service_account",
            "module.data-platform.module.drop-sa-cs-0.google_service_account.service_account",
            "module.data-platform.module.drop-sa-ps-0.data.google_service_account.service_account",
            "module.data-platform.module.drop-sa-ps-0.google_service_account.service_account",
            "module.data-platform.module.load-project.data.google_bigquery_default_service_account.bq_sa",
            "module.data-platform.module.load-project.data.google_project.project",
            "module.data-platform.module.load-project.data.google_storage_project_service_account.gcs_sa",
            "module.data-platform.module.load-project.google_compute_shared_vpc_host_project.shared_vpc_host",
            "module.data-platform.module.load-project.google_compute_shared_vpc_service_project.service_projects",
            "module.data-platform.module.load-project.google_kms_crypto_key_iam_member.service_identity_cmek",
            "module.data-platform.module.load-project.google_project.project",
            "module.data-platform.module.load-project.google_project_iam_member.servicenetworking",
            "module.data-platform.module.load-project.google_project_iam_member.shared_vpc_host_robots",
            "module.data-platform.module.load-project.google_project_organization_policy.boolean",
            "module.data-platform.module.load-project.google_project_organization_policy.list",
            "module.data-platform.module.load-project.google_project_service.project_services",
            "module.data-platform.module.load-project.google_project_service_identity.jit_si",
            "module.data-platform.module.load-project.google_project_service_identity.servicenetworking",
            "module.data-platform.module.load-sa-df-0.data.google_service_account.service_account",
            "module.data-platform.module.load-sa-df-0.google_service_account.service_account",
            "module.data-platform.module.orch-project.data.google_bigquery_default_service_account.bq_sa",
            "module.data-platform.module.orch-project.data.google_storage_project_service_account.gcs_sa",
            "module.data-platform.module.orch-project.data.google_project.project",
            "module.data-platform.module.orch-project.google_compute_shared_vpc_host_project.shared_vpc_host",
            "module.data-platform.module.orch-project.google_compute_shared_vpc_service_project.service_projects",
            "module.data-platform.module.orch-project.google_kms_crypto_key_iam_member.service_identity_cmek",
            "module.data-platform.module.orch-project.google_project.project",
            "module.data-platform.module.orch-project.google_project_iam_member.servicenetworking",
            "module.data-platform.module.orch-project.google_project_iam_member.shared_vpc_host_robots",
            "module.data-platform.module.orch-project.google_project_organization_policy.boolean",
            "module.data-platform.module.orch-project.google_project_organization_policy.list",
            "module.data-platform.module.orch-project.google_project_service.project_services",
            "module.data-platform.module.orch-project.google_project_service_identity.jit_si",
            "module.data-platform.module.orch-project.google_project_service_identity.servicenetworking",
            "module.data-platform.module.orch-sa-cmp-0.data.google_service_account.service_account",
            "module.data-platform.module.orch-sa-cmp-0.google_service_account.service_account"
          ]
        },
        {
          "index_key": "roles/pubsub.subscriber",
          "schema_version": 0,
          "attributes": {
            "condition": [],
            "etag": "BwXeV27segA=",
            "id": "fs-50-dev-data-drp-0/roles/pubsub.subscriber",
            "members": [
              "serviceAccount:fs-50-dev-data-load-df-0@fs-50-dev-data-lod-0.iam.gserviceaccount.com",
              "serviceAccount:fs-50-dev-data-orc-cmp-0@fs-50-dev-data-orc-0.iam.gserviceaccount.com"
            ],
            "project": "fs-50-dev-data-drp-0",
            "role": "roles/pubsub.subscriber"
          },
          "sensitive_attributes": [],
          "private": "bnVsbA==",
          "dependencies": [
            "module.data-platform.module.drop-project.data.google_bigquery_default_service_account.bq_sa",
            "module.data-platform.module.drop-project.data.google_project.project",
            "module.data-platform.module.drop-project.data.google_storage_project_service_account.gcs_sa",
            "module.data-platform.module.drop-project.google_compute_shared_vpc_host_project.shared_vpc_host",
            "module.data-platform.module.drop-project.google_compute_shared_vpc_service_project.service_projects",
            "module.data-platform.module.drop-project.google_kms_crypto_key_iam_member.service_identity_cmek",
            "module.data-platform.module.drop-project.google_project.project",
            "module.data-platform.module.drop-project.google_project_iam_custom_role.roles",
            "module.data-platform.module.drop-project.google_project_iam_member.servicenetworking",
            "module.data-platform.module.drop-project.google_project_iam_member.shared_vpc_host_robots",
            "module.data-platform.module.drop-project.google_project_organization_policy.boolean",
            "module.data-platform.module.drop-project.google_project_organization_policy.list",
            "module.data-platform.module.drop-project.google_project_service.project_services",
            "module.data-platform.module.drop-project.google_project_service_identity.jit_si",
            "module.data-platform.module.drop-project.google_project_service_identity.servicenetworking",
            "module.data-platform.module.drop-sa-bq-0.data.google_service_account.service_account",
            "module.data-platform.module.drop-sa-bq-0.google_service_account.service_account",
            "module.data-platform.module.drop-sa-cs-0.data.google_service_account.service_account",
            "module.data-platform.module.drop-sa-cs-0.google_service_account.service_account",
            "module.data-platform.module.drop-sa-ps-0.data.google_service_account.service_account",
            "module.data-platform.module.drop-sa-ps-0.google_service_account.service_account",
            "module.data-platform.module.load-project.data.google_bigquery_default_service_account.bq_sa",
            "module.data-platform.module.load-project.data.google_project.project",
            "module.data-platform.module.load-project.data.google_storage_project_service_account.gcs_sa",
            "module.data-platform.module.load-project.google_compute_shared_vpc_host_project.shared_vpc_host",
            "module.data-platform.module.load-project.google_compute_shared_vpc_service_project.service_projects",
            "module.data-platform.module.load-project.google_kms_crypto_key_iam_member.service_identity_cmek",
            "module.data-platform.module.load-project.google_project.project",
            "module.data-platform.module.load-project.google_project_iam_member.servicenetworking",
            "module.data-platform.module.load-project.google_project_iam_member.shared_vpc_host_robots",
            "module.data-platform.module.load-project.google_project_organization_policy.boolean",
            "module.data-platform.module.load-project.google_project_organization_policy.list",
            "module.data-platform.module.load-project.google_project_service.project_services",
            "module.data-platform.module.load-project.google_project_service_identity.jit_si",
            "module.data-platform.module.load-project.google_project_service_identity.servicenetworking",
            "module.data-platform.module.load-sa-df-0.data.google_service_account.service_account",
            "module.data-platform.module.load-sa-df-0.google_service_account.service_account",
            "module.data-platform.module.orch-project.data.google_bigquery_default_service_account.bq_sa",
            "module.data-platform.module.orch-project.data.google_storage_project_service_account.gcs_sa",
            "module.data-platform.module.orch-project.data.google_project.project",
            "module.data-platform.module.orch-project.google_compute_shared_vpc_host_project.shared_vpc_host",
            "module.data-platform.module.orch-project.google_compute_shared_vpc_service_project.service_projects",
            "module.data-platform.module.orch-project.google_kms_crypto_key_iam_member.service_identity_cmek",
            "module.data-platform.module.orch-project.google_project.project",
            "module.data-platform.module.orch-project.google_project_iam_member.servicenetworking",
            "module.data-platform.module.orch-project.google_project_iam_member.shared_vpc_host_robots",
            "module.data-platform.module.orch-project.google_project_organization_policy.boolean",
            "module.data-platform.module.orch-project.google_project_organization_policy.list",
            "module.data-platform.module.orch-project.google_project_service.project_services",
            "module.data-platform.module.orch-project.google_project_service_identity.jit_si",
            "module.data-platform.module.orch-project.google_project_service_identity.servicenetworking",
            "module.data-platform.module.orch-sa-cmp-0.data.google_service_account.service_account",
            "module.data-platform.module.orch-sa-cmp-0.google_service_account.service_account"
          ]
        },
        {
          "index_key": "roles/storage.admin",
          "schema_version": 0,
          "attributes": {
            "condition": [],
            "etag": "BwXeV27segA=",
            "id": "fs-50-dev-data-drp-0/roles/storage.admin",
            "members": [
              "group:gcp-data-engineers@caggioland.com",
              "serviceAccount:fs-50-dev-data-load-df-0@fs-50-dev-data-lod-0.iam.gserviceaccount.com"
            ],
            "project": "fs-50-dev-data-drp-0",
            "role": "roles/storage.admin"
          },
          "sensitive_attributes": [],
          "private": "bnVsbA==",
          "dependencies": [
            "module.data-platform.module.drop-project.data.google_bigquery_default_service_account.bq_sa",
            "module.data-platform.module.drop-project.data.google_project.project",
            "module.data-platform.module.drop-project.data.google_storage_project_service_account.gcs_sa",
            "module.data-platform.module.drop-project.google_compute_shared_vpc_host_project.shared_vpc_host",
            "module.data-platform.module.drop-project.google_compute_shared_vpc_service_project.service_projects",
            "module.data-platform.module.drop-project.google_kms_crypto_key_iam_member.service_identity_cmek",
            "module.data-platform.module.drop-project.google_project.project",
            "module.data-platform.module.drop-project.google_project_iam_custom_role.roles",
            "module.data-platform.module.drop-project.google_project_iam_member.servicenetworking",
            "module.data-platform.module.drop-project.google_project_iam_member.shared_vpc_host_robots",
            "module.data-platform.module.drop-project.google_project_organization_policy.boolean",
            "module.data-platform.module.drop-project.google_project_organization_policy.list",
            "module.data-platform.module.drop-project.google_project_service.project_services",
            "module.data-platform.module.drop-project.google_project_service_identity.jit_si",
            "module.data-platform.module.drop-project.google_project_service_identity.servicenetworking",
            "module.data-platform.module.drop-sa-bq-0.data.google_service_account.service_account",
            "module.data-platform.module.drop-sa-bq-0.google_service_account.service_account",
            "module.data-platform.module.drop-sa-cs-0.data.google_service_account.service_account",
            "module.data-platform.module.drop-sa-cs-0.google_service_account.service_account",
            "module.data-platform.module.drop-sa-ps-0.data.google_service_account.service_account",
            "module.data-platform.module.drop-sa-ps-0.google_service_account.service_account",
            "module.data-platform.module.load-project.data.google_bigquery_default_service_account.bq_sa",
            "module.data-platform.module.load-project.data.google_project.project",
            "module.data-platform.module.load-project.data.google_storage_project_service_account.gcs_sa",
            "module.data-platform.module.load-project.google_compute_shared_vpc_host_project.shared_vpc_host",
            "module.data-platform.module.load-project.google_compute_shared_vpc_service_project.service_projects",
            "module.data-platform.module.load-project.google_kms_crypto_key_iam_member.service_identity_cmek",
            "module.data-platform.module.load-project.google_project.project",
            "module.data-platform.module.load-project.google_project_iam_member.servicenetworking",
            "module.data-platform.module.load-project.google_project_iam_member.shared_vpc_host_robots",
            "module.data-platform.module.load-project.google_project_organization_policy.boolean",
            "module.data-platform.module.load-project.google_project_organization_policy.list",
            "module.data-platform.module.load-project.google_project_service.project_services",
            "module.data-platform.module.load-project.google_project_service_identity.jit_si",
            "module.data-platform.module.load-project.google_project_service_identity.servicenetworking",
            "module.data-platform.module.load-sa-df-0.data.google_service_account.service_account",
            "module.data-platform.module.load-sa-df-0.google_service_account.service_account",
            "module.data-platform.module.orch-project.data.google_bigquery_default_service_account.bq_sa",
            "module.data-platform.module.orch-project.data.google_project.project",
            "module.data-platform.module.orch-project.data.google_storage_project_service_account.gcs_sa",
            "module.data-platform.module.orch-project.google_compute_shared_vpc_host_project.shared_vpc_host",
            "module.data-platform.module.orch-project.google_compute_shared_vpc_service_project.service_projects",
            "module.data-platform.module.orch-project.google_kms_crypto_key_iam_member.service_identity_cmek",
            "module.data-platform.module.orch-project.google_project.project",
            "module.data-platform.module.orch-project.google_project_iam_member.servicenetworking",
            "module.data-platform.module.orch-project.google_project_iam_member.shared_vpc_host_robots",
            "module.data-platform.module.orch-project.google_project_organization_policy.boolean",
            "module.data-platform.module.orch-project.google_project_organization_policy.list",
            "module.data-platform.module.orch-project.google_project_service.project_services",
            "module.data-platform.module.orch-project.google_project_service_identity.jit_si",
            "module.data-platform.module.orch-project.google_project_service_identity.servicenetworking",
            "module.data-platform.module.orch-sa-cmp-0.data.google_service_account.service_account",
            "module.data-platform.module.orch-sa-cmp-0.google_service_account.service_account"
          ]
        },
        {
          "index_key": "roles/storage.objectAdmin",
          "schema_version": 0,
          "attributes": {
            "condition": [],
            "etag": "BwXeV27segA=",
            "id": "fs-50-dev-data-drp-0/roles/storage.objectAdmin",
            "members": [
              "serviceAccount:fs-50-dev-data-load-df-0@fs-50-dev-data-lod-0.iam.gserviceaccount.com"
            ],
            "project": "fs-50-dev-data-drp-0",
            "role": "roles/storage.objectAdmin"
          },
          "sensitive_attributes": [],
          "private": "bnVsbA==",
          "dependencies": [
            "module.data-platform.module.drop-project.data.google_bigquery_default_service_account.bq_sa",
            "module.data-platform.module.drop-project.data.google_project.project",
            "module.data-platform.module.drop-project.data.google_storage_project_service_account.gcs_sa",
            "module.data-platform.module.drop-project.google_compute_shared_vpc_host_project.shared_vpc_host",
            "module.data-platform.module.drop-project.google_compute_shared_vpc_service_project.service_projects",
            "module.data-platform.module.drop-project.google_kms_crypto_key_iam_member.service_identity_cmek",
            "module.data-platform.module.drop-project.google_project.project",
            "module.data-platform.module.drop-project.google_project_iam_custom_role.roles",
            "module.data-platform.module.drop-project.google_project_iam_member.servicenetworking",
            "module.data-platform.module.drop-project.google_project_iam_member.shared_vpc_host_robots",
            "module.data-platform.module.drop-project.google_project_organization_policy.boolean",
            "module.data-platform.module.drop-project.google_project_organization_policy.list",
            "module.data-platform.module.drop-project.google_project_service.project_services",
            "module.data-platform.module.drop-project.google_project_service_identity.jit_si",
            "module.data-platform.module.drop-project.google_project_service_identity.servicenetworking",
            "module.data-platform.module.drop-sa-bq-0.data.google_service_account.service_account",
            "module.data-platform.module.drop-sa-bq-0.google_service_account.service_account",
            "module.data-platform.module.drop-sa-cs-0.data.google_service_account.service_account",
            "module.data-platform.module.drop-sa-cs-0.google_service_account.service_account",
            "module.data-platform.module.drop-sa-ps-0.data.google_service_account.service_account",
            "module.data-platform.module.drop-sa-ps-0.google_service_account.service_account",
            "module.data-platform.module.load-project.data.google_bigquery_default_service_account.bq_sa",
            "module.data-platform.module.load-project.data.google_project.project",
            "module.data-platform.module.load-project.data.google_storage_project_service_account.gcs_sa",
            "module.data-platform.module.load-project.google_compute_shared_vpc_host_project.shared_vpc_host",
            "module.data-platform.module.load-project.google_compute_shared_vpc_service_project.service_projects",
            "module.data-platform.module.load-project.google_kms_crypto_key_iam_member.service_identity_cmek",
            "module.data-platform.module.load-project.google_project.project",
            "module.data-platform.module.load-project.google_project_iam_member.servicenetworking",
            "module.data-platform.module.load-project.google_project_iam_member.shared_vpc_host_robots",
            "module.data-platform.module.load-project.google_project_organization_policy.boolean",
            "module.data-platform.module.load-project.google_project_organization_policy.list",
            "module.data-platform.module.load-project.google_project_service.project_services",
            "module.data-platform.module.load-project.google_project_service_identity.jit_si",
            "module.data-platform.module.load-project.google_project_service_identity.servicenetworking",
            "module.data-platform.module.load-sa-df-0.data.google_service_account.service_account",
            "module.data-platform.module.load-sa-df-0.google_service_account.service_account",
            "module.data-platform.module.orch-project.data.google_bigquery_default_service_account.bq_sa",
            "module.data-platform.module.orch-project.data.google_project.project",
            "module.data-platform.module.orch-project.data.google_storage_project_service_account.gcs_sa",
            "module.data-platform.module.orch-project.google_compute_shared_vpc_host_project.shared_vpc_host",
            "module.data-platform.module.orch-project.google_compute_shared_vpc_service_project.service_projects",
            "module.data-platform.module.orch-project.google_kms_crypto_key_iam_member.service_identity_cmek",
            "module.data-platform.module.orch-project.google_project.project",
            "module.data-platform.module.orch-project.google_project_iam_member.servicenetworking",
            "module.data-platform.module.orch-project.google_project_iam_member.shared_vpc_host_robots",
            "module.data-platform.module.orch-project.google_project_organization_policy.boolean",
            "module.data-platform.module.orch-project.google_project_organization_policy.list",
            "module.data-platform.module.orch-project.google_project_service.project_services",
            "module.data-platform.module.orch-project.google_project_service_identity.jit_si",
            "module.data-platform.module.orch-project.google_project_service_identity.servicenetworking",
            "module.data-platform.module.orch-sa-cmp-0.data.google_service_account.service_account",
            "module.data-platform.module.orch-sa-cmp-0.google_service_account.service_account"
          ]
        },
        {
          "index_key": "roles/storage.objectCreator",
          "schema_version": 0,
          "attributes": {
            "condition": [],
            "etag": "BwXeV27segA=",
            "id": "fs-50-dev-data-drp-0/roles/storage.objectCreator",
            "members": [
              "serviceAccount:fs-50-dev-data-drp-cs-0@fs-50-dev-data-drp-0.iam.gserviceaccount.com"
            ],
            "project": "fs-50-dev-data-drp-0",
            "role": "roles/storage.objectCreator"
          },
          "sensitive_attributes": [],
          "private": "bnVsbA==",
          "dependencies": [
            "module.data-platform.module.drop-project.google_project_service.project_services",
            "module.data-platform.module.drop-project.data.google_project.project",
            "module.data-platform.module.drop-project.data.google_storage_project_service_account.gcs_sa",
            "module.data-platform.module.drop-project.google_compute_shared_vpc_host_project.shared_vpc_host",
            "module.data-platform.module.drop-project.google_compute_shared_vpc_service_project.service_projects",
            "module.data-platform.module.drop-project.google_kms_crypto_key_iam_member.service_identity_cmek",
            "module.data-platform.module.drop-project.google_project.project",
            "module.data-platform.module.drop-project.google_project_iam_custom_role.roles",
            "module.data-platform.module.drop-project.google_project_iam_member.servicenetworking",
            "module.data-platform.module.drop-project.google_project_iam_member.shared_vpc_host_robots",
            "module.data-platform.module.drop-project.google_project_organization_policy.boolean",
            "module.data-platform.module.drop-project.google_project_organization_policy.list",
            "module.data-platform.module.drop-project.google_project_service_identity.jit_si",
            "module.data-platform.module.drop-project.data.google_bigquery_default_service_account.bq_sa",
            "module.data-platform.module.drop-project.google_project_service_identity.servicenetworking",
            "module.data-platform.module.drop-sa-bq-0.data.google_service_account.service_account",
            "module.data-platform.module.drop-sa-bq-0.google_service_account.service_account",
            "module.data-platform.module.drop-sa-cs-0.data.google_service_account.service_account",
            "module.data-platform.module.drop-sa-cs-0.google_service_account.service_account",
            "module.data-platform.module.drop-sa-ps-0.data.google_service_account.service_account",
            "module.data-platform.module.drop-sa-ps-0.google_service_account.service_account",
            "module.data-platform.module.load-project.data.google_bigquery_default_service_account.bq_sa",
            "module.data-platform.module.load-project.data.google_project.project",
            "module.data-platform.module.load-project.data.google_storage_project_service_account.gcs_sa",
            "module.data-platform.module.load-project.google_kms_crypto_key_iam_member.service_identity_cmek",
            "module.data-platform.module.load-project.google_compute_shared_vpc_host_project.shared_vpc_host",
            "module.data-platform.module.load-project.google_project.project",
            "module.data-platform.module.load-project.google_project_iam_member.servicenetworking",
            "module.data-platform.module.load-project.google_project_iam_member.shared_vpc_host_robots",
            "module.data-platform.module.load-project.google_project_organization_policy.boolean",
            "module.data-platform.module.load-project.google_project_organization_policy.list",
            "module.data-platform.module.orch-project.data.google_storage_project_service_account.gcs_sa",
            "module.data-platform.module.load-project.google_project_service.project_services",
            "module.data-platform.module.load-project.google_project_service_identity.jit_si",
            "module.data-platform.module.load-project.google_project_service_identity.servicenetworking",
            "module.data-platform.module.load-project.google_compute_shared_vpc_service_project.service_projects",
            "module.data-platform.module.load-sa-df-0.google_service_account.service_account",
            "module.data-platform.module.orch-project.data.google_bigquery_default_service_account.bq_sa",
            "module.data-platform.module.orch-project.data.google_project.project",
            "module.data-platform.module.load-project.google_compute_shared_vpc_service_project.service_projects",
            "module.data-platform.module.orch-project.google_compute_shared_vpc_host_project.shared_vpc_host",
            "module.data-platform.module.orch-project.google_compute_shared_vpc_service_project.service_projects",
            "module.data-platform.module.orch-project.google_kms_crypto_key_iam_member.service_identity_cmek",
            "module.data-platform.module.orch-project.google_project.project",
            "module.data-platform.module.orch-project.google_project_iam_member.servicenetworking",
            "module.data-platform.module.orch-project.google_project_iam_member.shared_vpc_host_robots",
            "module.data-platform.module.orch-project.google_project_organization_policy.boolean",
            "module.data-platform.module.orch-project.google_project_organization_policy.list",
            "module.data-platform.module.orch-project.google_project_service.project_services",
            "module.data-platform.module.orch-project.google_project_service_identity.jit_si",
            "module.data-platform.module.orch-project.google_project_service_identity.servicenetworking",
            "module.data-platform.module.orch-sa-cmp-0.data.google_service_account.service_account",
            "module.data-platform.module.orch-sa-cmp-0.google_service_account.service_account"
          ]
        },
        {
          "index_key": "roles/storage.objectViewer",
          "schema_version": 0,
          "attributes": {
            "condition": [],
            "etag": "BwXeV24v36M=",
            "id": "fs-50-dev-data-drp-0/roles/storage.objectViewer",
            "members": [
              "serviceAccount:fs-50-dev-data-orc-cmp-0@fs-50-dev-data-orc-0.iam.gserviceaccount.com"
            ],
            "project": "fs-50-dev-data-drp-0",
            "role": "roles/storage.objectViewer"
          },
          "sensitive_attributes": [],
          "private": "bnVsbA==",
          "dependencies": [
            "module.data-platform.module.drop-project.data.google_project.project",
            "module.data-platform.module.drop-project.data.google_storage_project_service_account.gcs_sa",
            "module.data-platform.module.drop-project.google_compute_shared_vpc_host_project.shared_vpc_host",
            "module.data-platform.module.drop-project.google_compute_shared_vpc_service_project.service_projects",
            "module.data-platform.module.drop-project.google_kms_crypto_key_iam_member.service_identity_cmek",
            "module.data-platform.module.drop-project.google_project.project",
            "module.data-platform.module.drop-project.google_project_iam_custom_role.roles",
            "module.data-platform.module.drop-project.google_project_iam_member.servicenetworking",
            "module.data-platform.module.drop-project.google_project_iam_member.shared_vpc_host_robots",
            "module.data-platform.module.drop-project.google_project_organization_policy.boolean",
            "module.data-platform.module.drop-project.google_project_organization_policy.list",
            "module.data-platform.module.drop-project.google_project_service.project_services",
            "module.data-platform.module.drop-project.google_project_service_identity.jit_si",
            "module.data-platform.module.drop-project.data.google_bigquery_default_service_account.bq_sa",
            "module.data-platform.module.load-project.google_project.project",
            "module.data-platform.module.drop-sa-bq-0.data.google_service_account.service_account",
            "module.data-platform.module.drop-sa-bq-0.google_service_account.service_account",
            "module.data-platform.module.drop-sa-cs-0.data.google_service_account.service_account",
            "module.data-platform.module.drop-sa-cs-0.google_service_account.service_account",
            "module.data-platform.module.drop-sa-ps-0.data.google_service_account.service_account",
            "module.data-platform.module.drop-sa-ps-0.google_service_account.service_account",
            "module.data-platform.module.load-project.data.google_bigquery_default_service_account.bq_sa",
            "module.data-platform.module.load-project.data.google_project.project",
            "module.data-platform.module.load-project.data.google_storage_project_service_account.gcs_sa",
            "module.data-platform.module.load-project.google_kms_crypto_key_iam_member.service_identity_cmek",
            "module.data-platform.module.load-project.google_compute_shared_vpc_host_project.shared_vpc_host",
            "module.data-platform.module.load-project.google_compute_shared_vpc_service_project.service_projects",
            "module.data-platform.module.load-project.google_project_iam_member.servicenetworking",
            "module.data-platform.module.load-project.google_project_iam_member.shared_vpc_host_robots",
            "module.data-platform.module.load-project.google_project_organization_policy.boolean",
            "module.data-platform.module.load-project.google_project_organization_policy.list",
            "module.data-platform.module.load-project.google_project_service.project_services",
            "module.data-platform.module.load-project.google_project_service_identity.jit_si",
            "module.data-platform.module.drop-project.google_project_service_identity.servicenetworking",
            "module.data-platform.module.load-project.google_project_service_identity.servicenetworking",
            "module.data-platform.module.orch-project.google_project_iam_member.servicenetworking",
            "module.data-platform.module.load-sa-df-0.data.google_service_account.service_account",
            "module.data-platform.module.load-sa-df-0.google_service_account.service_account",
            "module.data-platform.module.orch-project.data.google_bigquery_default_service_account.bq_sa",
            "module.data-platform.module.orch-project.data.google_project.project",
            "module.data-platform.module.orch-project.google_compute_shared_vpc_host_project.shared_vpc_host",
            "module.data-platform.module.orch-project.google_compute_shared_vpc_service_project.service_projects",
            "module.data-platform.module.orch-project.google_kms_crypto_key_iam_member.service_identity_cmek",
            "module.data-platform.module.orch-project.google_project.project",
            "module.data-platform.module.orch-project.data.google_storage_project_service_account.gcs_sa",
            "module.data-platform.module.orch-project.google_project_iam_member.shared_vpc_host_robots",
            "module.data-platform.module.orch-project.google_project_organization_policy.boolean",
            "module.data-platform.module.orch-project.google_project_organization_policy.list",
            "module.data-platform.module.orch-project.google_project_service.project_services",
            "module.data-platform.module.orch-project.google_project_service_identity.jit_si",
            "module.data-platform.module.orch-project.google_project_service_identity.servicenetworking",
            "module.data-platform.module.orch-sa-cmp-0.data.google_service_account.service_account",
            "module.data-platform.module.orch-sa-cmp-0.google_service_account.service_account"
          ]
        }
      ]
    },
    {
      "module": "module.data-platform.module.drop-project",
      "mode": "managed",
      "type": "google_project_service",
      "name": "project_services",
      "provider": "provider[\"registry.terraform.io/hashicorp/google\"]",
      "instances": [
        {
          "index_key": "bigquery.googleapis.com",
          "schema_version": 0,
          "attributes": {
            "disable_dependent_services": true,
            "disable_on_destroy": true,
            "id": "fs-50-dev-data-drp-0/bigquery.googleapis.com",
            "project": "fs-50-dev-data-drp-0",
            "service": "bigquery.googleapis.com",
            "timeouts": null
          },
          "sensitive_attributes": [],
          "private": "eyJlMmJmYjczMC1lY2FhLTExZTYtOGY4OC0zNDM2M2JjN2M0YzAiOnsiY3JlYXRlIjoxMjAwMDAwMDAwMDAwLCJkZWxldGUiOjEyMDAwMDAwMDAwMDAsInJlYWQiOjYwMDAwMDAwMDAwMCwidXBkYXRlIjoxMjAwMDAwMDAwMDAwfX0=",
          "dependencies": [
            "module.data-platform.module.drop-project.data.google_project.project",
            "module.data-platform.module.drop-project.google_project.project"
          ]
        },
        {
          "index_key": "bigqueryreservation.googleapis.com",
          "schema_version": 0,
          "attributes": {
            "disable_dependent_services": true,
            "disable_on_destroy": true,
            "id": "fs-50-dev-data-drp-0/bigqueryreservation.googleapis.com",
            "project": "fs-50-dev-data-drp-0",
            "service": "bigqueryreservation.googleapis.com",
            "timeouts": null
          },
          "sensitive_attributes": [],
          "private": "eyJlMmJmYjczMC1lY2FhLTExZTYtOGY4OC0zNDM2M2JjN2M0YzAiOnsiY3JlYXRlIjoxMjAwMDAwMDAwMDAwLCJkZWxldGUiOjEyMDAwMDAwMDAwMDAsInJlYWQiOjYwMDAwMDAwMDAwMCwidXBkYXRlIjoxMjAwMDAwMDAwMDAwfX0=",
          "dependencies": [
            "module.data-platform.module.drop-project.data.google_project.project",
            "module.data-platform.module.drop-project.google_project.project"
          ]
        },
        {
          "index_key": "bigquerystorage.googleapis.com",
          "schema_version": 0,
          "attributes": {
            "disable_dependent_services": true,
            "disable_on_destroy": true,
            "id": "fs-50-dev-data-drp-0/bigquerystorage.googleapis.com",
            "project": "fs-50-dev-data-drp-0",
            "service": "bigquerystorage.googleapis.com",
            "timeouts": null
          },
          "sensitive_attributes": [],
          "private": "eyJlMmJmYjczMC1lY2FhLTExZTYtOGY4OC0zNDM2M2JjN2M0YzAiOnsiY3JlYXRlIjoxMjAwMDAwMDAwMDAwLCJkZWxldGUiOjEyMDAwMDAwMDAwMDAsInJlYWQiOjYwMDAwMDAwMDAwMCwidXBkYXRlIjoxMjAwMDAwMDAwMDAwfX0=",
          "dependencies": [
            "module.data-platform.module.drop-project.data.google_project.project",
            "module.data-platform.module.drop-project.google_project.project"
          ]
        },
        {
          "index_key": "cloudkms.googleapis.com",
          "schema_version": 0,
          "attributes": {
            "disable_dependent_services": true,
            "disable_on_destroy": true,
            "id": "fs-50-dev-data-drp-0/cloudkms.googleapis.com",
            "project": "fs-50-dev-data-drp-0",
            "service": "cloudkms.googleapis.com",
            "timeouts": null
          },
          "sensitive_attributes": [],
          "private": "eyJlMmJmYjczMC1lY2FhLTExZTYtOGY4OC0zNDM2M2JjN2M0YzAiOnsiY3JlYXRlIjoxMjAwMDAwMDAwMDAwLCJkZWxldGUiOjEyMDAwMDAwMDAwMDAsInJlYWQiOjYwMDAwMDAwMDAwMCwidXBkYXRlIjoxMjAwMDAwMDAwMDAwfX0=",
          "dependencies": [
            "module.data-platform.module.drop-project.data.google_project.project",
            "module.data-platform.module.drop-project.google_project.project"
          ]
        },
        {
          "index_key": "cloudresourcemanager.googleapis.com",
          "schema_version": 0,
          "attributes": {
            "disable_dependent_services": true,
            "disable_on_destroy": true,
            "id": "fs-50-dev-data-drp-0/cloudresourcemanager.googleapis.com",
            "project": "fs-50-dev-data-drp-0",
            "service": "cloudresourcemanager.googleapis.com",
            "timeouts": null
          },
          "sensitive_attributes": [],
          "private": "eyJlMmJmYjczMC1lY2FhLTExZTYtOGY4OC0zNDM2M2JjN2M0YzAiOnsiY3JlYXRlIjoxMjAwMDAwMDAwMDAwLCJkZWxldGUiOjEyMDAwMDAwMDAwMDAsInJlYWQiOjYwMDAwMDAwMDAwMCwidXBkYXRlIjoxMjAwMDAwMDAwMDAwfX0=",
          "dependencies": [
            "module.data-platform.module.drop-project.data.google_project.project",
            "module.data-platform.module.drop-project.google_project.project"
          ]
        },
        {
          "index_key": "iam.googleapis.com",
          "schema_version": 0,
          "attributes": {
            "disable_dependent_services": true,
            "disable_on_destroy": true,
            "id": "fs-50-dev-data-drp-0/iam.googleapis.com",
            "project": "fs-50-dev-data-drp-0",
            "service": "iam.googleapis.com",
            "timeouts": null
          },
          "sensitive_attributes": [],
          "private": "eyJlMmJmYjczMC1lY2FhLTExZTYtOGY4OC0zNDM2M2JjN2M0YzAiOnsiY3JlYXRlIjoxMjAwMDAwMDAwMDAwLCJkZWxldGUiOjEyMDAwMDAwMDAwMDAsInJlYWQiOjYwMDAwMDAwMDAwMCwidXBkYXRlIjoxMjAwMDAwMDAwMDAwfX0=",
          "dependencies": [
            "module.data-platform.module.drop-project.data.google_project.project",
            "module.data-platform.module.drop-project.google_project.project"
          ]
        },
        {
          "index_key": "pubsub.googleapis.com",
          "schema_version": 0,
          "attributes": {
            "disable_dependent_services": true,
            "disable_on_destroy": true,
            "id": "fs-50-dev-data-drp-0/pubsub.googleapis.com",
            "project": "fs-50-dev-data-drp-0",
            "service": "pubsub.googleapis.com",
            "timeouts": null
          },
          "sensitive_attributes": [],
          "private": "eyJlMmJmYjczMC1lY2FhLTExZTYtOGY4OC0zNDM2M2JjN2M0YzAiOnsiY3JlYXRlIjoxMjAwMDAwMDAwMDAwLCJkZWxldGUiOjEyMDAwMDAwMDAwMDAsInJlYWQiOjYwMDAwMDAwMDAwMCwidXBkYXRlIjoxMjAwMDAwMDAwMDAwfX0=",
          "dependencies": [
            "module.data-platform.module.drop-project.data.google_project.project",
            "module.data-platform.module.drop-project.google_project.project"
          ]
        },
        {
          "index_key": "serviceusage.googleapis.com",
          "schema_version": 0,
          "attributes": {
            "disable_dependent_services": true,
            "disable_on_destroy": true,
            "id": "fs-50-dev-data-drp-0/serviceusage.googleapis.com",
            "project": "fs-50-dev-data-drp-0",
            "service": "serviceusage.googleapis.com",
            "timeouts": null
          },
          "sensitive_attributes": [],
          "private": "eyJlMmJmYjczMC1lY2FhLTExZTYtOGY4OC0zNDM2M2JjN2M0YzAiOnsiY3JlYXRlIjoxMjAwMDAwMDAwMDAwLCJkZWxldGUiOjEyMDAwMDAwMDAwMDAsInJlYWQiOjYwMDAwMDAwMDAwMCwidXBkYXRlIjoxMjAwMDAwMDAwMDAwfX0=",
          "dependencies": [
            "module.data-platform.module.drop-project.data.google_project.project",
            "module.data-platform.module.drop-project.google_project.project"
          ]
        },
        {
          "index_key": "stackdriver.googleapis.com",
          "schema_version": 0,
          "attributes": {
            "disable_dependent_services": true,
            "disable_on_destroy": true,
            "id": "fs-50-dev-data-drp-0/stackdriver.googleapis.com",
            "project": "fs-50-dev-data-drp-0",
            "service": "stackdriver.googleapis.com",
            "timeouts": null
          },
          "sensitive_attributes": [],
          "private": "eyJlMmJmYjczMC1lY2FhLTExZTYtOGY4OC0zNDM2M2JjN2M0YzAiOnsiY3JlYXRlIjoxMjAwMDAwMDAwMDAwLCJkZWxldGUiOjEyMDAwMDAwMDAwMDAsInJlYWQiOjYwMDAwMDAwMDAwMCwidXBkYXRlIjoxMjAwMDAwMDAwMDAwfX0=",
          "dependencies": [
            "module.data-platform.module.drop-project.data.google_project.project",
            "module.data-platform.module.drop-project.google_project.project"
          ]
        },
        {
          "index_key": "storage-component.googleapis.com",
          "schema_version": 0,
          "attributes": {
            "disable_dependent_services": true,
            "disable_on_destroy": true,
            "id": "fs-50-dev-data-drp-0/storage-component.googleapis.com",
            "project": "fs-50-dev-data-drp-0",
            "service": "storage-component.googleapis.com",
            "timeouts": null
          },
          "sensitive_attributes": [],
          "private": "eyJlMmJmYjczMC1lY2FhLTExZTYtOGY4OC0zNDM2M2JjN2M0YzAiOnsiY3JlYXRlIjoxMjAwMDAwMDAwMDAwLCJkZWxldGUiOjEyMDAwMDAwMDAwMDAsInJlYWQiOjYwMDAwMDAwMDAwMCwidXBkYXRlIjoxMjAwMDAwMDAwMDAwfX0=",
          "dependencies": [
            "module.data-platform.module.drop-project.data.google_project.project",
            "module.data-platform.module.drop-project.google_project.project"
          ]
        },
        {
          "index_key": "storage.googleapis.com",
          "schema_version": 0,
          "attributes": {
            "disable_dependent_services": true,
            "disable_on_destroy": true,
            "id": "fs-50-dev-data-drp-0/storage.googleapis.com",
            "project": "fs-50-dev-data-drp-0",
            "service": "storage.googleapis.com",
            "timeouts": null
          },
          "sensitive_attributes": [],
          "private": "eyJlMmJmYjczMC1lY2FhLTExZTYtOGY4OC0zNDM2M2JjN2M0YzAiOnsiY3JlYXRlIjoxMjAwMDAwMDAwMDAwLCJkZWxldGUiOjEyMDAwMDAwMDAwMDAsInJlYWQiOjYwMDAwMDAwMDAwMCwidXBkYXRlIjoxMjAwMDAwMDAwMDAwfX0=",
          "dependencies": [
            "module.data-platform.module.drop-project.data.google_project.project",
            "module.data-platform.module.drop-project.google_project.project"
          ]
        }
      ]
    },
    {
      "module": "module.data-platform.module.drop-project",
      "mode": "managed",
      "type": "google_project_service_identity",
      "name": "jit_si",
      "provider": "provider[\"registry.terraform.io/hashicorp/google-beta\"]",
      "instances": [
        {
          "index_key": "pubsub.googleapis.com",
          "schema_version": 0,
          "attributes": {
            "email": "service-998381442778@gcp-sa-pubsub.iam.gserviceaccount.com",
            "id": "projects/fs-50-dev-data-drp-0/services/pubsub.googleapis.com",
            "project": "fs-50-dev-data-drp-0",
            "service": "pubsub.googleapis.com",
            "timeouts": null
          },
          "sensitive_attributes": [],
          "private": "eyJlMmJmYjczMC1lY2FhLTExZTYtOGY4OC0zNDM2M2JjN2M0YzAiOnsiY3JlYXRlIjoxMjAwMDAwMDAwMDAwLCJkZWxldGUiOjEyMDAwMDAwMDAwMDAsInJlYWQiOjYwMDAwMDAwMDAwMH19",
          "dependencies": [
            "module.data-platform.module.drop-project.data.google_project.project",
            "module.data-platform.module.drop-project.google_project.project",
            "module.data-platform.module.drop-project.google_project_service.project_services"
          ]
        }
      ]
    },
    {
      "module": "module.data-platform.module.drop-ps-0",
      "mode": "managed",
      "type": "google_pubsub_topic",
      "name": "default",
      "provider": "provider[\"registry.terraform.io/hashicorp/google\"]",
      "instances": [
        {
          "schema_version": 0,
          "attributes": {
            "id": "projects/fs-50-dev-data-drp-0/topics/fs-50-dev-data-drp-ps-0",
            "kms_key_name": "",
            "labels": null,
            "message_retention_duration": null,
            "message_storage_policy": [],
            "name": "fs-50-dev-data-drp-ps-0",
            "project": "fs-50-dev-data-drp-0",
            "schema_settings": [],
            "timeouts": null
          },
          "sensitive_attributes": [],
          "private": "eyJlMmJmYjczMC1lY2FhLTExZTYtOGY4OC0zNDM2M2JjN2M0YzAiOnsiY3JlYXRlIjozNjAwMDAwMDAwMDAsImRlbGV0ZSI6MjQwMDAwMDAwMDAwLCJ1cGRhdGUiOjM2MDAwMDAwMDAwMH19",
          "dependencies": [
            "module.data-platform.module.drop-project.data.google_bigquery_default_service_account.bq_sa",
            "module.data-platform.module.drop-project.data.google_project.project",
            "module.data-platform.module.drop-project.data.google_storage_project_service_account.gcs_sa",
            "module.data-platform.module.drop-project.google_compute_shared_vpc_host_project.shared_vpc_host",
            "module.data-platform.module.drop-project.google_compute_shared_vpc_service_project.service_projects",
            "module.data-platform.module.drop-project.google_kms_crypto_key_iam_member.service_identity_cmek",
            "module.data-platform.module.drop-project.google_project.project",
            "module.data-platform.module.drop-project.google_project_iam_member.servicenetworking",
            "module.data-platform.module.drop-project.google_project_iam_member.shared_vpc_host_robots",
            "module.data-platform.module.drop-project.google_project_organization_policy.boolean",
            "module.data-platform.module.drop-project.google_project_organization_policy.list",
            "module.data-platform.module.drop-project.google_project_service.project_services",
            "module.data-platform.module.drop-project.google_project_service_identity.jit_si",
            "module.data-platform.module.drop-project.google_project_service_identity.servicenetworking"
          ]
        }
      ]
    },
    {
      "module": "module.data-platform.module.drop-sa-bq-0",
      "mode": "managed",
      "type": "google_service_account",
      "name": "service_account",
      "provider": "provider[\"registry.terraform.io/hashicorp/google\"]",
      "instances": [
        {
          "index_key": 0,
          "schema_version": 0,
          "attributes": {
            "account_id": "fs-50-dev-data-drp-bq-0",
            "description": "",
            "disabled": false,
            "display_name": "Data platform BigQuery drop off service account",
            "email": "fs-50-dev-data-drp-bq-0@fs-50-dev-data-drp-0.iam.gserviceaccount.com",
            "id": "projects/fs-50-dev-data-drp-0/serviceAccounts/fs-50-dev-data-drp-bq-0@fs-50-dev-data-drp-0.iam.gserviceaccount.com",
            "name": "projects/fs-50-dev-data-drp-0/serviceAccounts/fs-50-dev-data-drp-bq-0@fs-50-dev-data-drp-0.iam.gserviceaccount.com",
            "project": "fs-50-dev-data-drp-0",
            "timeouts": null,
            "unique_id": "107005538932009732610"
          },
          "sensitive_attributes": [],
          "private": "eyJlMmJmYjczMC1lY2FhLTExZTYtOGY4OC0zNDM2M2JjN2M0YzAiOnsiY3JlYXRlIjozMDAwMDAwMDAwMDB9fQ==",
          "dependencies": [
            "module.data-platform.module.drop-project.data.google_bigquery_default_service_account.bq_sa",
            "module.data-platform.module.drop-project.data.google_project.project",
            "module.data-platform.module.drop-project.data.google_storage_project_service_account.gcs_sa",
            "module.data-platform.module.drop-project.google_compute_shared_vpc_host_project.shared_vpc_host",
            "module.data-platform.module.drop-project.google_compute_shared_vpc_service_project.service_projects",
            "module.data-platform.module.drop-project.google_kms_crypto_key_iam_member.service_identity_cmek",
            "module.data-platform.module.drop-project.google_project.project",
            "module.data-platform.module.drop-project.google_project_iam_member.servicenetworking",
            "module.data-platform.module.drop-project.google_project_iam_member.shared_vpc_host_robots",
            "module.data-platform.module.drop-project.google_project_organization_policy.boolean",
            "module.data-platform.module.drop-project.google_project_organization_policy.list",
            "module.data-platform.module.drop-project.google_project_service.project_services",
            "module.data-platform.module.drop-project.google_project_service_identity.jit_si",
            "module.data-platform.module.drop-project.google_project_service_identity.servicenetworking"
          ]
        }
      ]
    },
    {
      "module": "module.data-platform.module.drop-sa-bq-0",
      "mode": "managed",
      "type": "google_service_account_iam_binding",
      "name": "roles",
      "provider": "provider[\"registry.terraform.io/hashicorp/google\"]",
      "instances": [
        {
          "index_key": "roles/iam.serviceAccountTokenCreator",
          "schema_version": 0,
          "attributes": {
            "condition": [],
            "etag": "BwXeV2ovMcQ=",
            "id": "projects/fs-50-dev-data-drp-0/serviceAccounts/fs-50-dev-data-drp-bq-0@fs-50-dev-data-drp-0.iam.gserviceaccount.com/roles/iam.serviceAccountTokenCreator",
            "members": [
              "group:gcp-data-engineers@caggioland.com"
            ],
            "role": "roles/iam.serviceAccountTokenCreator",
            "service_account_id": "projects/fs-50-dev-data-drp-0/serviceAccounts/fs-50-dev-data-drp-bq-0@fs-50-dev-data-drp-0.iam.gserviceaccount.com"
          },
          "sensitive_attributes": [],
          "private": "bnVsbA==",
          "dependencies": [
            "module.data-platform.module.drop-project.data.google_bigquery_default_service_account.bq_sa",
            "module.data-platform.module.drop-project.data.google_project.project",
            "module.data-platform.module.drop-project.data.google_storage_project_service_account.gcs_sa",
            "module.data-platform.module.drop-project.google_compute_shared_vpc_host_project.shared_vpc_host",
            "module.data-platform.module.drop-project.google_compute_shared_vpc_service_project.service_projects",
            "module.data-platform.module.drop-project.google_kms_crypto_key_iam_member.service_identity_cmek",
            "module.data-platform.module.drop-project.google_project.project",
            "module.data-platform.module.drop-project.google_project_iam_member.servicenetworking",
            "module.data-platform.module.drop-project.google_project_iam_member.shared_vpc_host_robots",
            "module.data-platform.module.drop-project.google_project_organization_policy.boolean",
            "module.data-platform.module.drop-project.google_project_organization_policy.list",
            "module.data-platform.module.drop-project.google_project_service.project_services",
            "module.data-platform.module.drop-project.google_project_service_identity.jit_si",
            "module.data-platform.module.drop-project.google_project_service_identity.servicenetworking",
            "module.data-platform.module.drop-sa-bq-0.data.google_service_account.service_account",
            "module.data-platform.module.drop-sa-bq-0.google_service_account.service_account"
          ]
        }
      ]
    },
    {
      "module": "module.data-platform.module.drop-sa-cs-0",
      "mode": "managed",
      "type": "google_service_account",
      "name": "service_account",
      "provider": "provider[\"registry.terraform.io/hashicorp/google\"]",
      "instances": [
        {
          "index_key": 0,
          "schema_version": 0,
          "attributes": {
            "account_id": "fs-50-dev-data-drp-cs-0",
            "description": "",
            "disabled": false,
            "display_name": "Data platform GCS drop off service account.",
            "email": "fs-50-dev-data-drp-cs-0@fs-50-dev-data-drp-0.iam.gserviceaccount.com",
            "id": "projects/fs-50-dev-data-drp-0/serviceAccounts/fs-50-dev-data-drp-cs-0@fs-50-dev-data-drp-0.iam.gserviceaccount.com",
            "name": "projects/fs-50-dev-data-drp-0/serviceAccounts/fs-50-dev-data-drp-cs-0@fs-50-dev-data-drp-0.iam.gserviceaccount.com",
            "project": "fs-50-dev-data-drp-0",
            "timeouts": null,
            "unique_id": "107310639118191190376"
          },
          "sensitive_attributes": [],
          "private": "eyJlMmJmYjczMC1lY2FhLTExZTYtOGY4OC0zNDM2M2JjN2M0YzAiOnsiY3JlYXRlIjozMDAwMDAwMDAwMDB9fQ==",
          "dependencies": [
            "module.data-platform.module.drop-project.data.google_bigquery_default_service_account.bq_sa",
            "module.data-platform.module.drop-project.data.google_project.project",
            "module.data-platform.module.drop-project.data.google_storage_project_service_account.gcs_sa",
            "module.data-platform.module.drop-project.google_compute_shared_vpc_host_project.shared_vpc_host",
            "module.data-platform.module.drop-project.google_compute_shared_vpc_service_project.service_projects",
            "module.data-platform.module.drop-project.google_kms_crypto_key_iam_member.service_identity_cmek",
            "module.data-platform.module.drop-project.google_project.project",
            "module.data-platform.module.drop-project.google_project_iam_member.servicenetworking",
            "module.data-platform.module.drop-project.google_project_iam_member.shared_vpc_host_robots",
            "module.data-platform.module.drop-project.google_project_organization_policy.boolean",
            "module.data-platform.module.drop-project.google_project_organization_policy.list",
            "module.data-platform.module.drop-project.google_project_service.project_services",
            "module.data-platform.module.drop-project.google_project_service_identity.jit_si",
            "module.data-platform.module.drop-project.google_project_service_identity.servicenetworking"
          ]
        }
      ]
    },
    {
      "module": "module.data-platform.module.drop-sa-cs-0",
      "mode": "managed",
      "type": "google_service_account_iam_binding",
      "name": "roles",
      "provider": "provider[\"registry.terraform.io/hashicorp/google\"]",
      "instances": [
        {
          "index_key": "roles/iam.serviceAccountTokenCreator",
          "schema_version": 0,
          "attributes": {
            "condition": [],
            "etag": "BwXeV2ou8Dw=",
            "id": "projects/fs-50-dev-data-drp-0/serviceAccounts/fs-50-dev-data-drp-cs-0@fs-50-dev-data-drp-0.iam.gserviceaccount.com/roles/iam.serviceAccountTokenCreator",
            "members": [
              "group:gcp-data-engineers@caggioland.com"
            ],
            "role": "roles/iam.serviceAccountTokenCreator",
            "service_account_id": "projects/fs-50-dev-data-drp-0/serviceAccounts/fs-50-dev-data-drp-cs-0@fs-50-dev-data-drp-0.iam.gserviceaccount.com"
          },
          "sensitive_attributes": [],
          "private": "bnVsbA==",
          "dependencies": [
            "module.data-platform.module.drop-project.data.google_bigquery_default_service_account.bq_sa",
            "module.data-platform.module.drop-project.data.google_project.project",
            "module.data-platform.module.drop-project.data.google_storage_project_service_account.gcs_sa",
            "module.data-platform.module.drop-project.google_compute_shared_vpc_host_project.shared_vpc_host",
            "module.data-platform.module.drop-project.google_compute_shared_vpc_service_project.service_projects",
            "module.data-platform.module.drop-project.google_kms_crypto_key_iam_member.service_identity_cmek",
            "module.data-platform.module.drop-project.google_project.project",
            "module.data-platform.module.drop-project.google_project_iam_member.servicenetworking",
            "module.data-platform.module.drop-project.google_project_iam_member.shared_vpc_host_robots",
            "module.data-platform.module.drop-project.google_project_organization_policy.boolean",
            "module.data-platform.module.drop-project.google_project_organization_policy.list",
            "module.data-platform.module.drop-project.google_project_service.project_services",
            "module.data-platform.module.drop-project.google_project_service_identity.jit_si",
            "module.data-platform.module.drop-project.google_project_service_identity.servicenetworking",
            "module.data-platform.module.drop-sa-cs-0.data.google_service_account.service_account",
            "module.data-platform.module.drop-sa-cs-0.google_service_account.service_account"
          ]
        }
      ]
    },
    {
      "module": "module.data-platform.module.drop-sa-ps-0",
      "mode": "managed",
      "type": "google_service_account",
      "name": "service_account",
      "provider": "provider[\"registry.terraform.io/hashicorp/google\"]",
      "instances": [
        {
          "index_key": 0,
          "schema_version": 0,
          "attributes": {
            "account_id": "fs-50-dev-data-drp-ps-0",
            "description": "",
            "disabled": false,
            "display_name": "Data platform PubSub drop off service account",
            "email": "fs-50-dev-data-drp-ps-0@fs-50-dev-data-drp-0.iam.gserviceaccount.com",
            "id": "projects/fs-50-dev-data-drp-0/serviceAccounts/fs-50-dev-data-drp-ps-0@fs-50-dev-data-drp-0.iam.gserviceaccount.com",
            "name": "projects/fs-50-dev-data-drp-0/serviceAccounts/fs-50-dev-data-drp-ps-0@fs-50-dev-data-drp-0.iam.gserviceaccount.com",
            "project": "fs-50-dev-data-drp-0",
            "timeouts": null,
            "unique_id": "110245713212457250149"
          },
          "sensitive_attributes": [],
          "private": "eyJlMmJmYjczMC1lY2FhLTExZTYtOGY4OC0zNDM2M2JjN2M0YzAiOnsiY3JlYXRlIjozMDAwMDAwMDAwMDB9fQ==",
          "dependencies": [
            "module.data-platform.module.drop-project.data.google_bigquery_default_service_account.bq_sa",
            "module.data-platform.module.drop-project.data.google_project.project",
            "module.data-platform.module.drop-project.data.google_storage_project_service_account.gcs_sa",
            "module.data-platform.module.drop-project.google_compute_shared_vpc_host_project.shared_vpc_host",
            "module.data-platform.module.drop-project.google_compute_shared_vpc_service_project.service_projects",
            "module.data-platform.module.drop-project.google_kms_crypto_key_iam_member.service_identity_cmek",
            "module.data-platform.module.drop-project.google_project.project",
            "module.data-platform.module.drop-project.google_project_iam_member.servicenetworking",
            "module.data-platform.module.drop-project.google_project_iam_member.shared_vpc_host_robots",
            "module.data-platform.module.drop-project.google_project_organization_policy.boolean",
            "module.data-platform.module.drop-project.google_project_organization_policy.list",
            "module.data-platform.module.drop-project.google_project_service.project_services",
            "module.data-platform.module.drop-project.google_project_service_identity.jit_si",
            "module.data-platform.module.drop-project.google_project_service_identity.servicenetworking"
          ]
        }
      ]
    },
    {
      "module": "module.data-platform.module.drop-sa-ps-0",
      "mode": "managed",
      "type": "google_service_account_iam_binding",
      "name": "roles",
      "provider": "provider[\"registry.terraform.io/hashicorp/google\"]",
      "instances": [
        {
          "index_key": "roles/iam.serviceAccountTokenCreator",
          "schema_version": 0,
          "attributes": {
            "condition": [],
            "etag": "BwXeV2p10NQ=",
            "id": "projects/fs-50-dev-data-drp-0/serviceAccounts/fs-50-dev-data-drp-ps-0@fs-50-dev-data-drp-0.iam.gserviceaccount.com/roles/iam.serviceAccountTokenCreator",
            "members": [
              "group:gcp-data-engineers@caggioland.com"
            ],
            "role": "roles/iam.serviceAccountTokenCreator",
            "service_account_id": "projects/fs-50-dev-data-drp-0/serviceAccounts/fs-50-dev-data-drp-ps-0@fs-50-dev-data-drp-0.iam.gserviceaccount.com"
          },
          "sensitive_attributes": [],
          "private": "bnVsbA==",
          "dependencies": [
            "module.data-platform.module.drop-project.data.google_bigquery_default_service_account.bq_sa",
            "module.data-platform.module.drop-project.data.google_project.project",
            "module.data-platform.module.drop-project.data.google_storage_project_service_account.gcs_sa",
            "module.data-platform.module.drop-project.google_compute_shared_vpc_host_project.shared_vpc_host",
            "module.data-platform.module.drop-project.google_compute_shared_vpc_service_project.service_projects",
            "module.data-platform.module.drop-project.google_kms_crypto_key_iam_member.service_identity_cmek",
            "module.data-platform.module.drop-project.google_project.project",
            "module.data-platform.module.drop-project.google_project_iam_member.servicenetworking",
            "module.data-platform.module.drop-project.google_project_iam_member.shared_vpc_host_robots",
            "module.data-platform.module.drop-project.google_project_organization_policy.boolean",
            "module.data-platform.module.drop-project.google_project_organization_policy.list",
            "module.data-platform.module.drop-project.google_project_service.project_services",
            "module.data-platform.module.drop-project.google_project_service_identity.jit_si",
            "module.data-platform.module.drop-project.google_project_service_identity.servicenetworking",
            "module.data-platform.module.drop-sa-ps-0.data.google_service_account.service_account",
            "module.data-platform.module.drop-sa-ps-0.google_service_account.service_account"
          ]
        }
      ]
    },
    {
      "module": "module.data-platform.module.dwh-conf-bq-0",
      "mode": "managed",
      "type": "google_bigquery_dataset",
      "name": "default",
      "provider": "provider[\"registry.terraform.io/hashicorp/google\"]",
      "instances": [
        {
          "schema_version": 0,
          "attributes": {
            "access": [
              {
                "dataset": [],
                "domain": "",
                "group_by_email": "",
                "role": "OWNER",
                "special_group": "",
                "user_by_email": "fs-20-dev-resman-dp-0@fs-10-prod-iac-core-0.iam.gserviceaccount.com",
                "view": []
              },
              {
                "dataset": [],
                "domain": "",
                "group_by_email": "",
                "role": "OWNER",
                "special_group": "projectOwners",
                "user_by_email": "",
                "view": []
              },
              {
                "dataset": [],
                "domain": "",
                "group_by_email": "",
                "role": "READER",
                "special_group": "projectReaders",
                "user_by_email": "",
                "view": []
              },
              {
                "dataset": [],
                "domain": "",
                "group_by_email": "",
                "role": "WRITER",
                "special_group": "projectWriters",
                "user_by_email": "",
                "view": []
              }
            ],
            "creation_time": 1651841909793,
            "dataset_id": "fs_50_dev_data_dwh_conf_bq_0",
            "default_encryption_configuration": [],
            "default_partition_expiration_ms": 0,
            "default_table_expiration_ms": 0,
            "delete_contents_on_destroy": false,
            "description": "Terraform managed.",
            "etag": "xGtT6DGJr/wm7cvEXXU6DA==",
            "friendly_name": "",
            "id": "projects/fs-50-dev-data-dwh-conf-0/datasets/fs_50_dev_data_dwh_conf_bq_0",
            "labels": null,
            "last_modified_time": 1651841909793,
            "location": "EU",
            "project": "fs-50-dev-data-dwh-conf-0",
            "self_link": "https://bigquery.googleapis.com/bigquery/v2/projects/fs-50-dev-data-dwh-conf-0/datasets/fs_50_dev_data_dwh_conf_bq_0",
            "timeouts": null
          },
          "sensitive_attributes": [],
          "private": "eyJlMmJmYjczMC1lY2FhLTExZTYtOGY4OC0zNDM2M2JjN2M0YzAiOnsiY3JlYXRlIjoyNDAwMDAwMDAwMDAsImRlbGV0ZSI6MjQwMDAwMDAwMDAwLCJ1cGRhdGUiOjI0MDAwMDAwMDAwMH19",
          "dependencies": [
            "module.data-platform.module.dwh-conf-project.data.google_bigquery_default_service_account.bq_sa",
            "module.data-platform.module.dwh-conf-project.data.google_project.project",
            "module.data-platform.module.dwh-conf-project.data.google_storage_project_service_account.gcs_sa",
            "module.data-platform.module.dwh-conf-project.google_compute_shared_vpc_host_project.shared_vpc_host",
            "module.data-platform.module.dwh-conf-project.google_compute_shared_vpc_service_project.service_projects",
            "module.data-platform.module.dwh-conf-project.google_kms_crypto_key_iam_member.service_identity_cmek",
            "module.data-platform.module.dwh-conf-project.google_project.project",
            "module.data-platform.module.dwh-conf-project.google_project_iam_member.servicenetworking",
            "module.data-platform.module.dwh-conf-project.google_project_iam_member.shared_vpc_host_robots",
            "module.data-platform.module.dwh-conf-project.google_project_organization_policy.boolean",
            "module.data-platform.module.dwh-conf-project.google_project_organization_policy.list",
            "module.data-platform.module.dwh-conf-project.google_project_service.project_services",
            "module.data-platform.module.dwh-conf-project.google_project_service_identity.jit_si",
            "module.data-platform.module.dwh-conf-project.google_project_service_identity.servicenetworking"
          ]
        }
      ]
    },
    {
      "module": "module.data-platform.module.dwh-conf-cs-0",
      "mode": "managed",
      "type": "google_storage_bucket",
      "name": "bucket",
      "provider": "provider[\"registry.terraform.io/hashicorp/google\"]",
      "instances": [
        {
          "schema_version": 0,
          "attributes": {
            "cors": [],
            "default_event_based_hold": false,
            "encryption": [],
            "force_destroy": false,
            "id": "fs-50-dev-data-dwh-conf-cs-0",
            "labels": null,
            "lifecycle_rule": [],
            "location": "EU",
            "logging": [],
            "name": "fs-50-dev-data-dwh-conf-cs-0",
            "project": "fs-50-dev-data-dwh-conf-0",
            "requester_pays": false,
            "retention_policy": [],
            "self_link": "https://www.googleapis.com/storage/v1/b/fs-50-dev-data-dwh-conf-cs-0",
            "storage_class": "MULTI_REGIONAL",
            "timeouts": null,
            "uniform_bucket_level_access": true,
            "url": "gs://fs-50-dev-data-dwh-conf-cs-0",
            "versioning": [
              {
                "enabled": false
              }
            ],
            "website": []
          },
          "sensitive_attributes": [],
          "private": "bnVsbA==",
          "dependencies": [
            "module.data-platform.module.dwh-conf-project.data.google_bigquery_default_service_account.bq_sa",
            "module.data-platform.module.dwh-conf-project.data.google_project.project",
            "module.data-platform.module.dwh-conf-project.data.google_storage_project_service_account.gcs_sa",
            "module.data-platform.module.dwh-conf-project.google_compute_shared_vpc_host_project.shared_vpc_host",
            "module.data-platform.module.dwh-conf-project.google_compute_shared_vpc_service_project.service_projects",
            "module.data-platform.module.dwh-conf-project.google_kms_crypto_key_iam_member.service_identity_cmek",
            "module.data-platform.module.dwh-conf-project.google_project.project",
            "module.data-platform.module.dwh-conf-project.google_project_iam_member.servicenetworking",
            "module.data-platform.module.dwh-conf-project.google_project_iam_member.shared_vpc_host_robots",
            "module.data-platform.module.dwh-conf-project.google_project_organization_policy.boolean",
            "module.data-platform.module.dwh-conf-project.google_project_organization_policy.list",
            "module.data-platform.module.dwh-conf-project.google_project_service.project_services",
            "module.data-platform.module.dwh-conf-project.google_project_service_identity.jit_si",
            "module.data-platform.module.dwh-conf-project.google_project_service_identity.servicenetworking"
          ]
        }
      ]
    },
    {
      "module": "module.data-platform.module.dwh-conf-project",
      "mode": "data",
      "type": "google_bigquery_default_service_account",
      "name": "bq_sa",
      "provider": "provider[\"registry.terraform.io/hashicorp/google\"]",
      "instances": [
        {
          "index_key": 0,
          "schema_version": 0,
          "attributes": {
            "email": "bq-982510995954@bigquery-encryption.iam.gserviceaccount.com",
            "id": "bq-982510995954@bigquery-encryption.iam.gserviceaccount.com",
            "project": "fs-50-dev-data-dwh-conf-0"
          },
          "sensitive_attributes": []
        }
      ]
    },
    {
      "module": "module.data-platform.module.dwh-conf-project",
      "mode": "data",
      "type": "google_storage_project_service_account",
      "name": "gcs_sa",
      "provider": "provider[\"registry.terraform.io/hashicorp/google\"]",
      "instances": [
        {
          "index_key": 0,
          "schema_version": 0,
          "attributes": {
            "email_address": "service-982510995954@gs-project-accounts.iam.gserviceaccount.com",
            "id": "service-982510995954@gs-project-accounts.iam.gserviceaccount.com",
            "project": "fs-50-dev-data-dwh-conf-0",
            "user_project": null
          },
          "sensitive_attributes": []
        }
      ]
    },
    {
      "module": "module.data-platform.module.dwh-conf-project",
      "mode": "managed",
      "type": "google_project",
      "name": "project",
      "provider": "provider[\"registry.terraform.io/hashicorp/google\"]",
      "instances": [
        {
          "index_key": 0,
          "schema_version": 1,
          "attributes": {
            "auto_create_network": false,
            "billing_account": "0181A7-4CC981-B7594C",
            "folder_id": "86898363966",
            "id": "projects/fs-50-dev-data-dwh-conf-0",
            "labels": null,
            "name": "fs-50-dev-data-dwh-conf-0",
            "number": "982510995954",
            "org_id": "",
            "project_id": "fs-50-dev-data-dwh-conf-0",
            "skip_delete": false,
            "timeouts": null
          },
          "sensitive_attributes": [],
          "private": "eyJlMmJmYjczMC1lY2FhLTExZTYtOGY4OC0zNDM2M2JjN2M0YzAiOnsiY3JlYXRlIjo2MDAwMDAwMDAwMDAsImRlbGV0ZSI6NjAwMDAwMDAwMDAwLCJyZWFkIjo2MDAwMDAwMDAwMDAsInVwZGF0ZSI6NjAwMDAwMDAwMDAwfSwic2NoZW1hX3ZlcnNpb24iOiIxIn0="
        }
      ]
    },
    {
      "module": "module.data-platform.module.dwh-conf-project",
      "mode": "managed",
      "type": "google_project_iam_binding",
      "name": "authoritative",
      "provider": "provider[\"registry.terraform.io/hashicorp/google\"]",
      "instances": [
        {
          "index_key": "roles/bigquery.dataEditor",
          "schema_version": 0,
          "attributes": {
            "condition": [],
            "etag": "BwXeV2+U5zQ=",
            "id": "fs-50-dev-data-dwh-conf-0/roles/bigquery.dataEditor",
            "members": [
              "group:gcp-data-engineers@caggioland.com"
            ],
            "project": "fs-50-dev-data-dwh-conf-0",
            "role": "roles/bigquery.dataEditor"
          },
          "sensitive_attributes": [],
          "private": "bnVsbA==",
          "dependencies": [
            "module.data-platform.module.dwh-conf-project.google_project.project",
            "module.data-platform.module.dwh-conf-project.google_project_iam_custom_role.roles",
            "module.data-platform.module.dwh-conf-project.google_project_service.project_services",
            "module.data-platform.module.load-project.data.google_bigquery_default_service_account.bq_sa",
            "module.data-platform.module.load-project.data.google_project.project",
            "module.data-platform.module.load-project.data.google_storage_project_service_account.gcs_sa",
            "module.data-platform.module.load-project.google_compute_shared_vpc_host_project.shared_vpc_host",
            "module.data-platform.module.load-project.google_compute_shared_vpc_service_project.service_projects",
            "module.data-platform.module.load-project.google_kms_crypto_key_iam_member.service_identity_cmek",
            "module.data-platform.module.load-project.google_project.project",
            "module.data-platform.module.load-project.google_project_iam_member.servicenetworking",
            "module.data-platform.module.load-project.google_project_iam_member.shared_vpc_host_robots",
            "module.data-platform.module.load-project.google_project_organization_policy.boolean",
            "module.data-platform.module.load-project.google_project_organization_policy.list",
            "module.data-platform.module.load-project.google_project_service.project_services",
            "module.data-platform.module.load-project.google_project_service_identity.jit_si",
            "module.data-platform.module.load-project.google_project_service_identity.servicenetworking",
            "module.data-platform.module.load-sa-df-0.data.google_service_account.service_account",
            "module.data-platform.module.load-sa-df-0.google_service_account.service_account",
            "module.data-platform.module.dwh-conf-project.data.google_project.project",
            "module.data-platform.module.transf-project.data.google_project.project",
            "module.data-platform.module.transf-project.data.google_storage_project_service_account.gcs_sa",
            "module.data-platform.module.transf-project.google_project.project",
            "module.data-platform.module.transf-project.google_compute_shared_vpc_host_project.shared_vpc_host",
            "module.data-platform.module.transf-project.google_compute_shared_vpc_service_project.service_projects",
            "module.data-platform.module.transf-project.google_kms_crypto_key_iam_member.service_identity_cmek",
            "module.data-platform.module.transf-project.google_project_iam_member.servicenetworking",
            "module.data-platform.module.transf-project.google_project_organization_policy.boolean",
            "module.data-platform.module.transf-project.google_project_iam_member.shared_vpc_host_robots",
            "module.data-platform.module.transf-project.data.google_bigquery_default_service_account.bq_sa",
            "module.data-platform.module.transf-project.google_project_organization_policy.list",
            "module.data-platform.module.transf-project.google_project_service.project_services",
            "module.data-platform.module.transf-project.google_project_service_identity.jit_si",
            "module.data-platform.module.transf-project.google_project_service_identity.servicenetworking",
            "module.data-platform.module.transf-sa-bq-0.data.google_service_account.service_account",
            "module.data-platform.module.transf-sa-bq-0.google_service_account.service_account",
            "module.data-platform.module.transf-sa-df-0.data.google_service_account.service_account",
            "module.data-platform.module.transf-sa-df-0.google_service_account.service_account"
          ]
        },
        {
          "index_key": "roles/bigquery.dataOwner",
          "schema_version": 0,
          "attributes": {
            "condition": [],
            "etag": "BwXeV2+U5zQ=",
            "id": "fs-50-dev-data-dwh-conf-0/roles/bigquery.dataOwner",
            "members": [
              "serviceAccount:fs-50-dev-data-trf-bq-0@fs-50-dev-data-trf-0.iam.gserviceaccount.com",
              "serviceAccount:fs-50-dev-data-trf-df-0@fs-50-dev-data-trf-0.iam.gserviceaccount.com"
            ],
            "project": "fs-50-dev-data-dwh-conf-0",
            "role": "roles/bigquery.dataOwner"
          },
          "sensitive_attributes": [],
          "private": "bnVsbA==",
          "dependencies": [
            "module.data-platform.module.dwh-conf-project.data.google_project.project",
            "module.data-platform.module.dwh-conf-project.google_project.project",
            "module.data-platform.module.dwh-conf-project.google_project_iam_custom_role.roles",
            "module.data-platform.module.dwh-conf-project.google_project_service.project_services",
            "module.data-platform.module.load-project.data.google_bigquery_default_service_account.bq_sa",
            "module.data-platform.module.load-project.data.google_project.project",
            "module.data-platform.module.load-project.data.google_storage_project_service_account.gcs_sa",
            "module.data-platform.module.load-project.google_compute_shared_vpc_host_project.shared_vpc_host",
            "module.data-platform.module.load-project.google_compute_shared_vpc_service_project.service_projects",
            "module.data-platform.module.load-project.google_kms_crypto_key_iam_member.service_identity_cmek",
            "module.data-platform.module.load-project.google_project.project",
            "module.data-platform.module.load-project.google_project_iam_member.servicenetworking",
            "module.data-platform.module.load-project.google_project_iam_member.shared_vpc_host_robots",
            "module.data-platform.module.load-project.google_project_organization_policy.boolean",
            "module.data-platform.module.load-project.google_project_organization_policy.list",
            "module.data-platform.module.load-project.google_project_service.project_services",
            "module.data-platform.module.load-project.google_project_service_identity.jit_si",
            "module.data-platform.module.load-project.google_project_service_identity.servicenetworking",
            "module.data-platform.module.load-sa-df-0.data.google_service_account.service_account",
            "module.data-platform.module.load-sa-df-0.google_service_account.service_account",
            "module.data-platform.module.transf-project.data.google_bigquery_default_service_account.bq_sa",
            "module.data-platform.module.transf-project.data.google_project.project",
            "module.data-platform.module.transf-project.data.google_storage_project_service_account.gcs_sa",
            "module.data-platform.module.transf-project.google_compute_shared_vpc_host_project.shared_vpc_host",
            "module.data-platform.module.transf-project.google_compute_shared_vpc_service_project.service_projects",
            "module.data-platform.module.transf-project.google_kms_crypto_key_iam_member.service_identity_cmek",
            "module.data-platform.module.transf-project.google_project.project",
            "module.data-platform.module.transf-project.google_project_iam_member.servicenetworking",
            "module.data-platform.module.transf-project.google_project_iam_member.shared_vpc_host_robots",
            "module.data-platform.module.transf-project.google_project_organization_policy.boolean",
            "module.data-platform.module.transf-project.google_project_organization_policy.list",
            "module.data-platform.module.transf-project.google_project_service.project_services",
            "module.data-platform.module.transf-project.google_project_service_identity.jit_si",
            "module.data-platform.module.transf-project.google_project_service_identity.servicenetworking",
            "module.data-platform.module.transf-sa-bq-0.data.google_service_account.service_account",
            "module.data-platform.module.transf-sa-bq-0.google_service_account.service_account",
            "module.data-platform.module.transf-sa-df-0.data.google_service_account.service_account",
            "module.data-platform.module.transf-sa-df-0.google_service_account.service_account"
          ]
        },
        {
          "index_key": "roles/bigquery.dataViewer",
          "schema_version": 0,
          "attributes": {
            "condition": [],
            "etag": "BwXeV27wRGM=",
            "id": "fs-50-dev-data-dwh-conf-0/roles/bigquery.dataViewer",
            "members": [
              "group:gcp-data-analysts@caggioland.com"
            ],
            "project": "fs-50-dev-data-dwh-conf-0",
            "role": "roles/bigquery.dataViewer"
          },
          "sensitive_attributes": [],
          "private": "bnVsbA==",
          "dependencies": [
            "module.data-platform.module.dwh-conf-project.data.google_project.project",
            "module.data-platform.module.dwh-conf-project.google_project.project",
            "module.data-platform.module.dwh-conf-project.google_project_iam_custom_role.roles",
            "module.data-platform.module.dwh-conf-project.google_project_service.project_services",
            "module.data-platform.module.load-project.data.google_bigquery_default_service_account.bq_sa",
            "module.data-platform.module.load-project.data.google_project.project",
            "module.data-platform.module.load-project.data.google_storage_project_service_account.gcs_sa",
            "module.data-platform.module.load-project.google_compute_shared_vpc_host_project.shared_vpc_host",
            "module.data-platform.module.load-project.google_compute_shared_vpc_service_project.service_projects",
            "module.data-platform.module.load-project.google_kms_crypto_key_iam_member.service_identity_cmek",
            "module.data-platform.module.load-project.google_project.project",
            "module.data-platform.module.load-project.google_project_iam_member.servicenetworking",
            "module.data-platform.module.load-project.google_project_iam_member.shared_vpc_host_robots",
            "module.data-platform.module.load-project.google_project_organization_policy.boolean",
            "module.data-platform.module.load-project.google_project_organization_policy.list",
            "module.data-platform.module.load-project.google_project_service.project_services",
            "module.data-platform.module.load-project.google_project_service_identity.jit_si",
            "module.data-platform.module.load-project.google_project_service_identity.servicenetworking",
            "module.data-platform.module.load-sa-df-0.data.google_service_account.service_account",
            "module.data-platform.module.load-sa-df-0.google_service_account.service_account",
            "module.data-platform.module.transf-project.data.google_bigquery_default_service_account.bq_sa",
            "module.data-platform.module.transf-project.data.google_project.project",
            "module.data-platform.module.transf-project.data.google_storage_project_service_account.gcs_sa",
            "module.data-platform.module.transf-project.google_compute_shared_vpc_host_project.shared_vpc_host",
            "module.data-platform.module.transf-project.google_compute_shared_vpc_service_project.service_projects",
            "module.data-platform.module.transf-project.google_kms_crypto_key_iam_member.service_identity_cmek",
            "module.data-platform.module.transf-project.google_project.project",
            "module.data-platform.module.transf-project.google_project_iam_member.servicenetworking",
            "module.data-platform.module.transf-project.google_project_iam_member.shared_vpc_host_robots",
            "module.data-platform.module.transf-project.google_project_organization_policy.boolean",
            "module.data-platform.module.transf-project.google_project_organization_policy.list",
            "module.data-platform.module.transf-project.google_project_service.project_services",
            "module.data-platform.module.transf-project.google_project_service_identity.jit_si",
            "module.data-platform.module.transf-project.google_project_service_identity.servicenetworking",
            "module.data-platform.module.transf-sa-bq-0.data.google_service_account.service_account",
            "module.data-platform.module.transf-sa-bq-0.google_service_account.service_account",
            "module.data-platform.module.transf-sa-df-0.data.google_service_account.service_account",
            "module.data-platform.module.transf-sa-df-0.google_service_account.service_account"
          ]
        },
        {
          "index_key": "roles/bigquery.jobUser",
          "schema_version": 0,
          "attributes": {
            "condition": [],
            "etag": "BwXgC2eVWyw=",
            "id": "fs-50-dev-data-dwh-conf-0/roles/bigquery.jobUser",
            "members": [
              "group:gcp-data-analysts@caggioland.com",
              "group:gcp-data-engineers@caggioland.com",
              "serviceAccount:fs-50-dev-data-trf-bq-0@fs-50-dev-data-trf-0.iam.gserviceaccount.com"
            ],
            "project": "fs-50-dev-data-dwh-conf-0",
            "role": "roles/bigquery.jobUser"
          },
          "sensitive_attributes": [],
          "private": "bnVsbA==",
          "dependencies": [
            "module.data-platform.module.dwh-conf-project.data.google_project.project",
            "module.data-platform.module.dwh-conf-project.google_project.project",
            "module.data-platform.module.dwh-conf-project.google_project_iam_custom_role.roles",
            "module.data-platform.module.dwh-conf-project.google_project_service.project_services",
            "module.data-platform.module.load-project.data.google_bigquery_default_service_account.bq_sa",
            "module.data-platform.module.load-project.data.google_project.project",
            "module.data-platform.module.load-project.data.google_storage_project_service_account.gcs_sa",
            "module.data-platform.module.load-project.google_compute_shared_vpc_host_project.shared_vpc_host",
            "module.data-platform.module.load-project.google_compute_shared_vpc_service_project.service_projects",
            "module.data-platform.module.load-project.google_kms_crypto_key_iam_member.service_identity_cmek",
            "module.data-platform.module.load-project.google_project.project",
            "module.data-platform.module.load-project.google_project_iam_member.servicenetworking",
            "module.data-platform.module.load-project.google_project_iam_member.shared_vpc_host_robots",
            "module.data-platform.module.load-project.google_project_organization_policy.boolean",
            "module.data-platform.module.load-project.google_project_organization_policy.list",
            "module.data-platform.module.load-project.google_project_service.project_services",
            "module.data-platform.module.load-project.google_project_service_identity.jit_si",
            "module.data-platform.module.load-project.google_project_service_identity.servicenetworking",
            "module.data-platform.module.load-sa-df-0.data.google_service_account.service_account",
            "module.data-platform.module.load-sa-df-0.google_service_account.service_account",
            "module.data-platform.module.transf-project.data.google_bigquery_default_service_account.bq_sa",
            "module.data-platform.module.transf-project.data.google_project.project",
            "module.data-platform.module.transf-project.data.google_storage_project_service_account.gcs_sa",
            "module.data-platform.module.transf-project.google_compute_shared_vpc_host_project.shared_vpc_host",
            "module.data-platform.module.transf-project.google_compute_shared_vpc_service_project.service_projects",
            "module.data-platform.module.transf-project.google_kms_crypto_key_iam_member.service_identity_cmek",
            "module.data-platform.module.transf-project.google_project.project",
            "module.data-platform.module.transf-project.google_project_iam_member.servicenetworking",
            "module.data-platform.module.transf-project.google_project_iam_member.shared_vpc_host_robots",
            "module.data-platform.module.transf-project.google_project_organization_policy.boolean",
            "module.data-platform.module.transf-project.google_project_organization_policy.list",
            "module.data-platform.module.transf-project.google_project_service.project_services",
            "module.data-platform.module.transf-project.google_project_service_identity.jit_si",
            "module.data-platform.module.transf-project.google_project_service_identity.servicenetworking",
            "module.data-platform.module.transf-sa-bq-0.data.google_service_account.service_account",
            "module.data-platform.module.transf-sa-bq-0.google_service_account.service_account",
            "module.data-platform.module.transf-sa-df-0.data.google_service_account.service_account",
            "module.data-platform.module.transf-sa-df-0.google_service_account.service_account"
          ]
        },
        {
          "index_key": "roles/bigquery.metadataViewer",
          "schema_version": 0,
          "attributes": {
            "condition": [],
            "etag": "BwXeV26UyZQ=",
            "id": "fs-50-dev-data-dwh-conf-0/roles/bigquery.metadataViewer",
            "members": [
              "group:gcp-data-analysts@caggioland.com"
            ],
            "project": "fs-50-dev-data-dwh-conf-0",
            "role": "roles/bigquery.metadataViewer"
          },
          "sensitive_attributes": [],
          "private": "bnVsbA==",
          "dependencies": [
            "module.data-platform.module.dwh-conf-project.data.google_project.project",
            "module.data-platform.module.dwh-conf-project.google_project.project",
            "module.data-platform.module.dwh-conf-project.google_project_service.project_services",
            "module.data-platform.module.load-project.data.google_bigquery_default_service_account.bq_sa",
            "module.data-platform.module.load-project.data.google_project.project",
            "module.data-platform.module.load-project.data.google_storage_project_service_account.gcs_sa",
            "module.data-platform.module.load-project.google_compute_shared_vpc_host_project.shared_vpc_host",
            "module.data-platform.module.load-project.google_compute_shared_vpc_service_project.service_projects",
            "module.data-platform.module.load-project.google_kms_crypto_key_iam_member.service_identity_cmek",
            "module.data-platform.module.load-project.google_project.project",
            "module.data-platform.module.load-project.google_project_iam_member.servicenetworking",
            "module.data-platform.module.load-project.google_project_iam_member.shared_vpc_host_robots",
            "module.data-platform.module.load-project.google_project_organization_policy.boolean",
            "module.data-platform.module.load-project.google_project_organization_policy.list",
            "module.data-platform.module.load-project.google_project_service.project_services",
            "module.data-platform.module.load-project.google_project_service_identity.jit_si",
            "module.data-platform.module.load-project.google_project_service_identity.servicenetworking",
            "module.data-platform.module.load-sa-df-0.data.google_service_account.service_account",
            "module.data-platform.module.load-sa-df-0.google_service_account.service_account",
            "module.data-platform.module.transf-project.data.google_bigquery_default_service_account.bq_sa",
            "module.data-platform.module.dwh-conf-project.google_project_iam_custom_role.roles",
            "module.data-platform.module.transf-project.data.google_project.project",
            "module.data-platform.module.transf-project.data.google_storage_project_service_account.gcs_sa",
            "module.data-platform.module.transf-project.google_compute_shared_vpc_host_project.shared_vpc_host",
            "module.data-platform.module.transf-project.google_compute_shared_vpc_service_project.service_projects",
            "module.data-platform.module.transf-project.google_kms_crypto_key_iam_member.service_identity_cmek",
            "module.data-platform.module.transf-project.google_project.project",
            "module.data-platform.module.transf-project.google_project_iam_member.servicenetworking",
            "module.data-platform.module.transf-project.google_project_iam_member.shared_vpc_host_robots",
            "module.data-platform.module.transf-project.google_project_organization_policy.boolean",
            "module.data-platform.module.transf-project.google_project_organization_policy.list",
            "module.data-platform.module.transf-project.google_project_service.project_services",
            "module.data-platform.module.transf-project.google_project_service_identity.jit_si",
            "module.data-platform.module.transf-project.google_project_service_identity.servicenetworking",
            "module.data-platform.module.transf-sa-bq-0.data.google_service_account.service_account",
            "module.data-platform.module.transf-sa-bq-0.google_service_account.service_account",
            "module.data-platform.module.transf-sa-df-0.data.google_service_account.service_account",
            "module.data-platform.module.transf-sa-df-0.google_service_account.service_account"
          ]
        },
        {
          "index_key": "roles/bigquery.user",
          "schema_version": 0,
          "attributes": {
            "condition": [],
            "etag": "BwXeV2+U5zQ=",
            "id": "fs-50-dev-data-dwh-conf-0/roles/bigquery.user",
            "members": [
              "group:gcp-data-analysts@caggioland.com"
            ],
            "project": "fs-50-dev-data-dwh-conf-0",
            "role": "roles/bigquery.user"
          },
          "sensitive_attributes": [],
          "private": "bnVsbA==",
          "dependencies": [
            "module.data-platform.module.dwh-conf-project.google_project.project",
            "module.data-platform.module.dwh-conf-project.google_project_iam_custom_role.roles",
            "module.data-platform.module.dwh-conf-project.google_project_service.project_services",
            "module.data-platform.module.load-project.data.google_bigquery_default_service_account.bq_sa",
            "module.data-platform.module.load-project.data.google_project.project",
            "module.data-platform.module.load-project.data.google_storage_project_service_account.gcs_sa",
            "module.data-platform.module.load-project.google_compute_shared_vpc_host_project.shared_vpc_host",
            "module.data-platform.module.load-project.google_compute_shared_vpc_service_project.service_projects",
            "module.data-platform.module.load-project.google_kms_crypto_key_iam_member.service_identity_cmek",
            "module.data-platform.module.load-project.google_project.project",
            "module.data-platform.module.load-project.google_project_iam_member.servicenetworking",
            "module.data-platform.module.load-project.google_project_iam_member.shared_vpc_host_robots",
            "module.data-platform.module.load-project.google_project_organization_policy.boolean",
            "module.data-platform.module.load-project.google_project_organization_policy.list",
            "module.data-platform.module.load-project.google_project_service.project_services",
            "module.data-platform.module.load-project.google_project_service_identity.jit_si",
            "module.data-platform.module.load-project.google_project_service_identity.servicenetworking",
            "module.data-platform.module.load-sa-df-0.data.google_service_account.service_account",
            "module.data-platform.module.load-sa-df-0.google_service_account.service_account",
            "module.data-platform.module.dwh-conf-project.data.google_project.project",
            "module.data-platform.module.transf-project.data.google_project.project",
            "module.data-platform.module.transf-project.data.google_storage_project_service_account.gcs_sa",
            "module.data-platform.module.transf-project.google_project.project",
            "module.data-platform.module.transf-project.google_compute_shared_vpc_host_project.shared_vpc_host",
            "module.data-platform.module.transf-project.google_compute_shared_vpc_service_project.service_projects",
            "module.data-platform.module.transf-project.google_kms_crypto_key_iam_member.service_identity_cmek",
            "module.data-platform.module.transf-project.google_project_iam_member.servicenetworking",
            "module.data-platform.module.transf-project.google_project_organization_policy.boolean",
            "module.data-platform.module.transf-project.google_project_iam_member.shared_vpc_host_robots",
            "module.data-platform.module.transf-project.data.google_bigquery_default_service_account.bq_sa",
            "module.data-platform.module.transf-project.google_project_organization_policy.list",
            "module.data-platform.module.transf-project.google_project_service.project_services",
            "module.data-platform.module.transf-project.google_project_service_identity.jit_si",
            "module.data-platform.module.transf-project.google_project_service_identity.servicenetworking",
            "module.data-platform.module.transf-sa-bq-0.data.google_service_account.service_account",
            "module.data-platform.module.transf-sa-bq-0.google_service_account.service_account",
            "module.data-platform.module.transf-sa-df-0.data.google_service_account.service_account",
            "module.data-platform.module.transf-sa-df-0.google_service_account.service_account"
          ]
        },
        {
          "index_key": "roles/datacatalog.categoryAdmin",
          "schema_version": 0,
          "attributes": {
            "condition": [],
            "etag": "BwXeV29BQIU=",
            "id": "fs-50-dev-data-dwh-conf-0/roles/datacatalog.categoryAdmin",
            "members": [
              "serviceAccount:fs-50-dev-data-load-df-0@fs-50-dev-data-lod-0.iam.gserviceaccount.com"
            ],
            "project": "fs-50-dev-data-dwh-conf-0",
            "role": "roles/datacatalog.categoryAdmin"
          },
          "sensitive_attributes": [],
          "private": "bnVsbA==",
          "dependencies": [
            "module.data-platform.module.load-project.google_kms_crypto_key_iam_member.service_identity_cmek",
            "module.data-platform.module.dwh-conf-project.google_project.project",
            "module.data-platform.module.dwh-conf-project.google_project_iam_custom_role.roles",
            "module.data-platform.module.dwh-conf-project.google_project_service.project_services",
            "module.data-platform.module.load-project.data.google_bigquery_default_service_account.bq_sa",
            "module.data-platform.module.load-project.data.google_project.project",
            "module.data-platform.module.load-project.data.google_storage_project_service_account.gcs_sa",
            "module.data-platform.module.load-project.google_compute_shared_vpc_host_project.shared_vpc_host",
            "module.data-platform.module.dwh-conf-project.data.google_project.project",
            "module.data-platform.module.load-project.google_compute_shared_vpc_service_project.service_projects",
            "module.data-platform.module.load-project.google_project.project",
            "module.data-platform.module.load-project.google_project_iam_member.servicenetworking",
            "module.data-platform.module.load-project.google_project_iam_member.shared_vpc_host_robots",
            "module.data-platform.module.load-project.google_project_organization_policy.boolean",
            "module.data-platform.module.load-project.google_project_organization_policy.list",
            "module.data-platform.module.load-project.google_project_service.project_services",
            "module.data-platform.module.load-project.google_project_service_identity.jit_si",
            "module.data-platform.module.load-project.google_project_service_identity.servicenetworking",
            "module.data-platform.module.load-sa-df-0.data.google_service_account.service_account",
            "module.data-platform.module.load-sa-df-0.google_service_account.service_account",
            "module.data-platform.module.transf-project.data.google_project.project",
            "module.data-platform.module.transf-project.data.google_storage_project_service_account.gcs_sa",
            "module.data-platform.module.transf-project.data.google_bigquery_default_service_account.bq_sa",
            "module.data-platform.module.transf-project.google_compute_shared_vpc_host_project.shared_vpc_host",
            "module.data-platform.module.transf-project.google_compute_shared_vpc_service_project.service_projects",
            "module.data-platform.module.transf-project.google_kms_crypto_key_iam_member.service_identity_cmek",
            "module.data-platform.module.transf-project.google_project.project",
            "module.data-platform.module.transf-project.google_project_iam_member.servicenetworking",
            "module.data-platform.module.transf-project.google_project_iam_member.shared_vpc_host_robots",
            "module.data-platform.module.transf-project.google_project_organization_policy.boolean",
            "module.data-platform.module.transf-project.google_project_organization_policy.list",
            "module.data-platform.module.transf-project.google_project_service.project_services",
            "module.data-platform.module.transf-project.google_project_service_identity.jit_si",
            "module.data-platform.module.transf-project.google_project_service_identity.servicenetworking",
            "module.data-platform.module.transf-sa-bq-0.data.google_service_account.service_account",
            "module.data-platform.module.transf-sa-bq-0.google_service_account.service_account",
            "module.data-platform.module.transf-sa-df-0.data.google_service_account.service_account",
            "module.data-platform.module.transf-sa-df-0.google_service_account.service_account"
          ]
        },
        {
          "index_key": "roles/datacatalog.tagTemplateViewer",
          "schema_version": 0,
          "attributes": {
            "condition": [],
            "etag": "BwXeV29BQIU=",
            "id": "fs-50-dev-data-dwh-conf-0/roles/datacatalog.tagTemplateViewer",
            "members": [
              "group:gcp-data-analysts@caggioland.com"
            ],
            "project": "fs-50-dev-data-dwh-conf-0",
            "role": "roles/datacatalog.tagTemplateViewer"
          },
          "sensitive_attributes": [],
          "private": "bnVsbA==",
          "dependencies": [
            "module.data-platform.module.dwh-conf-project.data.google_project.project",
            "module.data-platform.module.dwh-conf-project.google_project.project",
            "module.data-platform.module.dwh-conf-project.google_project_iam_custom_role.roles",
            "module.data-platform.module.dwh-conf-project.google_project_service.project_services",
            "module.data-platform.module.load-project.data.google_bigquery_default_service_account.bq_sa",
            "module.data-platform.module.load-project.data.google_project.project",
            "module.data-platform.module.load-project.data.google_storage_project_service_account.gcs_sa",
            "module.data-platform.module.load-project.google_compute_shared_vpc_host_project.shared_vpc_host",
            "module.data-platform.module.load-project.google_compute_shared_vpc_service_project.service_projects",
            "module.data-platform.module.load-project.google_kms_crypto_key_iam_member.service_identity_cmek",
            "module.data-platform.module.load-project.google_project.project",
            "module.data-platform.module.load-project.google_project_iam_member.servicenetworking",
            "module.data-platform.module.load-project.google_project_iam_member.shared_vpc_host_robots",
            "module.data-platform.module.load-project.google_project_organization_policy.boolean",
            "module.data-platform.module.load-project.google_project_organization_policy.list",
            "module.data-platform.module.load-project.google_project_service.project_services",
            "module.data-platform.module.load-project.google_project_service_identity.jit_si",
            "module.data-platform.module.load-project.google_project_service_identity.servicenetworking",
            "module.data-platform.module.load-sa-df-0.data.google_service_account.service_account",
            "module.data-platform.module.load-sa-df-0.google_service_account.service_account",
            "module.data-platform.module.transf-project.data.google_bigquery_default_service_account.bq_sa",
            "module.data-platform.module.transf-project.data.google_project.project",
            "module.data-platform.module.transf-project.data.google_storage_project_service_account.gcs_sa",
            "module.data-platform.module.transf-project.google_compute_shared_vpc_host_project.shared_vpc_host",
            "module.data-platform.module.transf-project.google_compute_shared_vpc_service_project.service_projects",
            "module.data-platform.module.transf-project.google_kms_crypto_key_iam_member.service_identity_cmek",
            "module.data-platform.module.transf-project.google_project.project",
            "module.data-platform.module.transf-project.google_project_iam_member.servicenetworking",
            "module.data-platform.module.transf-project.google_project_iam_member.shared_vpc_host_robots",
            "module.data-platform.module.transf-project.google_project_organization_policy.boolean",
            "module.data-platform.module.transf-project.google_project_organization_policy.list",
            "module.data-platform.module.transf-project.google_project_service.project_services",
            "module.data-platform.module.transf-project.google_project_service_identity.jit_si",
            "module.data-platform.module.transf-project.google_project_service_identity.servicenetworking",
            "module.data-platform.module.transf-sa-bq-0.data.google_service_account.service_account",
            "module.data-platform.module.transf-sa-bq-0.google_service_account.service_account",
            "module.data-platform.module.transf-sa-df-0.data.google_service_account.service_account",
            "module.data-platform.module.transf-sa-df-0.google_service_account.service_account"
          ]
        },
        {
          "index_key": "roles/datacatalog.viewer",
          "schema_version": 0,
          "attributes": {
            "condition": [],
            "etag": "BwXeV2+U5zQ=",
            "id": "fs-50-dev-data-dwh-conf-0/roles/datacatalog.viewer",
            "members": [
              "group:gcp-data-analysts@caggioland.com"
            ],
            "project": "fs-50-dev-data-dwh-conf-0",
            "role": "roles/datacatalog.viewer"
          },
          "sensitive_attributes": [],
          "private": "bnVsbA==",
          "dependencies": [
            "module.data-platform.module.dwh-conf-project.data.google_project.project",
            "module.data-platform.module.dwh-conf-project.google_project.project",
            "module.data-platform.module.dwh-conf-project.google_project_iam_custom_role.roles",
            "module.data-platform.module.dwh-conf-project.google_project_service.project_services",
            "module.data-platform.module.load-project.data.google_bigquery_default_service_account.bq_sa",
            "module.data-platform.module.load-project.data.google_project.project",
            "module.data-platform.module.load-project.data.google_storage_project_service_account.gcs_sa",
            "module.data-platform.module.load-project.google_compute_shared_vpc_host_project.shared_vpc_host",
            "module.data-platform.module.load-project.google_compute_shared_vpc_service_project.service_projects",
            "module.data-platform.module.load-project.google_kms_crypto_key_iam_member.service_identity_cmek",
            "module.data-platform.module.load-project.google_project.project",
            "module.data-platform.module.load-project.google_project_iam_member.servicenetworking",
            "module.data-platform.module.load-project.google_project_iam_member.shared_vpc_host_robots",
            "module.data-platform.module.load-project.google_project_organization_policy.boolean",
            "module.data-platform.module.load-project.google_project_organization_policy.list",
            "module.data-platform.module.load-project.google_project_service.project_services",
            "module.data-platform.module.load-project.google_project_service_identity.jit_si",
            "module.data-platform.module.load-project.google_project_service_identity.servicenetworking",
            "module.data-platform.module.load-sa-df-0.data.google_service_account.service_account",
            "module.data-platform.module.load-sa-df-0.google_service_account.service_account",
            "module.data-platform.module.transf-project.data.google_bigquery_default_service_account.bq_sa",
            "module.data-platform.module.transf-project.data.google_project.project",
            "module.data-platform.module.transf-project.data.google_storage_project_service_account.gcs_sa",
            "module.data-platform.module.transf-project.google_compute_shared_vpc_host_project.shared_vpc_host",
            "module.data-platform.module.transf-project.google_compute_shared_vpc_service_project.service_projects",
            "module.data-platform.module.transf-project.google_kms_crypto_key_iam_member.service_identity_cmek",
            "module.data-platform.module.transf-project.google_project.project",
            "module.data-platform.module.transf-project.google_project_iam_member.servicenetworking",
            "module.data-platform.module.transf-project.google_project_iam_member.shared_vpc_host_robots",
            "module.data-platform.module.transf-project.google_project_organization_policy.boolean",
            "module.data-platform.module.transf-project.google_project_organization_policy.list",
            "module.data-platform.module.transf-project.google_project_service.project_services",
            "module.data-platform.module.transf-project.google_project_service_identity.jit_si",
            "module.data-platform.module.transf-project.google_project_service_identity.servicenetworking",
            "module.data-platform.module.transf-sa-bq-0.data.google_service_account.service_account",
            "module.data-platform.module.transf-sa-bq-0.google_service_account.service_account",
            "module.data-platform.module.transf-sa-df-0.data.google_service_account.service_account",
            "module.data-platform.module.transf-sa-df-0.google_service_account.service_account"
          ]
        },
        {
          "index_key": "roles/storage.admin",
          "schema_version": 0,
          "attributes": {
            "condition": [],
            "etag": "BwXeV26UyZQ=",
            "id": "fs-50-dev-data-dwh-conf-0/roles/storage.admin",
            "members": [
              "group:gcp-data-engineers@caggioland.com"
            ],
            "project": "fs-50-dev-data-dwh-conf-0",
            "role": "roles/storage.admin"
          },
          "sensitive_attributes": [],
          "private": "bnVsbA==",
          "dependencies": [
            "module.data-platform.module.dwh-conf-project.data.google_project.project",
            "module.data-platform.module.dwh-conf-project.google_project.project",
            "module.data-platform.module.dwh-conf-project.google_project_iam_custom_role.roles",
            "module.data-platform.module.dwh-conf-project.google_project_service.project_services",
            "module.data-platform.module.load-project.data.google_bigquery_default_service_account.bq_sa",
            "module.data-platform.module.load-project.data.google_project.project",
            "module.data-platform.module.load-project.data.google_storage_project_service_account.gcs_sa",
            "module.data-platform.module.load-project.google_compute_shared_vpc_host_project.shared_vpc_host",
            "module.data-platform.module.load-project.google_compute_shared_vpc_service_project.service_projects",
            "module.data-platform.module.load-project.google_kms_crypto_key_iam_member.service_identity_cmek",
            "module.data-platform.module.load-project.google_project.project",
            "module.data-platform.module.load-project.google_project_iam_member.servicenetworking",
            "module.data-platform.module.load-project.google_project_iam_member.shared_vpc_host_robots",
            "module.data-platform.module.load-project.google_project_organization_policy.boolean",
            "module.data-platform.module.load-project.google_project_organization_policy.list",
            "module.data-platform.module.load-project.google_project_service.project_services",
            "module.data-platform.module.load-project.google_project_service_identity.jit_si",
            "module.data-platform.module.load-project.google_project_service_identity.servicenetworking",
            "module.data-platform.module.load-sa-df-0.data.google_service_account.service_account",
            "module.data-platform.module.load-sa-df-0.google_service_account.service_account",
            "module.data-platform.module.transf-project.data.google_project.project",
            "module.data-platform.module.transf-project.data.google_storage_project_service_account.gcs_sa",
            "module.data-platform.module.transf-project.data.google_bigquery_default_service_account.bq_sa",
            "module.data-platform.module.transf-project.google_compute_shared_vpc_host_project.shared_vpc_host",
            "module.data-platform.module.transf-project.google_compute_shared_vpc_service_project.service_projects",
            "module.data-platform.module.transf-project.google_kms_crypto_key_iam_member.service_identity_cmek",
            "module.data-platform.module.transf-project.google_project.project",
            "module.data-platform.module.transf-project.google_project_iam_member.servicenetworking",
            "module.data-platform.module.transf-project.google_project_iam_member.shared_vpc_host_robots",
            "module.data-platform.module.transf-project.google_project_organization_policy.boolean",
            "module.data-platform.module.transf-project.google_project_organization_policy.list",
            "module.data-platform.module.transf-project.google_project_service.project_services",
            "module.data-platform.module.transf-project.google_project_service_identity.jit_si",
            "module.data-platform.module.transf-project.google_project_service_identity.servicenetworking",
            "module.data-platform.module.transf-sa-bq-0.data.google_service_account.service_account",
            "module.data-platform.module.transf-sa-bq-0.google_service_account.service_account",
            "module.data-platform.module.transf-sa-df-0.data.google_service_account.service_account",
            "module.data-platform.module.transf-sa-df-0.google_service_account.service_account"
          ]
        },
        {
          "index_key": "roles/storage.objectCreator",
          "schema_version": 0,
          "attributes": {
            "condition": [],
            "etag": "BwXeV2+U5zQ=",
            "id": "fs-50-dev-data-dwh-conf-0/roles/storage.objectCreator",
            "members": [
              "serviceAccount:fs-50-dev-data-trf-df-0@fs-50-dev-data-trf-0.iam.gserviceaccount.com"
            ],
            "project": "fs-50-dev-data-dwh-conf-0",
            "role": "roles/storage.objectCreator"
          },
          "sensitive_attributes": [],
          "private": "bnVsbA==",
          "dependencies": [
            "module.data-platform.module.dwh-conf-project.data.google_project.project",
            "module.data-platform.module.dwh-conf-project.google_project.project",
            "module.data-platform.module.dwh-conf-project.google_project_service.project_services",
            "module.data-platform.module.load-project.data.google_bigquery_default_service_account.bq_sa",
            "module.data-platform.module.load-project.data.google_project.project",
            "module.data-platform.module.load-project.data.google_storage_project_service_account.gcs_sa",
            "module.data-platform.module.load-project.google_compute_shared_vpc_host_project.shared_vpc_host",
            "module.data-platform.module.load-project.google_compute_shared_vpc_service_project.service_projects",
            "module.data-platform.module.load-project.google_kms_crypto_key_iam_member.service_identity_cmek",
            "module.data-platform.module.load-project.google_project.project",
            "module.data-platform.module.load-project.google_project_iam_member.servicenetworking",
            "module.data-platform.module.load-project.google_project_iam_member.shared_vpc_host_robots",
            "module.data-platform.module.load-project.google_project_organization_policy.boolean",
            "module.data-platform.module.load-project.google_project_organization_policy.list",
            "module.data-platform.module.load-project.google_project_service.project_services",
            "module.data-platform.module.load-project.google_project_service_identity.jit_si",
            "module.data-platform.module.load-project.google_project_service_identity.servicenetworking",
            "module.data-platform.module.load-sa-df-0.data.google_service_account.service_account",
            "module.data-platform.module.transf-project.data.google_bigquery_default_service_account.bq_sa",
            "module.data-platform.module.load-sa-df-0.google_service_account.service_account",
            "module.data-platform.module.dwh-conf-project.google_project_iam_custom_role.roles",
            "module.data-platform.module.transf-project.data.google_project.project",
            "module.data-platform.module.transf-project.data.google_storage_project_service_account.gcs_sa",
            "module.data-platform.module.transf-project.google_compute_shared_vpc_host_project.shared_vpc_host",
            "module.data-platform.module.transf-project.google_compute_shared_vpc_service_project.service_projects",
            "module.data-platform.module.transf-project.google_kms_crypto_key_iam_member.service_identity_cmek",
            "module.data-platform.module.transf-project.google_project.project",
            "module.data-platform.module.transf-project.google_project_iam_member.servicenetworking",
            "module.data-platform.module.transf-project.google_project_iam_member.shared_vpc_host_robots",
            "module.data-platform.module.transf-project.google_project_organization_policy.boolean",
            "module.data-platform.module.transf-project.google_project_organization_policy.list",
            "module.data-platform.module.transf-project.google_project_service.project_services",
            "module.data-platform.module.transf-project.google_project_service_identity.jit_si",
            "module.data-platform.module.transf-project.google_project_service_identity.servicenetworking",
            "module.data-platform.module.transf-sa-bq-0.data.google_service_account.service_account",
            "module.data-platform.module.transf-sa-bq-0.google_service_account.service_account",
            "module.data-platform.module.transf-sa-df-0.data.google_service_account.service_account",
            "module.data-platform.module.transf-sa-df-0.google_service_account.service_account"
          ]
        },
        {
          "index_key": "roles/storage.objectViewer",
          "schema_version": 0,
          "attributes": {
            "condition": [],
            "etag": "BwXeV2+U5zQ=",
            "id": "fs-50-dev-data-dwh-conf-0/roles/storage.objectViewer",
            "members": [
              "group:gcp-data-analysts@caggioland.com",
              "serviceAccount:fs-50-dev-data-trf-df-0@fs-50-dev-data-trf-0.iam.gserviceaccount.com"
            ],
            "project": "fs-50-dev-data-dwh-conf-0",
            "role": "roles/storage.objectViewer"
          },
          "sensitive_attributes": [],
          "private": "bnVsbA==",
          "dependencies": [
            "module.data-platform.module.dwh-conf-project.data.google_project.project",
            "module.data-platform.module.dwh-conf-project.google_project.project",
            "module.data-platform.module.dwh-conf-project.google_project_iam_custom_role.roles",
            "module.data-platform.module.dwh-conf-project.google_project_service.project_services",
            "module.data-platform.module.load-project.data.google_bigquery_default_service_account.bq_sa",
            "module.data-platform.module.load-project.data.google_project.project",
            "module.data-platform.module.load-project.data.google_storage_project_service_account.gcs_sa",
            "module.data-platform.module.load-project.google_compute_shared_vpc_host_project.shared_vpc_host",
            "module.data-platform.module.load-project.google_compute_shared_vpc_service_project.service_projects",
            "module.data-platform.module.load-project.google_kms_crypto_key_iam_member.service_identity_cmek",
            "module.data-platform.module.load-project.google_project.project",
            "module.data-platform.module.load-project.google_project_iam_member.servicenetworking",
            "module.data-platform.module.load-project.google_project_iam_member.shared_vpc_host_robots",
            "module.data-platform.module.load-project.google_project_organization_policy.boolean",
            "module.data-platform.module.load-project.google_project_organization_policy.list",
            "module.data-platform.module.load-project.google_project_service.project_services",
            "module.data-platform.module.load-project.google_project_service_identity.jit_si",
            "module.data-platform.module.load-project.google_project_service_identity.servicenetworking",
            "module.data-platform.module.load-sa-df-0.data.google_service_account.service_account",
            "module.data-platform.module.load-sa-df-0.google_service_account.service_account",
            "module.data-platform.module.transf-project.data.google_bigquery_default_service_account.bq_sa",
            "module.data-platform.module.transf-project.data.google_project.project",
            "module.data-platform.module.transf-project.data.google_storage_project_service_account.gcs_sa",
            "module.data-platform.module.transf-project.google_compute_shared_vpc_host_project.shared_vpc_host",
            "module.data-platform.module.transf-project.google_compute_shared_vpc_service_project.service_projects",
            "module.data-platform.module.transf-project.google_kms_crypto_key_iam_member.service_identity_cmek",
            "module.data-platform.module.transf-project.google_project.project",
            "module.data-platform.module.transf-project.google_project_iam_member.servicenetworking",
            "module.data-platform.module.transf-project.google_project_iam_member.shared_vpc_host_robots",
            "module.data-platform.module.transf-project.google_project_organization_policy.boolean",
            "module.data-platform.module.transf-project.google_project_organization_policy.list",
            "module.data-platform.module.transf-project.google_project_service.project_services",
            "module.data-platform.module.transf-project.google_project_service_identity.jit_si",
            "module.data-platform.module.transf-project.google_project_service_identity.servicenetworking",
            "module.data-platform.module.transf-sa-bq-0.data.google_service_account.service_account",
            "module.data-platform.module.transf-sa-bq-0.google_service_account.service_account",
            "module.data-platform.module.transf-sa-df-0.data.google_service_account.service_account",
            "module.data-platform.module.transf-sa-df-0.google_service_account.service_account"
          ]
        }
      ]
    },
    {
      "module": "module.data-platform.module.dwh-conf-project",
      "mode": "managed",
      "type": "google_project_iam_member",
      "name": "servicenetworking",
      "provider": "provider[\"registry.terraform.io/hashicorp/google\"]",
      "instances": [
        {
          "index_key": 0,
          "schema_version": 0,
          "attributes": {
            "condition": [],
            "etag": "BwXeV2nNd0k=",
            "id": "fs-50-dev-data-dwh-conf-0/roles/servicenetworking.serviceAgent/serviceAccount:service-982510995954@service-networking.iam.gserviceaccount.com",
            "member": "serviceAccount:service-982510995954@service-networking.iam.gserviceaccount.com",
            "project": "fs-50-dev-data-dwh-conf-0",
            "role": "roles/servicenetworking.serviceAgent"
          },
          "sensitive_attributes": [],
          "private": "bnVsbA==",
          "dependencies": [
            "module.data-platform.module.dwh-conf-project.data.google_project.project",
            "module.data-platform.module.dwh-conf-project.google_project.project",
            "module.data-platform.module.dwh-conf-project.google_project_service.project_services",
            "module.data-platform.module.dwh-conf-project.google_project_service_identity.servicenetworking"
          ]
        }
      ]
    },
    {
      "module": "module.data-platform.module.dwh-conf-project",
      "mode": "managed",
      "type": "google_project_service",
      "name": "project_services",
      "provider": "provider[\"registry.terraform.io/hashicorp/google\"]",
      "instances": [
        {
          "index_key": "bigquery.googleapis.com",
          "schema_version": 0,
          "attributes": {
            "disable_dependent_services": true,
            "disable_on_destroy": true,
            "id": "fs-50-dev-data-dwh-conf-0/bigquery.googleapis.com",
            "project": "fs-50-dev-data-dwh-conf-0",
            "service": "bigquery.googleapis.com",
            "timeouts": null
          },
          "sensitive_attributes": [],
          "private": "eyJlMmJmYjczMC1lY2FhLTExZTYtOGY4OC0zNDM2M2JjN2M0YzAiOnsiY3JlYXRlIjoxMjAwMDAwMDAwMDAwLCJkZWxldGUiOjEyMDAwMDAwMDAwMDAsInJlYWQiOjYwMDAwMDAwMDAwMCwidXBkYXRlIjoxMjAwMDAwMDAwMDAwfX0=",
          "dependencies": [
            "module.data-platform.module.dwh-conf-project.data.google_project.project",
            "module.data-platform.module.dwh-conf-project.google_project.project"
          ]
        },
        {
          "index_key": "bigqueryreservation.googleapis.com",
          "schema_version": 0,
          "attributes": {
            "disable_dependent_services": true,
            "disable_on_destroy": true,
            "id": "fs-50-dev-data-dwh-conf-0/bigqueryreservation.googleapis.com",
            "project": "fs-50-dev-data-dwh-conf-0",
            "service": "bigqueryreservation.googleapis.com",
            "timeouts": null
          },
          "sensitive_attributes": [],
          "private": "eyJlMmJmYjczMC1lY2FhLTExZTYtOGY4OC0zNDM2M2JjN2M0YzAiOnsiY3JlYXRlIjoxMjAwMDAwMDAwMDAwLCJkZWxldGUiOjEyMDAwMDAwMDAwMDAsInJlYWQiOjYwMDAwMDAwMDAwMCwidXBkYXRlIjoxMjAwMDAwMDAwMDAwfX0=",
          "dependencies": [
            "module.data-platform.module.dwh-conf-project.data.google_project.project",
            "module.data-platform.module.dwh-conf-project.google_project.project"
          ]
        },
        {
          "index_key": "bigquerystorage.googleapis.com",
          "schema_version": 0,
          "attributes": {
            "disable_dependent_services": true,
            "disable_on_destroy": true,
            "id": "fs-50-dev-data-dwh-conf-0/bigquerystorage.googleapis.com",
            "project": "fs-50-dev-data-dwh-conf-0",
            "service": "bigquerystorage.googleapis.com",
            "timeouts": null
          },
          "sensitive_attributes": [],
          "private": "eyJlMmJmYjczMC1lY2FhLTExZTYtOGY4OC0zNDM2M2JjN2M0YzAiOnsiY3JlYXRlIjoxMjAwMDAwMDAwMDAwLCJkZWxldGUiOjEyMDAwMDAwMDAwMDAsInJlYWQiOjYwMDAwMDAwMDAwMCwidXBkYXRlIjoxMjAwMDAwMDAwMDAwfX0=",
          "dependencies": [
            "module.data-platform.module.dwh-conf-project.data.google_project.project",
            "module.data-platform.module.dwh-conf-project.google_project.project"
          ]
        },
        {
          "index_key": "cloudkms.googleapis.com",
          "schema_version": 0,
          "attributes": {
            "disable_dependent_services": true,
            "disable_on_destroy": true,
            "id": "fs-50-dev-data-dwh-conf-0/cloudkms.googleapis.com",
            "project": "fs-50-dev-data-dwh-conf-0",
            "service": "cloudkms.googleapis.com",
            "timeouts": null
          },
          "sensitive_attributes": [],
          "private": "eyJlMmJmYjczMC1lY2FhLTExZTYtOGY4OC0zNDM2M2JjN2M0YzAiOnsiY3JlYXRlIjoxMjAwMDAwMDAwMDAwLCJkZWxldGUiOjEyMDAwMDAwMDAwMDAsInJlYWQiOjYwMDAwMDAwMDAwMCwidXBkYXRlIjoxMjAwMDAwMDAwMDAwfX0=",
          "dependencies": [
            "module.data-platform.module.dwh-conf-project.data.google_project.project",
            "module.data-platform.module.dwh-conf-project.google_project.project"
          ]
        },
        {
          "index_key": "cloudresourcemanager.googleapis.com",
          "schema_version": 0,
          "attributes": {
            "disable_dependent_services": true,
            "disable_on_destroy": true,
            "id": "fs-50-dev-data-dwh-conf-0/cloudresourcemanager.googleapis.com",
            "project": "fs-50-dev-data-dwh-conf-0",
            "service": "cloudresourcemanager.googleapis.com",
            "timeouts": null
          },
          "sensitive_attributes": [],
          "private": "eyJlMmJmYjczMC1lY2FhLTExZTYtOGY4OC0zNDM2M2JjN2M0YzAiOnsiY3JlYXRlIjoxMjAwMDAwMDAwMDAwLCJkZWxldGUiOjEyMDAwMDAwMDAwMDAsInJlYWQiOjYwMDAwMDAwMDAwMCwidXBkYXRlIjoxMjAwMDAwMDAwMDAwfX0=",
          "dependencies": [
            "module.data-platform.module.dwh-conf-project.data.google_project.project",
            "module.data-platform.module.dwh-conf-project.google_project.project"
          ]
        },
        {
          "index_key": "compute.googleapis.com",
          "schema_version": 0,
          "attributes": {
            "disable_dependent_services": true,
            "disable_on_destroy": true,
            "id": "fs-50-dev-data-dwh-conf-0/compute.googleapis.com",
            "project": "fs-50-dev-data-dwh-conf-0",
            "service": "compute.googleapis.com",
            "timeouts": null
          },
          "sensitive_attributes": [],
          "private": "eyJlMmJmYjczMC1lY2FhLTExZTYtOGY4OC0zNDM2M2JjN2M0YzAiOnsiY3JlYXRlIjoxMjAwMDAwMDAwMDAwLCJkZWxldGUiOjEyMDAwMDAwMDAwMDAsInJlYWQiOjYwMDAwMDAwMDAwMCwidXBkYXRlIjoxMjAwMDAwMDAwMDAwfX0=",
          "dependencies": [
            "module.data-platform.module.dwh-conf-project.data.google_project.project",
            "module.data-platform.module.dwh-conf-project.google_project.project"
          ]
        },
        {
          "index_key": "dataflow.googleapis.com",
          "schema_version": 0,
          "attributes": {
            "disable_dependent_services": true,
            "disable_on_destroy": true,
            "id": "fs-50-dev-data-dwh-conf-0/dataflow.googleapis.com",
            "project": "fs-50-dev-data-dwh-conf-0",
            "service": "dataflow.googleapis.com",
            "timeouts": null
          },
          "sensitive_attributes": [],
          "private": "eyJlMmJmYjczMC1lY2FhLTExZTYtOGY4OC0zNDM2M2JjN2M0YzAiOnsiY3JlYXRlIjoxMjAwMDAwMDAwMDAwLCJkZWxldGUiOjEyMDAwMDAwMDAwMDAsInJlYWQiOjYwMDAwMDAwMDAwMCwidXBkYXRlIjoxMjAwMDAwMDAwMDAwfX0=",
          "dependencies": [
            "module.data-platform.module.dwh-conf-project.data.google_project.project",
            "module.data-platform.module.dwh-conf-project.google_project.project"
          ]
        },
        {
          "index_key": "iam.googleapis.com",
          "schema_version": 0,
          "attributes": {
            "disable_dependent_services": true,
            "disable_on_destroy": true,
            "id": "fs-50-dev-data-dwh-conf-0/iam.googleapis.com",
            "project": "fs-50-dev-data-dwh-conf-0",
            "service": "iam.googleapis.com",
            "timeouts": null
          },
          "sensitive_attributes": [],
          "private": "eyJlMmJmYjczMC1lY2FhLTExZTYtOGY4OC0zNDM2M2JjN2M0YzAiOnsiY3JlYXRlIjoxMjAwMDAwMDAwMDAwLCJkZWxldGUiOjEyMDAwMDAwMDAwMDAsInJlYWQiOjYwMDAwMDAwMDAwMCwidXBkYXRlIjoxMjAwMDAwMDAwMDAwfX0=",
          "dependencies": [
            "module.data-platform.module.dwh-conf-project.data.google_project.project",
            "module.data-platform.module.dwh-conf-project.google_project.project"
          ]
        },
        {
          "index_key": "pubsub.googleapis.com",
          "schema_version": 0,
          "attributes": {
            "disable_dependent_services": true,
            "disable_on_destroy": true,
            "id": "fs-50-dev-data-dwh-conf-0/pubsub.googleapis.com",
            "project": "fs-50-dev-data-dwh-conf-0",
            "service": "pubsub.googleapis.com",
            "timeouts": null
          },
          "sensitive_attributes": [],
          "private": "eyJlMmJmYjczMC1lY2FhLTExZTYtOGY4OC0zNDM2M2JjN2M0YzAiOnsiY3JlYXRlIjoxMjAwMDAwMDAwMDAwLCJkZWxldGUiOjEyMDAwMDAwMDAwMDAsInJlYWQiOjYwMDAwMDAwMDAwMCwidXBkYXRlIjoxMjAwMDAwMDAwMDAwfX0=",
          "dependencies": [
            "module.data-platform.module.dwh-conf-project.data.google_project.project",
            "module.data-platform.module.dwh-conf-project.google_project.project"
          ]
        },
        {
          "index_key": "servicenetworking.googleapis.com",
          "schema_version": 0,
          "attributes": {
            "disable_dependent_services": true,
            "disable_on_destroy": true,
            "id": "fs-50-dev-data-dwh-conf-0/servicenetworking.googleapis.com",
            "project": "fs-50-dev-data-dwh-conf-0",
            "service": "servicenetworking.googleapis.com",
            "timeouts": null
          },
          "sensitive_attributes": [],
          "private": "eyJlMmJmYjczMC1lY2FhLTExZTYtOGY4OC0zNDM2M2JjN2M0YzAiOnsiY3JlYXRlIjoxMjAwMDAwMDAwMDAwLCJkZWxldGUiOjEyMDAwMDAwMDAwMDAsInJlYWQiOjYwMDAwMDAwMDAwMCwidXBkYXRlIjoxMjAwMDAwMDAwMDAwfX0=",
          "dependencies": [
            "module.data-platform.module.dwh-conf-project.data.google_project.project",
            "module.data-platform.module.dwh-conf-project.google_project.project"
          ]
        },
        {
          "index_key": "serviceusage.googleapis.com",
          "schema_version": 0,
          "attributes": {
            "disable_dependent_services": true,
            "disable_on_destroy": true,
            "id": "fs-50-dev-data-dwh-conf-0/serviceusage.googleapis.com",
            "project": "fs-50-dev-data-dwh-conf-0",
            "service": "serviceusage.googleapis.com",
            "timeouts": null
          },
          "sensitive_attributes": [],
          "private": "eyJlMmJmYjczMC1lY2FhLTExZTYtOGY4OC0zNDM2M2JjN2M0YzAiOnsiY3JlYXRlIjoxMjAwMDAwMDAwMDAwLCJkZWxldGUiOjEyMDAwMDAwMDAwMDAsInJlYWQiOjYwMDAwMDAwMDAwMCwidXBkYXRlIjoxMjAwMDAwMDAwMDAwfX0=",
          "dependencies": [
            "module.data-platform.module.dwh-conf-project.data.google_project.project",
            "module.data-platform.module.dwh-conf-project.google_project.project"
          ]
        },
        {
          "index_key": "stackdriver.googleapis.com",
          "schema_version": 0,
          "attributes": {
            "disable_dependent_services": true,
            "disable_on_destroy": true,
            "id": "fs-50-dev-data-dwh-conf-0/stackdriver.googleapis.com",
            "project": "fs-50-dev-data-dwh-conf-0",
            "service": "stackdriver.googleapis.com",
            "timeouts": null
          },
          "sensitive_attributes": [],
          "private": "eyJlMmJmYjczMC1lY2FhLTExZTYtOGY4OC0zNDM2M2JjN2M0YzAiOnsiY3JlYXRlIjoxMjAwMDAwMDAwMDAwLCJkZWxldGUiOjEyMDAwMDAwMDAwMDAsInJlYWQiOjYwMDAwMDAwMDAwMCwidXBkYXRlIjoxMjAwMDAwMDAwMDAwfX0=",
          "dependencies": [
            "module.data-platform.module.dwh-conf-project.data.google_project.project",
            "module.data-platform.module.dwh-conf-project.google_project.project"
          ]
        },
        {
          "index_key": "storage-component.googleapis.com",
          "schema_version": 0,
          "attributes": {
            "disable_dependent_services": true,
            "disable_on_destroy": true,
            "id": "fs-50-dev-data-dwh-conf-0/storage-component.googleapis.com",
            "project": "fs-50-dev-data-dwh-conf-0",
            "service": "storage-component.googleapis.com",
            "timeouts": null
          },
          "sensitive_attributes": [],
          "private": "eyJlMmJmYjczMC1lY2FhLTExZTYtOGY4OC0zNDM2M2JjN2M0YzAiOnsiY3JlYXRlIjoxMjAwMDAwMDAwMDAwLCJkZWxldGUiOjEyMDAwMDAwMDAwMDAsInJlYWQiOjYwMDAwMDAwMDAwMCwidXBkYXRlIjoxMjAwMDAwMDAwMDAwfX0=",
          "dependencies": [
            "module.data-platform.module.dwh-conf-project.data.google_project.project",
            "module.data-platform.module.dwh-conf-project.google_project.project"
          ]
        },
        {
          "index_key": "storage.googleapis.com",
          "schema_version": 0,
          "attributes": {
            "disable_dependent_services": true,
            "disable_on_destroy": true,
            "id": "fs-50-dev-data-dwh-conf-0/storage.googleapis.com",
            "project": "fs-50-dev-data-dwh-conf-0",
            "service": "storage.googleapis.com",
            "timeouts": null
          },
          "sensitive_attributes": [],
          "private": "eyJlMmJmYjczMC1lY2FhLTExZTYtOGY4OC0zNDM2M2JjN2M0YzAiOnsiY3JlYXRlIjoxMjAwMDAwMDAwMDAwLCJkZWxldGUiOjEyMDAwMDAwMDAwMDAsInJlYWQiOjYwMDAwMDAwMDAwMCwidXBkYXRlIjoxMjAwMDAwMDAwMDAwfX0=",
          "dependencies": [
            "module.data-platform.module.dwh-conf-project.data.google_project.project",
            "module.data-platform.module.dwh-conf-project.google_project.project"
          ]
        }
      ]
    },
    {
      "module": "module.data-platform.module.dwh-conf-project",
      "mode": "managed",
      "type": "google_project_service_identity",
      "name": "jit_si",
      "provider": "provider[\"registry.terraform.io/hashicorp/google-beta\"]",
      "instances": [
        {
          "index_key": "pubsub.googleapis.com",
          "schema_version": 0,
          "attributes": {
            "email": "service-982510995954@gcp-sa-pubsub.iam.gserviceaccount.com",
            "id": "projects/fs-50-dev-data-dwh-conf-0/services/pubsub.googleapis.com",
            "project": "fs-50-dev-data-dwh-conf-0",
            "service": "pubsub.googleapis.com",
            "timeouts": null
          },
          "sensitive_attributes": [],
          "private": "eyJlMmJmYjczMC1lY2FhLTExZTYtOGY4OC0zNDM2M2JjN2M0YzAiOnsiY3JlYXRlIjoxMjAwMDAwMDAwMDAwLCJkZWxldGUiOjEyMDAwMDAwMDAwMDAsInJlYWQiOjYwMDAwMDAwMDAwMH19",
          "dependencies": [
            "module.data-platform.module.dwh-conf-project.data.google_project.project",
            "module.data-platform.module.dwh-conf-project.google_project.project",
            "module.data-platform.module.dwh-conf-project.google_project_service.project_services"
          ]
        }
      ]
    },
    {
      "module": "module.data-platform.module.dwh-conf-project",
      "mode": "managed",
      "type": "google_project_service_identity",
      "name": "servicenetworking",
      "provider": "provider[\"registry.terraform.io/hashicorp/google-beta\"]",
      "instances": [
        {
          "index_key": 0,
          "schema_version": 0,
          "attributes": {
            "email": "service-982510995954@service-networking.iam.gserviceaccount.com",
            "id": "projects/fs-50-dev-data-dwh-conf-0/services/servicenetworking.googleapis.com",
            "project": "fs-50-dev-data-dwh-conf-0",
            "service": "servicenetworking.googleapis.com",
            "timeouts": null
          },
          "sensitive_attributes": [],
          "private": "eyJlMmJmYjczMC1lY2FhLTExZTYtOGY4OC0zNDM2M2JjN2M0YzAiOnsiY3JlYXRlIjoxMjAwMDAwMDAwMDAwLCJkZWxldGUiOjEyMDAwMDAwMDAwMDAsInJlYWQiOjYwMDAwMDAwMDAwMH19",
          "dependencies": [
            "module.data-platform.module.dwh-conf-project.data.google_project.project",
            "module.data-platform.module.dwh-conf-project.google_project.project",
            "module.data-platform.module.dwh-conf-project.google_project_service.project_services"
          ]
        }
      ]
    },
    {
      "module": "module.data-platform.module.dwh-cur-bq-0",
      "mode": "managed",
      "type": "google_bigquery_dataset",
      "name": "default",
      "provider": "provider[\"registry.terraform.io/hashicorp/google\"]",
      "instances": [
        {
          "schema_version": 0,
          "attributes": {
            "access": [
              {
                "dataset": [],
                "domain": "",
                "group_by_email": "",
                "role": "OWNER",
                "special_group": "",
                "user_by_email": "fs-20-dev-resman-dp-0@fs-10-prod-iac-core-0.iam.gserviceaccount.com",
                "view": []
              },
              {
                "dataset": [],
                "domain": "",
                "group_by_email": "",
                "role": "OWNER",
                "special_group": "projectOwners",
                "user_by_email": "",
                "view": []
              },
              {
                "dataset": [],
                "domain": "",
                "group_by_email": "",
                "role": "READER",
                "special_group": "projectReaders",
                "user_by_email": "",
                "view": []
              },
              {
                "dataset": [],
                "domain": "",
                "group_by_email": "",
                "role": "WRITER",
                "special_group": "projectWriters",
                "user_by_email": "",
                "view": []
              }
            ],
            "creation_time": 1651841910553,
            "dataset_id": "fs_50_dev_data_dwh_lnd_bq_0",
            "default_encryption_configuration": [],
            "default_partition_expiration_ms": 0,
            "default_table_expiration_ms": 0,
            "delete_contents_on_destroy": false,
            "description": "Terraform managed.",
            "etag": "YfUAcG46Tz6sGSk+v790sg==",
            "friendly_name": "",
            "id": "projects/fs-50-dev-data-dwh-cur-0/datasets/fs_50_dev_data_dwh_lnd_bq_0",
            "labels": null,
            "last_modified_time": 1651841910553,
            "location": "EU",
            "project": "fs-50-dev-data-dwh-cur-0",
            "self_link": "https://bigquery.googleapis.com/bigquery/v2/projects/fs-50-dev-data-dwh-cur-0/datasets/fs_50_dev_data_dwh_lnd_bq_0",
            "timeouts": null
          },
          "sensitive_attributes": [],
          "private": "eyJlMmJmYjczMC1lY2FhLTExZTYtOGY4OC0zNDM2M2JjN2M0YzAiOnsiY3JlYXRlIjoyNDAwMDAwMDAwMDAsImRlbGV0ZSI6MjQwMDAwMDAwMDAwLCJ1cGRhdGUiOjI0MDAwMDAwMDAwMH19",
          "dependencies": [
            "module.data-platform.module.dwh-cur-project.data.google_bigquery_default_service_account.bq_sa",
            "module.data-platform.module.dwh-cur-project.data.google_project.project",
            "module.data-platform.module.dwh-cur-project.data.google_storage_project_service_account.gcs_sa",
            "module.data-platform.module.dwh-cur-project.google_compute_shared_vpc_host_project.shared_vpc_host",
            "module.data-platform.module.dwh-cur-project.google_compute_shared_vpc_service_project.service_projects",
            "module.data-platform.module.dwh-cur-project.google_kms_crypto_key_iam_member.service_identity_cmek",
            "module.data-platform.module.dwh-cur-project.google_project.project",
            "module.data-platform.module.dwh-cur-project.google_project_iam_member.servicenetworking",
            "module.data-platform.module.dwh-cur-project.google_project_iam_member.shared_vpc_host_robots",
            "module.data-platform.module.dwh-cur-project.google_project_organization_policy.boolean",
            "module.data-platform.module.dwh-cur-project.google_project_organization_policy.list",
            "module.data-platform.module.dwh-cur-project.google_project_service.project_services",
            "module.data-platform.module.dwh-cur-project.google_project_service_identity.jit_si",
            "module.data-platform.module.dwh-cur-project.google_project_service_identity.servicenetworking"
          ]
        }
      ]
    },
    {
      "module": "module.data-platform.module.dwh-cur-cs-0",
      "mode": "managed",
      "type": "google_storage_bucket",
      "name": "bucket",
      "provider": "provider[\"registry.terraform.io/hashicorp/google\"]",
      "instances": [
        {
          "schema_version": 0,
          "attributes": {
            "cors": [],
            "default_event_based_hold": false,
            "encryption": [],
            "force_destroy": false,
            "id": "fs-50-dev-data-dwh-cur-cs-0",
            "labels": null,
            "lifecycle_rule": [],
            "location": "EU",
            "logging": [],
            "name": "fs-50-dev-data-dwh-cur-cs-0",
            "project": "fs-50-dev-data-dwh-cur-0",
            "requester_pays": false,
            "retention_policy": [],
            "self_link": "https://www.googleapis.com/storage/v1/b/fs-50-dev-data-dwh-cur-cs-0",
            "storage_class": "MULTI_REGIONAL",
            "timeouts": null,
            "uniform_bucket_level_access": true,
            "url": "gs://fs-50-dev-data-dwh-cur-cs-0",
            "versioning": [
              {
                "enabled": false
              }
            ],
            "website": []
          },
          "sensitive_attributes": [],
          "private": "bnVsbA==",
          "dependencies": [
            "module.data-platform.module.dwh-cur-project.data.google_bigquery_default_service_account.bq_sa",
            "module.data-platform.module.dwh-cur-project.data.google_project.project",
            "module.data-platform.module.dwh-cur-project.data.google_storage_project_service_account.gcs_sa",
            "module.data-platform.module.dwh-cur-project.google_compute_shared_vpc_host_project.shared_vpc_host",
            "module.data-platform.module.dwh-cur-project.google_compute_shared_vpc_service_project.service_projects",
            "module.data-platform.module.dwh-cur-project.google_kms_crypto_key_iam_member.service_identity_cmek",
            "module.data-platform.module.dwh-cur-project.google_project.project",
            "module.data-platform.module.dwh-cur-project.google_project_iam_member.servicenetworking",
            "module.data-platform.module.dwh-cur-project.google_project_iam_member.shared_vpc_host_robots",
            "module.data-platform.module.dwh-cur-project.google_project_organization_policy.boolean",
            "module.data-platform.module.dwh-cur-project.google_project_organization_policy.list",
            "module.data-platform.module.dwh-cur-project.google_project_service.project_services",
            "module.data-platform.module.dwh-cur-project.google_project_service_identity.jit_si",
            "module.data-platform.module.dwh-cur-project.google_project_service_identity.servicenetworking"
          ]
        }
      ]
    },
    {
      "module": "module.data-platform.module.dwh-cur-project",
      "mode": "data",
      "type": "google_bigquery_default_service_account",
      "name": "bq_sa",
      "provider": "provider[\"registry.terraform.io/hashicorp/google\"]",
      "instances": [
        {
          "index_key": 0,
          "schema_version": 0,
          "attributes": {
            "email": "bq-748078921393@bigquery-encryption.iam.gserviceaccount.com",
            "id": "bq-748078921393@bigquery-encryption.iam.gserviceaccount.com",
            "project": "fs-50-dev-data-dwh-cur-0"
          },
          "sensitive_attributes": []
        }
      ]
    },
    {
      "module": "module.data-platform.module.dwh-cur-project",
      "mode": "data",
      "type": "google_storage_project_service_account",
      "name": "gcs_sa",
      "provider": "provider[\"registry.terraform.io/hashicorp/google\"]",
      "instances": [
        {
          "index_key": 0,
          "schema_version": 0,
          "attributes": {
            "email_address": "service-748078921393@gs-project-accounts.iam.gserviceaccount.com",
            "id": "service-748078921393@gs-project-accounts.iam.gserviceaccount.com",
            "project": "fs-50-dev-data-dwh-cur-0",
            "user_project": null
          },
          "sensitive_attributes": []
        }
      ]
    },
    {
      "module": "module.data-platform.module.dwh-cur-project",
      "mode": "managed",
      "type": "google_project",
      "name": "project",
      "provider": "provider[\"registry.terraform.io/hashicorp/google\"]",
      "instances": [
        {
          "index_key": 0,
          "schema_version": 1,
          "attributes": {
            "auto_create_network": false,
            "billing_account": "0181A7-4CC981-B7594C",
            "folder_id": "86898363966",
            "id": "projects/fs-50-dev-data-dwh-cur-0",
            "labels": null,
            "name": "fs-50-dev-data-dwh-cur-0",
            "number": "748078921393",
            "org_id": "",
            "project_id": "fs-50-dev-data-dwh-cur-0",
            "skip_delete": false,
            "timeouts": null
          },
          "sensitive_attributes": [],
          "private": "eyJlMmJmYjczMC1lY2FhLTExZTYtOGY4OC0zNDM2M2JjN2M0YzAiOnsiY3JlYXRlIjo2MDAwMDAwMDAwMDAsImRlbGV0ZSI6NjAwMDAwMDAwMDAwLCJyZWFkIjo2MDAwMDAwMDAwMDAsInVwZGF0ZSI6NjAwMDAwMDAwMDAwfSwic2NoZW1hX3ZlcnNpb24iOiIxIn0="
        }
      ]
    },
    {
      "module": "module.data-platform.module.dwh-cur-project",
      "mode": "managed",
      "type": "google_project_iam_binding",
      "name": "authoritative",
      "provider": "provider[\"registry.terraform.io/hashicorp/google\"]",
      "instances": [
        {
          "index_key": "roles/bigquery.dataEditor",
          "schema_version": 0,
          "attributes": {
            "condition": [],
            "etag": "BwXeV3CdlkY=",
            "id": "fs-50-dev-data-dwh-cur-0/roles/bigquery.dataEditor",
            "members": [
              "group:gcp-data-engineers@caggioland.com"
            ],
            "project": "fs-50-dev-data-dwh-cur-0",
            "role": "roles/bigquery.dataEditor"
          },
          "sensitive_attributes": [],
          "private": "bnVsbA==",
          "dependencies": [
            "module.data-platform.module.dwh-cur-project.data.google_project.project",
            "module.data-platform.module.dwh-cur-project.google_project.project",
            "module.data-platform.module.dwh-cur-project.google_project_iam_custom_role.roles",
            "module.data-platform.module.dwh-cur-project.google_project_service.project_services",
            "module.data-platform.module.load-project.data.google_bigquery_default_service_account.bq_sa",
            "module.data-platform.module.load-project.data.google_project.project",
            "module.data-platform.module.load-project.data.google_storage_project_service_account.gcs_sa",
            "module.data-platform.module.load-project.google_compute_shared_vpc_host_project.shared_vpc_host",
            "module.data-platform.module.load-project.google_compute_shared_vpc_service_project.service_projects",
            "module.data-platform.module.load-project.google_kms_crypto_key_iam_member.service_identity_cmek",
            "module.data-platform.module.load-project.google_project.project",
            "module.data-platform.module.load-project.google_project_iam_member.servicenetworking",
            "module.data-platform.module.load-project.google_project_iam_member.shared_vpc_host_robots",
            "module.data-platform.module.load-project.google_project_organization_policy.boolean",
            "module.data-platform.module.load-project.google_project_organization_policy.list",
            "module.data-platform.module.load-project.google_project_service.project_services",
            "module.data-platform.module.load-project.google_project_service_identity.jit_si",
            "module.data-platform.module.load-project.google_project_service_identity.servicenetworking",
            "module.data-platform.module.load-sa-df-0.data.google_service_account.service_account",
            "module.data-platform.module.load-sa-df-0.google_service_account.service_account",
            "module.data-platform.module.transf-project.data.google_bigquery_default_service_account.bq_sa",
            "module.data-platform.module.transf-project.data.google_project.project",
            "module.data-platform.module.transf-project.data.google_storage_project_service_account.gcs_sa",
            "module.data-platform.module.transf-project.google_compute_shared_vpc_host_project.shared_vpc_host",
            "module.data-platform.module.transf-project.google_compute_shared_vpc_service_project.service_projects",
            "module.data-platform.module.transf-project.google_kms_crypto_key_iam_member.service_identity_cmek",
            "module.data-platform.module.transf-project.google_project.project",
            "module.data-platform.module.transf-project.google_project_iam_member.servicenetworking",
            "module.data-platform.module.transf-project.google_project_iam_member.shared_vpc_host_robots",
            "module.data-platform.module.transf-project.google_project_organization_policy.boolean",
            "module.data-platform.module.transf-project.google_project_organization_policy.list",
            "module.data-platform.module.transf-project.google_project_service.project_services",
            "module.data-platform.module.transf-project.google_project_service_identity.jit_si",
            "module.data-platform.module.transf-project.google_project_service_identity.servicenetworking",
            "module.data-platform.module.transf-sa-bq-0.data.google_service_account.service_account",
            "module.data-platform.module.transf-sa-bq-0.google_service_account.service_account",
            "module.data-platform.module.transf-sa-df-0.data.google_service_account.service_account",
            "module.data-platform.module.transf-sa-df-0.google_service_account.service_account"
          ]
        },
        {
          "index_key": "roles/bigquery.dataOwner",
          "schema_version": 0,
          "attributes": {
            "condition": [],
            "etag": "BwXeV3CdlkY=",
            "id": "fs-50-dev-data-dwh-cur-0/roles/bigquery.dataOwner",
            "members": [
              "serviceAccount:fs-50-dev-data-trf-bq-0@fs-50-dev-data-trf-0.iam.gserviceaccount.com",
              "serviceAccount:fs-50-dev-data-trf-df-0@fs-50-dev-data-trf-0.iam.gserviceaccount.com"
            ],
            "project": "fs-50-dev-data-dwh-cur-0",
            "role": "roles/bigquery.dataOwner"
          },
          "sensitive_attributes": [],
          "private": "bnVsbA==",
          "dependencies": [
            "module.data-platform.module.dwh-cur-project.data.google_project.project",
            "module.data-platform.module.dwh-cur-project.google_project.project",
            "module.data-platform.module.dwh-cur-project.google_project_iam_custom_role.roles",
            "module.data-platform.module.dwh-cur-project.google_project_service.project_services",
            "module.data-platform.module.load-project.data.google_bigquery_default_service_account.bq_sa",
            "module.data-platform.module.load-project.data.google_project.project",
            "module.data-platform.module.load-project.data.google_storage_project_service_account.gcs_sa",
            "module.data-platform.module.load-project.google_compute_shared_vpc_host_project.shared_vpc_host",
            "module.data-platform.module.load-project.google_compute_shared_vpc_service_project.service_projects",
            "module.data-platform.module.load-project.google_kms_crypto_key_iam_member.service_identity_cmek",
            "module.data-platform.module.load-project.google_project.project",
            "module.data-platform.module.load-project.google_project_iam_member.servicenetworking",
            "module.data-platform.module.load-project.google_project_iam_member.shared_vpc_host_robots",
            "module.data-platform.module.load-project.google_project_organization_policy.boolean",
            "module.data-platform.module.load-project.google_project_organization_policy.list",
            "module.data-platform.module.load-project.google_project_service.project_services",
            "module.data-platform.module.load-project.google_project_service_identity.jit_si",
            "module.data-platform.module.load-project.google_project_service_identity.servicenetworking",
            "module.data-platform.module.load-sa-df-0.data.google_service_account.service_account",
            "module.data-platform.module.load-sa-df-0.google_service_account.service_account",
            "module.data-platform.module.transf-project.data.google_bigquery_default_service_account.bq_sa",
            "module.data-platform.module.transf-project.data.google_project.project",
            "module.data-platform.module.transf-project.data.google_storage_project_service_account.gcs_sa",
            "module.data-platform.module.transf-project.google_compute_shared_vpc_host_project.shared_vpc_host",
            "module.data-platform.module.transf-project.google_compute_shared_vpc_service_project.service_projects",
            "module.data-platform.module.transf-project.google_kms_crypto_key_iam_member.service_identity_cmek",
            "module.data-platform.module.transf-project.google_project.project",
            "module.data-platform.module.transf-project.google_project_iam_member.servicenetworking",
            "module.data-platform.module.transf-project.google_project_iam_member.shared_vpc_host_robots",
            "module.data-platform.module.transf-project.google_project_organization_policy.boolean",
            "module.data-platform.module.transf-project.google_project_organization_policy.list",
            "module.data-platform.module.transf-project.google_project_service.project_services",
            "module.data-platform.module.transf-project.google_project_service_identity.jit_si",
            "module.data-platform.module.transf-project.google_project_service_identity.servicenetworking",
            "module.data-platform.module.transf-sa-bq-0.data.google_service_account.service_account",
            "module.data-platform.module.transf-sa-bq-0.google_service_account.service_account",
            "module.data-platform.module.transf-sa-df-0.data.google_service_account.service_account",
            "module.data-platform.module.transf-sa-df-0.google_service_account.service_account"
          ]
        },
        {
          "index_key": "roles/bigquery.dataViewer",
          "schema_version": 0,
          "attributes": {
            "condition": [],
            "etag": "BwXeV3CdlkY=",
            "id": "fs-50-dev-data-dwh-cur-0/roles/bigquery.dataViewer",
            "members": [
              "group:gcp-data-analysts@caggioland.com"
            ],
            "project": "fs-50-dev-data-dwh-cur-0",
            "role": "roles/bigquery.dataViewer"
          },
          "sensitive_attributes": [],
          "private": "bnVsbA==",
          "dependencies": [
            "module.data-platform.module.dwh-cur-project.data.google_project.project",
            "module.data-platform.module.dwh-cur-project.google_project.project",
            "module.data-platform.module.dwh-cur-project.google_project_iam_custom_role.roles",
            "module.data-platform.module.dwh-cur-project.google_project_service.project_services",
            "module.data-platform.module.load-project.data.google_bigquery_default_service_account.bq_sa",
            "module.data-platform.module.load-project.data.google_project.project",
            "module.data-platform.module.load-project.data.google_storage_project_service_account.gcs_sa",
            "module.data-platform.module.load-project.google_compute_shared_vpc_host_project.shared_vpc_host",
            "module.data-platform.module.load-project.google_compute_shared_vpc_service_project.service_projects",
            "module.data-platform.module.load-project.google_kms_crypto_key_iam_member.service_identity_cmek",
            "module.data-platform.module.load-project.google_project.project",
            "module.data-platform.module.load-project.google_project_iam_member.servicenetworking",
            "module.data-platform.module.load-project.google_project_iam_member.shared_vpc_host_robots",
            "module.data-platform.module.load-project.google_project_organization_policy.boolean",
            "module.data-platform.module.load-project.google_project_organization_policy.list",
            "module.data-platform.module.load-project.google_project_service.project_services",
            "module.data-platform.module.load-project.google_project_service_identity.jit_si",
            "module.data-platform.module.load-project.google_project_service_identity.servicenetworking",
            "module.data-platform.module.load-sa-df-0.data.google_service_account.service_account",
            "module.data-platform.module.load-sa-df-0.google_service_account.service_account",
            "module.data-platform.module.transf-project.data.google_bigquery_default_service_account.bq_sa",
            "module.data-platform.module.transf-project.data.google_project.project",
            "module.data-platform.module.transf-project.data.google_storage_project_service_account.gcs_sa",
            "module.data-platform.module.transf-project.google_compute_shared_vpc_host_project.shared_vpc_host",
            "module.data-platform.module.transf-project.google_compute_shared_vpc_service_project.service_projects",
            "module.data-platform.module.transf-project.google_kms_crypto_key_iam_member.service_identity_cmek",
            "module.data-platform.module.transf-project.google_project.project",
            "module.data-platform.module.transf-project.google_project_iam_member.servicenetworking",
            "module.data-platform.module.transf-project.google_project_iam_member.shared_vpc_host_robots",
            "module.data-platform.module.transf-project.google_project_organization_policy.boolean",
            "module.data-platform.module.transf-project.google_project_organization_policy.list",
            "module.data-platform.module.transf-project.google_project_service.project_services",
            "module.data-platform.module.transf-project.google_project_service_identity.jit_si",
            "module.data-platform.module.transf-project.google_project_service_identity.servicenetworking",
            "module.data-platform.module.transf-sa-bq-0.data.google_service_account.service_account",
            "module.data-platform.module.transf-sa-bq-0.google_service_account.service_account",
            "module.data-platform.module.transf-sa-df-0.data.google_service_account.service_account",
            "module.data-platform.module.transf-sa-df-0.google_service_account.service_account"
          ]
        },
        {
          "index_key": "roles/bigquery.jobUser",
          "schema_version": 0,
          "attributes": {
            "condition": [],
            "etag": "BwXgC2eVGbs=",
            "id": "fs-50-dev-data-dwh-cur-0/roles/bigquery.jobUser",
            "members": [
              "group:gcp-data-analysts@caggioland.com",
              "group:gcp-data-engineers@caggioland.com",
              "serviceAccount:fs-50-dev-data-trf-bq-0@fs-50-dev-data-trf-0.iam.gserviceaccount.com"
            ],
            "project": "fs-50-dev-data-dwh-cur-0",
            "role": "roles/bigquery.jobUser"
          },
          "sensitive_attributes": [],
          "private": "bnVsbA==",
          "dependencies": [
            "module.data-platform.module.dwh-cur-project.data.google_project.project",
            "module.data-platform.module.dwh-cur-project.google_project.project",
            "module.data-platform.module.dwh-cur-project.google_project_iam_custom_role.roles",
            "module.data-platform.module.dwh-cur-project.google_project_service.project_services",
            "module.data-platform.module.load-project.data.google_bigquery_default_service_account.bq_sa",
            "module.data-platform.module.load-project.data.google_project.project",
            "module.data-platform.module.load-project.data.google_storage_project_service_account.gcs_sa",
            "module.data-platform.module.load-project.google_compute_shared_vpc_host_project.shared_vpc_host",
            "module.data-platform.module.load-project.google_compute_shared_vpc_service_project.service_projects",
            "module.data-platform.module.load-project.google_kms_crypto_key_iam_member.service_identity_cmek",
            "module.data-platform.module.load-project.google_project.project",
            "module.data-platform.module.load-project.google_project_iam_member.servicenetworking",
            "module.data-platform.module.load-project.google_project_iam_member.shared_vpc_host_robots",
            "module.data-platform.module.load-project.google_project_organization_policy.boolean",
            "module.data-platform.module.load-project.google_project_organization_policy.list",
            "module.data-platform.module.load-project.google_project_service.project_services",
            "module.data-platform.module.load-project.google_project_service_identity.jit_si",
            "module.data-platform.module.load-project.google_project_service_identity.servicenetworking",
            "module.data-platform.module.load-sa-df-0.data.google_service_account.service_account",
            "module.data-platform.module.load-sa-df-0.google_service_account.service_account",
            "module.data-platform.module.transf-project.data.google_bigquery_default_service_account.bq_sa",
            "module.data-platform.module.transf-project.data.google_project.project",
            "module.data-platform.module.transf-project.data.google_storage_project_service_account.gcs_sa",
            "module.data-platform.module.transf-project.google_compute_shared_vpc_host_project.shared_vpc_host",
            "module.data-platform.module.transf-project.google_compute_shared_vpc_service_project.service_projects",
            "module.data-platform.module.transf-project.google_kms_crypto_key_iam_member.service_identity_cmek",
            "module.data-platform.module.transf-project.google_project.project",
            "module.data-platform.module.transf-project.google_project_iam_member.servicenetworking",
            "module.data-platform.module.transf-project.google_project_iam_member.shared_vpc_host_robots",
            "module.data-platform.module.transf-project.google_project_organization_policy.boolean",
            "module.data-platform.module.transf-project.google_project_organization_policy.list",
            "module.data-platform.module.transf-project.google_project_service.project_services",
            "module.data-platform.module.transf-project.google_project_service_identity.jit_si",
            "module.data-platform.module.transf-project.google_project_service_identity.servicenetworking",
            "module.data-platform.module.transf-sa-bq-0.data.google_service_account.service_account",
            "module.data-platform.module.transf-sa-bq-0.google_service_account.service_account",
            "module.data-platform.module.transf-sa-df-0.data.google_service_account.service_account",
            "module.data-platform.module.transf-sa-df-0.google_service_account.service_account"
          ]
        },
        {
          "index_key": "roles/bigquery.metadataViewer",
          "schema_version": 0,
          "attributes": {
            "condition": [],
            "etag": "BwXeV3CdlkY=",
            "id": "fs-50-dev-data-dwh-cur-0/roles/bigquery.metadataViewer",
            "members": [
              "group:gcp-data-analysts@caggioland.com"
            ],
            "project": "fs-50-dev-data-dwh-cur-0",
            "role": "roles/bigquery.metadataViewer"
          },
          "sensitive_attributes": [],
          "private": "bnVsbA==",
          "dependencies": [
            "module.data-platform.module.load-project.google_kms_crypto_key_iam_member.service_identity_cmek",
            "module.data-platform.module.dwh-cur-project.google_project.project",
            "module.data-platform.module.dwh-cur-project.google_project_iam_custom_role.roles",
            "module.data-platform.module.dwh-cur-project.google_project_service.project_services",
            "module.data-platform.module.load-project.data.google_bigquery_default_service_account.bq_sa",
            "module.data-platform.module.load-project.data.google_project.project",
            "module.data-platform.module.load-project.data.google_storage_project_service_account.gcs_sa",
            "module.data-platform.module.load-project.google_compute_shared_vpc_host_project.shared_vpc_host",
            "module.data-platform.module.load-project.google_compute_shared_vpc_service_project.service_projects",
            "module.data-platform.module.dwh-cur-project.data.google_project.project",
            "module.data-platform.module.load-project.google_project_iam_member.shared_vpc_host_robots",
            "module.data-platform.module.load-project.google_project.project",
            "module.data-platform.module.load-project.google_project_iam_member.servicenetworking",
            "module.data-platform.module.load-project.google_project_organization_policy.boolean",
            "module.data-platform.module.load-project.google_project_organization_policy.list",
            "module.data-platform.module.load-project.google_project_service.project_services",
            "module.data-platform.module.load-project.google_project_service_identity.jit_si",
            "module.data-platform.module.load-project.google_project_service_identity.servicenetworking",
            "module.data-platform.module.load-sa-df-0.data.google_service_account.service_account",
            "module.data-platform.module.load-sa-df-0.google_service_account.service_account",
            "module.data-platform.module.transf-project.data.google_bigquery_default_service_account.bq_sa",
            "module.data-platform.module.transf-project.data.google_storage_project_service_account.gcs_sa",
            "module.data-platform.module.transf-project.data.google_project.project",
            "module.data-platform.module.transf-project.google_compute_shared_vpc_host_project.shared_vpc_host",
            "module.data-platform.module.transf-project.google_compute_shared_vpc_service_project.service_projects",
            "module.data-platform.module.transf-project.google_kms_crypto_key_iam_member.service_identity_cmek",
            "module.data-platform.module.transf-project.google_project.project",
            "module.data-platform.module.transf-project.google_project_iam_member.servicenetworking",
            "module.data-platform.module.transf-project.google_project_iam_member.shared_vpc_host_robots",
            "module.data-platform.module.transf-project.google_project_organization_policy.boolean",
            "module.data-platform.module.transf-project.google_project_organization_policy.list",
            "module.data-platform.module.transf-project.google_project_service.project_services",
            "module.data-platform.module.transf-project.google_project_service_identity.jit_si",
            "module.data-platform.module.transf-project.google_project_service_identity.servicenetworking",
            "module.data-platform.module.transf-sa-bq-0.data.google_service_account.service_account",
            "module.data-platform.module.transf-sa-bq-0.google_service_account.service_account",
            "module.data-platform.module.transf-sa-df-0.data.google_service_account.service_account",
            "module.data-platform.module.transf-sa-df-0.google_service_account.service_account"
          ]
        },
        {
          "index_key": "roles/bigquery.user",
          "schema_version": 0,
          "attributes": {
            "condition": [],
            "etag": "BwXeV3Aph54=",
            "id": "fs-50-dev-data-dwh-cur-0/roles/bigquery.user",
            "members": [
              "group:gcp-data-analysts@caggioland.com"
            ],
            "project": "fs-50-dev-data-dwh-cur-0",
            "role": "roles/bigquery.user"
          },
          "sensitive_attributes": [],
          "private": "bnVsbA==",
          "dependencies": [
            "module.data-platform.module.dwh-cur-project.data.google_project.project",
            "module.data-platform.module.dwh-cur-project.google_project.project",
            "module.data-platform.module.dwh-cur-project.google_project_iam_custom_role.roles",
            "module.data-platform.module.dwh-cur-project.google_project_service.project_services",
            "module.data-platform.module.load-project.data.google_bigquery_default_service_account.bq_sa",
            "module.data-platform.module.load-project.data.google_project.project",
            "module.data-platform.module.load-project.data.google_storage_project_service_account.gcs_sa",
            "module.data-platform.module.load-project.google_compute_shared_vpc_host_project.shared_vpc_host",
            "module.data-platform.module.load-project.google_compute_shared_vpc_service_project.service_projects",
            "module.data-platform.module.load-project.google_kms_crypto_key_iam_member.service_identity_cmek",
            "module.data-platform.module.load-project.google_project.project",
            "module.data-platform.module.load-project.google_project_iam_member.servicenetworking",
            "module.data-platform.module.load-project.google_project_iam_member.shared_vpc_host_robots",
            "module.data-platform.module.load-project.google_project_organization_policy.boolean",
            "module.data-platform.module.load-project.google_project_organization_policy.list",
            "module.data-platform.module.load-project.google_project_service.project_services",
            "module.data-platform.module.load-project.google_project_service_identity.jit_si",
            "module.data-platform.module.load-project.google_project_service_identity.servicenetworking",
            "module.data-platform.module.load-sa-df-0.data.google_service_account.service_account",
            "module.data-platform.module.load-sa-df-0.google_service_account.service_account",
            "module.data-platform.module.transf-project.data.google_bigquery_default_service_account.bq_sa",
            "module.data-platform.module.transf-project.data.google_project.project",
            "module.data-platform.module.transf-project.data.google_storage_project_service_account.gcs_sa",
            "module.data-platform.module.transf-project.google_compute_shared_vpc_host_project.shared_vpc_host",
            "module.data-platform.module.transf-project.google_compute_shared_vpc_service_project.service_projects",
            "module.data-platform.module.transf-project.google_kms_crypto_key_iam_member.service_identity_cmek",
            "module.data-platform.module.transf-project.google_project.project",
            "module.data-platform.module.transf-project.google_project_iam_member.servicenetworking",
            "module.data-platform.module.transf-project.google_project_iam_member.shared_vpc_host_robots",
            "module.data-platform.module.transf-project.google_project_organization_policy.boolean",
            "module.data-platform.module.transf-project.google_project_organization_policy.list",
            "module.data-platform.module.transf-project.google_project_service.project_services",
            "module.data-platform.module.transf-project.google_project_service_identity.jit_si",
            "module.data-platform.module.transf-project.google_project_service_identity.servicenetworking",
            "module.data-platform.module.transf-sa-bq-0.data.google_service_account.service_account",
            "module.data-platform.module.transf-sa-bq-0.google_service_account.service_account",
            "module.data-platform.module.transf-sa-df-0.data.google_service_account.service_account",
            "module.data-platform.module.transf-sa-df-0.google_service_account.service_account"
          ]
        },
        {
          "index_key": "roles/datacatalog.categoryAdmin",
          "schema_version": 0,
          "attributes": {
            "condition": [],
            "etag": "BwXeV3Aph54=",
            "id": "fs-50-dev-data-dwh-cur-0/roles/datacatalog.categoryAdmin",
            "members": [
              "serviceAccount:fs-50-dev-data-load-df-0@fs-50-dev-data-lod-0.iam.gserviceaccount.com"
            ],
            "project": "fs-50-dev-data-dwh-cur-0",
            "role": "roles/datacatalog.categoryAdmin"
          },
          "sensitive_attributes": [],
          "private": "bnVsbA==",
          "dependencies": [
            "module.data-platform.module.dwh-cur-project.data.google_project.project",
            "module.data-platform.module.dwh-cur-project.google_project.project",
            "module.data-platform.module.dwh-cur-project.google_project_iam_custom_role.roles",
            "module.data-platform.module.dwh-cur-project.google_project_service.project_services",
            "module.data-platform.module.load-project.data.google_bigquery_default_service_account.bq_sa",
            "module.data-platform.module.load-project.data.google_project.project",
            "module.data-platform.module.load-project.data.google_storage_project_service_account.gcs_sa",
            "module.data-platform.module.load-project.google_compute_shared_vpc_host_project.shared_vpc_host",
            "module.data-platform.module.load-project.google_compute_shared_vpc_service_project.service_projects",
            "module.data-platform.module.load-project.google_kms_crypto_key_iam_member.service_identity_cmek",
            "module.data-platform.module.load-project.google_project.project",
            "module.data-platform.module.load-project.google_project_iam_member.servicenetworking",
            "module.data-platform.module.load-project.google_project_iam_member.shared_vpc_host_robots",
            "module.data-platform.module.load-project.google_project_organization_policy.boolean",
            "module.data-platform.module.load-project.google_project_organization_policy.list",
            "module.data-platform.module.load-project.google_project_service.project_services",
            "module.data-platform.module.load-project.google_project_service_identity.jit_si",
            "module.data-platform.module.load-project.google_project_service_identity.servicenetworking",
            "module.data-platform.module.load-sa-df-0.data.google_service_account.service_account",
            "module.data-platform.module.load-sa-df-0.google_service_account.service_account",
            "module.data-platform.module.transf-project.data.google_bigquery_default_service_account.bq_sa",
            "module.data-platform.module.transf-project.data.google_project.project",
            "module.data-platform.module.transf-project.data.google_storage_project_service_account.gcs_sa",
            "module.data-platform.module.transf-project.google_compute_shared_vpc_host_project.shared_vpc_host",
            "module.data-platform.module.transf-project.google_compute_shared_vpc_service_project.service_projects",
            "module.data-platform.module.transf-project.google_kms_crypto_key_iam_member.service_identity_cmek",
            "module.data-platform.module.transf-project.google_project.project",
            "module.data-platform.module.transf-project.google_project_iam_member.servicenetworking",
            "module.data-platform.module.transf-project.google_project_iam_member.shared_vpc_host_robots",
            "module.data-platform.module.transf-project.google_project_organization_policy.boolean",
            "module.data-platform.module.transf-project.google_project_organization_policy.list",
            "module.data-platform.module.transf-project.google_project_service.project_services",
            "module.data-platform.module.transf-project.google_project_service_identity.jit_si",
            "module.data-platform.module.transf-project.google_project_service_identity.servicenetworking",
            "module.data-platform.module.transf-sa-bq-0.data.google_service_account.service_account",
            "module.data-platform.module.transf-sa-bq-0.google_service_account.service_account",
            "module.data-platform.module.transf-sa-df-0.data.google_service_account.service_account",
            "module.data-platform.module.transf-sa-df-0.google_service_account.service_account"
          ]
        },
        {
          "index_key": "roles/datacatalog.tagTemplateViewer",
          "schema_version": 0,
          "attributes": {
            "condition": [],
            "etag": "BwXeV3CdlkY=",
            "id": "fs-50-dev-data-dwh-cur-0/roles/datacatalog.tagTemplateViewer",
            "members": [
              "group:gcp-data-analysts@caggioland.com"
            ],
            "project": "fs-50-dev-data-dwh-cur-0",
            "role": "roles/datacatalog.tagTemplateViewer"
          },
          "sensitive_attributes": [],
          "private": "bnVsbA==",
          "dependencies": [
            "module.data-platform.module.dwh-cur-project.data.google_project.project",
            "module.data-platform.module.dwh-cur-project.google_project.project",
            "module.data-platform.module.dwh-cur-project.google_project_iam_custom_role.roles",
            "module.data-platform.module.dwh-cur-project.google_project_service.project_services",
            "module.data-platform.module.load-project.data.google_bigquery_default_service_account.bq_sa",
            "module.data-platform.module.load-project.data.google_project.project",
            "module.data-platform.module.load-project.data.google_storage_project_service_account.gcs_sa",
            "module.data-platform.module.load-project.google_compute_shared_vpc_host_project.shared_vpc_host",
            "module.data-platform.module.load-project.google_compute_shared_vpc_service_project.service_projects",
            "module.data-platform.module.load-project.google_kms_crypto_key_iam_member.service_identity_cmek",
            "module.data-platform.module.load-project.google_project.project",
            "module.data-platform.module.load-project.google_project_iam_member.servicenetworking",
            "module.data-platform.module.load-project.google_project_iam_member.shared_vpc_host_robots",
            "module.data-platform.module.load-project.google_project_organization_policy.boolean",
            "module.data-platform.module.load-project.google_project_organization_policy.list",
            "module.data-platform.module.load-project.google_project_service.project_services",
            "module.data-platform.module.load-project.google_project_service_identity.jit_si",
            "module.data-platform.module.load-project.google_project_service_identity.servicenetworking",
            "module.data-platform.module.load-sa-df-0.data.google_service_account.service_account",
            "module.data-platform.module.load-sa-df-0.google_service_account.service_account",
            "module.data-platform.module.transf-project.data.google_bigquery_default_service_account.bq_sa",
            "module.data-platform.module.transf-project.data.google_project.project",
            "module.data-platform.module.transf-project.data.google_storage_project_service_account.gcs_sa",
            "module.data-platform.module.transf-project.google_compute_shared_vpc_host_project.shared_vpc_host",
            "module.data-platform.module.transf-project.google_compute_shared_vpc_service_project.service_projects",
            "module.data-platform.module.transf-project.google_kms_crypto_key_iam_member.service_identity_cmek",
            "module.data-platform.module.transf-project.google_project.project",
            "module.data-platform.module.transf-project.google_project_iam_member.servicenetworking",
            "module.data-platform.module.transf-project.google_project_iam_member.shared_vpc_host_robots",
            "module.data-platform.module.transf-project.google_project_organization_policy.boolean",
            "module.data-platform.module.transf-project.google_project_organization_policy.list",
            "module.data-platform.module.transf-project.google_project_service.project_services",
            "module.data-platform.module.transf-project.google_project_service_identity.jit_si",
            "module.data-platform.module.transf-project.google_project_service_identity.servicenetworking",
            "module.data-platform.module.transf-sa-bq-0.data.google_service_account.service_account",
            "module.data-platform.module.transf-sa-bq-0.google_service_account.service_account",
            "module.data-platform.module.transf-sa-df-0.data.google_service_account.service_account",
            "module.data-platform.module.transf-sa-df-0.google_service_account.service_account"
          ]
        },
        {
          "index_key": "roles/datacatalog.viewer",
          "schema_version": 0,
          "attributes": {
            "condition": [],
            "etag": "BwXeV3CdlkY=",
            "id": "fs-50-dev-data-dwh-cur-0/roles/datacatalog.viewer",
            "members": [
              "group:gcp-data-analysts@caggioland.com"
            ],
            "project": "fs-50-dev-data-dwh-cur-0",
            "role": "roles/datacatalog.viewer"
          },
          "sensitive_attributes": [],
          "private": "bnVsbA==",
          "dependencies": [
            "module.data-platform.module.dwh-cur-project.data.google_project.project",
            "module.data-platform.module.dwh-cur-project.google_project.project",
            "module.data-platform.module.dwh-cur-project.google_project_iam_custom_role.roles",
            "module.data-platform.module.dwh-cur-project.google_project_service.project_services",
            "module.data-platform.module.load-project.data.google_bigquery_default_service_account.bq_sa",
            "module.data-platform.module.load-project.data.google_project.project",
            "module.data-platform.module.load-project.data.google_storage_project_service_account.gcs_sa",
            "module.data-platform.module.load-project.google_compute_shared_vpc_host_project.shared_vpc_host",
            "module.data-platform.module.load-project.google_compute_shared_vpc_service_project.service_projects",
            "module.data-platform.module.load-project.google_kms_crypto_key_iam_member.service_identity_cmek",
            "module.data-platform.module.load-project.google_project.project",
            "module.data-platform.module.load-project.google_project_iam_member.servicenetworking",
            "module.data-platform.module.load-project.google_project_iam_member.shared_vpc_host_robots",
            "module.data-platform.module.load-project.google_project_organization_policy.boolean",
            "module.data-platform.module.load-project.google_project_organization_policy.list",
            "module.data-platform.module.load-project.google_project_service.project_services",
            "module.data-platform.module.load-project.google_project_service_identity.jit_si",
            "module.data-platform.module.load-project.google_project_service_identity.servicenetworking",
            "module.data-platform.module.load-sa-df-0.data.google_service_account.service_account",
            "module.data-platform.module.load-sa-df-0.google_service_account.service_account",
            "module.data-platform.module.transf-project.data.google_bigquery_default_service_account.bq_sa",
            "module.data-platform.module.transf-project.data.google_storage_project_service_account.gcs_sa",
            "module.data-platform.module.transf-project.data.google_project.project",
            "module.data-platform.module.transf-project.google_compute_shared_vpc_host_project.shared_vpc_host",
            "module.data-platform.module.transf-project.google_compute_shared_vpc_service_project.service_projects",
            "module.data-platform.module.transf-project.google_kms_crypto_key_iam_member.service_identity_cmek",
            "module.data-platform.module.transf-project.google_project.project",
            "module.data-platform.module.transf-project.google_project_iam_member.servicenetworking",
            "module.data-platform.module.transf-project.google_project_iam_member.shared_vpc_host_robots",
            "module.data-platform.module.transf-project.google_project_organization_policy.boolean",
            "module.data-platform.module.transf-project.google_project_organization_policy.list",
            "module.data-platform.module.transf-project.google_project_service.project_services",
            "module.data-platform.module.transf-project.google_project_service_identity.jit_si",
            "module.data-platform.module.transf-project.google_project_service_identity.servicenetworking",
            "module.data-platform.module.transf-sa-bq-0.data.google_service_account.service_account",
            "module.data-platform.module.transf-sa-bq-0.google_service_account.service_account",
            "module.data-platform.module.transf-sa-df-0.data.google_service_account.service_account",
            "module.data-platform.module.transf-sa-df-0.google_service_account.service_account"
          ]
        },
        {
          "index_key": "roles/storage.admin",
          "schema_version": 0,
          "attributes": {
            "condition": [],
            "etag": "BwXeV3Aph54=",
            "id": "fs-50-dev-data-dwh-cur-0/roles/storage.admin",
            "members": [
              "group:gcp-data-engineers@caggioland.com"
            ],
            "project": "fs-50-dev-data-dwh-cur-0",
            "role": "roles/storage.admin"
          },
          "sensitive_attributes": [],
          "private": "bnVsbA==",
          "dependencies": [
            "module.data-platform.module.dwh-cur-project.data.google_project.project",
            "module.data-platform.module.dwh-cur-project.google_project.project",
            "module.data-platform.module.dwh-cur-project.google_project_iam_custom_role.roles",
            "module.data-platform.module.dwh-cur-project.google_project_service.project_services",
            "module.data-platform.module.load-project.data.google_bigquery_default_service_account.bq_sa",
            "module.data-platform.module.load-project.data.google_project.project",
            "module.data-platform.module.load-project.data.google_storage_project_service_account.gcs_sa",
            "module.data-platform.module.load-project.google_compute_shared_vpc_host_project.shared_vpc_host",
            "module.data-platform.module.load-project.google_compute_shared_vpc_service_project.service_projects",
            "module.data-platform.module.load-project.google_kms_crypto_key_iam_member.service_identity_cmek",
            "module.data-platform.module.load-project.google_project.project",
            "module.data-platform.module.load-project.google_project_iam_member.servicenetworking",
            "module.data-platform.module.load-project.google_project_iam_member.shared_vpc_host_robots",
            "module.data-platform.module.load-project.google_project_organization_policy.boolean",
            "module.data-platform.module.load-project.google_project_organization_policy.list",
            "module.data-platform.module.load-project.google_project_service.project_services",
            "module.data-platform.module.load-project.google_project_service_identity.jit_si",
            "module.data-platform.module.load-project.google_project_service_identity.servicenetworking",
            "module.data-platform.module.load-sa-df-0.data.google_service_account.service_account",
            "module.data-platform.module.load-sa-df-0.google_service_account.service_account",
            "module.data-platform.module.transf-project.data.google_bigquery_default_service_account.bq_sa",
            "module.data-platform.module.transf-project.data.google_project.project",
            "module.data-platform.module.transf-project.data.google_storage_project_service_account.gcs_sa",
            "module.data-platform.module.transf-project.google_compute_shared_vpc_host_project.shared_vpc_host",
            "module.data-platform.module.transf-project.google_compute_shared_vpc_service_project.service_projects",
            "module.data-platform.module.transf-project.google_kms_crypto_key_iam_member.service_identity_cmek",
            "module.data-platform.module.transf-project.google_project.project",
            "module.data-platform.module.transf-project.google_project_iam_member.servicenetworking",
            "module.data-platform.module.transf-project.google_project_iam_member.shared_vpc_host_robots",
            "module.data-platform.module.transf-project.google_project_organization_policy.boolean",
            "module.data-platform.module.transf-project.google_project_organization_policy.list",
            "module.data-platform.module.transf-project.google_project_service.project_services",
            "module.data-platform.module.transf-project.google_project_service_identity.jit_si",
            "module.data-platform.module.transf-project.google_project_service_identity.servicenetworking",
            "module.data-platform.module.transf-sa-bq-0.data.google_service_account.service_account",
            "module.data-platform.module.transf-sa-bq-0.google_service_account.service_account",
            "module.data-platform.module.transf-sa-df-0.data.google_service_account.service_account",
            "module.data-platform.module.transf-sa-df-0.google_service_account.service_account"
          ]
        },
        {
          "index_key": "roles/storage.objectCreator",
          "schema_version": 0,
          "attributes": {
            "condition": [],
            "etag": "BwXeV3CdlkY=",
            "id": "fs-50-dev-data-dwh-cur-0/roles/storage.objectCreator",
            "members": [
              "serviceAccount:fs-50-dev-data-trf-df-0@fs-50-dev-data-trf-0.iam.gserviceaccount.com"
            ],
            "project": "fs-50-dev-data-dwh-cur-0",
            "role": "roles/storage.objectCreator"
          },
          "sensitive_attributes": [],
          "private": "bnVsbA==",
          "dependencies": [
            "module.data-platform.module.dwh-cur-project.data.google_project.project",
            "module.data-platform.module.dwh-cur-project.google_project.project",
            "module.data-platform.module.dwh-cur-project.google_project_iam_custom_role.roles",
            "module.data-platform.module.dwh-cur-project.google_project_service.project_services",
            "module.data-platform.module.load-project.data.google_bigquery_default_service_account.bq_sa",
            "module.data-platform.module.load-project.data.google_project.project",
            "module.data-platform.module.load-project.data.google_storage_project_service_account.gcs_sa",
            "module.data-platform.module.load-project.google_compute_shared_vpc_host_project.shared_vpc_host",
            "module.data-platform.module.load-project.google_compute_shared_vpc_service_project.service_projects",
            "module.data-platform.module.load-project.google_kms_crypto_key_iam_member.service_identity_cmek",
            "module.data-platform.module.load-project.google_project.project",
            "module.data-platform.module.load-project.google_project_iam_member.servicenetworking",
            "module.data-platform.module.load-project.google_project_iam_member.shared_vpc_host_robots",
            "module.data-platform.module.load-project.google_project_organization_policy.boolean",
            "module.data-platform.module.load-project.google_project_organization_policy.list",
            "module.data-platform.module.load-project.google_project_service.project_services",
            "module.data-platform.module.load-project.google_project_service_identity.jit_si",
            "module.data-platform.module.load-project.google_project_service_identity.servicenetworking",
            "module.data-platform.module.load-sa-df-0.data.google_service_account.service_account",
            "module.data-platform.module.load-sa-df-0.google_service_account.service_account",
            "module.data-platform.module.transf-project.data.google_bigquery_default_service_account.bq_sa",
            "module.data-platform.module.transf-project.data.google_project.project",
            "module.data-platform.module.transf-project.data.google_storage_project_service_account.gcs_sa",
            "module.data-platform.module.transf-project.google_compute_shared_vpc_host_project.shared_vpc_host",
            "module.data-platform.module.transf-project.google_compute_shared_vpc_service_project.service_projects",
            "module.data-platform.module.transf-project.google_kms_crypto_key_iam_member.service_identity_cmek",
            "module.data-platform.module.transf-project.google_project.project",
            "module.data-platform.module.transf-project.google_project_iam_member.servicenetworking",
            "module.data-platform.module.transf-project.google_project_iam_member.shared_vpc_host_robots",
            "module.data-platform.module.transf-project.google_project_organization_policy.boolean",
            "module.data-platform.module.transf-project.google_project_organization_policy.list",
            "module.data-platform.module.transf-project.google_project_service.project_services",
            "module.data-platform.module.transf-project.google_project_service_identity.jit_si",
            "module.data-platform.module.transf-project.google_project_service_identity.servicenetworking",
            "module.data-platform.module.transf-sa-bq-0.data.google_service_account.service_account",
            "module.data-platform.module.transf-sa-bq-0.google_service_account.service_account",
            "module.data-platform.module.transf-sa-df-0.data.google_service_account.service_account",
            "module.data-platform.module.transf-sa-df-0.google_service_account.service_account"
          ]
        },
        {
          "index_key": "roles/storage.objectViewer",
          "schema_version": 0,
          "attributes": {
            "condition": [],
            "etag": "BwXeV3Aph54=",
            "id": "fs-50-dev-data-dwh-cur-0/roles/storage.objectViewer",
            "members": [
              "group:gcp-data-analysts@caggioland.com",
              "serviceAccount:fs-50-dev-data-trf-df-0@fs-50-dev-data-trf-0.iam.gserviceaccount.com"
            ],
            "project": "fs-50-dev-data-dwh-cur-0",
            "role": "roles/storage.objectViewer"
          },
          "sensitive_attributes": [],
          "private": "bnVsbA==",
          "dependencies": [
            "module.data-platform.module.dwh-cur-project.data.google_project.project",
            "module.data-platform.module.dwh-cur-project.google_project.project",
            "module.data-platform.module.dwh-cur-project.google_project_iam_custom_role.roles",
            "module.data-platform.module.dwh-cur-project.google_project_service.project_services",
            "module.data-platform.module.load-project.data.google_bigquery_default_service_account.bq_sa",
            "module.data-platform.module.load-project.data.google_project.project",
            "module.data-platform.module.load-project.data.google_storage_project_service_account.gcs_sa",
            "module.data-platform.module.load-project.google_compute_shared_vpc_host_project.shared_vpc_host",
            "module.data-platform.module.load-project.google_compute_shared_vpc_service_project.service_projects",
            "module.data-platform.module.load-project.google_kms_crypto_key_iam_member.service_identity_cmek",
            "module.data-platform.module.load-project.google_project.project",
            "module.data-platform.module.load-project.google_project_iam_member.servicenetworking",
            "module.data-platform.module.load-project.google_project_iam_member.shared_vpc_host_robots",
            "module.data-platform.module.load-project.google_project_organization_policy.boolean",
            "module.data-platform.module.load-project.google_project_organization_policy.list",
            "module.data-platform.module.load-project.google_project_service.project_services",
            "module.data-platform.module.load-project.google_project_service_identity.jit_si",
            "module.data-platform.module.load-project.google_project_service_identity.servicenetworking",
            "module.data-platform.module.load-sa-df-0.data.google_service_account.service_account",
            "module.data-platform.module.load-sa-df-0.google_service_account.service_account",
            "module.data-platform.module.transf-project.data.google_bigquery_default_service_account.bq_sa",
            "module.data-platform.module.transf-project.data.google_project.project",
            "module.data-platform.module.transf-project.data.google_storage_project_service_account.gcs_sa",
            "module.data-platform.module.transf-project.google_compute_shared_vpc_host_project.shared_vpc_host",
            "module.data-platform.module.transf-project.google_compute_shared_vpc_service_project.service_projects",
            "module.data-platform.module.transf-project.google_kms_crypto_key_iam_member.service_identity_cmek",
            "module.data-platform.module.transf-project.google_project.project",
            "module.data-platform.module.transf-project.google_project_iam_member.servicenetworking",
            "module.data-platform.module.transf-project.google_project_iam_member.shared_vpc_host_robots",
            "module.data-platform.module.transf-project.google_project_organization_policy.boolean",
            "module.data-platform.module.transf-project.google_project_organization_policy.list",
            "module.data-platform.module.transf-project.google_project_service.project_services",
            "module.data-platform.module.transf-project.google_project_service_identity.jit_si",
            "module.data-platform.module.transf-project.google_project_service_identity.servicenetworking",
            "module.data-platform.module.transf-sa-bq-0.data.google_service_account.service_account",
            "module.data-platform.module.transf-sa-bq-0.google_service_account.service_account",
            "module.data-platform.module.transf-sa-df-0.data.google_service_account.service_account",
            "module.data-platform.module.transf-sa-df-0.google_service_account.service_account"
          ]
        }
      ]
    },
    {
      "module": "module.data-platform.module.dwh-cur-project",
      "mode": "managed",
      "type": "google_project_iam_member",
      "name": "servicenetworking",
      "provider": "provider[\"registry.terraform.io/hashicorp/google\"]",
      "instances": [
        {
          "index_key": 0,
          "schema_version": 0,
          "attributes": {
            "condition": [],
            "etag": "BwXeV2nQLLo=",
            "id": "fs-50-dev-data-dwh-cur-0/roles/servicenetworking.serviceAgent/serviceAccount:service-748078921393@service-networking.iam.gserviceaccount.com",
            "member": "serviceAccount:service-748078921393@service-networking.iam.gserviceaccount.com",
            "project": "fs-50-dev-data-dwh-cur-0",
            "role": "roles/servicenetworking.serviceAgent"
          },
          "sensitive_attributes": [],
          "private": "bnVsbA==",
          "dependencies": [
            "module.data-platform.module.dwh-cur-project.data.google_project.project",
            "module.data-platform.module.dwh-cur-project.google_project.project",
            "module.data-platform.module.dwh-cur-project.google_project_service.project_services",
            "module.data-platform.module.dwh-cur-project.google_project_service_identity.servicenetworking"
          ]
        }
      ]
    },
    {
      "module": "module.data-platform.module.dwh-cur-project",
      "mode": "managed",
      "type": "google_project_service",
      "name": "project_services",
      "provider": "provider[\"registry.terraform.io/hashicorp/google\"]",
      "instances": [
        {
          "index_key": "bigquery.googleapis.com",
          "schema_version": 0,
          "attributes": {
            "disable_dependent_services": true,
            "disable_on_destroy": true,
            "id": "fs-50-dev-data-dwh-cur-0/bigquery.googleapis.com",
            "project": "fs-50-dev-data-dwh-cur-0",
            "service": "bigquery.googleapis.com",
            "timeouts": null
          },
          "sensitive_attributes": [],
          "private": "eyJlMmJmYjczMC1lY2FhLTExZTYtOGY4OC0zNDM2M2JjN2M0YzAiOnsiY3JlYXRlIjoxMjAwMDAwMDAwMDAwLCJkZWxldGUiOjEyMDAwMDAwMDAwMDAsInJlYWQiOjYwMDAwMDAwMDAwMCwidXBkYXRlIjoxMjAwMDAwMDAwMDAwfX0=",
          "dependencies": [
            "module.data-platform.module.dwh-cur-project.data.google_project.project",
            "module.data-platform.module.dwh-cur-project.google_project.project"
          ]
        },
        {
          "index_key": "bigqueryreservation.googleapis.com",
          "schema_version": 0,
          "attributes": {
            "disable_dependent_services": true,
            "disable_on_destroy": true,
            "id": "fs-50-dev-data-dwh-cur-0/bigqueryreservation.googleapis.com",
            "project": "fs-50-dev-data-dwh-cur-0",
            "service": "bigqueryreservation.googleapis.com",
            "timeouts": null
          },
          "sensitive_attributes": [],
          "private": "eyJlMmJmYjczMC1lY2FhLTExZTYtOGY4OC0zNDM2M2JjN2M0YzAiOnsiY3JlYXRlIjoxMjAwMDAwMDAwMDAwLCJkZWxldGUiOjEyMDAwMDAwMDAwMDAsInJlYWQiOjYwMDAwMDAwMDAwMCwidXBkYXRlIjoxMjAwMDAwMDAwMDAwfX0=",
          "dependencies": [
            "module.data-platform.module.dwh-cur-project.data.google_project.project",
            "module.data-platform.module.dwh-cur-project.google_project.project"
          ]
        },
        {
          "index_key": "bigquerystorage.googleapis.com",
          "schema_version": 0,
          "attributes": {
            "disable_dependent_services": true,
            "disable_on_destroy": true,
            "id": "fs-50-dev-data-dwh-cur-0/bigquerystorage.googleapis.com",
            "project": "fs-50-dev-data-dwh-cur-0",
            "service": "bigquerystorage.googleapis.com",
            "timeouts": null
          },
          "sensitive_attributes": [],
          "private": "eyJlMmJmYjczMC1lY2FhLTExZTYtOGY4OC0zNDM2M2JjN2M0YzAiOnsiY3JlYXRlIjoxMjAwMDAwMDAwMDAwLCJkZWxldGUiOjEyMDAwMDAwMDAwMDAsInJlYWQiOjYwMDAwMDAwMDAwMCwidXBkYXRlIjoxMjAwMDAwMDAwMDAwfX0=",
          "dependencies": [
            "module.data-platform.module.dwh-cur-project.data.google_project.project",
            "module.data-platform.module.dwh-cur-project.google_project.project"
          ]
        },
        {
          "index_key": "cloudkms.googleapis.com",
          "schema_version": 0,
          "attributes": {
            "disable_dependent_services": true,
            "disable_on_destroy": true,
            "id": "fs-50-dev-data-dwh-cur-0/cloudkms.googleapis.com",
            "project": "fs-50-dev-data-dwh-cur-0",
            "service": "cloudkms.googleapis.com",
            "timeouts": null
          },
          "sensitive_attributes": [],
          "private": "eyJlMmJmYjczMC1lY2FhLTExZTYtOGY4OC0zNDM2M2JjN2M0YzAiOnsiY3JlYXRlIjoxMjAwMDAwMDAwMDAwLCJkZWxldGUiOjEyMDAwMDAwMDAwMDAsInJlYWQiOjYwMDAwMDAwMDAwMCwidXBkYXRlIjoxMjAwMDAwMDAwMDAwfX0=",
          "dependencies": [
            "module.data-platform.module.dwh-cur-project.data.google_project.project",
            "module.data-platform.module.dwh-cur-project.google_project.project"
          ]
        },
        {
          "index_key": "cloudresourcemanager.googleapis.com",
          "schema_version": 0,
          "attributes": {
            "disable_dependent_services": true,
            "disable_on_destroy": true,
            "id": "fs-50-dev-data-dwh-cur-0/cloudresourcemanager.googleapis.com",
            "project": "fs-50-dev-data-dwh-cur-0",
            "service": "cloudresourcemanager.googleapis.com",
            "timeouts": null
          },
          "sensitive_attributes": [],
          "private": "eyJlMmJmYjczMC1lY2FhLTExZTYtOGY4OC0zNDM2M2JjN2M0YzAiOnsiY3JlYXRlIjoxMjAwMDAwMDAwMDAwLCJkZWxldGUiOjEyMDAwMDAwMDAwMDAsInJlYWQiOjYwMDAwMDAwMDAwMCwidXBkYXRlIjoxMjAwMDAwMDAwMDAwfX0=",
          "dependencies": [
            "module.data-platform.module.dwh-cur-project.data.google_project.project",
            "module.data-platform.module.dwh-cur-project.google_project.project"
          ]
        },
        {
          "index_key": "compute.googleapis.com",
          "schema_version": 0,
          "attributes": {
            "disable_dependent_services": true,
            "disable_on_destroy": true,
            "id": "fs-50-dev-data-dwh-cur-0/compute.googleapis.com",
            "project": "fs-50-dev-data-dwh-cur-0",
            "service": "compute.googleapis.com",
            "timeouts": null
          },
          "sensitive_attributes": [],
          "private": "eyJlMmJmYjczMC1lY2FhLTExZTYtOGY4OC0zNDM2M2JjN2M0YzAiOnsiY3JlYXRlIjoxMjAwMDAwMDAwMDAwLCJkZWxldGUiOjEyMDAwMDAwMDAwMDAsInJlYWQiOjYwMDAwMDAwMDAwMCwidXBkYXRlIjoxMjAwMDAwMDAwMDAwfX0=",
          "dependencies": [
            "module.data-platform.module.dwh-cur-project.data.google_project.project",
            "module.data-platform.module.dwh-cur-project.google_project.project"
          ]
        },
        {
          "index_key": "dataflow.googleapis.com",
          "schema_version": 0,
          "attributes": {
            "disable_dependent_services": true,
            "disable_on_destroy": true,
            "id": "fs-50-dev-data-dwh-cur-0/dataflow.googleapis.com",
            "project": "fs-50-dev-data-dwh-cur-0",
            "service": "dataflow.googleapis.com",
            "timeouts": null
          },
          "sensitive_attributes": [],
          "private": "eyJlMmJmYjczMC1lY2FhLTExZTYtOGY4OC0zNDM2M2JjN2M0YzAiOnsiY3JlYXRlIjoxMjAwMDAwMDAwMDAwLCJkZWxldGUiOjEyMDAwMDAwMDAwMDAsInJlYWQiOjYwMDAwMDAwMDAwMCwidXBkYXRlIjoxMjAwMDAwMDAwMDAwfX0=",
          "dependencies": [
            "module.data-platform.module.dwh-cur-project.data.google_project.project",
            "module.data-platform.module.dwh-cur-project.google_project.project"
          ]
        },
        {
          "index_key": "iam.googleapis.com",
          "schema_version": 0,
          "attributes": {
            "disable_dependent_services": true,
            "disable_on_destroy": true,
            "id": "fs-50-dev-data-dwh-cur-0/iam.googleapis.com",
            "project": "fs-50-dev-data-dwh-cur-0",
            "service": "iam.googleapis.com",
            "timeouts": null
          },
          "sensitive_attributes": [],
          "private": "eyJlMmJmYjczMC1lY2FhLTExZTYtOGY4OC0zNDM2M2JjN2M0YzAiOnsiY3JlYXRlIjoxMjAwMDAwMDAwMDAwLCJkZWxldGUiOjEyMDAwMDAwMDAwMDAsInJlYWQiOjYwMDAwMDAwMDAwMCwidXBkYXRlIjoxMjAwMDAwMDAwMDAwfX0=",
          "dependencies": [
            "module.data-platform.module.dwh-cur-project.data.google_project.project",
            "module.data-platform.module.dwh-cur-project.google_project.project"
          ]
        },
        {
          "index_key": "pubsub.googleapis.com",
          "schema_version": 0,
          "attributes": {
            "disable_dependent_services": true,
            "disable_on_destroy": true,
            "id": "fs-50-dev-data-dwh-cur-0/pubsub.googleapis.com",
            "project": "fs-50-dev-data-dwh-cur-0",
            "service": "pubsub.googleapis.com",
            "timeouts": null
          },
          "sensitive_attributes": [],
          "private": "eyJlMmJmYjczMC1lY2FhLTExZTYtOGY4OC0zNDM2M2JjN2M0YzAiOnsiY3JlYXRlIjoxMjAwMDAwMDAwMDAwLCJkZWxldGUiOjEyMDAwMDAwMDAwMDAsInJlYWQiOjYwMDAwMDAwMDAwMCwidXBkYXRlIjoxMjAwMDAwMDAwMDAwfX0=",
          "dependencies": [
            "module.data-platform.module.dwh-cur-project.data.google_project.project",
            "module.data-platform.module.dwh-cur-project.google_project.project"
          ]
        },
        {
          "index_key": "servicenetworking.googleapis.com",
          "schema_version": 0,
          "attributes": {
            "disable_dependent_services": true,
            "disable_on_destroy": true,
            "id": "fs-50-dev-data-dwh-cur-0/servicenetworking.googleapis.com",
            "project": "fs-50-dev-data-dwh-cur-0",
            "service": "servicenetworking.googleapis.com",
            "timeouts": null
          },
          "sensitive_attributes": [],
          "private": "eyJlMmJmYjczMC1lY2FhLTExZTYtOGY4OC0zNDM2M2JjN2M0YzAiOnsiY3JlYXRlIjoxMjAwMDAwMDAwMDAwLCJkZWxldGUiOjEyMDAwMDAwMDAwMDAsInJlYWQiOjYwMDAwMDAwMDAwMCwidXBkYXRlIjoxMjAwMDAwMDAwMDAwfX0=",
          "dependencies": [
            "module.data-platform.module.dwh-cur-project.data.google_project.project",
            "module.data-platform.module.dwh-cur-project.google_project.project"
          ]
        },
        {
          "index_key": "serviceusage.googleapis.com",
          "schema_version": 0,
          "attributes": {
            "disable_dependent_services": true,
            "disable_on_destroy": true,
            "id": "fs-50-dev-data-dwh-cur-0/serviceusage.googleapis.com",
            "project": "fs-50-dev-data-dwh-cur-0",
            "service": "serviceusage.googleapis.com",
            "timeouts": null
          },
          "sensitive_attributes": [],
          "private": "eyJlMmJmYjczMC1lY2FhLTExZTYtOGY4OC0zNDM2M2JjN2M0YzAiOnsiY3JlYXRlIjoxMjAwMDAwMDAwMDAwLCJkZWxldGUiOjEyMDAwMDAwMDAwMDAsInJlYWQiOjYwMDAwMDAwMDAwMCwidXBkYXRlIjoxMjAwMDAwMDAwMDAwfX0=",
          "dependencies": [
            "module.data-platform.module.dwh-cur-project.data.google_project.project",
            "module.data-platform.module.dwh-cur-project.google_project.project"
          ]
        },
        {
          "index_key": "stackdriver.googleapis.com",
          "schema_version": 0,
          "attributes": {
            "disable_dependent_services": true,
            "disable_on_destroy": true,
            "id": "fs-50-dev-data-dwh-cur-0/stackdriver.googleapis.com",
            "project": "fs-50-dev-data-dwh-cur-0",
            "service": "stackdriver.googleapis.com",
            "timeouts": null
          },
          "sensitive_attributes": [],
          "private": "eyJlMmJmYjczMC1lY2FhLTExZTYtOGY4OC0zNDM2M2JjN2M0YzAiOnsiY3JlYXRlIjoxMjAwMDAwMDAwMDAwLCJkZWxldGUiOjEyMDAwMDAwMDAwMDAsInJlYWQiOjYwMDAwMDAwMDAwMCwidXBkYXRlIjoxMjAwMDAwMDAwMDAwfX0=",
          "dependencies": [
            "module.data-platform.module.dwh-cur-project.data.google_project.project",
            "module.data-platform.module.dwh-cur-project.google_project.project"
          ]
        },
        {
          "index_key": "storage-component.googleapis.com",
          "schema_version": 0,
          "attributes": {
            "disable_dependent_services": true,
            "disable_on_destroy": true,
            "id": "fs-50-dev-data-dwh-cur-0/storage-component.googleapis.com",
            "project": "fs-50-dev-data-dwh-cur-0",
            "service": "storage-component.googleapis.com",
            "timeouts": null
          },
          "sensitive_attributes": [],
          "private": "eyJlMmJmYjczMC1lY2FhLTExZTYtOGY4OC0zNDM2M2JjN2M0YzAiOnsiY3JlYXRlIjoxMjAwMDAwMDAwMDAwLCJkZWxldGUiOjEyMDAwMDAwMDAwMDAsInJlYWQiOjYwMDAwMDAwMDAwMCwidXBkYXRlIjoxMjAwMDAwMDAwMDAwfX0=",
          "dependencies": [
            "module.data-platform.module.dwh-cur-project.data.google_project.project",
            "module.data-platform.module.dwh-cur-project.google_project.project"
          ]
        },
        {
          "index_key": "storage.googleapis.com",
          "schema_version": 0,
          "attributes": {
            "disable_dependent_services": true,
            "disable_on_destroy": true,
            "id": "fs-50-dev-data-dwh-cur-0/storage.googleapis.com",
            "project": "fs-50-dev-data-dwh-cur-0",
            "service": "storage.googleapis.com",
            "timeouts": null
          },
          "sensitive_attributes": [],
          "private": "eyJlMmJmYjczMC1lY2FhLTExZTYtOGY4OC0zNDM2M2JjN2M0YzAiOnsiY3JlYXRlIjoxMjAwMDAwMDAwMDAwLCJkZWxldGUiOjEyMDAwMDAwMDAwMDAsInJlYWQiOjYwMDAwMDAwMDAwMCwidXBkYXRlIjoxMjAwMDAwMDAwMDAwfX0=",
          "dependencies": [
            "module.data-platform.module.dwh-cur-project.data.google_project.project",
            "module.data-platform.module.dwh-cur-project.google_project.project"
          ]
        }
      ]
    },
    {
      "module": "module.data-platform.module.dwh-cur-project",
      "mode": "managed",
      "type": "google_project_service_identity",
      "name": "jit_si",
      "provider": "provider[\"registry.terraform.io/hashicorp/google-beta\"]",
      "instances": [
        {
          "index_key": "pubsub.googleapis.com",
          "schema_version": 0,
          "attributes": {
            "email": "service-748078921393@gcp-sa-pubsub.iam.gserviceaccount.com",
            "id": "projects/fs-50-dev-data-dwh-cur-0/services/pubsub.googleapis.com",
            "project": "fs-50-dev-data-dwh-cur-0",
            "service": "pubsub.googleapis.com",
            "timeouts": null
          },
          "sensitive_attributes": [],
          "private": "eyJlMmJmYjczMC1lY2FhLTExZTYtOGY4OC0zNDM2M2JjN2M0YzAiOnsiY3JlYXRlIjoxMjAwMDAwMDAwMDAwLCJkZWxldGUiOjEyMDAwMDAwMDAwMDAsInJlYWQiOjYwMDAwMDAwMDAwMH19",
          "dependencies": [
            "module.data-platform.module.dwh-cur-project.data.google_project.project",
            "module.data-platform.module.dwh-cur-project.google_project.project",
            "module.data-platform.module.dwh-cur-project.google_project_service.project_services"
          ]
        }
      ]
    },
    {
      "module": "module.data-platform.module.dwh-cur-project",
      "mode": "managed",
      "type": "google_project_service_identity",
      "name": "servicenetworking",
      "provider": "provider[\"registry.terraform.io/hashicorp/google-beta\"]",
      "instances": [
        {
          "index_key": 0,
          "schema_version": 0,
          "attributes": {
            "email": "service-748078921393@service-networking.iam.gserviceaccount.com",
            "id": "projects/fs-50-dev-data-dwh-cur-0/services/servicenetworking.googleapis.com",
            "project": "fs-50-dev-data-dwh-cur-0",
            "service": "servicenetworking.googleapis.com",
            "timeouts": null
          },
          "sensitive_attributes": [],
          "private": "eyJlMmJmYjczMC1lY2FhLTExZTYtOGY4OC0zNDM2M2JjN2M0YzAiOnsiY3JlYXRlIjoxMjAwMDAwMDAwMDAwLCJkZWxldGUiOjEyMDAwMDAwMDAwMDAsInJlYWQiOjYwMDAwMDAwMDAwMH19",
          "dependencies": [
            "module.data-platform.module.dwh-cur-project.data.google_project.project",
            "module.data-platform.module.dwh-cur-project.google_project.project",
            "module.data-platform.module.dwh-cur-project.google_project_service.project_services"
          ]
        }
      ]
    },
    {
      "module": "module.data-platform.module.dwh-lnd-bq-0",
      "mode": "managed",
      "type": "google_bigquery_dataset",
      "name": "default",
      "provider": "provider[\"registry.terraform.io/hashicorp/google\"]",
      "instances": [
        {
          "schema_version": 0,
          "attributes": {
            "access": [
              {
                "dataset": [],
                "domain": "",
                "group_by_email": "",
                "role": "OWNER",
                "special_group": "",
                "user_by_email": "fs-20-dev-resman-dp-0@fs-10-prod-iac-core-0.iam.gserviceaccount.com",
                "view": []
              },
              {
                "dataset": [],
                "domain": "",
                "group_by_email": "",
                "role": "OWNER",
                "special_group": "projectOwners",
                "user_by_email": "",
                "view": []
              },
              {
                "dataset": [],
                "domain": "",
                "group_by_email": "",
                "role": "READER",
                "special_group": "projectReaders",
                "user_by_email": "",
                "view": []
              },
              {
                "dataset": [],
                "domain": "",
                "group_by_email": "",
                "role": "WRITER",
                "special_group": "projectWriters",
                "user_by_email": "",
                "view": []
              }
            ],
            "creation_time": 1651841923526,
            "dataset_id": "fs_50_dev_data_dwh_lnd_bq_0",
            "default_encryption_configuration": [],
            "default_partition_expiration_ms": 0,
            "default_table_expiration_ms": 0,
            "delete_contents_on_destroy": false,
            "description": "Terraform managed.",
            "etag": "Wn+ygJ4vbEzX2N+o4QlNSg==",
            "friendly_name": "",
            "id": "projects/fs-50-dev-data-dwh-lnd-0/datasets/fs_50_dev_data_dwh_lnd_bq_0",
            "labels": null,
            "last_modified_time": 1651841923526,
            "location": "EU",
            "project": "fs-50-dev-data-dwh-lnd-0",
            "self_link": "https://bigquery.googleapis.com/bigquery/v2/projects/fs-50-dev-data-dwh-lnd-0/datasets/fs_50_dev_data_dwh_lnd_bq_0",
            "timeouts": null
          },
          "sensitive_attributes": [],
          "private": "eyJlMmJmYjczMC1lY2FhLTExZTYtOGY4OC0zNDM2M2JjN2M0YzAiOnsiY3JlYXRlIjoyNDAwMDAwMDAwMDAsImRlbGV0ZSI6MjQwMDAwMDAwMDAwLCJ1cGRhdGUiOjI0MDAwMDAwMDAwMH19",
          "dependencies": [
            "module.data-platform.module.dwh-lnd-project.data.google_bigquery_default_service_account.bq_sa",
            "module.data-platform.module.dwh-lnd-project.data.google_project.project",
            "module.data-platform.module.dwh-lnd-project.data.google_storage_project_service_account.gcs_sa",
            "module.data-platform.module.dwh-lnd-project.google_compute_shared_vpc_host_project.shared_vpc_host",
            "module.data-platform.module.dwh-lnd-project.google_compute_shared_vpc_service_project.service_projects",
            "module.data-platform.module.dwh-lnd-project.google_kms_crypto_key_iam_member.service_identity_cmek",
            "module.data-platform.module.dwh-lnd-project.google_project.project",
            "module.data-platform.module.dwh-lnd-project.google_project_iam_member.servicenetworking",
            "module.data-platform.module.dwh-lnd-project.google_project_iam_member.shared_vpc_host_robots",
            "module.data-platform.module.dwh-lnd-project.google_project_organization_policy.boolean",
            "module.data-platform.module.dwh-lnd-project.google_project_organization_policy.list",
            "module.data-platform.module.dwh-lnd-project.google_project_service.project_services",
            "module.data-platform.module.dwh-lnd-project.google_project_service_identity.jit_si",
            "module.data-platform.module.dwh-lnd-project.google_project_service_identity.servicenetworking"
          ]
        }
      ]
    },
    {
      "module": "module.data-platform.module.dwh-lnd-cs-0",
      "mode": "managed",
      "type": "google_storage_bucket",
      "name": "bucket",
      "provider": "provider[\"registry.terraform.io/hashicorp/google\"]",
      "instances": [
        {
          "schema_version": 0,
          "attributes": {
            "cors": [],
            "default_event_based_hold": false,
            "encryption": [],
            "force_destroy": false,
            "id": "fs-50-dev-data-dwh-lnd-cs-0",
            "labels": null,
            "lifecycle_rule": [],
            "location": "EU",
            "logging": [],
            "name": "fs-50-dev-data-dwh-lnd-cs-0",
            "project": "fs-50-dev-data-dwh-lnd-0",
            "requester_pays": false,
            "retention_policy": [],
            "self_link": "https://www.googleapis.com/storage/v1/b/fs-50-dev-data-dwh-lnd-cs-0",
            "storage_class": "MULTI_REGIONAL",
            "timeouts": null,
            "uniform_bucket_level_access": true,
            "url": "gs://fs-50-dev-data-dwh-lnd-cs-0",
            "versioning": [
              {
                "enabled": false
              }
            ],
            "website": []
          },
          "sensitive_attributes": [],
          "private": "bnVsbA==",
          "dependencies": [
            "module.data-platform.module.dwh-lnd-project.data.google_bigquery_default_service_account.bq_sa",
            "module.data-platform.module.dwh-lnd-project.data.google_project.project",
            "module.data-platform.module.dwh-lnd-project.data.google_storage_project_service_account.gcs_sa",
            "module.data-platform.module.dwh-lnd-project.google_compute_shared_vpc_host_project.shared_vpc_host",
            "module.data-platform.module.dwh-lnd-project.google_compute_shared_vpc_service_project.service_projects",
            "module.data-platform.module.dwh-lnd-project.google_kms_crypto_key_iam_member.service_identity_cmek",
            "module.data-platform.module.dwh-lnd-project.google_project.project",
            "module.data-platform.module.dwh-lnd-project.google_project_iam_member.servicenetworking",
            "module.data-platform.module.dwh-lnd-project.google_project_iam_member.shared_vpc_host_robots",
            "module.data-platform.module.dwh-lnd-project.google_project_organization_policy.boolean",
            "module.data-platform.module.dwh-lnd-project.google_project_organization_policy.list",
            "module.data-platform.module.dwh-lnd-project.google_project_service.project_services",
            "module.data-platform.module.dwh-lnd-project.google_project_service_identity.jit_si",
            "module.data-platform.module.dwh-lnd-project.google_project_service_identity.servicenetworking"
          ]
        }
      ]
    },
    {
      "module": "module.data-platform.module.dwh-lnd-project",
      "mode": "data",
      "type": "google_bigquery_default_service_account",
      "name": "bq_sa",
      "provider": "provider[\"registry.terraform.io/hashicorp/google\"]",
      "instances": [
        {
          "index_key": 0,
          "schema_version": 0,
          "attributes": {
            "email": "bq-615991677963@bigquery-encryption.iam.gserviceaccount.com",
            "id": "bq-615991677963@bigquery-encryption.iam.gserviceaccount.com",
            "project": "fs-50-dev-data-dwh-lnd-0"
          },
          "sensitive_attributes": []
        }
      ]
    },
    {
      "module": "module.data-platform.module.dwh-lnd-project",
      "mode": "data",
      "type": "google_storage_project_service_account",
      "name": "gcs_sa",
      "provider": "provider[\"registry.terraform.io/hashicorp/google\"]",
      "instances": [
        {
          "index_key": 0,
          "schema_version": 0,
          "attributes": {
            "email_address": "service-615991677963@gs-project-accounts.iam.gserviceaccount.com",
            "id": "service-615991677963@gs-project-accounts.iam.gserviceaccount.com",
            "project": "fs-50-dev-data-dwh-lnd-0",
            "user_project": null
          },
          "sensitive_attributes": []
        }
      ]
    },
    {
      "module": "module.data-platform.module.dwh-lnd-project",
      "mode": "managed",
      "type": "google_project",
      "name": "project",
      "provider": "provider[\"registry.terraform.io/hashicorp/google\"]",
      "instances": [
        {
          "index_key": 0,
          "schema_version": 1,
          "attributes": {
            "auto_create_network": false,
            "billing_account": "0181A7-4CC981-B7594C",
            "folder_id": "86898363966",
            "id": "projects/fs-50-dev-data-dwh-lnd-0",
            "labels": null,
            "name": "fs-50-dev-data-dwh-lnd-0",
            "number": "615991677963",
            "org_id": "",
            "project_id": "fs-50-dev-data-dwh-lnd-0",
            "skip_delete": false,
            "timeouts": null
          },
          "sensitive_attributes": [],
          "private": "eyJlMmJmYjczMC1lY2FhLTExZTYtOGY4OC0zNDM2M2JjN2M0YzAiOnsiY3JlYXRlIjo2MDAwMDAwMDAwMDAsImRlbGV0ZSI6NjAwMDAwMDAwMDAwLCJyZWFkIjo2MDAwMDAwMDAwMDAsInVwZGF0ZSI6NjAwMDAwMDAwMDAwfSwic2NoZW1hX3ZlcnNpb24iOiIxIn0="
        }
      ]
    },
    {
      "module": "module.data-platform.module.dwh-lnd-project",
      "mode": "managed",
      "type": "google_project_iam_binding",
      "name": "authoritative",
      "provider": "provider[\"registry.terraform.io/hashicorp/google\"]",
      "instances": [
        {
          "index_key": "roles/bigquery.dataEditor",
          "schema_version": 0,
          "attributes": {
            "condition": [],
            "etag": "BwXeV3EhrBA=",
            "id": "fs-50-dev-data-dwh-lnd-0/roles/bigquery.dataEditor",
            "members": [
              "group:gcp-data-engineers@caggioland.com"
            ],
            "project": "fs-50-dev-data-dwh-lnd-0",
            "role": "roles/bigquery.dataEditor"
          },
          "sensitive_attributes": [],
          "private": "bnVsbA==",
          "dependencies": [
            "module.data-platform.module.dwh-lnd-project.data.google_project.project",
            "module.data-platform.module.dwh-lnd-project.google_project.project",
            "module.data-platform.module.dwh-lnd-project.google_project_iam_custom_role.roles",
            "module.data-platform.module.dwh-lnd-project.google_project_service.project_services",
            "module.data-platform.module.load-project.data.google_bigquery_default_service_account.bq_sa",
            "module.data-platform.module.load-project.data.google_project.project",
            "module.data-platform.module.load-project.data.google_storage_project_service_account.gcs_sa",
            "module.data-platform.module.load-project.google_compute_shared_vpc_host_project.shared_vpc_host",
            "module.data-platform.module.load-project.google_compute_shared_vpc_service_project.service_projects",
            "module.data-platform.module.load-project.google_kms_crypto_key_iam_member.service_identity_cmek",
            "module.data-platform.module.load-project.google_project.project",
            "module.data-platform.module.load-project.google_project_iam_member.servicenetworking",
            "module.data-platform.module.load-project.google_project_iam_member.shared_vpc_host_robots",
            "module.data-platform.module.load-project.google_project_organization_policy.boolean",
            "module.data-platform.module.load-project.google_project_organization_policy.list",
            "module.data-platform.module.load-project.google_project_service.project_services",
            "module.data-platform.module.load-project.google_project_service_identity.jit_si",
            "module.data-platform.module.load-project.google_project_service_identity.servicenetworking",
            "module.data-platform.module.load-sa-df-0.data.google_service_account.service_account",
            "module.data-platform.module.load-sa-df-0.google_service_account.service_account",
            "module.data-platform.module.transf-project.data.google_bigquery_default_service_account.bq_sa",
            "module.data-platform.module.transf-project.data.google_project.project",
            "module.data-platform.module.transf-project.data.google_storage_project_service_account.gcs_sa",
            "module.data-platform.module.transf-project.google_compute_shared_vpc_host_project.shared_vpc_host",
            "module.data-platform.module.transf-project.google_compute_shared_vpc_service_project.service_projects",
            "module.data-platform.module.transf-project.google_kms_crypto_key_iam_member.service_identity_cmek",
            "module.data-platform.module.transf-project.google_project.project",
            "module.data-platform.module.transf-project.google_project_iam_member.servicenetworking",
            "module.data-platform.module.transf-project.google_project_iam_member.shared_vpc_host_robots",
            "module.data-platform.module.transf-project.google_project_organization_policy.boolean",
            "module.data-platform.module.transf-project.google_project_organization_policy.list",
            "module.data-platform.module.transf-project.google_project_service.project_services",
            "module.data-platform.module.transf-project.google_project_service_identity.jit_si",
            "module.data-platform.module.transf-project.google_project_service_identity.servicenetworking",
            "module.data-platform.module.transf-sa-bq-0.data.google_service_account.service_account",
            "module.data-platform.module.transf-sa-bq-0.google_service_account.service_account",
            "module.data-platform.module.transf-sa-df-0.data.google_service_account.service_account",
            "module.data-platform.module.transf-sa-df-0.google_service_account.service_account"
          ]
        },
        {
          "index_key": "roles/bigquery.dataOwner",
          "schema_version": 0,
          "attributes": {
            "condition": [],
            "etag": "BwXeV3EhrBA=",
            "id": "fs-50-dev-data-dwh-lnd-0/roles/bigquery.dataOwner",
            "members": [
              "serviceAccount:fs-50-dev-data-load-df-0@fs-50-dev-data-lod-0.iam.gserviceaccount.com",
              "serviceAccount:fs-50-dev-data-trf-bq-0@fs-50-dev-data-trf-0.iam.gserviceaccount.com",
              "serviceAccount:fs-50-dev-data-trf-df-0@fs-50-dev-data-trf-0.iam.gserviceaccount.com"
            ],
            "project": "fs-50-dev-data-dwh-lnd-0",
            "role": "roles/bigquery.dataOwner"
          },
          "sensitive_attributes": [],
          "private": "bnVsbA==",
          "dependencies": [
            "module.data-platform.module.dwh-lnd-project.data.google_project.project",
            "module.data-platform.module.dwh-lnd-project.google_project_iam_custom_role.roles",
            "module.data-platform.module.dwh-lnd-project.google_project_service.project_services",
            "module.data-platform.module.load-project.data.google_bigquery_default_service_account.bq_sa",
            "module.data-platform.module.load-project.data.google_project.project",
            "module.data-platform.module.load-project.data.google_storage_project_service_account.gcs_sa",
            "module.data-platform.module.load-project.google_compute_shared_vpc_host_project.shared_vpc_host",
            "module.data-platform.module.load-project.google_compute_shared_vpc_service_project.service_projects",
            "module.data-platform.module.load-project.google_project.project",
            "module.data-platform.module.dwh-lnd-project.google_project.project",
            "module.data-platform.module.load-project.google_kms_crypto_key_iam_member.service_identity_cmek",
            "module.data-platform.module.load-project.google_project_iam_member.servicenetworking",
            "module.data-platform.module.load-project.google_project_iam_member.shared_vpc_host_robots",
            "module.data-platform.module.load-project.google_project_organization_policy.boolean",
            "module.data-platform.module.load-project.google_project_organization_policy.list",
            "module.data-platform.module.load-project.google_project_service.project_services",
            "module.data-platform.module.load-project.google_project_service_identity.jit_si",
            "module.data-platform.module.load-project.google_project_service_identity.servicenetworking",
            "module.data-platform.module.load-sa-df-0.data.google_service_account.service_account",
            "module.data-platform.module.load-sa-df-0.google_service_account.service_account",
            "module.data-platform.module.transf-project.data.google_bigquery_default_service_account.bq_sa",
            "module.data-platform.module.transf-project.data.google_project.project",
            "module.data-platform.module.transf-project.data.google_storage_project_service_account.gcs_sa",
            "module.data-platform.module.transf-project.google_compute_shared_vpc_host_project.shared_vpc_host",
            "module.data-platform.module.transf-project.google_compute_shared_vpc_service_project.service_projects",
            "module.data-platform.module.transf-project.google_kms_crypto_key_iam_member.service_identity_cmek",
            "module.data-platform.module.transf-project.google_project.project",
            "module.data-platform.module.transf-project.google_project_iam_member.servicenetworking",
            "module.data-platform.module.transf-project.google_project_iam_member.shared_vpc_host_robots",
            "module.data-platform.module.transf-project.google_project_organization_policy.boolean",
            "module.data-platform.module.transf-project.google_project_organization_policy.list",
            "module.data-platform.module.transf-project.google_project_service.project_services",
            "module.data-platform.module.transf-project.google_project_service_identity.jit_si",
            "module.data-platform.module.transf-project.google_project_service_identity.servicenetworking",
            "module.data-platform.module.transf-sa-bq-0.data.google_service_account.service_account",
            "module.data-platform.module.transf-sa-bq-0.google_service_account.service_account",
            "module.data-platform.module.transf-sa-df-0.data.google_service_account.service_account",
            "module.data-platform.module.transf-sa-df-0.google_service_account.service_account"
          ]
        },
        {
          "index_key": "roles/bigquery.dataViewer",
          "schema_version": 0,
          "attributes": {
            "condition": [],
            "etag": "BwXeV3C0WrA=",
            "id": "fs-50-dev-data-dwh-lnd-0/roles/bigquery.dataViewer",
            "members": [
              "group:gcp-data-analysts@caggioland.com"
            ],
            "project": "fs-50-dev-data-dwh-lnd-0",
            "role": "roles/bigquery.dataViewer"
          },
          "sensitive_attributes": [],
          "private": "bnVsbA==",
          "dependencies": [
            "module.data-platform.module.dwh-lnd-project.data.google_project.project",
            "module.data-platform.module.dwh-lnd-project.google_project.project",
            "module.data-platform.module.dwh-lnd-project.google_project_iam_custom_role.roles",
            "module.data-platform.module.dwh-lnd-project.google_project_service.project_services",
            "module.data-platform.module.load-project.data.google_bigquery_default_service_account.bq_sa",
            "module.data-platform.module.load-project.data.google_project.project",
            "module.data-platform.module.load-project.data.google_storage_project_service_account.gcs_sa",
            "module.data-platform.module.load-project.google_compute_shared_vpc_host_project.shared_vpc_host",
            "module.data-platform.module.load-project.google_compute_shared_vpc_service_project.service_projects",
            "module.data-platform.module.load-project.google_kms_crypto_key_iam_member.service_identity_cmek",
            "module.data-platform.module.load-project.google_project.project",
            "module.data-platform.module.load-project.google_project_iam_member.shared_vpc_host_robots",
            "module.data-platform.module.load-project.google_project_iam_member.servicenetworking",
            "module.data-platform.module.transf-project.data.google_project.project",
            "module.data-platform.module.load-project.google_project_service.project_services",
            "module.data-platform.module.load-project.google_project_service_identity.jit_si",
            "module.data-platform.module.transf-project.data.google_bigquery_default_service_account.bq_sa",
            "module.data-platform.module.load-sa-df-0.data.google_service_account.service_account",
            "module.data-platform.module.load-project.google_project_organization_policy.boolean",
            "module.data-platform.module.load-project.google_project_organization_policy.list",
            "module.data-platform.module.load-project.google_project_service_identity.servicenetworking",
            "module.data-platform.module.load-sa-df-0.google_service_account.service_account",
            "module.data-platform.module.transf-project.data.google_storage_project_service_account.gcs_sa",
            "module.data-platform.module.transf-project.google_compute_shared_vpc_host_project.shared_vpc_host",
            "module.data-platform.module.transf-project.google_compute_shared_vpc_service_project.service_projects",
            "module.data-platform.module.transf-project.google_kms_crypto_key_iam_member.service_identity_cmek",
            "module.data-platform.module.transf-project.google_project.project",
            "module.data-platform.module.transf-project.google_project_iam_member.servicenetworking",
            "module.data-platform.module.transf-project.google_project_iam_member.shared_vpc_host_robots",
            "module.data-platform.module.transf-project.google_project_organization_policy.boolean",
            "module.data-platform.module.transf-project.google_project_organization_policy.list",
            "module.data-platform.module.transf-project.google_project_service.project_services",
            "module.data-platform.module.transf-project.google_project_service_identity.jit_si",
            "module.data-platform.module.transf-project.google_project_service_identity.servicenetworking",
            "module.data-platform.module.transf-sa-bq-0.data.google_service_account.service_account",
            "module.data-platform.module.transf-sa-bq-0.google_service_account.service_account",
            "module.data-platform.module.transf-sa-df-0.data.google_service_account.service_account",
            "module.data-platform.module.transf-sa-df-0.google_service_account.service_account"
          ]
        },
        {
          "index_key": "roles/bigquery.jobUser",
          "schema_version": 0,
          "attributes": {
            "condition": [],
            "etag": "BwXgC2eXae4=",
            "id": "fs-50-dev-data-dwh-lnd-0/roles/bigquery.jobUser",
            "members": [
              "group:gcp-data-analysts@caggioland.com",
              "group:gcp-data-engineers@caggioland.com",
              "serviceAccount:fs-50-dev-data-load-df-0@fs-50-dev-data-lod-0.iam.gserviceaccount.com"
            ],
            "project": "fs-50-dev-data-dwh-lnd-0",
            "role": "roles/bigquery.jobUser"
          },
          "sensitive_attributes": [],
          "private": "bnVsbA==",
          "dependencies": [
            "module.data-platform.module.load-project.google_project_service_identity.servicenetworking",
            "module.data-platform.module.dwh-lnd-project.data.google_project.project",
            "module.data-platform.module.dwh-lnd-project.google_project_iam_custom_role.roles",
            "module.data-platform.module.dwh-lnd-project.google_project_service.project_services",
            "module.data-platform.module.load-project.data.google_bigquery_default_service_account.bq_sa",
            "module.data-platform.module.load-project.data.google_project.project",
            "module.data-platform.module.load-project.data.google_storage_project_service_account.gcs_sa",
            "module.data-platform.module.load-project.google_compute_shared_vpc_host_project.shared_vpc_host",
            "module.data-platform.module.load-project.google_compute_shared_vpc_service_project.service_projects",
            "module.data-platform.module.load-project.google_kms_crypto_key_iam_member.service_identity_cmek",
            "module.data-platform.module.load-project.google_project.project",
            "module.data-platform.module.load-project.google_project_iam_member.servicenetworking",
            "module.data-platform.module.load-project.google_project_iam_member.shared_vpc_host_robots",
            "module.data-platform.module.load-project.google_project_service.project_services",
            "module.data-platform.module.dwh-lnd-project.google_project.project",
            "module.data-platform.module.load-project.google_project_organization_policy.list",
            "module.data-platform.module.load-project.google_project_service_identity.jit_si",
            "module.data-platform.module.load-sa-df-0.data.google_service_account.service_account",
            "module.data-platform.module.load-sa-df-0.google_service_account.service_account",
            "module.data-platform.module.transf-project.data.google_bigquery_default_service_account.bq_sa",
            "module.data-platform.module.transf-project.data.google_project.project",
            "module.data-platform.module.transf-project.data.google_storage_project_service_account.gcs_sa",
            "module.data-platform.module.transf-project.google_compute_shared_vpc_host_project.shared_vpc_host",
            "module.data-platform.module.transf-project.google_compute_shared_vpc_service_project.service_projects",
            "module.data-platform.module.transf-project.google_kms_crypto_key_iam_member.service_identity_cmek",
            "module.data-platform.module.transf-project.google_project.project",
            "module.data-platform.module.load-project.google_project_organization_policy.boolean",
            "module.data-platform.module.transf-project.google_project_iam_member.servicenetworking",
            "module.data-platform.module.transf-project.google_project_iam_member.shared_vpc_host_robots",
            "module.data-platform.module.transf-project.google_project_organization_policy.boolean",
            "module.data-platform.module.transf-project.google_project_organization_policy.list",
            "module.data-platform.module.transf-project.google_project_service.project_services",
            "module.data-platform.module.transf-project.google_project_service_identity.jit_si",
            "module.data-platform.module.transf-project.google_project_service_identity.servicenetworking",
            "module.data-platform.module.transf-sa-bq-0.data.google_service_account.service_account",
            "module.data-platform.module.transf-sa-bq-0.google_service_account.service_account",
            "module.data-platform.module.transf-sa-df-0.data.google_service_account.service_account",
            "module.data-platform.module.transf-sa-df-0.google_service_account.service_account"
          ]
        },
        {
          "index_key": "roles/bigquery.metadataViewer",
          "schema_version": 0,
          "attributes": {
            "condition": [],
            "etag": "BwXeV3EhrBA=",
            "id": "fs-50-dev-data-dwh-lnd-0/roles/bigquery.metadataViewer",
            "members": [
              "group:gcp-data-analysts@caggioland.com"
            ],
            "project": "fs-50-dev-data-dwh-lnd-0",
            "role": "roles/bigquery.metadataViewer"
          },
          "sensitive_attributes": [],
          "private": "bnVsbA==",
          "dependencies": [
            "module.data-platform.module.dwh-lnd-project.google_project.project",
            "module.data-platform.module.dwh-lnd-project.google_project_iam_custom_role.roles",
            "module.data-platform.module.dwh-lnd-project.google_project_service.project_services",
            "module.data-platform.module.load-project.data.google_bigquery_default_service_account.bq_sa",
            "module.data-platform.module.load-project.data.google_project.project",
            "module.data-platform.module.load-project.data.google_storage_project_service_account.gcs_sa",
            "module.data-platform.module.load-project.google_compute_shared_vpc_host_project.shared_vpc_host",
            "module.data-platform.module.load-project.google_kms_crypto_key_iam_member.service_identity_cmek",
            "module.data-platform.module.load-project.google_project.project",
            "module.data-platform.module.load-project.google_project_iam_member.servicenetworking",
            "module.data-platform.module.load-project.google_project_iam_member.shared_vpc_host_robots",
            "module.data-platform.module.load-project.google_project_organization_policy.boolean",
            "module.data-platform.module.transf-project.data.google_storage_project_service_account.gcs_sa",
            "module.data-platform.module.load-project.google_compute_shared_vpc_service_project.service_projects",
            "module.data-platform.module.load-project.google_project_organization_policy.list",
            "module.data-platform.module.load-project.google_project_service.project_services",
            "module.data-platform.module.load-project.google_project_service_identity.jit_si",
            "module.data-platform.module.load-project.google_project_service_identity.servicenetworking",
            "module.data-platform.module.dwh-lnd-project.data.google_project.project",
            "module.data-platform.module.load-sa-df-0.data.google_service_account.service_account",
            "module.data-platform.module.load-sa-df-0.google_service_account.service_account",
            "module.data-platform.module.transf-project.data.google_bigquery_default_service_account.bq_sa",
            "module.data-platform.module.transf-project.data.google_project.project",
            "module.data-platform.module.transf-project.google_compute_shared_vpc_host_project.shared_vpc_host",
            "module.data-platform.module.transf-project.google_compute_shared_vpc_service_project.service_projects",
            "module.data-platform.module.transf-project.google_kms_crypto_key_iam_member.service_identity_cmek",
            "module.data-platform.module.transf-project.google_project.project",
            "module.data-platform.module.transf-project.google_project_iam_member.shared_vpc_host_robots",
            "module.data-platform.module.transf-project.google_project_iam_member.servicenetworking",
            "module.data-platform.module.transf-project.google_project_organization_policy.boolean",
            "module.data-platform.module.transf-project.google_project_organization_policy.list",
            "module.data-platform.module.transf-project.google_project_service.project_services",
            "module.data-platform.module.transf-project.google_project_service_identity.jit_si",
            "module.data-platform.module.transf-project.google_project_service_identity.servicenetworking",
            "module.data-platform.module.transf-sa-bq-0.data.google_service_account.service_account",
            "module.data-platform.module.transf-sa-bq-0.google_service_account.service_account",
            "module.data-platform.module.transf-sa-df-0.data.google_service_account.service_account",
            "module.data-platform.module.transf-sa-df-0.google_service_account.service_account"
          ]
        },
        {
          "index_key": "roles/bigquery.user",
          "schema_version": 0,
          "attributes": {
            "condition": [],
            "etag": "BwXeV3EhrBA=",
            "id": "fs-50-dev-data-dwh-lnd-0/roles/bigquery.user",
            "members": [
              "group:gcp-data-analysts@caggioland.com"
            ],
            "project": "fs-50-dev-data-dwh-lnd-0",
            "role": "roles/bigquery.user"
          },
          "sensitive_attributes": [],
          "private": "bnVsbA==",
          "dependencies": [
            "module.data-platform.module.dwh-lnd-project.data.google_project.project",
            "module.data-platform.module.dwh-lnd-project.google_project.project",
            "module.data-platform.module.dwh-lnd-project.google_project_iam_custom_role.roles",
            "module.data-platform.module.dwh-lnd-project.google_project_service.project_services",
            "module.data-platform.module.load-project.data.google_bigquery_default_service_account.bq_sa",
            "module.data-platform.module.load-project.data.google_project.project",
            "module.data-platform.module.load-project.data.google_storage_project_service_account.gcs_sa",
            "module.data-platform.module.load-project.google_compute_shared_vpc_host_project.shared_vpc_host",
            "module.data-platform.module.load-project.google_compute_shared_vpc_service_project.service_projects",
            "module.data-platform.module.load-project.google_kms_crypto_key_iam_member.service_identity_cmek",
            "module.data-platform.module.load-project.google_project.project",
            "module.data-platform.module.load-project.google_project_iam_member.servicenetworking",
            "module.data-platform.module.load-project.google_project_iam_member.shared_vpc_host_robots",
            "module.data-platform.module.load-project.google_project_organization_policy.boolean",
            "module.data-platform.module.load-project.google_project_organization_policy.list",
            "module.data-platform.module.load-project.google_project_service.project_services",
            "module.data-platform.module.load-project.google_project_service_identity.jit_si",
            "module.data-platform.module.load-project.google_project_service_identity.servicenetworking",
            "module.data-platform.module.load-sa-df-0.data.google_service_account.service_account",
            "module.data-platform.module.load-sa-df-0.google_service_account.service_account",
            "module.data-platform.module.transf-project.data.google_bigquery_default_service_account.bq_sa",
            "module.data-platform.module.transf-project.data.google_project.project",
            "module.data-platform.module.transf-project.data.google_storage_project_service_account.gcs_sa",
            "module.data-platform.module.transf-project.google_compute_shared_vpc_host_project.shared_vpc_host",
            "module.data-platform.module.transf-project.google_compute_shared_vpc_service_project.service_projects",
            "module.data-platform.module.transf-project.google_kms_crypto_key_iam_member.service_identity_cmek",
            "module.data-platform.module.transf-project.google_project.project",
            "module.data-platform.module.transf-project.google_project_iam_member.servicenetworking",
            "module.data-platform.module.transf-project.google_project_iam_member.shared_vpc_host_robots",
            "module.data-platform.module.transf-project.google_project_organization_policy.boolean",
            "module.data-platform.module.transf-project.google_project_organization_policy.list",
            "module.data-platform.module.transf-project.google_project_service.project_services",
            "module.data-platform.module.transf-project.google_project_service_identity.jit_si",
            "module.data-platform.module.transf-project.google_project_service_identity.servicenetworking",
            "module.data-platform.module.transf-sa-bq-0.data.google_service_account.service_account",
            "module.data-platform.module.transf-sa-bq-0.google_service_account.service_account",
            "module.data-platform.module.transf-sa-df-0.data.google_service_account.service_account",
            "module.data-platform.module.transf-sa-df-0.google_service_account.service_account"
          ]
        },
        {
          "index_key": "roles/datacatalog.categoryAdmin",
          "schema_version": 0,
          "attributes": {
            "condition": [],
            "etag": "BwXeV3EhrBA=",
            "id": "fs-50-dev-data-dwh-lnd-0/roles/datacatalog.categoryAdmin",
            "members": [
              "serviceAccount:fs-50-dev-data-trf-bq-0@fs-50-dev-data-trf-0.iam.gserviceaccount.com"
            ],
            "project": "fs-50-dev-data-dwh-lnd-0",
            "role": "roles/datacatalog.categoryAdmin"
          },
          "sensitive_attributes": [],
          "private": "bnVsbA==",
          "dependencies": [
            "module.data-platform.module.dwh-lnd-project.data.google_project.project",
            "module.data-platform.module.dwh-lnd-project.google_project.project",
            "module.data-platform.module.dwh-lnd-project.google_project_iam_custom_role.roles",
            "module.data-platform.module.dwh-lnd-project.google_project_service.project_services",
            "module.data-platform.module.load-project.data.google_bigquery_default_service_account.bq_sa",
            "module.data-platform.module.load-project.data.google_project.project",
            "module.data-platform.module.load-project.data.google_storage_project_service_account.gcs_sa",
            "module.data-platform.module.load-project.google_compute_shared_vpc_host_project.shared_vpc_host",
            "module.data-platform.module.load-project.google_compute_shared_vpc_service_project.service_projects",
            "module.data-platform.module.load-project.google_kms_crypto_key_iam_member.service_identity_cmek",
            "module.data-platform.module.load-project.google_project.project",
            "module.data-platform.module.load-project.google_project_iam_member.servicenetworking",
            "module.data-platform.module.load-project.google_project_iam_member.shared_vpc_host_robots",
            "module.data-platform.module.load-project.google_project_organization_policy.boolean",
            "module.data-platform.module.load-project.google_project_organization_policy.list",
            "module.data-platform.module.load-project.google_project_service.project_services",
            "module.data-platform.module.load-project.google_project_service_identity.jit_si",
            "module.data-platform.module.load-project.google_project_service_identity.servicenetworking",
            "module.data-platform.module.load-sa-df-0.data.google_service_account.service_account",
            "module.data-platform.module.load-sa-df-0.google_service_account.service_account",
            "module.data-platform.module.transf-project.data.google_bigquery_default_service_account.bq_sa",
            "module.data-platform.module.transf-project.data.google_project.project",
            "module.data-platform.module.transf-project.data.google_storage_project_service_account.gcs_sa",
            "module.data-platform.module.transf-project.google_compute_shared_vpc_host_project.shared_vpc_host",
            "module.data-platform.module.transf-project.google_compute_shared_vpc_service_project.service_projects",
            "module.data-platform.module.transf-project.google_kms_crypto_key_iam_member.service_identity_cmek",
            "module.data-platform.module.transf-project.google_project.project",
            "module.data-platform.module.transf-project.google_project_iam_member.servicenetworking",
            "module.data-platform.module.transf-project.google_project_iam_member.shared_vpc_host_robots",
            "module.data-platform.module.transf-project.google_project_organization_policy.boolean",
            "module.data-platform.module.transf-project.google_project_organization_policy.list",
            "module.data-platform.module.transf-project.google_project_service.project_services",
            "module.data-platform.module.transf-project.google_project_service_identity.jit_si",
            "module.data-platform.module.transf-project.google_project_service_identity.servicenetworking",
            "module.data-platform.module.transf-sa-bq-0.data.google_service_account.service_account",
            "module.data-platform.module.transf-sa-bq-0.google_service_account.service_account",
            "module.data-platform.module.transf-sa-df-0.data.google_service_account.service_account",
            "module.data-platform.module.transf-sa-df-0.google_service_account.service_account"
          ]
        },
        {
          "index_key": "roles/datacatalog.tagTemplateViewer",
          "schema_version": 0,
          "attributes": {
            "condition": [],
            "etag": "BwXeV3EhrBA=",
            "id": "fs-50-dev-data-dwh-lnd-0/roles/datacatalog.tagTemplateViewer",
            "members": [
              "group:gcp-data-analysts@caggioland.com"
            ],
            "project": "fs-50-dev-data-dwh-lnd-0",
            "role": "roles/datacatalog.tagTemplateViewer"
          },
          "sensitive_attributes": [],
          "private": "bnVsbA==",
          "dependencies": [
            "module.data-platform.module.dwh-lnd-project.data.google_project.project",
            "module.data-platform.module.dwh-lnd-project.google_project.project",
            "module.data-platform.module.dwh-lnd-project.google_project_iam_custom_role.roles",
            "module.data-platform.module.dwh-lnd-project.google_project_service.project_services",
            "module.data-platform.module.load-project.data.google_bigquery_default_service_account.bq_sa",
            "module.data-platform.module.load-project.data.google_project.project",
            "module.data-platform.module.load-project.data.google_storage_project_service_account.gcs_sa",
            "module.data-platform.module.load-project.google_compute_shared_vpc_host_project.shared_vpc_host",
            "module.data-platform.module.load-project.google_compute_shared_vpc_service_project.service_projects",
            "module.data-platform.module.load-project.google_kms_crypto_key_iam_member.service_identity_cmek",
            "module.data-platform.module.load-project.google_project.project",
            "module.data-platform.module.load-project.google_project_iam_member.shared_vpc_host_robots",
            "module.data-platform.module.load-project.google_project_iam_member.servicenetworking",
            "module.data-platform.module.load-project.google_project_organization_policy.boolean",
            "module.data-platform.module.load-project.google_project_organization_policy.list",
            "module.data-platform.module.load-project.google_project_service.project_services",
            "module.data-platform.module.load-project.google_project_service_identity.jit_si",
            "module.data-platform.module.load-project.google_project_service_identity.servicenetworking",
            "module.data-platform.module.load-sa-df-0.data.google_service_account.service_account",
            "module.data-platform.module.load-sa-df-0.google_service_account.service_account",
            "module.data-platform.module.transf-project.data.google_bigquery_default_service_account.bq_sa",
            "module.data-platform.module.transf-project.data.google_project.project",
            "module.data-platform.module.transf-project.data.google_storage_project_service_account.gcs_sa",
            "module.data-platform.module.transf-project.google_compute_shared_vpc_host_project.shared_vpc_host",
            "module.data-platform.module.transf-project.google_compute_shared_vpc_service_project.service_projects",
            "module.data-platform.module.transf-project.google_kms_crypto_key_iam_member.service_identity_cmek",
            "module.data-platform.module.transf-project.google_project.project",
            "module.data-platform.module.transf-project.google_project_iam_member.servicenetworking",
            "module.data-platform.module.transf-project.google_project_iam_member.shared_vpc_host_robots",
            "module.data-platform.module.transf-project.google_project_organization_policy.boolean",
            "module.data-platform.module.transf-project.google_project_organization_policy.list",
            "module.data-platform.module.transf-project.google_project_service.project_services",
            "module.data-platform.module.transf-project.google_project_service_identity.jit_si",
            "module.data-platform.module.transf-project.google_project_service_identity.servicenetworking",
            "module.data-platform.module.transf-sa-bq-0.data.google_service_account.service_account",
            "module.data-platform.module.transf-sa-bq-0.google_service_account.service_account",
            "module.data-platform.module.transf-sa-df-0.data.google_service_account.service_account",
            "module.data-platform.module.transf-sa-df-0.google_service_account.service_account"
          ]
        },
        {
          "index_key": "roles/datacatalog.viewer",
          "schema_version": 0,
          "attributes": {
            "condition": [],
            "etag": "BwXeV3EhrBA=",
            "id": "fs-50-dev-data-dwh-lnd-0/roles/datacatalog.viewer",
            "members": [
              "group:gcp-data-analysts@caggioland.com"
            ],
            "project": "fs-50-dev-data-dwh-lnd-0",
            "role": "roles/datacatalog.viewer"
          },
          "sensitive_attributes": [],
          "private": "bnVsbA==",
          "dependencies": [
            "module.data-platform.module.dwh-lnd-project.google_project.project",
            "module.data-platform.module.dwh-lnd-project.google_project_iam_custom_role.roles",
            "module.data-platform.module.dwh-lnd-project.data.google_project.project",
            "module.data-platform.module.dwh-lnd-project.google_project_service.project_services",
            "module.data-platform.module.load-project.data.google_bigquery_default_service_account.bq_sa",
            "module.data-platform.module.load-project.data.google_project.project",
            "module.data-platform.module.load-project.data.google_storage_project_service_account.gcs_sa",
            "module.data-platform.module.load-project.google_compute_shared_vpc_host_project.shared_vpc_host",
            "module.data-platform.module.load-project.google_compute_shared_vpc_service_project.service_projects",
            "module.data-platform.module.load-project.google_kms_crypto_key_iam_member.service_identity_cmek",
            "module.data-platform.module.load-project.google_project.project",
            "module.data-platform.module.load-project.google_project_iam_member.servicenetworking",
            "module.data-platform.module.load-project.google_project_iam_member.shared_vpc_host_robots",
            "module.data-platform.module.load-project.google_project_organization_policy.boolean",
            "module.data-platform.module.load-project.google_project_organization_policy.list",
            "module.data-platform.module.load-project.google_project_service.project_services",
            "module.data-platform.module.load-project.google_project_service_identity.jit_si",
            "module.data-platform.module.load-project.google_project_service_identity.servicenetworking",
            "module.data-platform.module.load-sa-df-0.data.google_service_account.service_account",
            "module.data-platform.module.load-sa-df-0.google_service_account.service_account",
            "module.data-platform.module.transf-project.data.google_bigquery_default_service_account.bq_sa",
            "module.data-platform.module.transf-project.data.google_project.project",
            "module.data-platform.module.transf-project.data.google_storage_project_service_account.gcs_sa",
            "module.data-platform.module.transf-project.google_compute_shared_vpc_host_project.shared_vpc_host",
            "module.data-platform.module.transf-project.google_compute_shared_vpc_service_project.service_projects",
            "module.data-platform.module.transf-project.google_kms_crypto_key_iam_member.service_identity_cmek",
            "module.data-platform.module.transf-project.google_project.project",
            "module.data-platform.module.transf-project.google_project_iam_member.servicenetworking",
            "module.data-platform.module.transf-project.google_project_iam_member.shared_vpc_host_robots",
            "module.data-platform.module.transf-project.google_project_organization_policy.boolean",
            "module.data-platform.module.transf-project.google_project_organization_policy.list",
            "module.data-platform.module.transf-project.google_project_service.project_services",
            "module.data-platform.module.transf-project.google_project_service_identity.jit_si",
            "module.data-platform.module.transf-project.google_project_service_identity.servicenetworking",
            "module.data-platform.module.transf-sa-bq-0.data.google_service_account.service_account",
            "module.data-platform.module.transf-sa-bq-0.google_service_account.service_account",
            "module.data-platform.module.transf-sa-df-0.data.google_service_account.service_account",
            "module.data-platform.module.transf-sa-df-0.google_service_account.service_account"
          ]
        },
        {
          "index_key": "roles/storage.admin",
          "schema_version": 0,
          "attributes": {
            "condition": [],
            "etag": "BwXeV3C0WrA=",
            "id": "fs-50-dev-data-dwh-lnd-0/roles/storage.admin",
            "members": [
              "group:gcp-data-engineers@caggioland.com"
            ],
            "project": "fs-50-dev-data-dwh-lnd-0",
            "role": "roles/storage.admin"
          },
          "sensitive_attributes": [],
          "private": "bnVsbA==",
          "dependencies": [
            "module.data-platform.module.dwh-lnd-project.data.google_project.project",
            "module.data-platform.module.dwh-lnd-project.google_project.project",
            "module.data-platform.module.dwh-lnd-project.google_project_iam_custom_role.roles",
            "module.data-platform.module.dwh-lnd-project.google_project_service.project_services",
            "module.data-platform.module.load-project.data.google_bigquery_default_service_account.bq_sa",
            "module.data-platform.module.load-project.data.google_project.project",
            "module.data-platform.module.load-project.data.google_storage_project_service_account.gcs_sa",
            "module.data-platform.module.load-project.google_compute_shared_vpc_host_project.shared_vpc_host",
            "module.data-platform.module.load-project.google_compute_shared_vpc_service_project.service_projects",
            "module.data-platform.module.load-project.google_kms_crypto_key_iam_member.service_identity_cmek",
            "module.data-platform.module.load-project.google_project.project",
            "module.data-platform.module.load-project.google_project_iam_member.servicenetworking",
            "module.data-platform.module.load-project.google_project_iam_member.shared_vpc_host_robots",
            "module.data-platform.module.load-project.google_project_organization_policy.boolean",
            "module.data-platform.module.load-project.google_project_organization_policy.list",
            "module.data-platform.module.load-project.google_project_service.project_services",
            "module.data-platform.module.load-project.google_project_service_identity.jit_si",
            "module.data-platform.module.load-project.google_project_service_identity.servicenetworking",
            "module.data-platform.module.load-sa-df-0.data.google_service_account.service_account",
            "module.data-platform.module.load-sa-df-0.google_service_account.service_account",
            "module.data-platform.module.transf-project.data.google_bigquery_default_service_account.bq_sa",
            "module.data-platform.module.transf-project.data.google_project.project",
            "module.data-platform.module.transf-project.data.google_storage_project_service_account.gcs_sa",
            "module.data-platform.module.transf-project.google_compute_shared_vpc_host_project.shared_vpc_host",
            "module.data-platform.module.transf-project.google_compute_shared_vpc_service_project.service_projects",
            "module.data-platform.module.transf-project.google_kms_crypto_key_iam_member.service_identity_cmek",
            "module.data-platform.module.transf-project.google_project.project",
            "module.data-platform.module.transf-project.google_project_iam_member.servicenetworking",
            "module.data-platform.module.transf-project.google_project_iam_member.shared_vpc_host_robots",
            "module.data-platform.module.transf-project.google_project_organization_policy.boolean",
            "module.data-platform.module.transf-project.google_project_organization_policy.list",
            "module.data-platform.module.transf-project.google_project_service.project_services",
            "module.data-platform.module.transf-project.google_project_service_identity.jit_si",
            "module.data-platform.module.transf-project.google_project_service_identity.servicenetworking",
            "module.data-platform.module.transf-sa-bq-0.data.google_service_account.service_account",
            "module.data-platform.module.transf-sa-bq-0.google_service_account.service_account",
            "module.data-platform.module.transf-sa-df-0.data.google_service_account.service_account",
            "module.data-platform.module.transf-sa-df-0.google_service_account.service_account"
          ]
        },
        {
          "index_key": "roles/storage.objectCreator",
          "schema_version": 0,
          "attributes": {
            "condition": [],
            "etag": "BwXeV3EhrBA=",
            "id": "fs-50-dev-data-dwh-lnd-0/roles/storage.objectCreator",
            "members": [
              "serviceAccount:fs-50-dev-data-load-df-0@fs-50-dev-data-lod-0.iam.gserviceaccount.com"
            ],
            "project": "fs-50-dev-data-dwh-lnd-0",
            "role": "roles/storage.objectCreator"
          },
          "sensitive_attributes": [],
          "private": "bnVsbA==",
          "dependencies": [
            "module.data-platform.module.dwh-lnd-project.data.google_project.project",
            "module.data-platform.module.dwh-lnd-project.google_project.project",
            "module.data-platform.module.dwh-lnd-project.google_project_iam_custom_role.roles",
            "module.data-platform.module.dwh-lnd-project.google_project_service.project_services",
            "module.data-platform.module.load-project.data.google_bigquery_default_service_account.bq_sa",
            "module.data-platform.module.load-project.data.google_project.project",
            "module.data-platform.module.load-project.data.google_storage_project_service_account.gcs_sa",
            "module.data-platform.module.load-project.google_compute_shared_vpc_host_project.shared_vpc_host",
            "module.data-platform.module.load-project.google_compute_shared_vpc_service_project.service_projects",
            "module.data-platform.module.load-project.google_kms_crypto_key_iam_member.service_identity_cmek",
            "module.data-platform.module.load-project.google_project.project",
            "module.data-platform.module.load-project.google_project_iam_member.servicenetworking",
            "module.data-platform.module.load-project.google_project_iam_member.shared_vpc_host_robots",
            "module.data-platform.module.load-project.google_project_organization_policy.boolean",
            "module.data-platform.module.load-project.google_project_organization_policy.list",
            "module.data-platform.module.load-project.google_project_service.project_services",
            "module.data-platform.module.load-project.google_project_service_identity.jit_si",
            "module.data-platform.module.load-project.google_project_service_identity.servicenetworking",
            "module.data-platform.module.load-sa-df-0.data.google_service_account.service_account",
            "module.data-platform.module.load-sa-df-0.google_service_account.service_account",
            "module.data-platform.module.transf-project.data.google_bigquery_default_service_account.bq_sa",
            "module.data-platform.module.transf-project.data.google_project.project",
            "module.data-platform.module.transf-project.data.google_storage_project_service_account.gcs_sa",
            "module.data-platform.module.transf-project.google_compute_shared_vpc_host_project.shared_vpc_host",
            "module.data-platform.module.transf-project.google_compute_shared_vpc_service_project.service_projects",
            "module.data-platform.module.transf-project.google_kms_crypto_key_iam_member.service_identity_cmek",
            "module.data-platform.module.transf-project.google_project.project",
            "module.data-platform.module.transf-project.google_project_iam_member.servicenetworking",
            "module.data-platform.module.transf-project.google_project_iam_member.shared_vpc_host_robots",
            "module.data-platform.module.transf-project.google_project_organization_policy.boolean",
            "module.data-platform.module.transf-project.google_project_organization_policy.list",
            "module.data-platform.module.transf-project.google_project_service.project_services",
            "module.data-platform.module.transf-project.google_project_service_identity.jit_si",
            "module.data-platform.module.transf-project.google_project_service_identity.servicenetworking",
            "module.data-platform.module.transf-sa-bq-0.data.google_service_account.service_account",
            "module.data-platform.module.transf-sa-bq-0.google_service_account.service_account",
            "module.data-platform.module.transf-sa-df-0.data.google_service_account.service_account",
            "module.data-platform.module.transf-sa-df-0.google_service_account.service_account"
          ]
        },
        {
          "index_key": "roles/storage.objectViewer",
          "schema_version": 0,
          "attributes": {
            "condition": [],
            "etag": "BwXeV3EhrBA=",
            "id": "fs-50-dev-data-dwh-lnd-0/roles/storage.objectViewer",
            "members": [
              "group:gcp-data-analysts@caggioland.com"
            ],
            "project": "fs-50-dev-data-dwh-lnd-0",
            "role": "roles/storage.objectViewer"
          },
          "sensitive_attributes": [],
          "private": "bnVsbA==",
          "dependencies": [
            "module.data-platform.module.dwh-lnd-project.data.google_project.project",
            "module.data-platform.module.dwh-lnd-project.google_project_iam_custom_role.roles",
            "module.data-platform.module.dwh-lnd-project.google_project_service.project_services",
            "module.data-platform.module.load-project.data.google_bigquery_default_service_account.bq_sa",
            "module.data-platform.module.load-project.data.google_project.project",
            "module.data-platform.module.load-project.data.google_storage_project_service_account.gcs_sa",
            "module.data-platform.module.load-project.google_compute_shared_vpc_host_project.shared_vpc_host",
            "module.data-platform.module.load-project.google_project.project",
            "module.data-platform.module.load-project.google_compute_shared_vpc_service_project.service_projects",
            "module.data-platform.module.dwh-lnd-project.google_project.project",
            "module.data-platform.module.load-project.google_kms_crypto_key_iam_member.service_identity_cmek",
            "module.data-platform.module.load-project.google_project_iam_member.servicenetworking",
            "module.data-platform.module.load-project.google_project_iam_member.shared_vpc_host_robots",
            "module.data-platform.module.load-project.google_project_organization_policy.boolean",
            "module.data-platform.module.load-project.google_project_organization_policy.list",
            "module.data-platform.module.load-project.google_project_service.project_services",
            "module.data-platform.module.load-project.google_project_service_identity.jit_si",
            "module.data-platform.module.load-project.google_project_service_identity.servicenetworking",
            "module.data-platform.module.load-sa-df-0.data.google_service_account.service_account",
            "module.data-platform.module.load-sa-df-0.google_service_account.service_account",
            "module.data-platform.module.transf-project.data.google_bigquery_default_service_account.bq_sa",
            "module.data-platform.module.transf-project.data.google_project.project",
            "module.data-platform.module.transf-project.data.google_storage_project_service_account.gcs_sa",
            "module.data-platform.module.transf-project.google_compute_shared_vpc_host_project.shared_vpc_host",
            "module.data-platform.module.transf-project.google_compute_shared_vpc_service_project.service_projects",
            "module.data-platform.module.transf-project.google_kms_crypto_key_iam_member.service_identity_cmek",
            "module.data-platform.module.transf-project.google_project.project",
            "module.data-platform.module.transf-project.google_project_iam_member.servicenetworking",
            "module.data-platform.module.transf-project.google_project_iam_member.shared_vpc_host_robots",
            "module.data-platform.module.transf-project.google_project_organization_policy.boolean",
            "module.data-platform.module.transf-project.google_project_organization_policy.list",
            "module.data-platform.module.transf-project.google_project_service.project_services",
            "module.data-platform.module.transf-project.google_project_service_identity.jit_si",
            "module.data-platform.module.transf-project.google_project_service_identity.servicenetworking",
            "module.data-platform.module.transf-sa-bq-0.data.google_service_account.service_account",
            "module.data-platform.module.transf-sa-bq-0.google_service_account.service_account",
            "module.data-platform.module.transf-sa-df-0.data.google_service_account.service_account",
            "module.data-platform.module.transf-sa-df-0.google_service_account.service_account"
          ]
        }
      ]
    },
    {
      "module": "module.data-platform.module.dwh-lnd-project",
      "mode": "managed",
      "type": "google_project_iam_member",
      "name": "servicenetworking",
      "provider": "provider[\"registry.terraform.io/hashicorp/google\"]",
      "instances": [
        {
          "index_key": 0,
          "schema_version": 0,
          "attributes": {
            "condition": [],
            "etag": "BwXeV2oDxlo=",
            "id": "fs-50-dev-data-dwh-lnd-0/roles/servicenetworking.serviceAgent/serviceAccount:service-615991677963@service-networking.iam.gserviceaccount.com",
            "member": "serviceAccount:service-615991677963@service-networking.iam.gserviceaccount.com",
            "project": "fs-50-dev-data-dwh-lnd-0",
            "role": "roles/servicenetworking.serviceAgent"
          },
          "sensitive_attributes": [],
          "private": "bnVsbA==",
          "dependencies": [
            "module.data-platform.module.dwh-lnd-project.data.google_project.project",
            "module.data-platform.module.dwh-lnd-project.google_project.project",
            "module.data-platform.module.dwh-lnd-project.google_project_service.project_services",
            "module.data-platform.module.dwh-lnd-project.google_project_service_identity.servicenetworking"
          ]
        }
      ]
    },
    {
      "module": "module.data-platform.module.dwh-lnd-project",
      "mode": "managed",
      "type": "google_project_service",
      "name": "project_services",
      "provider": "provider[\"registry.terraform.io/hashicorp/google\"]",
      "instances": [
        {
          "index_key": "bigquery.googleapis.com",
          "schema_version": 0,
          "attributes": {
            "disable_dependent_services": true,
            "disable_on_destroy": true,
            "id": "fs-50-dev-data-dwh-lnd-0/bigquery.googleapis.com",
            "project": "fs-50-dev-data-dwh-lnd-0",
            "service": "bigquery.googleapis.com",
            "timeouts": null
          },
          "sensitive_attributes": [],
          "private": "eyJlMmJmYjczMC1lY2FhLTExZTYtOGY4OC0zNDM2M2JjN2M0YzAiOnsiY3JlYXRlIjoxMjAwMDAwMDAwMDAwLCJkZWxldGUiOjEyMDAwMDAwMDAwMDAsInJlYWQiOjYwMDAwMDAwMDAwMCwidXBkYXRlIjoxMjAwMDAwMDAwMDAwfX0=",
          "dependencies": [
            "module.data-platform.module.dwh-lnd-project.data.google_project.project",
            "module.data-platform.module.dwh-lnd-project.google_project.project"
          ]
        },
        {
          "index_key": "bigqueryreservation.googleapis.com",
          "schema_version": 0,
          "attributes": {
            "disable_dependent_services": true,
            "disable_on_destroy": true,
            "id": "fs-50-dev-data-dwh-lnd-0/bigqueryreservation.googleapis.com",
            "project": "fs-50-dev-data-dwh-lnd-0",
            "service": "bigqueryreservation.googleapis.com",
            "timeouts": null
          },
          "sensitive_attributes": [],
          "private": "eyJlMmJmYjczMC1lY2FhLTExZTYtOGY4OC0zNDM2M2JjN2M0YzAiOnsiY3JlYXRlIjoxMjAwMDAwMDAwMDAwLCJkZWxldGUiOjEyMDAwMDAwMDAwMDAsInJlYWQiOjYwMDAwMDAwMDAwMCwidXBkYXRlIjoxMjAwMDAwMDAwMDAwfX0=",
          "dependencies": [
            "module.data-platform.module.dwh-lnd-project.data.google_project.project",
            "module.data-platform.module.dwh-lnd-project.google_project.project"
          ]
        },
        {
          "index_key": "bigquerystorage.googleapis.com",
          "schema_version": 0,
          "attributes": {
            "disable_dependent_services": true,
            "disable_on_destroy": true,
            "id": "fs-50-dev-data-dwh-lnd-0/bigquerystorage.googleapis.com",
            "project": "fs-50-dev-data-dwh-lnd-0",
            "service": "bigquerystorage.googleapis.com",
            "timeouts": null
          },
          "sensitive_attributes": [],
          "private": "eyJlMmJmYjczMC1lY2FhLTExZTYtOGY4OC0zNDM2M2JjN2M0YzAiOnsiY3JlYXRlIjoxMjAwMDAwMDAwMDAwLCJkZWxldGUiOjEyMDAwMDAwMDAwMDAsInJlYWQiOjYwMDAwMDAwMDAwMCwidXBkYXRlIjoxMjAwMDAwMDAwMDAwfX0=",
          "dependencies": [
            "module.data-platform.module.dwh-lnd-project.data.google_project.project",
            "module.data-platform.module.dwh-lnd-project.google_project.project"
          ]
        },
        {
          "index_key": "cloudkms.googleapis.com",
          "schema_version": 0,
          "attributes": {
            "disable_dependent_services": true,
            "disable_on_destroy": true,
            "id": "fs-50-dev-data-dwh-lnd-0/cloudkms.googleapis.com",
            "project": "fs-50-dev-data-dwh-lnd-0",
            "service": "cloudkms.googleapis.com",
            "timeouts": null
          },
          "sensitive_attributes": [],
          "private": "eyJlMmJmYjczMC1lY2FhLTExZTYtOGY4OC0zNDM2M2JjN2M0YzAiOnsiY3JlYXRlIjoxMjAwMDAwMDAwMDAwLCJkZWxldGUiOjEyMDAwMDAwMDAwMDAsInJlYWQiOjYwMDAwMDAwMDAwMCwidXBkYXRlIjoxMjAwMDAwMDAwMDAwfX0=",
          "dependencies": [
            "module.data-platform.module.dwh-lnd-project.data.google_project.project",
            "module.data-platform.module.dwh-lnd-project.google_project.project"
          ]
        },
        {
          "index_key": "cloudresourcemanager.googleapis.com",
          "schema_version": 0,
          "attributes": {
            "disable_dependent_services": true,
            "disable_on_destroy": true,
            "id": "fs-50-dev-data-dwh-lnd-0/cloudresourcemanager.googleapis.com",
            "project": "fs-50-dev-data-dwh-lnd-0",
            "service": "cloudresourcemanager.googleapis.com",
            "timeouts": null
          },
          "sensitive_attributes": [],
          "private": "eyJlMmJmYjczMC1lY2FhLTExZTYtOGY4OC0zNDM2M2JjN2M0YzAiOnsiY3JlYXRlIjoxMjAwMDAwMDAwMDAwLCJkZWxldGUiOjEyMDAwMDAwMDAwMDAsInJlYWQiOjYwMDAwMDAwMDAwMCwidXBkYXRlIjoxMjAwMDAwMDAwMDAwfX0=",
          "dependencies": [
            "module.data-platform.module.dwh-lnd-project.data.google_project.project",
            "module.data-platform.module.dwh-lnd-project.google_project.project"
          ]
        },
        {
          "index_key": "compute.googleapis.com",
          "schema_version": 0,
          "attributes": {
            "disable_dependent_services": true,
            "disable_on_destroy": true,
            "id": "fs-50-dev-data-dwh-lnd-0/compute.googleapis.com",
            "project": "fs-50-dev-data-dwh-lnd-0",
            "service": "compute.googleapis.com",
            "timeouts": null
          },
          "sensitive_attributes": [],
          "private": "eyJlMmJmYjczMC1lY2FhLTExZTYtOGY4OC0zNDM2M2JjN2M0YzAiOnsiY3JlYXRlIjoxMjAwMDAwMDAwMDAwLCJkZWxldGUiOjEyMDAwMDAwMDAwMDAsInJlYWQiOjYwMDAwMDAwMDAwMCwidXBkYXRlIjoxMjAwMDAwMDAwMDAwfX0=",
          "dependencies": [
            "module.data-platform.module.dwh-lnd-project.data.google_project.project",
            "module.data-platform.module.dwh-lnd-project.google_project.project"
          ]
        },
        {
          "index_key": "dataflow.googleapis.com",
          "schema_version": 0,
          "attributes": {
            "disable_dependent_services": true,
            "disable_on_destroy": true,
            "id": "fs-50-dev-data-dwh-lnd-0/dataflow.googleapis.com",
            "project": "fs-50-dev-data-dwh-lnd-0",
            "service": "dataflow.googleapis.com",
            "timeouts": null
          },
          "sensitive_attributes": [],
          "private": "eyJlMmJmYjczMC1lY2FhLTExZTYtOGY4OC0zNDM2M2JjN2M0YzAiOnsiY3JlYXRlIjoxMjAwMDAwMDAwMDAwLCJkZWxldGUiOjEyMDAwMDAwMDAwMDAsInJlYWQiOjYwMDAwMDAwMDAwMCwidXBkYXRlIjoxMjAwMDAwMDAwMDAwfX0=",
          "dependencies": [
            "module.data-platform.module.dwh-lnd-project.data.google_project.project",
            "module.data-platform.module.dwh-lnd-project.google_project.project"
          ]
        },
        {
          "index_key": "iam.googleapis.com",
          "schema_version": 0,
          "attributes": {
            "disable_dependent_services": true,
            "disable_on_destroy": true,
            "id": "fs-50-dev-data-dwh-lnd-0/iam.googleapis.com",
            "project": "fs-50-dev-data-dwh-lnd-0",
            "service": "iam.googleapis.com",
            "timeouts": null
          },
          "sensitive_attributes": [],
          "private": "eyJlMmJmYjczMC1lY2FhLTExZTYtOGY4OC0zNDM2M2JjN2M0YzAiOnsiY3JlYXRlIjoxMjAwMDAwMDAwMDAwLCJkZWxldGUiOjEyMDAwMDAwMDAwMDAsInJlYWQiOjYwMDAwMDAwMDAwMCwidXBkYXRlIjoxMjAwMDAwMDAwMDAwfX0=",
          "dependencies": [
            "module.data-platform.module.dwh-lnd-project.data.google_project.project",
            "module.data-platform.module.dwh-lnd-project.google_project.project"
          ]
        },
        {
          "index_key": "pubsub.googleapis.com",
          "schema_version": 0,
          "attributes": {
            "disable_dependent_services": true,
            "disable_on_destroy": true,
            "id": "fs-50-dev-data-dwh-lnd-0/pubsub.googleapis.com",
            "project": "fs-50-dev-data-dwh-lnd-0",
            "service": "pubsub.googleapis.com",
            "timeouts": null
          },
          "sensitive_attributes": [],
          "private": "eyJlMmJmYjczMC1lY2FhLTExZTYtOGY4OC0zNDM2M2JjN2M0YzAiOnsiY3JlYXRlIjoxMjAwMDAwMDAwMDAwLCJkZWxldGUiOjEyMDAwMDAwMDAwMDAsInJlYWQiOjYwMDAwMDAwMDAwMCwidXBkYXRlIjoxMjAwMDAwMDAwMDAwfX0=",
          "dependencies": [
            "module.data-platform.module.dwh-lnd-project.data.google_project.project",
            "module.data-platform.module.dwh-lnd-project.google_project.project"
          ]
        },
        {
          "index_key": "servicenetworking.googleapis.com",
          "schema_version": 0,
          "attributes": {
            "disable_dependent_services": true,
            "disable_on_destroy": true,
            "id": "fs-50-dev-data-dwh-lnd-0/servicenetworking.googleapis.com",
            "project": "fs-50-dev-data-dwh-lnd-0",
            "service": "servicenetworking.googleapis.com",
            "timeouts": null
          },
          "sensitive_attributes": [],
          "private": "eyJlMmJmYjczMC1lY2FhLTExZTYtOGY4OC0zNDM2M2JjN2M0YzAiOnsiY3JlYXRlIjoxMjAwMDAwMDAwMDAwLCJkZWxldGUiOjEyMDAwMDAwMDAwMDAsInJlYWQiOjYwMDAwMDAwMDAwMCwidXBkYXRlIjoxMjAwMDAwMDAwMDAwfX0=",
          "dependencies": [
            "module.data-platform.module.dwh-lnd-project.data.google_project.project",
            "module.data-platform.module.dwh-lnd-project.google_project.project"
          ]
        },
        {
          "index_key": "serviceusage.googleapis.com",
          "schema_version": 0,
          "attributes": {
            "disable_dependent_services": true,
            "disable_on_destroy": true,
            "id": "fs-50-dev-data-dwh-lnd-0/serviceusage.googleapis.com",
            "project": "fs-50-dev-data-dwh-lnd-0",
            "service": "serviceusage.googleapis.com",
            "timeouts": null
          },
          "sensitive_attributes": [],
          "private": "eyJlMmJmYjczMC1lY2FhLTExZTYtOGY4OC0zNDM2M2JjN2M0YzAiOnsiY3JlYXRlIjoxMjAwMDAwMDAwMDAwLCJkZWxldGUiOjEyMDAwMDAwMDAwMDAsInJlYWQiOjYwMDAwMDAwMDAwMCwidXBkYXRlIjoxMjAwMDAwMDAwMDAwfX0=",
          "dependencies": [
            "module.data-platform.module.dwh-lnd-project.data.google_project.project",
            "module.data-platform.module.dwh-lnd-project.google_project.project"
          ]
        },
        {
          "index_key": "stackdriver.googleapis.com",
          "schema_version": 0,
          "attributes": {
            "disable_dependent_services": true,
            "disable_on_destroy": true,
            "id": "fs-50-dev-data-dwh-lnd-0/stackdriver.googleapis.com",
            "project": "fs-50-dev-data-dwh-lnd-0",
            "service": "stackdriver.googleapis.com",
            "timeouts": null
          },
          "sensitive_attributes": [],
          "private": "eyJlMmJmYjczMC1lY2FhLTExZTYtOGY4OC0zNDM2M2JjN2M0YzAiOnsiY3JlYXRlIjoxMjAwMDAwMDAwMDAwLCJkZWxldGUiOjEyMDAwMDAwMDAwMDAsInJlYWQiOjYwMDAwMDAwMDAwMCwidXBkYXRlIjoxMjAwMDAwMDAwMDAwfX0=",
          "dependencies": [
            "module.data-platform.module.dwh-lnd-project.data.google_project.project",
            "module.data-platform.module.dwh-lnd-project.google_project.project"
          ]
        },
        {
          "index_key": "storage-component.googleapis.com",
          "schema_version": 0,
          "attributes": {
            "disable_dependent_services": true,
            "disable_on_destroy": true,
            "id": "fs-50-dev-data-dwh-lnd-0/storage-component.googleapis.com",
            "project": "fs-50-dev-data-dwh-lnd-0",
            "service": "storage-component.googleapis.com",
            "timeouts": null
          },
          "sensitive_attributes": [],
          "private": "eyJlMmJmYjczMC1lY2FhLTExZTYtOGY4OC0zNDM2M2JjN2M0YzAiOnsiY3JlYXRlIjoxMjAwMDAwMDAwMDAwLCJkZWxldGUiOjEyMDAwMDAwMDAwMDAsInJlYWQiOjYwMDAwMDAwMDAwMCwidXBkYXRlIjoxMjAwMDAwMDAwMDAwfX0=",
          "dependencies": [
            "module.data-platform.module.dwh-lnd-project.data.google_project.project",
            "module.data-platform.module.dwh-lnd-project.google_project.project"
          ]
        },
        {
          "index_key": "storage.googleapis.com",
          "schema_version": 0,
          "attributes": {
            "disable_dependent_services": true,
            "disable_on_destroy": true,
            "id": "fs-50-dev-data-dwh-lnd-0/storage.googleapis.com",
            "project": "fs-50-dev-data-dwh-lnd-0",
            "service": "storage.googleapis.com",
            "timeouts": null
          },
          "sensitive_attributes": [],
          "private": "eyJlMmJmYjczMC1lY2FhLTExZTYtOGY4OC0zNDM2M2JjN2M0YzAiOnsiY3JlYXRlIjoxMjAwMDAwMDAwMDAwLCJkZWxldGUiOjEyMDAwMDAwMDAwMDAsInJlYWQiOjYwMDAwMDAwMDAwMCwidXBkYXRlIjoxMjAwMDAwMDAwMDAwfX0=",
          "dependencies": [
            "module.data-platform.module.dwh-lnd-project.data.google_project.project",
            "module.data-platform.module.dwh-lnd-project.google_project.project"
          ]
        }
      ]
    },
    {
      "module": "module.data-platform.module.dwh-lnd-project",
      "mode": "managed",
      "type": "google_project_service_identity",
      "name": "jit_si",
      "provider": "provider[\"registry.terraform.io/hashicorp/google-beta\"]",
      "instances": [
        {
          "index_key": "pubsub.googleapis.com",
          "schema_version": 0,
          "attributes": {
            "email": "service-615991677963@gcp-sa-pubsub.iam.gserviceaccount.com",
            "id": "projects/fs-50-dev-data-dwh-lnd-0/services/pubsub.googleapis.com",
            "project": "fs-50-dev-data-dwh-lnd-0",
            "service": "pubsub.googleapis.com",
            "timeouts": null
          },
          "sensitive_attributes": [],
          "private": "eyJlMmJmYjczMC1lY2FhLTExZTYtOGY4OC0zNDM2M2JjN2M0YzAiOnsiY3JlYXRlIjoxMjAwMDAwMDAwMDAwLCJkZWxldGUiOjEyMDAwMDAwMDAwMDAsInJlYWQiOjYwMDAwMDAwMDAwMH19",
          "dependencies": [
            "module.data-platform.module.dwh-lnd-project.data.google_project.project",
            "module.data-platform.module.dwh-lnd-project.google_project.project",
            "module.data-platform.module.dwh-lnd-project.google_project_service.project_services"
          ]
        }
      ]
    },
    {
      "module": "module.data-platform.module.dwh-lnd-project",
      "mode": "managed",
      "type": "google_project_service_identity",
      "name": "servicenetworking",
      "provider": "provider[\"registry.terraform.io/hashicorp/google-beta\"]",
      "instances": [
        {
          "index_key": 0,
          "schema_version": 0,
          "attributes": {
            "email": "service-615991677963@service-networking.iam.gserviceaccount.com",
            "id": "projects/fs-50-dev-data-dwh-lnd-0/services/servicenetworking.googleapis.com",
            "project": "fs-50-dev-data-dwh-lnd-0",
            "service": "servicenetworking.googleapis.com",
            "timeouts": null
          },
          "sensitive_attributes": [],
          "private": "eyJlMmJmYjczMC1lY2FhLTExZTYtOGY4OC0zNDM2M2JjN2M0YzAiOnsiY3JlYXRlIjoxMjAwMDAwMDAwMDAwLCJkZWxldGUiOjEyMDAwMDAwMDAwMDAsInJlYWQiOjYwMDAwMDAwMDAwMH19",
          "dependencies": [
            "module.data-platform.module.dwh-lnd-project.data.google_project.project",
            "module.data-platform.module.dwh-lnd-project.google_project.project",
            "module.data-platform.module.dwh-lnd-project.google_project_service.project_services"
          ]
        }
      ]
    },
    {
      "module": "module.data-platform.module.dwh-plg-bq-0",
      "mode": "managed",
      "type": "google_bigquery_dataset",
      "name": "default",
      "provider": "provider[\"registry.terraform.io/hashicorp/google\"]",
      "instances": [
        {
          "schema_version": 0,
          "attributes": {
            "access": [
              {
                "dataset": [],
                "domain": "",
                "group_by_email": "",
                "role": "OWNER",
                "special_group": "",
                "user_by_email": "fs-20-dev-resman-dp-0@fs-10-prod-iac-core-0.iam.gserviceaccount.com",
                "view": []
              },
              {
                "dataset": [],
                "domain": "",
                "group_by_email": "",
                "role": "OWNER",
                "special_group": "projectOwners",
                "user_by_email": "",
                "view": []
              },
              {
                "dataset": [],
                "domain": "",
                "group_by_email": "",
                "role": "READER",
                "special_group": "projectReaders",
                "user_by_email": "",
                "view": []
              },
              {
                "dataset": [],
                "domain": "",
                "group_by_email": "",
                "role": "WRITER",
                "special_group": "projectWriters",
                "user_by_email": "",
                "view": []
              }
            ],
            "creation_time": 1651841965118,
            "dataset_id": "fs_50_dev_data_dwh_plg_bq_0",
            "default_encryption_configuration": [],
            "default_partition_expiration_ms": 0,
            "default_table_expiration_ms": 0,
            "delete_contents_on_destroy": false,
            "description": "Terraform managed.",
            "etag": "4Sskj3pzY5cpx1WPl5nL5A==",
            "friendly_name": "",
            "id": "projects/fs-50-dev-data-dwh-plg-0/datasets/fs_50_dev_data_dwh_plg_bq_0",
            "labels": null,
            "last_modified_time": 1651841965118,
            "location": "EU",
            "project": "fs-50-dev-data-dwh-plg-0",
            "self_link": "https://bigquery.googleapis.com/bigquery/v2/projects/fs-50-dev-data-dwh-plg-0/datasets/fs_50_dev_data_dwh_plg_bq_0",
            "timeouts": null
          },
          "sensitive_attributes": [],
          "private": "eyJlMmJmYjczMC1lY2FhLTExZTYtOGY4OC0zNDM2M2JjN2M0YzAiOnsiY3JlYXRlIjoyNDAwMDAwMDAwMDAsImRlbGV0ZSI6MjQwMDAwMDAwMDAwLCJ1cGRhdGUiOjI0MDAwMDAwMDAwMH19",
          "dependencies": [
            "module.data-platform.module.dwh-plg-project.data.google_bigquery_default_service_account.bq_sa",
            "module.data-platform.module.dwh-plg-project.data.google_project.project",
            "module.data-platform.module.dwh-plg-project.data.google_storage_project_service_account.gcs_sa",
            "module.data-platform.module.dwh-plg-project.google_compute_shared_vpc_host_project.shared_vpc_host",
            "module.data-platform.module.dwh-plg-project.google_compute_shared_vpc_service_project.service_projects",
            "module.data-platform.module.dwh-plg-project.google_kms_crypto_key_iam_member.service_identity_cmek",
            "module.data-platform.module.dwh-plg-project.google_project.project",
            "module.data-platform.module.dwh-plg-project.google_project_iam_member.servicenetworking",
            "module.data-platform.module.dwh-plg-project.google_project_iam_member.shared_vpc_host_robots",
            "module.data-platform.module.dwh-plg-project.google_project_organization_policy.boolean",
            "module.data-platform.module.dwh-plg-project.google_project_organization_policy.list",
            "module.data-platform.module.dwh-plg-project.google_project_service.project_services",
            "module.data-platform.module.dwh-plg-project.google_project_service_identity.jit_si",
            "module.data-platform.module.dwh-plg-project.google_project_service_identity.servicenetworking"
          ]
        }
      ]
    },
    {
      "module": "module.data-platform.module.dwh-plg-cs-0",
      "mode": "managed",
      "type": "google_storage_bucket",
      "name": "bucket",
      "provider": "provider[\"registry.terraform.io/hashicorp/google\"]",
      "instances": [
        {
          "schema_version": 0,
          "attributes": {
            "cors": [],
            "default_event_based_hold": false,
            "encryption": [],
            "force_destroy": false,
            "id": "fs-50-dev-data-dwh-plg-cs-0",
            "labels": null,
            "lifecycle_rule": [],
            "location": "EU",
            "logging": [],
            "name": "fs-50-dev-data-dwh-plg-cs-0",
            "project": "fs-50-dev-data-dwh-plg-0",
            "requester_pays": false,
            "retention_policy": [],
            "self_link": "https://www.googleapis.com/storage/v1/b/fs-50-dev-data-dwh-plg-cs-0",
            "storage_class": "MULTI_REGIONAL",
            "timeouts": null,
            "uniform_bucket_level_access": true,
            "url": "gs://fs-50-dev-data-dwh-plg-cs-0",
            "versioning": [
              {
                "enabled": false
              }
            ],
            "website": []
          },
          "sensitive_attributes": [],
          "private": "bnVsbA==",
          "dependencies": [
            "module.data-platform.module.dwh-plg-project.data.google_bigquery_default_service_account.bq_sa",
            "module.data-platform.module.dwh-plg-project.data.google_project.project",
            "module.data-platform.module.dwh-plg-project.data.google_storage_project_service_account.gcs_sa",
            "module.data-platform.module.dwh-plg-project.google_compute_shared_vpc_host_project.shared_vpc_host",
            "module.data-platform.module.dwh-plg-project.google_compute_shared_vpc_service_project.service_projects",
            "module.data-platform.module.dwh-plg-project.google_kms_crypto_key_iam_member.service_identity_cmek",
            "module.data-platform.module.dwh-plg-project.google_project.project",
            "module.data-platform.module.dwh-plg-project.google_project_iam_member.servicenetworking",
            "module.data-platform.module.dwh-plg-project.google_project_iam_member.shared_vpc_host_robots",
            "module.data-platform.module.dwh-plg-project.google_project_organization_policy.boolean",
            "module.data-platform.module.dwh-plg-project.google_project_organization_policy.list",
            "module.data-platform.module.dwh-plg-project.google_project_service.project_services",
            "module.data-platform.module.dwh-plg-project.google_project_service_identity.jit_si",
            "module.data-platform.module.dwh-plg-project.google_project_service_identity.servicenetworking"
          ]
        }
      ]
    },
    {
      "module": "module.data-platform.module.dwh-plg-project",
      "mode": "data",
      "type": "google_bigquery_default_service_account",
      "name": "bq_sa",
      "provider": "provider[\"registry.terraform.io/hashicorp/google\"]",
      "instances": [
        {
          "index_key": 0,
          "schema_version": 0,
          "attributes": {
            "email": "bq-278244931207@bigquery-encryption.iam.gserviceaccount.com",
            "id": "bq-278244931207@bigquery-encryption.iam.gserviceaccount.com",
            "project": "fs-50-dev-data-dwh-plg-0"
          },
          "sensitive_attributes": []
        }
      ]
    },
    {
      "module": "module.data-platform.module.dwh-plg-project",
      "mode": "data",
      "type": "google_storage_project_service_account",
      "name": "gcs_sa",
      "provider": "provider[\"registry.terraform.io/hashicorp/google\"]",
      "instances": [
        {
          "index_key": 0,
          "schema_version": 0,
          "attributes": {
            "email_address": "service-278244931207@gs-project-accounts.iam.gserviceaccount.com",
            "id": "service-278244931207@gs-project-accounts.iam.gserviceaccount.com",
            "project": "fs-50-dev-data-dwh-plg-0",
            "user_project": null
          },
          "sensitive_attributes": []
        }
      ]
    },
    {
      "module": "module.data-platform.module.dwh-plg-project",
      "mode": "managed",
      "type": "google_project",
      "name": "project",
      "provider": "provider[\"registry.terraform.io/hashicorp/google\"]",
      "instances": [
        {
          "index_key": 0,
          "schema_version": 1,
          "attributes": {
            "auto_create_network": false,
            "billing_account": "0181A7-4CC981-B7594C",
            "folder_id": "86898363966",
            "id": "projects/fs-50-dev-data-dwh-plg-0",
            "labels": null,
            "name": "fs-50-dev-data-dwh-plg-0",
            "number": "278244931207",
            "org_id": "",
            "project_id": "fs-50-dev-data-dwh-plg-0",
            "skip_delete": false,
            "timeouts": null
          },
          "sensitive_attributes": [],
          "private": "eyJlMmJmYjczMC1lY2FhLTExZTYtOGY4OC0zNDM2M2JjN2M0YzAiOnsiY3JlYXRlIjo2MDAwMDAwMDAwMDAsImRlbGV0ZSI6NjAwMDAwMDAwMDAwLCJyZWFkIjo2MDAwMDAwMDAwMDAsInVwZGF0ZSI6NjAwMDAwMDAwMDAwfSwic2NoZW1hX3ZlcnNpb24iOiIxIn0="
        }
      ]
    },
    {
      "module": "module.data-platform.module.dwh-plg-project",
      "mode": "managed",
      "type": "google_project_iam_binding",
      "name": "authoritative",
      "provider": "provider[\"registry.terraform.io/hashicorp/google\"]",
      "instances": [
        {
          "index_key": "roles/bigquery.dataEditor",
          "schema_version": 0,
          "attributes": {
            "condition": [],
            "etag": "BwXeV2ry1JI=",
            "id": "fs-50-dev-data-dwh-plg-0/roles/bigquery.dataEditor",
            "members": [
              "group:gcp-data-analysts@caggioland.com",
              "group:gcp-data-engineers@caggioland.com"
            ],
            "project": "fs-50-dev-data-dwh-plg-0",
            "role": "roles/bigquery.dataEditor"
          },
          "sensitive_attributes": [],
          "private": "bnVsbA==",
          "dependencies": [
            "module.data-platform.module.dwh-plg-project.data.google_project.project",
            "module.data-platform.module.dwh-plg-project.google_project.project",
            "module.data-platform.module.dwh-plg-project.google_project_iam_custom_role.roles",
            "module.data-platform.module.dwh-plg-project.google_project_service.project_services"
          ]
        },
        {
          "index_key": "roles/bigquery.jobUser",
          "schema_version": 0,
          "attributes": {
            "condition": [],
            "etag": "BwXgC2eXyVo=",
            "id": "fs-50-dev-data-dwh-plg-0/roles/bigquery.jobUser",
            "members": [
              "group:gcp-data-analysts@caggioland.com",
              "group:gcp-data-engineers@caggioland.com"
            ],
            "project": "fs-50-dev-data-dwh-plg-0",
            "role": "roles/bigquery.jobUser"
          },
          "sensitive_attributes": [],
          "private": "bnVsbA==",
          "dependencies": [
            "module.data-platform.module.dwh-plg-project.data.google_project.project",
            "module.data-platform.module.dwh-plg-project.google_project.project",
            "module.data-platform.module.dwh-plg-project.google_project_iam_custom_role.roles",
            "module.data-platform.module.dwh-plg-project.google_project_service.project_services"
          ]
        },
        {
          "index_key": "roles/bigquery.metadataViewer",
          "schema_version": 0,
          "attributes": {
            "condition": [],
            "etag": "BwXeV2ry1JI=",
            "id": "fs-50-dev-data-dwh-plg-0/roles/bigquery.metadataViewer",
            "members": [
              "group:gcp-data-analysts@caggioland.com"
            ],
            "project": "fs-50-dev-data-dwh-plg-0",
            "role": "roles/bigquery.metadataViewer"
          },
          "sensitive_attributes": [],
          "private": "bnVsbA==",
          "dependencies": [
            "module.data-platform.module.dwh-plg-project.data.google_project.project",
            "module.data-platform.module.dwh-plg-project.google_project.project",
            "module.data-platform.module.dwh-plg-project.google_project_iam_custom_role.roles",
            "module.data-platform.module.dwh-plg-project.google_project_service.project_services"
          ]
        },
        {
          "index_key": "roles/bigquery.user",
          "schema_version": 0,
          "attributes": {
            "condition": [],
            "etag": "BwXeV2ry1JI=",
            "id": "fs-50-dev-data-dwh-plg-0/roles/bigquery.user",
            "members": [
              "group:gcp-data-analysts@caggioland.com"
            ],
            "project": "fs-50-dev-data-dwh-plg-0",
            "role": "roles/bigquery.user"
          },
          "sensitive_attributes": [],
          "private": "bnVsbA==",
          "dependencies": [
            "module.data-platform.module.dwh-plg-project.data.google_project.project",
            "module.data-platform.module.dwh-plg-project.google_project.project",
            "module.data-platform.module.dwh-plg-project.google_project_iam_custom_role.roles",
            "module.data-platform.module.dwh-plg-project.google_project_service.project_services"
          ]
        },
        {
          "index_key": "roles/datacatalog.tagTemplateViewer",
          "schema_version": 0,
          "attributes": {
            "condition": [],
            "etag": "BwXeV2ry1JI=",
            "id": "fs-50-dev-data-dwh-plg-0/roles/datacatalog.tagTemplateViewer",
            "members": [
              "group:gcp-data-analysts@caggioland.com"
            ],
            "project": "fs-50-dev-data-dwh-plg-0",
            "role": "roles/datacatalog.tagTemplateViewer"
          },
          "sensitive_attributes": [],
          "private": "bnVsbA==",
          "dependencies": [
            "module.data-platform.module.dwh-plg-project.data.google_project.project",
            "module.data-platform.module.dwh-plg-project.google_project.project",
            "module.data-platform.module.dwh-plg-project.google_project_iam_custom_role.roles",
            "module.data-platform.module.dwh-plg-project.google_project_service.project_services"
          ]
        },
        {
          "index_key": "roles/datacatalog.viewer",
          "schema_version": 0,
          "attributes": {
            "condition": [],
            "etag": "BwXeV2ry1JI=",
            "id": "fs-50-dev-data-dwh-plg-0/roles/datacatalog.viewer",
            "members": [
              "group:gcp-data-analysts@caggioland.com"
            ],
            "project": "fs-50-dev-data-dwh-plg-0",
            "role": "roles/datacatalog.viewer"
          },
          "sensitive_attributes": [],
          "private": "bnVsbA==",
          "dependencies": [
            "module.data-platform.module.dwh-plg-project.data.google_project.project",
            "module.data-platform.module.dwh-plg-project.google_project.project",
            "module.data-platform.module.dwh-plg-project.google_project_iam_custom_role.roles",
            "module.data-platform.module.dwh-plg-project.google_project_service.project_services"
          ]
        },
        {
          "index_key": "roles/storage.admin",
          "schema_version": 0,
          "attributes": {
            "condition": [],
            "etag": "BwXeV2ry1JI=",
            "id": "fs-50-dev-data-dwh-plg-0/roles/storage.admin",
            "members": [
              "group:gcp-data-engineers@caggioland.com"
            ],
            "project": "fs-50-dev-data-dwh-plg-0",
            "role": "roles/storage.admin"
          },
          "sensitive_attributes": [],
          "private": "bnVsbA==",
          "dependencies": [
            "module.data-platform.module.dwh-plg-project.data.google_project.project",
            "module.data-platform.module.dwh-plg-project.google_project.project",
            "module.data-platform.module.dwh-plg-project.google_project_iam_custom_role.roles",
            "module.data-platform.module.dwh-plg-project.google_project_service.project_services"
          ]
        },
        {
          "index_key": "roles/storage.objectAdmin",
          "schema_version": 0,
          "attributes": {
            "condition": [],
            "etag": "BwXeV2ry1JI=",
            "id": "fs-50-dev-data-dwh-plg-0/roles/storage.objectAdmin",
            "members": [
              "group:gcp-data-analysts@caggioland.com"
            ],
            "project": "fs-50-dev-data-dwh-plg-0",
            "role": "roles/storage.objectAdmin"
          },
          "sensitive_attributes": [],
          "private": "bnVsbA==",
          "dependencies": [
            "module.data-platform.module.dwh-plg-project.data.google_project.project",
            "module.data-platform.module.dwh-plg-project.google_project.project",
            "module.data-platform.module.dwh-plg-project.google_project_iam_custom_role.roles",
            "module.data-platform.module.dwh-plg-project.google_project_service.project_services"
          ]
        }
      ]
    },
    {
      "module": "module.data-platform.module.dwh-plg-project",
      "mode": "managed",
      "type": "google_project_iam_member",
      "name": "servicenetworking",
      "provider": "provider[\"registry.terraform.io/hashicorp/google\"]",
      "instances": [
        {
          "index_key": 0,
          "schema_version": 0,
          "attributes": {
            "condition": [],
            "etag": "BwXeV2ry1JI=",
            "id": "fs-50-dev-data-dwh-plg-0/roles/servicenetworking.serviceAgent/serviceAccount:service-278244931207@service-networking.iam.gserviceaccount.com",
            "member": "serviceAccount:service-278244931207@service-networking.iam.gserviceaccount.com",
            "project": "fs-50-dev-data-dwh-plg-0",
            "role": "roles/servicenetworking.serviceAgent"
          },
          "sensitive_attributes": [],
          "private": "bnVsbA==",
          "dependencies": [
            "module.data-platform.module.dwh-plg-project.data.google_project.project",
            "module.data-platform.module.dwh-plg-project.google_project.project",
            "module.data-platform.module.dwh-plg-project.google_project_service.project_services",
            "module.data-platform.module.dwh-plg-project.google_project_service_identity.servicenetworking"
          ]
        }
      ]
    },
    {
      "module": "module.data-platform.module.dwh-plg-project",
      "mode": "managed",
      "type": "google_project_service",
      "name": "project_services",
      "provider": "provider[\"registry.terraform.io/hashicorp/google\"]",
      "instances": [
        {
          "index_key": "bigquery.googleapis.com",
          "schema_version": 0,
          "attributes": {
            "disable_dependent_services": true,
            "disable_on_destroy": true,
            "id": "fs-50-dev-data-dwh-plg-0/bigquery.googleapis.com",
            "project": "fs-50-dev-data-dwh-plg-0",
            "service": "bigquery.googleapis.com",
            "timeouts": null
          },
          "sensitive_attributes": [],
          "private": "eyJlMmJmYjczMC1lY2FhLTExZTYtOGY4OC0zNDM2M2JjN2M0YzAiOnsiY3JlYXRlIjoxMjAwMDAwMDAwMDAwLCJkZWxldGUiOjEyMDAwMDAwMDAwMDAsInJlYWQiOjYwMDAwMDAwMDAwMCwidXBkYXRlIjoxMjAwMDAwMDAwMDAwfX0=",
          "dependencies": [
            "module.data-platform.module.dwh-plg-project.data.google_project.project",
            "module.data-platform.module.dwh-plg-project.google_project.project"
          ]
        },
        {
          "index_key": "bigqueryreservation.googleapis.com",
          "schema_version": 0,
          "attributes": {
            "disable_dependent_services": true,
            "disable_on_destroy": true,
            "id": "fs-50-dev-data-dwh-plg-0/bigqueryreservation.googleapis.com",
            "project": "fs-50-dev-data-dwh-plg-0",
            "service": "bigqueryreservation.googleapis.com",
            "timeouts": null
          },
          "sensitive_attributes": [],
          "private": "eyJlMmJmYjczMC1lY2FhLTExZTYtOGY4OC0zNDM2M2JjN2M0YzAiOnsiY3JlYXRlIjoxMjAwMDAwMDAwMDAwLCJkZWxldGUiOjEyMDAwMDAwMDAwMDAsInJlYWQiOjYwMDAwMDAwMDAwMCwidXBkYXRlIjoxMjAwMDAwMDAwMDAwfX0=",
          "dependencies": [
            "module.data-platform.module.dwh-plg-project.data.google_project.project",
            "module.data-platform.module.dwh-plg-project.google_project.project"
          ]
        },
        {
          "index_key": "bigquerystorage.googleapis.com",
          "schema_version": 0,
          "attributes": {
            "disable_dependent_services": true,
            "disable_on_destroy": true,
            "id": "fs-50-dev-data-dwh-plg-0/bigquerystorage.googleapis.com",
            "project": "fs-50-dev-data-dwh-plg-0",
            "service": "bigquerystorage.googleapis.com",
            "timeouts": null
          },
          "sensitive_attributes": [],
          "private": "eyJlMmJmYjczMC1lY2FhLTExZTYtOGY4OC0zNDM2M2JjN2M0YzAiOnsiY3JlYXRlIjoxMjAwMDAwMDAwMDAwLCJkZWxldGUiOjEyMDAwMDAwMDAwMDAsInJlYWQiOjYwMDAwMDAwMDAwMCwidXBkYXRlIjoxMjAwMDAwMDAwMDAwfX0=",
          "dependencies": [
            "module.data-platform.module.dwh-plg-project.data.google_project.project",
            "module.data-platform.module.dwh-plg-project.google_project.project"
          ]
        },
        {
          "index_key": "cloudkms.googleapis.com",
          "schema_version": 0,
          "attributes": {
            "disable_dependent_services": true,
            "disable_on_destroy": true,
            "id": "fs-50-dev-data-dwh-plg-0/cloudkms.googleapis.com",
            "project": "fs-50-dev-data-dwh-plg-0",
            "service": "cloudkms.googleapis.com",
            "timeouts": null
          },
          "sensitive_attributes": [],
          "private": "eyJlMmJmYjczMC1lY2FhLTExZTYtOGY4OC0zNDM2M2JjN2M0YzAiOnsiY3JlYXRlIjoxMjAwMDAwMDAwMDAwLCJkZWxldGUiOjEyMDAwMDAwMDAwMDAsInJlYWQiOjYwMDAwMDAwMDAwMCwidXBkYXRlIjoxMjAwMDAwMDAwMDAwfX0=",
          "dependencies": [
            "module.data-platform.module.dwh-plg-project.data.google_project.project",
            "module.data-platform.module.dwh-plg-project.google_project.project"
          ]
        },
        {
          "index_key": "cloudresourcemanager.googleapis.com",
          "schema_version": 0,
          "attributes": {
            "disable_dependent_services": true,
            "disable_on_destroy": true,
            "id": "fs-50-dev-data-dwh-plg-0/cloudresourcemanager.googleapis.com",
            "project": "fs-50-dev-data-dwh-plg-0",
            "service": "cloudresourcemanager.googleapis.com",
            "timeouts": null
          },
          "sensitive_attributes": [],
          "private": "eyJlMmJmYjczMC1lY2FhLTExZTYtOGY4OC0zNDM2M2JjN2M0YzAiOnsiY3JlYXRlIjoxMjAwMDAwMDAwMDAwLCJkZWxldGUiOjEyMDAwMDAwMDAwMDAsInJlYWQiOjYwMDAwMDAwMDAwMCwidXBkYXRlIjoxMjAwMDAwMDAwMDAwfX0=",
          "dependencies": [
            "module.data-platform.module.dwh-plg-project.data.google_project.project",
            "module.data-platform.module.dwh-plg-project.google_project.project"
          ]
        },
        {
          "index_key": "compute.googleapis.com",
          "schema_version": 0,
          "attributes": {
            "disable_dependent_services": true,
            "disable_on_destroy": true,
            "id": "fs-50-dev-data-dwh-plg-0/compute.googleapis.com",
            "project": "fs-50-dev-data-dwh-plg-0",
            "service": "compute.googleapis.com",
            "timeouts": null
          },
          "sensitive_attributes": [],
          "private": "eyJlMmJmYjczMC1lY2FhLTExZTYtOGY4OC0zNDM2M2JjN2M0YzAiOnsiY3JlYXRlIjoxMjAwMDAwMDAwMDAwLCJkZWxldGUiOjEyMDAwMDAwMDAwMDAsInJlYWQiOjYwMDAwMDAwMDAwMCwidXBkYXRlIjoxMjAwMDAwMDAwMDAwfX0=",
          "dependencies": [
            "module.data-platform.module.dwh-plg-project.data.google_project.project",
            "module.data-platform.module.dwh-plg-project.google_project.project"
          ]
        },
        {
          "index_key": "dataflow.googleapis.com",
          "schema_version": 0,
          "attributes": {
            "disable_dependent_services": true,
            "disable_on_destroy": true,
            "id": "fs-50-dev-data-dwh-plg-0/dataflow.googleapis.com",
            "project": "fs-50-dev-data-dwh-plg-0",
            "service": "dataflow.googleapis.com",
            "timeouts": null
          },
          "sensitive_attributes": [],
          "private": "eyJlMmJmYjczMC1lY2FhLTExZTYtOGY4OC0zNDM2M2JjN2M0YzAiOnsiY3JlYXRlIjoxMjAwMDAwMDAwMDAwLCJkZWxldGUiOjEyMDAwMDAwMDAwMDAsInJlYWQiOjYwMDAwMDAwMDAwMCwidXBkYXRlIjoxMjAwMDAwMDAwMDAwfX0=",
          "dependencies": [
            "module.data-platform.module.dwh-plg-project.data.google_project.project",
            "module.data-platform.module.dwh-plg-project.google_project.project"
          ]
        },
        {
          "index_key": "iam.googleapis.com",
          "schema_version": 0,
          "attributes": {
            "disable_dependent_services": true,
            "disable_on_destroy": true,
            "id": "fs-50-dev-data-dwh-plg-0/iam.googleapis.com",
            "project": "fs-50-dev-data-dwh-plg-0",
            "service": "iam.googleapis.com",
            "timeouts": null
          },
          "sensitive_attributes": [],
          "private": "eyJlMmJmYjczMC1lY2FhLTExZTYtOGY4OC0zNDM2M2JjN2M0YzAiOnsiY3JlYXRlIjoxMjAwMDAwMDAwMDAwLCJkZWxldGUiOjEyMDAwMDAwMDAwMDAsInJlYWQiOjYwMDAwMDAwMDAwMCwidXBkYXRlIjoxMjAwMDAwMDAwMDAwfX0=",
          "dependencies": [
            "module.data-platform.module.dwh-plg-project.data.google_project.project",
            "module.data-platform.module.dwh-plg-project.google_project.project"
          ]
        },
        {
          "index_key": "pubsub.googleapis.com",
          "schema_version": 0,
          "attributes": {
            "disable_dependent_services": true,
            "disable_on_destroy": true,
            "id": "fs-50-dev-data-dwh-plg-0/pubsub.googleapis.com",
            "project": "fs-50-dev-data-dwh-plg-0",
            "service": "pubsub.googleapis.com",
            "timeouts": null
          },
          "sensitive_attributes": [],
          "private": "eyJlMmJmYjczMC1lY2FhLTExZTYtOGY4OC0zNDM2M2JjN2M0YzAiOnsiY3JlYXRlIjoxMjAwMDAwMDAwMDAwLCJkZWxldGUiOjEyMDAwMDAwMDAwMDAsInJlYWQiOjYwMDAwMDAwMDAwMCwidXBkYXRlIjoxMjAwMDAwMDAwMDAwfX0=",
          "dependencies": [
            "module.data-platform.module.dwh-plg-project.data.google_project.project",
            "module.data-platform.module.dwh-plg-project.google_project.project"
          ]
        },
        {
          "index_key": "servicenetworking.googleapis.com",
          "schema_version": 0,
          "attributes": {
            "disable_dependent_services": true,
            "disable_on_destroy": true,
            "id": "fs-50-dev-data-dwh-plg-0/servicenetworking.googleapis.com",
            "project": "fs-50-dev-data-dwh-plg-0",
            "service": "servicenetworking.googleapis.com",
            "timeouts": null
          },
          "sensitive_attributes": [],
          "private": "eyJlMmJmYjczMC1lY2FhLTExZTYtOGY4OC0zNDM2M2JjN2M0YzAiOnsiY3JlYXRlIjoxMjAwMDAwMDAwMDAwLCJkZWxldGUiOjEyMDAwMDAwMDAwMDAsInJlYWQiOjYwMDAwMDAwMDAwMCwidXBkYXRlIjoxMjAwMDAwMDAwMDAwfX0=",
          "dependencies": [
            "module.data-platform.module.dwh-plg-project.data.google_project.project",
            "module.data-platform.module.dwh-plg-project.google_project.project"
          ]
        },
        {
          "index_key": "serviceusage.googleapis.com",
          "schema_version": 0,
          "attributes": {
            "disable_dependent_services": true,
            "disable_on_destroy": true,
            "id": "fs-50-dev-data-dwh-plg-0/serviceusage.googleapis.com",
            "project": "fs-50-dev-data-dwh-plg-0",
            "service": "serviceusage.googleapis.com",
            "timeouts": null
          },
          "sensitive_attributes": [],
          "private": "eyJlMmJmYjczMC1lY2FhLTExZTYtOGY4OC0zNDM2M2JjN2M0YzAiOnsiY3JlYXRlIjoxMjAwMDAwMDAwMDAwLCJkZWxldGUiOjEyMDAwMDAwMDAwMDAsInJlYWQiOjYwMDAwMDAwMDAwMCwidXBkYXRlIjoxMjAwMDAwMDAwMDAwfX0=",
          "dependencies": [
            "module.data-platform.module.dwh-plg-project.data.google_project.project",
            "module.data-platform.module.dwh-plg-project.google_project.project"
          ]
        },
        {
          "index_key": "stackdriver.googleapis.com",
          "schema_version": 0,
          "attributes": {
            "disable_dependent_services": true,
            "disable_on_destroy": true,
            "id": "fs-50-dev-data-dwh-plg-0/stackdriver.googleapis.com",
            "project": "fs-50-dev-data-dwh-plg-0",
            "service": "stackdriver.googleapis.com",
            "timeouts": null
          },
          "sensitive_attributes": [],
          "private": "eyJlMmJmYjczMC1lY2FhLTExZTYtOGY4OC0zNDM2M2JjN2M0YzAiOnsiY3JlYXRlIjoxMjAwMDAwMDAwMDAwLCJkZWxldGUiOjEyMDAwMDAwMDAwMDAsInJlYWQiOjYwMDAwMDAwMDAwMCwidXBkYXRlIjoxMjAwMDAwMDAwMDAwfX0=",
          "dependencies": [
            "module.data-platform.module.dwh-plg-project.data.google_project.project",
            "module.data-platform.module.dwh-plg-project.google_project.project"
          ]
        },
        {
          "index_key": "storage-component.googleapis.com",
          "schema_version": 0,
          "attributes": {
            "disable_dependent_services": true,
            "disable_on_destroy": true,
            "id": "fs-50-dev-data-dwh-plg-0/storage-component.googleapis.com",
            "project": "fs-50-dev-data-dwh-plg-0",
            "service": "storage-component.googleapis.com",
            "timeouts": null
          },
          "sensitive_attributes": [],
          "private": "eyJlMmJmYjczMC1lY2FhLTExZTYtOGY4OC0zNDM2M2JjN2M0YzAiOnsiY3JlYXRlIjoxMjAwMDAwMDAwMDAwLCJkZWxldGUiOjEyMDAwMDAwMDAwMDAsInJlYWQiOjYwMDAwMDAwMDAwMCwidXBkYXRlIjoxMjAwMDAwMDAwMDAwfX0=",
          "dependencies": [
            "module.data-platform.module.dwh-plg-project.data.google_project.project",
            "module.data-platform.module.dwh-plg-project.google_project.project"
          ]
        },
        {
          "index_key": "storage.googleapis.com",
          "schema_version": 0,
          "attributes": {
            "disable_dependent_services": true,
            "disable_on_destroy": true,
            "id": "fs-50-dev-data-dwh-plg-0/storage.googleapis.com",
            "project": "fs-50-dev-data-dwh-plg-0",
            "service": "storage.googleapis.com",
            "timeouts": null
          },
          "sensitive_attributes": [],
          "private": "eyJlMmJmYjczMC1lY2FhLTExZTYtOGY4OC0zNDM2M2JjN2M0YzAiOnsiY3JlYXRlIjoxMjAwMDAwMDAwMDAwLCJkZWxldGUiOjEyMDAwMDAwMDAwMDAsInJlYWQiOjYwMDAwMDAwMDAwMCwidXBkYXRlIjoxMjAwMDAwMDAwMDAwfX0=",
          "dependencies": [
            "module.data-platform.module.dwh-plg-project.data.google_project.project",
            "module.data-platform.module.dwh-plg-project.google_project.project"
          ]
        }
      ]
    },
    {
      "module": "module.data-platform.module.dwh-plg-project",
      "mode": "managed",
      "type": "google_project_service_identity",
      "name": "jit_si",
      "provider": "provider[\"registry.terraform.io/hashicorp/google-beta\"]",
      "instances": [
        {
          "index_key": "pubsub.googleapis.com",
          "schema_version": 0,
          "attributes": {
            "email": "service-278244931207@gcp-sa-pubsub.iam.gserviceaccount.com",
            "id": "projects/fs-50-dev-data-dwh-plg-0/services/pubsub.googleapis.com",
            "project": "fs-50-dev-data-dwh-plg-0",
            "service": "pubsub.googleapis.com",
            "timeouts": null
          },
          "sensitive_attributes": [],
          "private": "eyJlMmJmYjczMC1lY2FhLTExZTYtOGY4OC0zNDM2M2JjN2M0YzAiOnsiY3JlYXRlIjoxMjAwMDAwMDAwMDAwLCJkZWxldGUiOjEyMDAwMDAwMDAwMDAsInJlYWQiOjYwMDAwMDAwMDAwMH19",
          "dependencies": [
            "module.data-platform.module.dwh-plg-project.data.google_project.project",
            "module.data-platform.module.dwh-plg-project.google_project.project",
            "module.data-platform.module.dwh-plg-project.google_project_service.project_services"
          ]
        }
      ]
    },
    {
      "module": "module.data-platform.module.dwh-plg-project",
      "mode": "managed",
      "type": "google_project_service_identity",
      "name": "servicenetworking",
      "provider": "provider[\"registry.terraform.io/hashicorp/google-beta\"]",
      "instances": [
        {
          "index_key": 0,
          "schema_version": 0,
          "attributes": {
            "email": "service-278244931207@service-networking.iam.gserviceaccount.com",
            "id": "projects/fs-50-dev-data-dwh-plg-0/services/servicenetworking.googleapis.com",
            "project": "fs-50-dev-data-dwh-plg-0",
            "service": "servicenetworking.googleapis.com",
            "timeouts": null
          },
          "sensitive_attributes": [],
          "private": "eyJlMmJmYjczMC1lY2FhLTExZTYtOGY4OC0zNDM2M2JjN2M0YzAiOnsiY3JlYXRlIjoxMjAwMDAwMDAwMDAwLCJkZWxldGUiOjEyMDAwMDAwMDAwMDAsInJlYWQiOjYwMDAwMDAwMDAwMH19",
          "dependencies": [
            "module.data-platform.module.dwh-plg-project.data.google_project.project",
            "module.data-platform.module.dwh-plg-project.google_project.project",
            "module.data-platform.module.dwh-plg-project.google_project_service.project_services"
          ]
        }
      ]
    },
    {
      "module": "module.data-platform.module.exp-project",
      "mode": "managed",
      "type": "google_project",
      "name": "project",
      "provider": "provider[\"registry.terraform.io/hashicorp/google\"]",
      "instances": [
        {
          "index_key": 0,
          "schema_version": 1,
          "attributes": {
            "auto_create_network": false,
            "billing_account": "0181A7-4CC981-B7594C",
            "folder_id": "86898363966",
            "id": "projects/fs-50-dev-data-exp-0",
            "labels": null,
            "name": "fs-50-dev-data-exp-0",
            "number": "34767627274",
            "org_id": "",
            "project_id": "fs-50-dev-data-exp-0",
            "skip_delete": false,
            "timeouts": null
          },
          "sensitive_attributes": [],
          "private": "eyJlMmJmYjczMC1lY2FhLTExZTYtOGY4OC0zNDM2M2JjN2M0YzAiOnsiY3JlYXRlIjo2MDAwMDAwMDAwMDAsImRlbGV0ZSI6NjAwMDAwMDAwMDAwLCJyZWFkIjo2MDAwMDAwMDAwMDAsInVwZGF0ZSI6NjAwMDAwMDAwMDAwfSwic2NoZW1hX3ZlcnNpb24iOiIxIn0="
        }
      ]
    },
    {
      "module": "module.data-platform.module.load-cs-df-0",
      "mode": "managed",
      "type": "google_storage_bucket",
      "name": "bucket",
      "provider": "provider[\"registry.terraform.io/hashicorp/google\"]",
      "instances": [
        {
          "schema_version": 0,
          "attributes": {
            "cors": [],
            "default_event_based_hold": false,
            "encryption": [],
            "force_destroy": false,
            "id": "fs-50-dev-data-load-cs-0",
            "labels": null,
            "lifecycle_rule": [],
            "location": "EU",
            "logging": [],
            "name": "fs-50-dev-data-load-cs-0",
            "project": "fs-50-dev-data-lod-0",
            "requester_pays": false,
            "retention_policy": [],
            "self_link": "https://www.googleapis.com/storage/v1/b/fs-50-dev-data-load-cs-0",
            "storage_class": "MULTI_REGIONAL",
            "timeouts": null,
            "uniform_bucket_level_access": true,
            "url": "gs://fs-50-dev-data-load-cs-0",
            "versioning": [
              {
                "enabled": false
              }
            ],
            "website": []
          },
          "sensitive_attributes": [],
          "private": "bnVsbA==",
          "dependencies": [
            "module.data-platform.module.load-project.data.google_bigquery_default_service_account.bq_sa",
            "module.data-platform.module.load-project.data.google_project.project",
            "module.data-platform.module.load-project.data.google_storage_project_service_account.gcs_sa",
            "module.data-platform.module.load-project.google_compute_shared_vpc_host_project.shared_vpc_host",
            "module.data-platform.module.load-project.google_compute_shared_vpc_service_project.service_projects",
            "module.data-platform.module.load-project.google_kms_crypto_key_iam_member.service_identity_cmek",
            "module.data-platform.module.load-project.google_project.project",
            "module.data-platform.module.load-project.google_project_iam_member.servicenetworking",
            "module.data-platform.module.load-project.google_project_iam_member.shared_vpc_host_robots",
            "module.data-platform.module.load-project.google_project_organization_policy.boolean",
            "module.data-platform.module.load-project.google_project_organization_policy.list",
            "module.data-platform.module.load-project.google_project_service.project_services",
            "module.data-platform.module.load-project.google_project_service_identity.jit_si",
            "module.data-platform.module.load-project.google_project_service_identity.servicenetworking"
          ]
        }
      ]
    },
    {
      "module": "module.data-platform.module.load-project",
      "mode": "data",
      "type": "google_bigquery_default_service_account",
      "name": "bq_sa",
      "provider": "provider[\"registry.terraform.io/hashicorp/google\"]",
      "instances": [
        {
          "index_key": 0,
          "schema_version": 0,
          "attributes": {
            "email": "bq-656288834514@bigquery-encryption.iam.gserviceaccount.com",
            "id": "bq-656288834514@bigquery-encryption.iam.gserviceaccount.com",
            "project": "fs-50-dev-data-lod-0"
          },
          "sensitive_attributes": []
        }
      ]
    },
    {
      "module": "module.data-platform.module.load-project",
      "mode": "data",
      "type": "google_storage_project_service_account",
      "name": "gcs_sa",
      "provider": "provider[\"registry.terraform.io/hashicorp/google\"]",
      "instances": [
        {
          "index_key": 0,
          "schema_version": 0,
          "attributes": {
            "email_address": "service-656288834514@gs-project-accounts.iam.gserviceaccount.com",
            "id": "service-656288834514@gs-project-accounts.iam.gserviceaccount.com",
            "project": "fs-50-dev-data-lod-0",
            "user_project": null
          },
          "sensitive_attributes": []
        }
      ]
    },
    {
      "module": "module.data-platform.module.load-project",
      "mode": "managed",
      "type": "google_compute_shared_vpc_service_project",
      "name": "shared_vpc_service",
      "provider": "provider[\"registry.terraform.io/hashicorp/google-beta\"]",
      "instances": [
        {
          "index_key": 0,
          "schema_version": 0,
          "attributes": {
            "host_project": "fs-30-dev-net-spoke-0",
            "id": "fs-30-dev-net-spoke-0/fs-50-dev-data-lod-0",
            "service_project": "fs-50-dev-data-lod-0",
            "timeouts": null
          },
          "sensitive_attributes": [],
          "private": "eyJlMmJmYjczMC1lY2FhLTExZTYtOGY4OC0zNDM2M2JjN2M0YzAiOnsiY3JlYXRlIjoyNDAwMDAwMDAwMDAsImRlbGV0ZSI6MjQwMDAwMDAwMDAwfX0=",
          "dependencies": [
            "module.data-platform.module.load-project.data.google_project.project",
            "module.data-platform.module.load-project.google_project.project"
          ]
        }
      ]
    },
    {
      "module": "module.data-platform.module.load-project",
      "mode": "managed",
      "type": "google_project",
      "name": "project",
      "provider": "provider[\"registry.terraform.io/hashicorp/google\"]",
      "instances": [
        {
          "index_key": 0,
          "schema_version": 1,
          "attributes": {
            "auto_create_network": false,
            "billing_account": "0181A7-4CC981-B7594C",
            "folder_id": "86898363966",
            "id": "projects/fs-50-dev-data-lod-0",
            "labels": null,
            "name": "fs-50-dev-data-lod-0",
            "number": "656288834514",
            "org_id": "",
            "project_id": "fs-50-dev-data-lod-0",
            "skip_delete": false,
            "timeouts": null
          },
          "sensitive_attributes": [],
          "private": "eyJlMmJmYjczMC1lY2FhLTExZTYtOGY4OC0zNDM2M2JjN2M0YzAiOnsiY3JlYXRlIjo2MDAwMDAwMDAwMDAsImRlbGV0ZSI6NjAwMDAwMDAwMDAwLCJyZWFkIjo2MDAwMDAwMDAwMDAsInVwZGF0ZSI6NjAwMDAwMDAwMDAwfSwic2NoZW1hX3ZlcnNpb24iOiIxIn0="
        }
      ]
    },
    {
      "module": "module.data-platform.module.load-project",
      "mode": "managed",
      "type": "google_project_iam_binding",
      "name": "authoritative",
      "provider": "provider[\"registry.terraform.io/hashicorp/google\"]",
      "instances": [
        {
          "index_key": "roles/bigquery.jobUser",
          "schema_version": 0,
          "attributes": {
            "condition": [],
            "etag": "BwXeV3Ae7qE=",
            "id": "fs-50-dev-data-lod-0/roles/bigquery.jobUser",
            "members": [
              "serviceAccount:fs-50-dev-data-load-df-0@fs-50-dev-data-lod-0.iam.gserviceaccount.com"
            ],
            "project": "fs-50-dev-data-lod-0",
            "role": "roles/bigquery.jobUser"
          },
          "sensitive_attributes": [],
          "private": "bnVsbA==",
          "dependencies": [
            "module.data-platform.module.load-project.data.google_bigquery_default_service_account.bq_sa",
            "module.data-platform.module.load-project.data.google_project.project",
            "module.data-platform.module.load-project.data.google_storage_project_service_account.gcs_sa",
            "module.data-platform.module.load-project.google_compute_shared_vpc_host_project.shared_vpc_host",
            "module.data-platform.module.load-project.google_compute_shared_vpc_service_project.service_projects",
            "module.data-platform.module.load-project.google_kms_crypto_key_iam_member.service_identity_cmek",
            "module.data-platform.module.load-project.google_kms_crypto_key_iam_member.service_identity_cmek",
            "module.data-platform.module.load-project.google_project_iam_custom_role.roles",
            "module.data-platform.module.load-project.google_project_iam_member.servicenetworking",
            "module.data-platform.module.load-project.google_project_iam_member.shared_vpc_host_robots",
            "module.data-platform.module.load-project.google_project_organization_policy.boolean",
            "module.data-platform.module.load-project.google_project_organization_policy.list",
            "module.data-platform.module.load-project.google_project_service.project_services",
            "module.data-platform.module.load-project.google_project_service_identity.jit_si",
            "module.data-platform.module.load-project.google_project_service_identity.servicenetworking",
            "module.data-platform.module.load-sa-df-0.data.google_service_account.service_account",
            "module.data-platform.module.load-sa-df-0.google_service_account.service_account",
            "module.data-platform.module.orch-project.data.google_bigquery_default_service_account.bq_sa",
            "module.data-platform.module.orch-project.data.google_project.project",
            "module.data-platform.module.orch-project.data.google_storage_project_service_account.gcs_sa",
            "module.data-platform.module.orch-project.google_compute_shared_vpc_host_project.shared_vpc_host",
            "module.data-platform.module.orch-project.google_compute_shared_vpc_service_project.service_projects",
            "module.data-platform.module.orch-project.google_kms_crypto_key_iam_member.service_identity_cmek",
            "module.data-platform.module.orch-project.google_project.project",
            "module.data-platform.module.orch-project.google_project_iam_member.servicenetworking",
            "module.data-platform.module.orch-project.google_project_iam_member.shared_vpc_host_robots",
            "module.data-platform.module.orch-project.google_project_organization_policy.boolean",
            "module.data-platform.module.orch-project.google_project_organization_policy.list",
            "module.data-platform.module.orch-project.google_project_service.project_services",
            "module.data-platform.module.orch-project.google_project_service_identity.jit_si",
            "module.data-platform.module.orch-project.google_project_service_identity.servicenetworking",
            "module.data-platform.module.orch-sa-cmp-0.data.google_service_account.service_account",
            "module.data-platform.module.orch-sa-cmp-0.google_service_account.service_account"
          ]
        },
        {
          "index_key": "roles/compute.viewer",
          "schema_version": 0,
          "attributes": {
            "condition": [],
            "etag": "BwXeV3Ae7qE=",
            "id": "fs-50-dev-data-lod-0/roles/compute.viewer",
            "members": [
              "group:gcp-data-engineers@caggioland.com"
            ],
            "project": "fs-50-dev-data-lod-0",
            "role": "roles/compute.viewer"
          },
          "sensitive_attributes": [],
          "private": "bnVsbA==",
          "dependencies": [
            "module.data-platform.module.load-project.data.google_bigquery_default_service_account.bq_sa",
            "module.data-platform.module.load-project.data.google_project.project",
            "module.data-platform.module.load-project.data.google_storage_project_service_account.gcs_sa",
            "module.data-platform.module.load-project.google_compute_shared_vpc_host_project.shared_vpc_host",
            "module.data-platform.module.load-project.google_compute_shared_vpc_service_project.service_projects",
            "module.data-platform.module.load-project.google_kms_crypto_key_iam_member.service_identity_cmek",
            "module.data-platform.module.load-project.google_project.project",
            "module.data-platform.module.load-project.google_project_iam_custom_role.roles",
            "module.data-platform.module.load-project.google_project_iam_member.servicenetworking",
            "module.data-platform.module.load-project.google_project_iam_member.shared_vpc_host_robots",
            "module.data-platform.module.load-project.google_project_organization_policy.boolean",
            "module.data-platform.module.load-project.google_project_organization_policy.list",
            "module.data-platform.module.load-project.google_project_service.project_services",
            "module.data-platform.module.load-project.google_project_service_identity.jit_si",
            "module.data-platform.module.load-project.google_project_service_identity.servicenetworking",
            "module.data-platform.module.load-sa-df-0.data.google_service_account.service_account",
            "module.data-platform.module.load-sa-df-0.google_service_account.service_account",
            "module.data-platform.module.orch-project.data.google_bigquery_default_service_account.bq_sa",
            "module.data-platform.module.orch-project.data.google_project.project",
            "module.data-platform.module.orch-project.data.google_storage_project_service_account.gcs_sa",
            "module.data-platform.module.orch-project.google_compute_shared_vpc_host_project.shared_vpc_host",
            "module.data-platform.module.orch-project.google_compute_shared_vpc_service_project.service_projects",
            "module.data-platform.module.orch-project.google_kms_crypto_key_iam_member.service_identity_cmek",
            "module.data-platform.module.orch-project.google_project.project",
            "module.data-platform.module.orch-project.google_project_iam_member.servicenetworking",
            "module.data-platform.module.orch-project.google_project_iam_member.shared_vpc_host_robots",
            "module.data-platform.module.orch-project.google_project_organization_policy.boolean",
            "module.data-platform.module.orch-project.google_project_organization_policy.list",
            "module.data-platform.module.orch-project.google_project_service.project_services",
            "module.data-platform.module.orch-project.google_project_service_identity.jit_si",
            "module.data-platform.module.orch-project.google_project_service_identity.servicenetworking",
            "module.data-platform.module.orch-sa-cmp-0.data.google_service_account.service_account",
            "module.data-platform.module.orch-sa-cmp-0.google_service_account.service_account"
          ]
        },
        {
          "index_key": "roles/dataflow.admin",
          "schema_version": 0,
          "attributes": {
            "condition": [],
            "etag": "BwXeV2/NckU=",
            "id": "fs-50-dev-data-lod-0/roles/dataflow.admin",
            "members": [
              "group:gcp-data-engineers@caggioland.com",
              "serviceAccount:fs-50-dev-data-load-df-0@fs-50-dev-data-lod-0.iam.gserviceaccount.com",
              "serviceAccount:fs-50-dev-data-orc-cmp-0@fs-50-dev-data-orc-0.iam.gserviceaccount.com"
            ],
            "project": "fs-50-dev-data-lod-0",
            "role": "roles/dataflow.admin"
          },
          "sensitive_attributes": [],
          "private": "bnVsbA==",
          "dependencies": [
            "module.data-platform.module.load-project.data.google_project.project",
            "module.data-platform.module.load-project.data.google_storage_project_service_account.gcs_sa",
            "module.data-platform.module.load-project.google_compute_shared_vpc_host_project.shared_vpc_host",
            "module.data-platform.module.load-project.data.google_bigquery_default_service_account.bq_sa",
            "module.data-platform.module.load-project.google_kms_crypto_key_iam_member.service_identity_cmek",
            "module.data-platform.module.load-project.google_kms_crypto_key_iam_member.service_identity_cmek",
            "module.data-platform.module.load-project.google_project_iam_custom_role.roles",
            "module.data-platform.module.load-project.google_project_organization_policy.boolean",
            "module.data-platform.module.load-project.google_project_iam_member.servicenetworking",
            "module.data-platform.module.load-project.google_project_iam_member.shared_vpc_host_robots",
            "module.data-platform.module.load-project.google_project_organization_policy.list",
            "module.data-platform.module.load-project.google_compute_shared_vpc_service_project.service_projects",
            "module.data-platform.module.load-project.google_project_service.project_services",
            "module.data-platform.module.load-project.google_project_service_identity.jit_si",
            "module.data-platform.module.load-project.google_project_service_identity.servicenetworking",
            "module.data-platform.module.load-sa-df-0.data.google_service_account.service_account",
            "module.data-platform.module.load-sa-df-0.google_service_account.service_account",
            "module.data-platform.module.orch-project.data.google_bigquery_default_service_account.bq_sa",
            "module.data-platform.module.orch-project.data.google_project.project",
            "module.data-platform.module.orch-project.data.google_storage_project_service_account.gcs_sa",
            "module.data-platform.module.orch-project.google_compute_shared_vpc_host_project.shared_vpc_host",
            "module.data-platform.module.orch-project.google_compute_shared_vpc_service_project.service_projects",
            "module.data-platform.module.orch-project.google_kms_crypto_key_iam_member.service_identity_cmek",
            "module.data-platform.module.orch-project.google_project_iam_member.servicenetworking",
            "module.data-platform.module.orch-project.google_project.project",
            "module.data-platform.module.orch-project.google_project_iam_member.shared_vpc_host_robots",
            "module.data-platform.module.orch-project.google_project_organization_policy.boolean",
            "module.data-platform.module.orch-project.google_project_organization_policy.list",
            "module.data-platform.module.orch-project.google_project_service.project_services",
            "module.data-platform.module.orch-project.google_project_service_identity.jit_si",
            "module.data-platform.module.orch-project.google_project_service_identity.servicenetworking",
            "module.data-platform.module.orch-sa-cmp-0.data.google_service_account.service_account",
            "module.data-platform.module.orch-sa-cmp-0.google_service_account.service_account"
          ]
        },
        {
          "index_key": "roles/dataflow.developer",
          "schema_version": 0,
          "attributes": {
            "condition": [],
            "etag": "BwXeV3Ae7qE=",
            "id": "fs-50-dev-data-lod-0/roles/dataflow.developer",
            "members": [
              "group:gcp-data-engineers@caggioland.com"
            ],
            "project": "fs-50-dev-data-lod-0",
            "role": "roles/dataflow.developer"
          },
          "sensitive_attributes": [],
          "private": "bnVsbA==",
          "dependencies": [
            "module.data-platform.module.load-project.data.google_project.project",
            "module.data-platform.module.load-project.data.google_storage_project_service_account.gcs_sa",
            "module.data-platform.module.load-project.google_compute_shared_vpc_host_project.shared_vpc_host",
            "module.data-platform.module.load-project.data.google_bigquery_default_service_account.bq_sa",
            "module.data-platform.module.load-project.google_kms_crypto_key_iam_member.service_identity_cmek",
            "module.data-platform.module.load-project.google_kms_crypto_key_iam_member.service_identity_cmek",
            "module.data-platform.module.load-project.google_project_iam_custom_role.roles",
            "module.data-platform.module.load-project.google_project_organization_policy.boolean",
            "module.data-platform.module.load-project.google_project_iam_member.servicenetworking",
            "module.data-platform.module.load-project.google_project_iam_member.shared_vpc_host_robots",
            "module.data-platform.module.load-project.google_project_organization_policy.list",
            "module.data-platform.module.load-project.google_compute_shared_vpc_service_project.service_projects",
            "module.data-platform.module.load-project.google_project_service.project_services",
            "module.data-platform.module.load-project.google_project_service_identity.jit_si",
            "module.data-platform.module.load-project.google_project_service_identity.servicenetworking",
            "module.data-platform.module.load-sa-df-0.data.google_service_account.service_account",
            "module.data-platform.module.load-sa-df-0.google_service_account.service_account",
            "module.data-platform.module.orch-project.data.google_bigquery_default_service_account.bq_sa",
            "module.data-platform.module.orch-project.data.google_project.project",
            "module.data-platform.module.orch-project.data.google_storage_project_service_account.gcs_sa",
            "module.data-platform.module.orch-project.google_compute_shared_vpc_host_project.shared_vpc_host",
            "module.data-platform.module.orch-project.google_compute_shared_vpc_service_project.service_projects",
            "module.data-platform.module.orch-project.google_kms_crypto_key_iam_member.service_identity_cmek",
            "module.data-platform.module.orch-project.google_project_iam_member.servicenetworking",
            "module.data-platform.module.orch-project.google_project.project",
            "module.data-platform.module.orch-project.google_project_iam_member.shared_vpc_host_robots",
            "module.data-platform.module.orch-project.google_project_organization_policy.boolean",
            "module.data-platform.module.orch-project.google_project_organization_policy.list",
            "module.data-platform.module.orch-project.google_project_service.project_services",
            "module.data-platform.module.orch-project.google_project_service_identity.jit_si",
            "module.data-platform.module.orch-project.google_project_service_identity.servicenetworking",
            "module.data-platform.module.orch-sa-cmp-0.data.google_service_account.service_account",
            "module.data-platform.module.orch-sa-cmp-0.google_service_account.service_account"
          ]
        },
        {
          "index_key": "roles/dataflow.worker",
          "schema_version": 0,
          "attributes": {
            "condition": [],
            "etag": "BwXeV3Ae7qE=",
            "id": "fs-50-dev-data-lod-0/roles/dataflow.worker",
            "members": [
              "serviceAccount:fs-50-dev-data-load-df-0@fs-50-dev-data-lod-0.iam.gserviceaccount.com"
            ],
            "project": "fs-50-dev-data-lod-0",
            "role": "roles/dataflow.worker"
          },
          "sensitive_attributes": [],
          "private": "bnVsbA==",
          "dependencies": [
            "module.data-platform.module.load-project.data.google_bigquery_default_service_account.bq_sa",
            "module.data-platform.module.load-project.data.google_project.project",
            "module.data-platform.module.load-project.data.google_storage_project_service_account.gcs_sa",
            "module.data-platform.module.load-project.google_compute_shared_vpc_host_project.shared_vpc_host",
            "module.data-platform.module.load-project.google_compute_shared_vpc_service_project.service_projects",
            "module.data-platform.module.load-project.google_kms_crypto_key_iam_member.service_identity_cmek",
            "module.data-platform.module.load-project.google_project.project",
            "module.data-platform.module.load-project.google_project_iam_custom_role.roles",
            "module.data-platform.module.load-project.google_project_iam_member.servicenetworking",
            "module.data-platform.module.load-project.google_project_iam_member.shared_vpc_host_robots",
            "module.data-platform.module.load-project.google_project_organization_policy.boolean",
            "module.data-platform.module.load-project.google_project_organization_policy.list",
            "module.data-platform.module.load-project.google_project_service.project_services",
            "module.data-platform.module.load-project.google_project_service_identity.jit_si",
            "module.data-platform.module.load-project.google_project_service_identity.servicenetworking",
            "module.data-platform.module.load-sa-df-0.data.google_service_account.service_account",
            "module.data-platform.module.load-sa-df-0.google_service_account.service_account",
            "module.data-platform.module.orch-project.data.google_bigquery_default_service_account.bq_sa",
            "module.data-platform.module.orch-project.data.google_project.project",
            "module.data-platform.module.orch-project.data.google_storage_project_service_account.gcs_sa",
            "module.data-platform.module.orch-project.google_compute_shared_vpc_host_project.shared_vpc_host",
            "module.data-platform.module.orch-project.google_compute_shared_vpc_service_project.service_projects",
            "module.data-platform.module.orch-project.google_kms_crypto_key_iam_member.service_identity_cmek",
            "module.data-platform.module.orch-project.google_project.project",
            "module.data-platform.module.orch-project.google_project_iam_member.servicenetworking",
            "module.data-platform.module.orch-project.google_project_iam_member.shared_vpc_host_robots",
            "module.data-platform.module.orch-project.google_project_organization_policy.boolean",
            "module.data-platform.module.orch-project.google_project_organization_policy.list",
            "module.data-platform.module.orch-project.google_project_service.project_services",
            "module.data-platform.module.orch-project.google_project_service_identity.jit_si",
            "module.data-platform.module.orch-project.google_project_service_identity.servicenetworking",
            "module.data-platform.module.orch-sa-cmp-0.data.google_service_account.service_account",
            "module.data-platform.module.orch-sa-cmp-0.google_service_account.service_account"
          ]
        },
        {
          "index_key": "roles/storage.objectAdmin",
          "schema_version": 0,
          "attributes": {
            "condition": [],
            "etag": "BwXeV3Ae7qE=",
            "id": "fs-50-dev-data-lod-0/roles/storage.objectAdmin",
            "members": [
              "serviceAccount:fs-50-dev-data-load-df-0@fs-50-dev-data-lod-0.iam.gserviceaccount.com",
              "serviceAccount:service-656288834514@dataflow-service-producer-prod.iam.gserviceaccount.com"
            ],
            "project": "fs-50-dev-data-lod-0",
            "role": "roles/storage.objectAdmin"
          },
          "sensitive_attributes": [],
          "private": "bnVsbA==",
          "dependencies": [
            "module.data-platform.module.load-project.data.google_bigquery_default_service_account.bq_sa",
            "module.data-platform.module.load-project.data.google_storage_project_service_account.gcs_sa",
            "module.data-platform.module.load-project.google_compute_shared_vpc_host_project.shared_vpc_host",
            "module.data-platform.module.load-project.data.google_project.project",
            "module.data-platform.module.load-project.google_compute_shared_vpc_service_project.service_projects",
            "module.data-platform.module.load-project.google_kms_crypto_key_iam_member.service_identity_cmek",
            "module.data-platform.module.load-project.google_kms_crypto_key_iam_member.service_identity_cmek",
            "module.data-platform.module.load-project.google_project_iam_custom_role.roles",
            "module.data-platform.module.load-project.google_project_iam_member.servicenetworking",
            "module.data-platform.module.load-project.google_project_iam_member.shared_vpc_host_robots",
            "module.data-platform.module.load-project.google_project_organization_policy.boolean",
            "module.data-platform.module.load-project.google_project_organization_policy.list",
            "module.data-platform.module.load-project.google_project_service.project_services",
            "module.data-platform.module.load-project.google_project_service_identity.jit_si",
            "module.data-platform.module.load-project.google_project_service_identity.servicenetworking",
            "module.data-platform.module.load-sa-df-0.data.google_service_account.service_account",
            "module.data-platform.module.load-sa-df-0.google_service_account.service_account",
            "module.data-platform.module.orch-project.data.google_bigquery_default_service_account.bq_sa",
            "module.data-platform.module.orch-project.data.google_project.project",
            "module.data-platform.module.orch-project.data.google_storage_project_service_account.gcs_sa",
            "module.data-platform.module.orch-project.google_compute_shared_vpc_host_project.shared_vpc_host",
            "module.data-platform.module.orch-project.google_compute_shared_vpc_service_project.service_projects",
            "module.data-platform.module.orch-project.google_kms_crypto_key_iam_member.service_identity_cmek",
            "module.data-platform.module.orch-project.google_project.project",
            "module.data-platform.module.orch-project.google_project_iam_member.servicenetworking",
            "module.data-platform.module.orch-project.google_project_iam_member.shared_vpc_host_robots",
            "module.data-platform.module.orch-project.google_project_organization_policy.boolean",
            "module.data-platform.module.orch-project.google_project_organization_policy.list",
            "module.data-platform.module.orch-project.google_project_service.project_services",
            "module.data-platform.module.orch-project.google_project_service_identity.jit_si",
            "module.data-platform.module.orch-project.google_project_service_identity.servicenetworking",
            "module.data-platform.module.orch-sa-cmp-0.data.google_service_account.service_account",
            "module.data-platform.module.orch-sa-cmp-0.google_service_account.service_account"
          ]
        },
        {
          "index_key": "roles/viewer",
          "schema_version": 0,
          "attributes": {
            "condition": [],
            "etag": "BwXeV3Ae7qE=",
            "id": "fs-50-dev-data-lod-0/roles/viewer",
            "members": [
              "group:gcp-data-engineers@caggioland.com"
            ],
            "project": "fs-50-dev-data-lod-0",
            "role": "roles/viewer"
          },
          "sensitive_attributes": [],
          "private": "bnVsbA==",
          "dependencies": [
            "module.data-platform.module.load-project.data.google_project.project",
            "module.data-platform.module.load-project.data.google_storage_project_service_account.gcs_sa",
            "module.data-platform.module.load-project.google_compute_shared_vpc_host_project.shared_vpc_host",
            "module.data-platform.module.load-project.data.google_bigquery_default_service_account.bq_sa",
            "module.data-platform.module.load-project.google_kms_crypto_key_iam_member.service_identity_cmek",
            "module.data-platform.module.load-project.google_kms_crypto_key_iam_member.service_identity_cmek",
            "module.data-platform.module.load-project.google_project_iam_custom_role.roles",
            "module.data-platform.module.load-project.google_project_organization_policy.boolean",
            "module.data-platform.module.load-project.google_project_iam_member.servicenetworking",
            "module.data-platform.module.load-project.google_project_iam_member.shared_vpc_host_robots",
            "module.data-platform.module.load-project.google_project_organization_policy.list",
            "module.data-platform.module.load-project.google_project_service_identity.jit_si",
            "module.data-platform.module.load-project.google_project_service_identity.servicenetworking",
            "module.data-platform.module.load-sa-df-0.google_service_account.service_account",
            "module.data-platform.module.orch-project.data.google_bigquery_default_service_account.bq_sa",
            "module.data-platform.module.load-project.google_compute_shared_vpc_service_project.service_projects",
            "module.data-platform.module.orch-project.google_project_iam_member.servicenetworking",
            "module.data-platform.module.load-project.google_project_service.project_services",
            "module.data-platform.module.orch-project.data.google_project.project",
            "module.data-platform.module.orch-project.data.google_storage_project_service_account.gcs_sa",
            "module.data-platform.module.orch-project.google_compute_shared_vpc_host_project.shared_vpc_host",
            "module.data-platform.module.orch-project.google_compute_shared_vpc_service_project.service_projects",
            "module.data-platform.module.orch-project.google_kms_crypto_key_iam_member.service_identity_cmek",
            "module.data-platform.module.orch-project.google_project.project",
            "module.data-platform.module.load-sa-df-0.data.google_service_account.service_account",
            "module.data-platform.module.orch-project.google_project_iam_member.shared_vpc_host_robots",
            "module.data-platform.module.orch-project.google_project_organization_policy.boolean",
            "module.data-platform.module.orch-project.google_project_organization_policy.list",
            "module.data-platform.module.orch-project.google_project_service.project_services",
            "module.data-platform.module.orch-project.google_project_service_identity.jit_si",
            "module.data-platform.module.orch-project.google_project_service_identity.servicenetworking",
            "module.data-platform.module.orch-sa-cmp-0.data.google_service_account.service_account",
            "module.data-platform.module.orch-sa-cmp-0.google_service_account.service_account"
          ]
        }
      ]
    },
    {
      "module": "module.data-platform.module.load-project",
      "mode": "managed",
      "type": "google_project_iam_member",
      "name": "servicenetworking",
      "provider": "provider[\"registry.terraform.io/hashicorp/google\"]",
      "instances": [
        {
          "index_key": 0,
          "schema_version": 0,
          "attributes": {
            "condition": [],
            "etag": "BwXeV2nTzoA=",
            "id": "fs-50-dev-data-lod-0/roles/servicenetworking.serviceAgent/serviceAccount:service-656288834514@service-networking.iam.gserviceaccount.com",
            "member": "serviceAccount:service-656288834514@service-networking.iam.gserviceaccount.com",
            "project": "fs-50-dev-data-lod-0",
            "role": "roles/servicenetworking.serviceAgent"
          },
          "sensitive_attributes": [],
          "private": "bnVsbA==",
          "dependencies": [
            "module.data-platform.module.load-project.data.google_project.project",
            "module.data-platform.module.load-project.google_project.project",
            "module.data-platform.module.load-project.google_project_service.project_services",
            "module.data-platform.module.load-project.google_project_service_identity.servicenetworking"
          ]
        }
      ]
    },
    {
      "module": "module.data-platform.module.load-project",
      "mode": "managed",
      "type": "google_project_service",
      "name": "project_services",
      "provider": "provider[\"registry.terraform.io/hashicorp/google\"]",
      "instances": [
        {
          "index_key": "bigquery.googleapis.com",
          "schema_version": 0,
          "attributes": {
            "disable_dependent_services": true,
            "disable_on_destroy": true,
            "id": "fs-50-dev-data-lod-0/bigquery.googleapis.com",
            "project": "fs-50-dev-data-lod-0",
            "service": "bigquery.googleapis.com",
            "timeouts": null
          },
          "sensitive_attributes": [],
          "private": "eyJlMmJmYjczMC1lY2FhLTExZTYtOGY4OC0zNDM2M2JjN2M0YzAiOnsiY3JlYXRlIjoxMjAwMDAwMDAwMDAwLCJkZWxldGUiOjEyMDAwMDAwMDAwMDAsInJlYWQiOjYwMDAwMDAwMDAwMCwidXBkYXRlIjoxMjAwMDAwMDAwMDAwfX0=",
          "dependencies": [
            "module.data-platform.module.load-project.data.google_project.project",
            "module.data-platform.module.load-project.google_project.project"
          ]
        },
        {
          "index_key": "bigqueryreservation.googleapis.com",
          "schema_version": 0,
          "attributes": {
            "disable_dependent_services": true,
            "disable_on_destroy": true,
            "id": "fs-50-dev-data-lod-0/bigqueryreservation.googleapis.com",
            "project": "fs-50-dev-data-lod-0",
            "service": "bigqueryreservation.googleapis.com",
            "timeouts": null
          },
          "sensitive_attributes": [],
          "private": "eyJlMmJmYjczMC1lY2FhLTExZTYtOGY4OC0zNDM2M2JjN2M0YzAiOnsiY3JlYXRlIjoxMjAwMDAwMDAwMDAwLCJkZWxldGUiOjEyMDAwMDAwMDAwMDAsInJlYWQiOjYwMDAwMDAwMDAwMCwidXBkYXRlIjoxMjAwMDAwMDAwMDAwfX0=",
          "dependencies": [
            "module.data-platform.module.load-project.data.google_project.project",
            "module.data-platform.module.load-project.google_project.project"
          ]
        },
        {
          "index_key": "bigquerystorage.googleapis.com",
          "schema_version": 0,
          "attributes": {
            "disable_dependent_services": true,
            "disable_on_destroy": true,
            "id": "fs-50-dev-data-lod-0/bigquerystorage.googleapis.com",
            "project": "fs-50-dev-data-lod-0",
            "service": "bigquerystorage.googleapis.com",
            "timeouts": null
          },
          "sensitive_attributes": [],
          "private": "eyJlMmJmYjczMC1lY2FhLTExZTYtOGY4OC0zNDM2M2JjN2M0YzAiOnsiY3JlYXRlIjoxMjAwMDAwMDAwMDAwLCJkZWxldGUiOjEyMDAwMDAwMDAwMDAsInJlYWQiOjYwMDAwMDAwMDAwMCwidXBkYXRlIjoxMjAwMDAwMDAwMDAwfX0=",
          "dependencies": [
            "module.data-platform.module.load-project.data.google_project.project",
            "module.data-platform.module.load-project.google_project.project"
          ]
        },
        {
          "index_key": "cloudkms.googleapis.com",
          "schema_version": 0,
          "attributes": {
            "disable_dependent_services": true,
            "disable_on_destroy": true,
            "id": "fs-50-dev-data-lod-0/cloudkms.googleapis.com",
            "project": "fs-50-dev-data-lod-0",
            "service": "cloudkms.googleapis.com",
            "timeouts": null
          },
          "sensitive_attributes": [],
          "private": "eyJlMmJmYjczMC1lY2FhLTExZTYtOGY4OC0zNDM2M2JjN2M0YzAiOnsiY3JlYXRlIjoxMjAwMDAwMDAwMDAwLCJkZWxldGUiOjEyMDAwMDAwMDAwMDAsInJlYWQiOjYwMDAwMDAwMDAwMCwidXBkYXRlIjoxMjAwMDAwMDAwMDAwfX0=",
          "dependencies": [
            "module.data-platform.module.load-project.data.google_project.project",
            "module.data-platform.module.load-project.google_project.project"
          ]
        },
        {
          "index_key": "cloudresourcemanager.googleapis.com",
          "schema_version": 0,
          "attributes": {
            "disable_dependent_services": true,
            "disable_on_destroy": true,
            "id": "fs-50-dev-data-lod-0/cloudresourcemanager.googleapis.com",
            "project": "fs-50-dev-data-lod-0",
            "service": "cloudresourcemanager.googleapis.com",
            "timeouts": null
          },
          "sensitive_attributes": [],
          "private": "eyJlMmJmYjczMC1lY2FhLTExZTYtOGY4OC0zNDM2M2JjN2M0YzAiOnsiY3JlYXRlIjoxMjAwMDAwMDAwMDAwLCJkZWxldGUiOjEyMDAwMDAwMDAwMDAsInJlYWQiOjYwMDAwMDAwMDAwMCwidXBkYXRlIjoxMjAwMDAwMDAwMDAwfX0=",
          "dependencies": [
            "module.data-platform.module.load-project.data.google_project.project",
            "module.data-platform.module.load-project.google_project.project"
          ]
        },
        {
          "index_key": "compute.googleapis.com",
          "schema_version": 0,
          "attributes": {
            "disable_dependent_services": true,
            "disable_on_destroy": true,
            "id": "fs-50-dev-data-lod-0/compute.googleapis.com",
            "project": "fs-50-dev-data-lod-0",
            "service": "compute.googleapis.com",
            "timeouts": null
          },
          "sensitive_attributes": [],
          "private": "eyJlMmJmYjczMC1lY2FhLTExZTYtOGY4OC0zNDM2M2JjN2M0YzAiOnsiY3JlYXRlIjoxMjAwMDAwMDAwMDAwLCJkZWxldGUiOjEyMDAwMDAwMDAwMDAsInJlYWQiOjYwMDAwMDAwMDAwMCwidXBkYXRlIjoxMjAwMDAwMDAwMDAwfX0=",
          "dependencies": [
            "module.data-platform.module.load-project.data.google_project.project",
            "module.data-platform.module.load-project.google_project.project"
          ]
        },
        {
          "index_key": "dataflow.googleapis.com",
          "schema_version": 0,
          "attributes": {
            "disable_dependent_services": true,
            "disable_on_destroy": true,
            "id": "fs-50-dev-data-lod-0/dataflow.googleapis.com",
            "project": "fs-50-dev-data-lod-0",
            "service": "dataflow.googleapis.com",
            "timeouts": null
          },
          "sensitive_attributes": [],
          "private": "eyJlMmJmYjczMC1lY2FhLTExZTYtOGY4OC0zNDM2M2JjN2M0YzAiOnsiY3JlYXRlIjoxMjAwMDAwMDAwMDAwLCJkZWxldGUiOjEyMDAwMDAwMDAwMDAsInJlYWQiOjYwMDAwMDAwMDAwMCwidXBkYXRlIjoxMjAwMDAwMDAwMDAwfX0=",
          "dependencies": [
            "module.data-platform.module.load-project.data.google_project.project",
            "module.data-platform.module.load-project.google_project.project"
          ]
        },
        {
          "index_key": "dlp.googleapis.com",
          "schema_version": 0,
          "attributes": {
            "disable_dependent_services": true,
            "disable_on_destroy": true,
            "id": "fs-50-dev-data-lod-0/dlp.googleapis.com",
            "project": "fs-50-dev-data-lod-0",
            "service": "dlp.googleapis.com",
            "timeouts": null
          },
          "sensitive_attributes": [],
          "private": "eyJlMmJmYjczMC1lY2FhLTExZTYtOGY4OC0zNDM2M2JjN2M0YzAiOnsiY3JlYXRlIjoxMjAwMDAwMDAwMDAwLCJkZWxldGUiOjEyMDAwMDAwMDAwMDAsInJlYWQiOjYwMDAwMDAwMDAwMCwidXBkYXRlIjoxMjAwMDAwMDAwMDAwfX0=",
          "dependencies": [
            "module.data-platform.module.load-project.data.google_project.project",
            "module.data-platform.module.load-project.google_project.project"
          ]
        },
        {
          "index_key": "iam.googleapis.com",
          "schema_version": 0,
          "attributes": {
            "disable_dependent_services": true,
            "disable_on_destroy": true,
            "id": "fs-50-dev-data-lod-0/iam.googleapis.com",
            "project": "fs-50-dev-data-lod-0",
            "service": "iam.googleapis.com",
            "timeouts": null
          },
          "sensitive_attributes": [],
          "private": "eyJlMmJmYjczMC1lY2FhLTExZTYtOGY4OC0zNDM2M2JjN2M0YzAiOnsiY3JlYXRlIjoxMjAwMDAwMDAwMDAwLCJkZWxldGUiOjEyMDAwMDAwMDAwMDAsInJlYWQiOjYwMDAwMDAwMDAwMCwidXBkYXRlIjoxMjAwMDAwMDAwMDAwfX0=",
          "dependencies": [
            "module.data-platform.module.load-project.data.google_project.project",
            "module.data-platform.module.load-project.google_project.project"
          ]
        },
        {
          "index_key": "pubsub.googleapis.com",
          "schema_version": 0,
          "attributes": {
            "disable_dependent_services": true,
            "disable_on_destroy": true,
            "id": "fs-50-dev-data-lod-0/pubsub.googleapis.com",
            "project": "fs-50-dev-data-lod-0",
            "service": "pubsub.googleapis.com",
            "timeouts": null
          },
          "sensitive_attributes": [],
          "private": "eyJlMmJmYjczMC1lY2FhLTExZTYtOGY4OC0zNDM2M2JjN2M0YzAiOnsiY3JlYXRlIjoxMjAwMDAwMDAwMDAwLCJkZWxldGUiOjEyMDAwMDAwMDAwMDAsInJlYWQiOjYwMDAwMDAwMDAwMCwidXBkYXRlIjoxMjAwMDAwMDAwMDAwfX0=",
          "dependencies": [
            "module.data-platform.module.load-project.data.google_project.project",
            "module.data-platform.module.load-project.google_project.project"
          ]
        },
        {
          "index_key": "servicenetworking.googleapis.com",
          "schema_version": 0,
          "attributes": {
            "disable_dependent_services": true,
            "disable_on_destroy": true,
            "id": "fs-50-dev-data-lod-0/servicenetworking.googleapis.com",
            "project": "fs-50-dev-data-lod-0",
            "service": "servicenetworking.googleapis.com",
            "timeouts": null
          },
          "sensitive_attributes": [],
          "private": "eyJlMmJmYjczMC1lY2FhLTExZTYtOGY4OC0zNDM2M2JjN2M0YzAiOnsiY3JlYXRlIjoxMjAwMDAwMDAwMDAwLCJkZWxldGUiOjEyMDAwMDAwMDAwMDAsInJlYWQiOjYwMDAwMDAwMDAwMCwidXBkYXRlIjoxMjAwMDAwMDAwMDAwfX0=",
          "dependencies": [
            "module.data-platform.module.load-project.data.google_project.project",
            "module.data-platform.module.load-project.google_project.project"
          ]
        },
        {
          "index_key": "serviceusage.googleapis.com",
          "schema_version": 0,
          "attributes": {
            "disable_dependent_services": true,
            "disable_on_destroy": true,
            "id": "fs-50-dev-data-lod-0/serviceusage.googleapis.com",
            "project": "fs-50-dev-data-lod-0",
            "service": "serviceusage.googleapis.com",
            "timeouts": null
          },
          "sensitive_attributes": [],
          "private": "eyJlMmJmYjczMC1lY2FhLTExZTYtOGY4OC0zNDM2M2JjN2M0YzAiOnsiY3JlYXRlIjoxMjAwMDAwMDAwMDAwLCJkZWxldGUiOjEyMDAwMDAwMDAwMDAsInJlYWQiOjYwMDAwMDAwMDAwMCwidXBkYXRlIjoxMjAwMDAwMDAwMDAwfX0=",
          "dependencies": [
            "module.data-platform.module.load-project.data.google_project.project",
            "module.data-platform.module.load-project.google_project.project"
          ]
        },
        {
          "index_key": "stackdriver.googleapis.com",
          "schema_version": 0,
          "attributes": {
            "disable_dependent_services": true,
            "disable_on_destroy": true,
            "id": "fs-50-dev-data-lod-0/stackdriver.googleapis.com",
            "project": "fs-50-dev-data-lod-0",
            "service": "stackdriver.googleapis.com",
            "timeouts": null
          },
          "sensitive_attributes": [],
          "private": "eyJlMmJmYjczMC1lY2FhLTExZTYtOGY4OC0zNDM2M2JjN2M0YzAiOnsiY3JlYXRlIjoxMjAwMDAwMDAwMDAwLCJkZWxldGUiOjEyMDAwMDAwMDAwMDAsInJlYWQiOjYwMDAwMDAwMDAwMCwidXBkYXRlIjoxMjAwMDAwMDAwMDAwfX0=",
          "dependencies": [
            "module.data-platform.module.load-project.data.google_project.project",
            "module.data-platform.module.load-project.google_project.project"
          ]
        },
        {
          "index_key": "storage-component.googleapis.com",
          "schema_version": 0,
          "attributes": {
            "disable_dependent_services": true,
            "disable_on_destroy": true,
            "id": "fs-50-dev-data-lod-0/storage-component.googleapis.com",
            "project": "fs-50-dev-data-lod-0",
            "service": "storage-component.googleapis.com",
            "timeouts": null
          },
          "sensitive_attributes": [],
          "private": "eyJlMmJmYjczMC1lY2FhLTExZTYtOGY4OC0zNDM2M2JjN2M0YzAiOnsiY3JlYXRlIjoxMjAwMDAwMDAwMDAwLCJkZWxldGUiOjEyMDAwMDAwMDAwMDAsInJlYWQiOjYwMDAwMDAwMDAwMCwidXBkYXRlIjoxMjAwMDAwMDAwMDAwfX0=",
          "dependencies": [
            "module.data-platform.module.load-project.data.google_project.project",
            "module.data-platform.module.load-project.google_project.project"
          ]
        },
        {
          "index_key": "storage.googleapis.com",
          "schema_version": 0,
          "attributes": {
            "disable_dependent_services": true,
            "disable_on_destroy": true,
            "id": "fs-50-dev-data-lod-0/storage.googleapis.com",
            "project": "fs-50-dev-data-lod-0",
            "service": "storage.googleapis.com",
            "timeouts": null
          },
          "sensitive_attributes": [],
          "private": "eyJlMmJmYjczMC1lY2FhLTExZTYtOGY4OC0zNDM2M2JjN2M0YzAiOnsiY3JlYXRlIjoxMjAwMDAwMDAwMDAwLCJkZWxldGUiOjEyMDAwMDAwMDAwMDAsInJlYWQiOjYwMDAwMDAwMDAwMCwidXBkYXRlIjoxMjAwMDAwMDAwMDAwfX0=",
          "dependencies": [
            "module.data-platform.module.load-project.data.google_project.project",
            "module.data-platform.module.load-project.google_project.project"
          ]
        }
      ]
    },
    {
      "module": "module.data-platform.module.load-project",
      "mode": "managed",
      "type": "google_project_service_identity",
      "name": "jit_si",
      "provider": "provider[\"registry.terraform.io/hashicorp/google-beta\"]",
      "instances": [
        {
          "index_key": "pubsub.googleapis.com",
          "schema_version": 0,
          "attributes": {
            "email": "service-656288834514@gcp-sa-pubsub.iam.gserviceaccount.com",
            "id": "projects/fs-50-dev-data-lod-0/services/pubsub.googleapis.com",
            "project": "fs-50-dev-data-lod-0",
            "service": "pubsub.googleapis.com",
            "timeouts": null
          },
          "sensitive_attributes": [],
          "private": "eyJlMmJmYjczMC1lY2FhLTExZTYtOGY4OC0zNDM2M2JjN2M0YzAiOnsiY3JlYXRlIjoxMjAwMDAwMDAwMDAwLCJkZWxldGUiOjEyMDAwMDAwMDAwMDAsInJlYWQiOjYwMDAwMDAwMDAwMH19",
          "dependencies": [
            "module.data-platform.module.load-project.data.google_project.project",
            "module.data-platform.module.load-project.google_project.project",
            "module.data-platform.module.load-project.google_project_service.project_services"
          ]
        }
      ]
    },
    {
      "module": "module.data-platform.module.load-project",
      "mode": "managed",
      "type": "google_project_service_identity",
      "name": "servicenetworking",
      "provider": "provider[\"registry.terraform.io/hashicorp/google-beta\"]",
      "instances": [
        {
          "index_key": 0,
          "schema_version": 0,
          "attributes": {
            "email": "service-656288834514@service-networking.iam.gserviceaccount.com",
            "id": "projects/fs-50-dev-data-lod-0/services/servicenetworking.googleapis.com",
            "project": "fs-50-dev-data-lod-0",
            "service": "servicenetworking.googleapis.com",
            "timeouts": null
          },
          "sensitive_attributes": [],
          "private": "eyJlMmJmYjczMC1lY2FhLTExZTYtOGY4OC0zNDM2M2JjN2M0YzAiOnsiY3JlYXRlIjoxMjAwMDAwMDAwMDAwLCJkZWxldGUiOjEyMDAwMDAwMDAwMDAsInJlYWQiOjYwMDAwMDAwMDAwMH19",
          "dependencies": [
            "module.data-platform.module.load-project.data.google_project.project",
            "module.data-platform.module.load-project.google_project.project",
            "module.data-platform.module.load-project.google_project_service.project_services"
          ]
        }
      ]
    },
    {
      "module": "module.data-platform.module.load-sa-df-0",
      "mode": "managed",
      "type": "google_service_account",
      "name": "service_account",
      "provider": "provider[\"registry.terraform.io/hashicorp/google\"]",
      "instances": [
        {
          "index_key": 0,
          "schema_version": 0,
          "attributes": {
            "account_id": "fs-50-dev-data-load-df-0",
            "description": "",
            "disabled": false,
            "display_name": "Data platform Dataflow load service account",
            "email": "fs-50-dev-data-load-df-0@fs-50-dev-data-lod-0.iam.gserviceaccount.com",
            "id": "projects/fs-50-dev-data-lod-0/serviceAccounts/fs-50-dev-data-load-df-0@fs-50-dev-data-lod-0.iam.gserviceaccount.com",
            "name": "projects/fs-50-dev-data-lod-0/serviceAccounts/fs-50-dev-data-load-df-0@fs-50-dev-data-lod-0.iam.gserviceaccount.com",
            "project": "fs-50-dev-data-lod-0",
            "timeouts": null,
            "unique_id": "110580014225914498170"
          },
          "sensitive_attributes": [],
          "private": "eyJlMmJmYjczMC1lY2FhLTExZTYtOGY4OC0zNDM2M2JjN2M0YzAiOnsiY3JlYXRlIjozMDAwMDAwMDAwMDB9fQ==",
          "dependencies": [
            "module.data-platform.module.load-project.data.google_bigquery_default_service_account.bq_sa",
            "module.data-platform.module.load-project.data.google_project.project",
            "module.data-platform.module.load-project.data.google_storage_project_service_account.gcs_sa",
            "module.data-platform.module.load-project.google_compute_shared_vpc_host_project.shared_vpc_host",
            "module.data-platform.module.load-project.google_compute_shared_vpc_service_project.service_projects",
            "module.data-platform.module.load-project.google_kms_crypto_key_iam_member.service_identity_cmek",
            "module.data-platform.module.load-project.google_project.project",
            "module.data-platform.module.load-project.google_project_iam_member.servicenetworking",
            "module.data-platform.module.load-project.google_project_iam_member.shared_vpc_host_robots",
            "module.data-platform.module.load-project.google_project_organization_policy.boolean",
            "module.data-platform.module.load-project.google_project_organization_policy.list",
            "module.data-platform.module.load-project.google_project_service.project_services",
            "module.data-platform.module.load-project.google_project_service_identity.jit_si",
            "module.data-platform.module.load-project.google_project_service_identity.servicenetworking"
          ]
        }
      ]
    },
    {
      "module": "module.data-platform.module.load-sa-df-0",
      "mode": "managed",
      "type": "google_service_account_iam_binding",
      "name": "roles",
      "provider": "provider[\"registry.terraform.io/hashicorp/google\"]",
      "instances": [
        {
          "index_key": "roles/iam.serviceAccountTokenCreator",
          "schema_version": 0,
          "attributes": {
            "condition": [],
            "etag": "BwXeV2wIYDo=",
            "id": "projects/fs-50-dev-data-lod-0/serviceAccounts/fs-50-dev-data-load-df-0@fs-50-dev-data-lod-0.iam.gserviceaccount.com/roles/iam.serviceAccountTokenCreator",
            "members": [
              "group:gcp-data-engineers@caggioland.com"
            ],
            "role": "roles/iam.serviceAccountTokenCreator",
            "service_account_id": "projects/fs-50-dev-data-lod-0/serviceAccounts/fs-50-dev-data-load-df-0@fs-50-dev-data-lod-0.iam.gserviceaccount.com"
          },
          "sensitive_attributes": [],
          "private": "bnVsbA==",
          "dependencies": [
            "module.data-platform.module.load-project.data.google_bigquery_default_service_account.bq_sa",
            "module.data-platform.module.load-project.data.google_project.project",
            "module.data-platform.module.load-project.data.google_storage_project_service_account.gcs_sa",
            "module.data-platform.module.load-project.google_compute_shared_vpc_host_project.shared_vpc_host",
            "module.data-platform.module.load-project.google_compute_shared_vpc_service_project.service_projects",
            "module.data-platform.module.load-project.google_kms_crypto_key_iam_member.service_identity_cmek",
            "module.data-platform.module.load-project.google_project.project",
            "module.data-platform.module.load-project.google_project_iam_member.servicenetworking",
            "module.data-platform.module.load-project.google_project_iam_member.shared_vpc_host_robots",
            "module.data-platform.module.load-project.google_project_organization_policy.boolean",
            "module.data-platform.module.load-project.google_project_organization_policy.list",
            "module.data-platform.module.load-project.google_project_service.project_services",
            "module.data-platform.module.load-project.google_project_service_identity.jit_si",
            "module.data-platform.module.load-project.google_project_service_identity.servicenetworking",
            "module.data-platform.module.load-sa-df-0.data.google_service_account.service_account",
            "module.data-platform.module.load-sa-df-0.google_service_account.service_account",
            "module.data-platform.module.orch-project.data.google_bigquery_default_service_account.bq_sa",
            "module.data-platform.module.orch-project.data.google_project.project",
            "module.data-platform.module.orch-project.data.google_storage_project_service_account.gcs_sa",
            "module.data-platform.module.orch-project.google_compute_shared_vpc_host_project.shared_vpc_host",
            "module.data-platform.module.orch-project.google_compute_shared_vpc_service_project.service_projects",
            "module.data-platform.module.orch-project.google_kms_crypto_key_iam_member.service_identity_cmek",
            "module.data-platform.module.orch-project.google_project.project",
            "module.data-platform.module.orch-project.google_project_iam_member.servicenetworking",
            "module.data-platform.module.orch-project.google_project_iam_member.shared_vpc_host_robots",
            "module.data-platform.module.orch-project.google_project_organization_policy.boolean",
            "module.data-platform.module.orch-project.google_project_organization_policy.list",
            "module.data-platform.module.orch-project.google_project_service.project_services",
            "module.data-platform.module.orch-project.google_project_service_identity.jit_si",
            "module.data-platform.module.orch-project.google_project_service_identity.servicenetworking",
            "module.data-platform.module.orch-sa-cmp-0.data.google_service_account.service_account",
            "module.data-platform.module.orch-sa-cmp-0.google_service_account.service_account"
          ]
        },
        {
          "index_key": "roles/iam.serviceAccountUser",
          "schema_version": 0,
          "attributes": {
            "condition": [],
            "etag": "BwXeV2wIYDo=",
            "id": "projects/fs-50-dev-data-lod-0/serviceAccounts/fs-50-dev-data-load-df-0@fs-50-dev-data-lod-0.iam.gserviceaccount.com/roles/iam.serviceAccountUser",
            "members": [
              "serviceAccount:fs-50-dev-data-orc-cmp-0@fs-50-dev-data-orc-0.iam.gserviceaccount.com"
            ],
            "role": "roles/iam.serviceAccountUser",
            "service_account_id": "projects/fs-50-dev-data-lod-0/serviceAccounts/fs-50-dev-data-load-df-0@fs-50-dev-data-lod-0.iam.gserviceaccount.com"
          },
          "sensitive_attributes": [],
          "private": "bnVsbA==",
          "dependencies": [
            "module.data-platform.module.load-project.data.google_bigquery_default_service_account.bq_sa",
            "module.data-platform.module.load-project.data.google_project.project",
            "module.data-platform.module.load-project.data.google_storage_project_service_account.gcs_sa",
            "module.data-platform.module.load-project.google_compute_shared_vpc_host_project.shared_vpc_host",
            "module.data-platform.module.load-project.google_compute_shared_vpc_service_project.service_projects",
            "module.data-platform.module.load-project.google_kms_crypto_key_iam_member.service_identity_cmek",
            "module.data-platform.module.load-project.google_project.project",
            "module.data-platform.module.load-project.google_project_iam_member.servicenetworking",
            "module.data-platform.module.load-project.google_project_iam_member.shared_vpc_host_robots",
            "module.data-platform.module.load-project.google_project_organization_policy.boolean",
            "module.data-platform.module.load-project.google_project_organization_policy.list",
            "module.data-platform.module.load-project.google_project_service.project_services",
            "module.data-platform.module.load-project.google_project_service_identity.jit_si",
            "module.data-platform.module.load-project.google_project_service_identity.servicenetworking",
            "module.data-platform.module.load-sa-df-0.data.google_service_account.service_account",
            "module.data-platform.module.load-sa-df-0.google_service_account.service_account",
            "module.data-platform.module.orch-project.data.google_bigquery_default_service_account.bq_sa",
            "module.data-platform.module.orch-project.data.google_project.project",
            "module.data-platform.module.orch-project.data.google_storage_project_service_account.gcs_sa",
            "module.data-platform.module.orch-project.google_compute_shared_vpc_host_project.shared_vpc_host",
            "module.data-platform.module.orch-project.google_compute_shared_vpc_service_project.service_projects",
            "module.data-platform.module.orch-project.google_kms_crypto_key_iam_member.service_identity_cmek",
            "module.data-platform.module.orch-project.google_project.project",
            "module.data-platform.module.orch-project.google_project_iam_member.servicenetworking",
            "module.data-platform.module.orch-project.google_project_iam_member.shared_vpc_host_robots",
            "module.data-platform.module.orch-project.google_project_organization_policy.boolean",
            "module.data-platform.module.orch-project.google_project_organization_policy.list",
            "module.data-platform.module.orch-project.google_project_service.project_services",
            "module.data-platform.module.orch-project.google_project_service_identity.jit_si",
            "module.data-platform.module.orch-project.google_project_service_identity.servicenetworking",
            "module.data-platform.module.orch-sa-cmp-0.data.google_service_account.service_account",
            "module.data-platform.module.orch-sa-cmp-0.google_service_account.service_account"
          ]
        }
      ]
    },
    {
      "module": "module.data-platform.module.orch-cs-0",
      "mode": "managed",
      "type": "google_storage_bucket",
      "name": "bucket",
      "provider": "provider[\"registry.terraform.io/hashicorp/google\"]",
      "instances": [
        {
          "schema_version": 0,
          "attributes": {
            "cors": [],
            "default_event_based_hold": false,
            "encryption": [],
            "force_destroy": false,
            "id": "fs-50-dev-data-orc-cs-0",
            "labels": null,
            "lifecycle_rule": [],
            "location": "EU",
            "logging": [],
            "name": "fs-50-dev-data-orc-cs-0",
            "project": "fs-50-dev-data-orc-0",
            "requester_pays": false,
            "retention_policy": [],
            "self_link": "https://www.googleapis.com/storage/v1/b/fs-50-dev-data-orc-cs-0",
            "storage_class": "MULTI_REGIONAL",
            "timeouts": null,
            "uniform_bucket_level_access": true,
            "url": "gs://fs-50-dev-data-orc-cs-0",
            "versioning": [
              {
                "enabled": false
              }
            ],
            "website": []
          },
          "sensitive_attributes": [],
          "private": "bnVsbA==",
          "dependencies": [
            "module.data-platform.module.orch-project.data.google_bigquery_default_service_account.bq_sa",
            "module.data-platform.module.orch-project.data.google_project.project",
            "module.data-platform.module.orch-project.data.google_storage_project_service_account.gcs_sa",
            "module.data-platform.module.orch-project.google_compute_shared_vpc_host_project.shared_vpc_host",
            "module.data-platform.module.orch-project.google_compute_shared_vpc_service_project.service_projects",
            "module.data-platform.module.orch-project.google_kms_crypto_key_iam_member.service_identity_cmek",
            "module.data-platform.module.orch-project.google_project.project",
            "module.data-platform.module.orch-project.google_project_iam_member.servicenetworking",
            "module.data-platform.module.orch-project.google_project_iam_member.shared_vpc_host_robots",
            "module.data-platform.module.orch-project.google_project_organization_policy.boolean",
            "module.data-platform.module.orch-project.google_project_organization_policy.list",
            "module.data-platform.module.orch-project.google_project_service.project_services",
            "module.data-platform.module.orch-project.google_project_service_identity.jit_si",
            "module.data-platform.module.orch-project.google_project_service_identity.servicenetworking"
          ]
        }
      ]
    },
    {
      "module": "module.data-platform.module.orch-project",
      "mode": "data",
      "type": "google_bigquery_default_service_account",
      "name": "bq_sa",
      "provider": "provider[\"registry.terraform.io/hashicorp/google\"]",
      "instances": [
        {
          "index_key": 0,
          "schema_version": 0,
          "attributes": {
            "email": "bq-863516118970@bigquery-encryption.iam.gserviceaccount.com",
            "id": "bq-863516118970@bigquery-encryption.iam.gserviceaccount.com",
            "project": "fs-50-dev-data-orc-0"
          },
          "sensitive_attributes": []
        }
      ]
    },
    {
      "module": "module.data-platform.module.orch-project",
      "mode": "data",
      "type": "google_storage_project_service_account",
      "name": "gcs_sa",
      "provider": "provider[\"registry.terraform.io/hashicorp/google\"]",
      "instances": [
        {
          "index_key": 0,
          "schema_version": 0,
          "attributes": {
            "email_address": "service-863516118970@gs-project-accounts.iam.gserviceaccount.com",
            "id": "service-863516118970@gs-project-accounts.iam.gserviceaccount.com",
            "project": "fs-50-dev-data-orc-0",
            "user_project": null
          },
          "sensitive_attributes": []
        }
      ]
    },
    {
      "module": "module.data-platform.module.orch-project",
      "mode": "managed",
      "type": "google_compute_shared_vpc_service_project",
      "name": "shared_vpc_service",
      "provider": "provider[\"registry.terraform.io/hashicorp/google-beta\"]",
      "instances": [
        {
          "index_key": 0,
          "schema_version": 0,
          "attributes": {
            "host_project": "fs-30-dev-net-spoke-0",
            "id": "fs-30-dev-net-spoke-0/fs-50-dev-data-orc-0",
            "service_project": "fs-50-dev-data-orc-0",
            "timeouts": null
          },
          "sensitive_attributes": [],
          "private": "eyJlMmJmYjczMC1lY2FhLTExZTYtOGY4OC0zNDM2M2JjN2M0YzAiOnsiY3JlYXRlIjoyNDAwMDAwMDAwMDAsImRlbGV0ZSI6MjQwMDAwMDAwMDAwfX0=",
          "dependencies": [
            "module.data-platform.module.orch-project.data.google_project.project",
            "module.data-platform.module.orch-project.google_project.project"
          ]
        }
      ]
    },
    {
      "module": "module.data-platform.module.orch-project",
      "mode": "managed",
      "type": "google_project",
      "name": "project",
      "provider": "provider[\"registry.terraform.io/hashicorp/google\"]",
      "instances": [
        {
          "index_key": 0,
          "schema_version": 1,
          "attributes": {
            "auto_create_network": false,
            "billing_account": "0181A7-4CC981-B7594C",
            "folder_id": "86898363966",
            "id": "projects/fs-50-dev-data-orc-0",
            "labels": null,
            "name": "fs-50-dev-data-orc-0",
            "number": "863516118970",
            "org_id": "",
            "project_id": "fs-50-dev-data-orc-0",
            "skip_delete": false,
            "timeouts": null
          },
          "sensitive_attributes": [],
          "private": "eyJlMmJmYjczMC1lY2FhLTExZTYtOGY4OC0zNDM2M2JjN2M0YzAiOnsiY3JlYXRlIjo2MDAwMDAwMDAwMDAsImRlbGV0ZSI6NjAwMDAwMDAwMDAwLCJyZWFkIjo2MDAwMDAwMDAwMDAsInVwZGF0ZSI6NjAwMDAwMDAwMDAwfSwic2NoZW1hX3ZlcnNpb24iOiIxIn0="
        }
      ]
    },
    {
      "module": "module.data-platform.module.orch-project",
      "mode": "managed",
      "type": "google_project_iam_binding",
      "name": "authoritative",
      "provider": "provider[\"registry.terraform.io/hashicorp/google\"]",
      "instances": [
        {
          "index_key": "roles/bigquery.dataEditor",
          "schema_version": 0,
          "attributes": {
            "condition": [],
            "etag": "BwXeV2wVmhg=",
            "id": "fs-50-dev-data-orc-0/roles/bigquery.dataEditor",
            "members": [
              "group:gcp-data-engineers@caggioland.com",
              "serviceAccount:fs-50-dev-data-load-df-0@fs-50-dev-data-lod-0.iam.gserviceaccount.com",
              "serviceAccount:fs-50-dev-data-trf-df-0@fs-50-dev-data-trf-0.iam.gserviceaccount.com"
            ],
            "project": "fs-50-dev-data-orc-0",
            "role": "roles/bigquery.dataEditor"
          },
          "sensitive_attributes": [],
          "private": "bnVsbA==",
          "dependencies": [
            "module.data-platform.module.load-project.data.google_bigquery_default_service_account.bq_sa",
            "module.data-platform.module.load-project.data.google_project.project",
            "module.data-platform.module.load-project.data.google_storage_project_service_account.gcs_sa",
            "module.data-platform.module.load-project.google_compute_shared_vpc_host_project.shared_vpc_host",
            "module.data-platform.module.load-project.google_compute_shared_vpc_service_project.service_projects",
            "module.data-platform.module.load-project.google_kms_crypto_key_iam_member.service_identity_cmek",
            "module.data-platform.module.load-project.google_project.project",
            "module.data-platform.module.load-project.google_project_iam_member.servicenetworking",
            "module.data-platform.module.load-project.google_project_iam_member.shared_vpc_host_robots",
            "module.data-platform.module.load-project.google_project_organization_policy.boolean",
            "module.data-platform.module.load-project.google_project_organization_policy.list",
            "module.data-platform.module.load-project.google_project_service.project_services",
            "module.data-platform.module.load-project.google_project_service_identity.jit_si",
            "module.data-platform.module.load-project.google_project_service_identity.servicenetworking",
            "module.data-platform.module.load-sa-df-0.data.google_service_account.service_account",
            "module.data-platform.module.load-sa-df-0.google_service_account.service_account",
            "module.data-platform.module.orch-project.data.google_bigquery_default_service_account.bq_sa",
            "module.data-platform.module.orch-project.data.google_project.project",
            "module.data-platform.module.orch-project.data.google_storage_project_service_account.gcs_sa",
            "module.data-platform.module.orch-project.google_compute_shared_vpc_host_project.shared_vpc_host",
            "module.data-platform.module.orch-project.google_compute_shared_vpc_service_project.service_projects",
            "module.data-platform.module.orch-project.google_kms_crypto_key_iam_member.service_identity_cmek",
            "module.data-platform.module.orch-project.google_project.project",
            "module.data-platform.module.orch-project.google_project_iam_custom_role.roles",
            "module.data-platform.module.orch-project.google_project_iam_member.servicenetworking",
            "module.data-platform.module.orch-project.google_project_iam_member.shared_vpc_host_robots",
            "module.data-platform.module.orch-project.google_project_organization_policy.boolean",
            "module.data-platform.module.orch-project.google_project_organization_policy.list",
            "module.data-platform.module.orch-project.google_project_service.project_services",
            "module.data-platform.module.orch-project.google_project_service_identity.jit_si",
            "module.data-platform.module.orch-project.google_project_service_identity.servicenetworking",
            "module.data-platform.module.orch-sa-cmp-0.data.google_service_account.service_account",
            "module.data-platform.module.orch-sa-cmp-0.google_service_account.service_account",
            "module.data-platform.module.transf-project.data.google_bigquery_default_service_account.bq_sa",
            "module.data-platform.module.transf-project.data.google_project.project",
            "module.data-platform.module.transf-project.data.google_storage_project_service_account.gcs_sa",
            "module.data-platform.module.transf-project.google_compute_shared_vpc_host_project.shared_vpc_host",
            "module.data-platform.module.transf-project.google_compute_shared_vpc_service_project.service_projects",
            "module.data-platform.module.transf-project.google_kms_crypto_key_iam_member.service_identity_cmek",
            "module.data-platform.module.transf-project.google_project.project",
            "module.data-platform.module.transf-project.google_project_iam_member.servicenetworking",
            "module.data-platform.module.transf-project.google_project_iam_member.shared_vpc_host_robots",
            "module.data-platform.module.transf-project.google_project_organization_policy.boolean",
            "module.data-platform.module.transf-project.google_project_organization_policy.list",
            "module.data-platform.module.transf-project.google_project_service.project_services",
            "module.data-platform.module.transf-project.google_project_service_identity.jit_si",
            "module.data-platform.module.transf-project.google_project_service_identity.servicenetworking",
            "module.data-platform.module.transf-sa-df-0.data.google_service_account.service_account",
            "module.data-platform.module.transf-sa-df-0.google_service_account.service_account"
          ]
        },
        {
          "index_key": "roles/bigquery.jobUser",
          "schema_version": 0,
          "attributes": {
            "condition": [],
            "etag": "BwXeV20OGdg=",
            "id": "fs-50-dev-data-orc-0/roles/bigquery.jobUser",
            "members": [
              "group:gcp-data-engineers@caggioland.com",
              "serviceAccount:fs-50-dev-data-orc-cmp-0@fs-50-dev-data-orc-0.iam.gserviceaccount.com"
            ],
            "project": "fs-50-dev-data-orc-0",
            "role": "roles/bigquery.jobUser"
          },
          "sensitive_attributes": [],
          "private": "bnVsbA==",
          "dependencies": [
            "module.data-platform.module.load-project.data.google_bigquery_default_service_account.bq_sa",
            "module.data-platform.module.load-project.data.google_project.project",
            "module.data-platform.module.load-project.data.google_storage_project_service_account.gcs_sa",
            "module.data-platform.module.load-project.google_compute_shared_vpc_host_project.shared_vpc_host",
            "module.data-platform.module.load-project.google_compute_shared_vpc_service_project.service_projects",
            "module.data-platform.module.load-project.google_kms_crypto_key_iam_member.service_identity_cmek",
            "module.data-platform.module.load-project.google_project.project",
            "module.data-platform.module.load-project.google_project_iam_member.servicenetworking",
            "module.data-platform.module.load-project.google_project_iam_member.shared_vpc_host_robots",
            "module.data-platform.module.load-project.google_project_organization_policy.boolean",
            "module.data-platform.module.load-project.google_project_organization_policy.list",
            "module.data-platform.module.load-project.google_project_service.project_services",
            "module.data-platform.module.load-project.google_project_service_identity.jit_si",
            "module.data-platform.module.load-project.google_project_service_identity.servicenetworking",
            "module.data-platform.module.load-sa-df-0.data.google_service_account.service_account",
            "module.data-platform.module.load-sa-df-0.google_service_account.service_account",
            "module.data-platform.module.orch-project.data.google_bigquery_default_service_account.bq_sa",
            "module.data-platform.module.orch-project.data.google_project.project",
            "module.data-platform.module.orch-project.data.google_storage_project_service_account.gcs_sa",
            "module.data-platform.module.orch-project.google_compute_shared_vpc_host_project.shared_vpc_host",
            "module.data-platform.module.orch-project.google_compute_shared_vpc_service_project.service_projects",
            "module.data-platform.module.orch-project.google_kms_crypto_key_iam_member.service_identity_cmek",
            "module.data-platform.module.orch-project.google_project.project",
            "module.data-platform.module.orch-project.google_project_iam_custom_role.roles",
            "module.data-platform.module.orch-project.google_project_iam_member.servicenetworking",
            "module.data-platform.module.orch-project.google_project_iam_member.shared_vpc_host_robots",
            "module.data-platform.module.orch-project.google_project_organization_policy.boolean",
            "module.data-platform.module.orch-project.google_project_organization_policy.list",
            "module.data-platform.module.orch-project.google_project_service.project_services",
            "module.data-platform.module.orch-project.google_project_service_identity.jit_si",
            "module.data-platform.module.orch-project.google_project_service_identity.servicenetworking",
            "module.data-platform.module.orch-sa-cmp-0.data.google_service_account.service_account",
            "module.data-platform.module.orch-sa-cmp-0.google_service_account.service_account",
            "module.data-platform.module.transf-project.data.google_bigquery_default_service_account.bq_sa",
            "module.data-platform.module.transf-project.data.google_project.project",
            "module.data-platform.module.transf-project.data.google_storage_project_service_account.gcs_sa",
            "module.data-platform.module.transf-project.google_compute_shared_vpc_host_project.shared_vpc_host",
            "module.data-platform.module.transf-project.google_compute_shared_vpc_service_project.service_projects",
            "module.data-platform.module.transf-project.google_kms_crypto_key_iam_member.service_identity_cmek",
            "module.data-platform.module.transf-project.google_project.project",
            "module.data-platform.module.transf-project.google_project_iam_member.servicenetworking",
            "module.data-platform.module.transf-project.google_project_iam_member.shared_vpc_host_robots",
            "module.data-platform.module.transf-project.google_project_organization_policy.boolean",
            "module.data-platform.module.transf-project.google_project_organization_policy.list",
            "module.data-platform.module.transf-project.google_project_service.project_services",
            "module.data-platform.module.transf-project.google_project_service_identity.jit_si",
            "module.data-platform.module.transf-project.google_project_service_identity.servicenetworking",
            "module.data-platform.module.transf-sa-df-0.data.google_service_account.service_account",
            "module.data-platform.module.transf-sa-df-0.google_service_account.service_account"
          ]
        },
        {
          "index_key": "roles/cloudbuild.builds.editor",
          "schema_version": 0,
          "attributes": {
            "condition": [],
            "etag": "BwXeV2y4eR4=",
            "id": "fs-50-dev-data-orc-0/roles/cloudbuild.builds.editor",
            "members": [
              "group:gcp-data-engineers@caggioland.com"
            ],
            "project": "fs-50-dev-data-orc-0",
            "role": "roles/cloudbuild.builds.editor"
          },
          "sensitive_attributes": [],
          "private": "bnVsbA==",
          "dependencies": [
            "module.data-platform.module.load-project.data.google_bigquery_default_service_account.bq_sa",
            "module.data-platform.module.load-project.data.google_project.project",
            "module.data-platform.module.load-project.data.google_storage_project_service_account.gcs_sa",
            "module.data-platform.module.load-project.google_compute_shared_vpc_host_project.shared_vpc_host",
            "module.data-platform.module.load-project.google_compute_shared_vpc_service_project.service_projects",
            "module.data-platform.module.load-project.google_kms_crypto_key_iam_member.service_identity_cmek",
            "module.data-platform.module.load-project.google_project.project",
            "module.data-platform.module.load-project.google_project_iam_member.servicenetworking",
            "module.data-platform.module.load-project.google_project_iam_member.shared_vpc_host_robots",
            "module.data-platform.module.load-project.google_project_organization_policy.boolean",
            "module.data-platform.module.load-project.google_project_organization_policy.list",
            "module.data-platform.module.load-project.google_project_service.project_services",
            "module.data-platform.module.load-project.google_project_service_identity.jit_si",
            "module.data-platform.module.load-project.google_project_service_identity.servicenetworking",
            "module.data-platform.module.load-sa-df-0.data.google_service_account.service_account",
            "module.data-platform.module.load-sa-df-0.google_service_account.service_account",
            "module.data-platform.module.orch-project.data.google_bigquery_default_service_account.bq_sa",
            "module.data-platform.module.orch-project.data.google_project.project",
            "module.data-platform.module.orch-project.data.google_storage_project_service_account.gcs_sa",
            "module.data-platform.module.orch-project.google_compute_shared_vpc_host_project.shared_vpc_host",
            "module.data-platform.module.orch-project.google_compute_shared_vpc_service_project.service_projects",
            "module.data-platform.module.orch-project.google_kms_crypto_key_iam_member.service_identity_cmek",
            "module.data-platform.module.orch-project.google_project.project",
            "module.data-platform.module.orch-project.google_project_iam_custom_role.roles",
            "module.data-platform.module.orch-project.google_project_iam_member.servicenetworking",
            "module.data-platform.module.orch-project.google_project_iam_member.shared_vpc_host_robots",
            "module.data-platform.module.orch-project.google_project_organization_policy.boolean",
            "module.data-platform.module.orch-project.google_project_organization_policy.list",
            "module.data-platform.module.orch-project.google_project_service.project_services",
            "module.data-platform.module.orch-project.google_project_service_identity.jit_si",
            "module.data-platform.module.orch-project.google_project_service_identity.servicenetworking",
            "module.data-platform.module.orch-sa-cmp-0.data.google_service_account.service_account",
            "module.data-platform.module.orch-sa-cmp-0.google_service_account.service_account",
            "module.data-platform.module.transf-project.data.google_bigquery_default_service_account.bq_sa",
            "module.data-platform.module.transf-project.data.google_project.project",
            "module.data-platform.module.transf-project.data.google_storage_project_service_account.gcs_sa",
            "module.data-platform.module.transf-project.google_compute_shared_vpc_host_project.shared_vpc_host",
            "module.data-platform.module.transf-project.google_compute_shared_vpc_service_project.service_projects",
            "module.data-platform.module.transf-project.google_kms_crypto_key_iam_member.service_identity_cmek",
            "module.data-platform.module.transf-project.google_project.project",
            "module.data-platform.module.transf-project.google_project_iam_member.servicenetworking",
            "module.data-platform.module.transf-project.google_project_iam_member.shared_vpc_host_robots",
            "module.data-platform.module.transf-project.google_project_organization_policy.boolean",
            "module.data-platform.module.transf-project.google_project_organization_policy.list",
            "module.data-platform.module.transf-project.google_project_service.project_services",
            "module.data-platform.module.transf-project.google_project_service_identity.jit_si",
            "module.data-platform.module.transf-project.google_project_service_identity.servicenetworking",
            "module.data-platform.module.transf-sa-df-0.data.google_service_account.service_account",
            "module.data-platform.module.transf-sa-df-0.google_service_account.service_account"
          ]
        },
        {
          "index_key": "roles/composer.admin",
          "schema_version": 0,
          "attributes": {
            "condition": [],
            "etag": "BwXeV2xnxwU=",
            "id": "fs-50-dev-data-orc-0/roles/composer.admin",
            "members": [
              "group:gcp-data-engineers@caggioland.com"
            ],
            "project": "fs-50-dev-data-orc-0",
            "role": "roles/composer.admin"
          },
          "sensitive_attributes": [],
          "private": "bnVsbA==",
          "dependencies": [
            "module.data-platform.module.load-project.data.google_bigquery_default_service_account.bq_sa",
            "module.data-platform.module.load-project.data.google_project.project",
            "module.data-platform.module.load-project.data.google_storage_project_service_account.gcs_sa",
            "module.data-platform.module.load-project.google_compute_shared_vpc_host_project.shared_vpc_host",
            "module.data-platform.module.load-project.google_compute_shared_vpc_service_project.service_projects",
            "module.data-platform.module.load-project.google_project.project",
            "module.data-platform.module.load-project.google_project_iam_member.servicenetworking",
            "module.data-platform.module.load-project.google_project_iam_member.shared_vpc_host_robots",
            "module.data-platform.module.orch-project.google_project_organization_policy.boolean",
            "module.data-platform.module.load-project.google_project_organization_policy.boolean",
            "module.data-platform.module.load-project.google_project_organization_policy.list",
            "module.data-platform.module.load-project.google_kms_crypto_key_iam_member.service_identity_cmek",
            "module.data-platform.module.load-project.google_project_service_identity.jit_si",
            "module.data-platform.module.load-project.google_project_service_identity.servicenetworking",
            "module.data-platform.module.load-sa-df-0.data.google_service_account.service_account",
            "module.data-platform.module.load-sa-df-0.google_service_account.service_account",
            "module.data-platform.module.orch-project.data.google_bigquery_default_service_account.bq_sa",
            "module.data-platform.module.orch-project.data.google_project.project",
            "module.data-platform.module.orch-project.data.google_storage_project_service_account.gcs_sa",
            "module.data-platform.module.orch-project.google_compute_shared_vpc_service_project.service_projects",
            "module.data-platform.module.orch-project.google_kms_crypto_key_iam_member.service_identity_cmek",
            "module.data-platform.module.orch-project.google_project.project",
            "module.data-platform.module.orch-project.google_project_iam_member.servicenetworking",
            "module.data-platform.module.orch-project.google_compute_shared_vpc_host_project.shared_vpc_host",
            "module.data-platform.module.transf-project.google_project_organization_policy.boolean",
            "module.data-platform.module.orch-project.google_project_iam_custom_role.roles",
            "module.data-platform.module.orch-project.google_project_iam_member.shared_vpc_host_robots",
            "module.data-platform.module.orch-project.google_project_service.project_services",
            "module.data-platform.module.orch-project.google_project_organization_policy.list",
            "module.data-platform.module.orch-project.google_project_service_identity.jit_si",
            "module.data-platform.module.orch-project.google_project_service_identity.servicenetworking",
            "module.data-platform.module.orch-sa-cmp-0.data.google_service_account.service_account",
            "module.data-platform.module.orch-sa-cmp-0.google_service_account.service_account",
            "module.data-platform.module.transf-project.data.google_bigquery_default_service_account.bq_sa",
            "module.data-platform.module.transf-project.data.google_project.project",
            "module.data-platform.module.transf-project.google_compute_shared_vpc_host_project.shared_vpc_host",
            "module.data-platform.module.load-project.google_project_service.project_services",
            "module.data-platform.module.transf-project.google_kms_crypto_key_iam_member.service_identity_cmek",
            "module.data-platform.module.transf-sa-df-0.google_service_account.service_account",
            "module.data-platform.module.transf-project.google_project.project",
            "module.data-platform.module.transf-project.google_project_iam_member.servicenetworking",
            "module.data-platform.module.transf-project.google_project_iam_member.shared_vpc_host_robots",
            "module.data-platform.module.transf-project.data.google_storage_project_service_account.gcs_sa",
            "module.data-platform.module.transf-project.google_project_organization_policy.list",
            "module.data-platform.module.transf-project.google_project_service.project_services",
            "module.data-platform.module.transf-project.google_project_service_identity.jit_si",
            "module.data-platform.module.transf-project.google_project_service_identity.servicenetworking",
            "module.data-platform.module.transf-sa-df-0.data.google_service_account.service_account",
            "module.data-platform.module.transf-project.google_compute_shared_vpc_service_project.service_projects"
          ]
        },
        {
          "index_key": "roles/composer.environmentAndStorageObjectAdmin",
          "schema_version": 0,
          "attributes": {
            "condition": [],
            "etag": "BwXeV2y4eR4=",
            "id": "fs-50-dev-data-orc-0/roles/composer.environmentAndStorageObjectAdmin",
            "members": [
              "group:gcp-data-engineers@caggioland.com"
            ],
            "project": "fs-50-dev-data-orc-0",
            "role": "roles/composer.environmentAndStorageObjectAdmin"
          },
          "sensitive_attributes": [],
          "private": "bnVsbA==",
          "dependencies": [
            "module.data-platform.module.load-project.data.google_bigquery_default_service_account.bq_sa",
            "module.data-platform.module.load-project.data.google_project.project",
            "module.data-platform.module.load-project.data.google_storage_project_service_account.gcs_sa",
            "module.data-platform.module.load-project.google_compute_shared_vpc_host_project.shared_vpc_host",
            "module.data-platform.module.load-project.google_compute_shared_vpc_service_project.service_projects",
            "module.data-platform.module.load-project.google_kms_crypto_key_iam_member.service_identity_cmek",
            "module.data-platform.module.load-project.google_project.project",
            "module.data-platform.module.load-project.google_project_iam_member.servicenetworking",
            "module.data-platform.module.load-project.google_project_iam_member.shared_vpc_host_robots",
            "module.data-platform.module.load-project.google_project_organization_policy.boolean",
            "module.data-platform.module.load-project.google_project_organization_policy.list",
            "module.data-platform.module.load-project.google_project_service.project_services",
            "module.data-platform.module.load-project.google_project_service_identity.jit_si",
            "module.data-platform.module.load-project.google_project_service_identity.servicenetworking",
            "module.data-platform.module.load-sa-df-0.data.google_service_account.service_account",
            "module.data-platform.module.load-sa-df-0.google_service_account.service_account",
            "module.data-platform.module.orch-project.data.google_bigquery_default_service_account.bq_sa",
            "module.data-platform.module.orch-project.data.google_project.project",
            "module.data-platform.module.orch-project.data.google_storage_project_service_account.gcs_sa",
            "module.data-platform.module.orch-project.google_compute_shared_vpc_host_project.shared_vpc_host",
            "module.data-platform.module.orch-project.google_compute_shared_vpc_service_project.service_projects",
            "module.data-platform.module.orch-project.google_kms_crypto_key_iam_member.service_identity_cmek",
            "module.data-platform.module.orch-project.google_project.project",
            "module.data-platform.module.orch-project.google_project_iam_custom_role.roles",
            "module.data-platform.module.orch-project.google_project_iam_member.servicenetworking",
            "module.data-platform.module.orch-project.google_project_iam_member.shared_vpc_host_robots",
            "module.data-platform.module.orch-project.google_project_organization_policy.boolean",
            "module.data-platform.module.orch-project.google_project_organization_policy.list",
            "module.data-platform.module.orch-project.google_project_service.project_services",
            "module.data-platform.module.orch-project.google_project_service_identity.jit_si",
            "module.data-platform.module.orch-project.google_project_service_identity.servicenetworking",
            "module.data-platform.module.orch-sa-cmp-0.data.google_service_account.service_account",
            "module.data-platform.module.orch-sa-cmp-0.google_service_account.service_account",
            "module.data-platform.module.transf-project.data.google_bigquery_default_service_account.bq_sa",
            "module.data-platform.module.transf-project.data.google_project.project",
            "module.data-platform.module.transf-project.data.google_storage_project_service_account.gcs_sa",
            "module.data-platform.module.transf-project.google_compute_shared_vpc_host_project.shared_vpc_host",
            "module.data-platform.module.transf-project.google_compute_shared_vpc_service_project.service_projects",
            "module.data-platform.module.transf-project.google_kms_crypto_key_iam_member.service_identity_cmek",
            "module.data-platform.module.transf-project.google_project.project",
            "module.data-platform.module.transf-project.google_project_iam_member.servicenetworking",
            "module.data-platform.module.transf-project.google_project_iam_member.shared_vpc_host_robots",
            "module.data-platform.module.transf-project.google_project_organization_policy.boolean",
            "module.data-platform.module.transf-project.google_project_organization_policy.list",
            "module.data-platform.module.transf-project.google_project_service.project_services",
            "module.data-platform.module.transf-project.google_project_service_identity.jit_si",
            "module.data-platform.module.transf-project.google_project_service_identity.servicenetworking",
            "module.data-platform.module.transf-sa-df-0.data.google_service_account.service_account",
            "module.data-platform.module.transf-sa-df-0.google_service_account.service_account"
          ]
        },
        {
          "index_key": "roles/composer.worker",
          "schema_version": 0,
          "attributes": {
            "condition": [],
            "etag": "BwXeV20OGdg=",
            "id": "fs-50-dev-data-orc-0/roles/composer.worker",
            "members": [
              "serviceAccount:fs-50-dev-data-orc-cmp-0@fs-50-dev-data-orc-0.iam.gserviceaccount.com"
            ],
            "project": "fs-50-dev-data-orc-0",
            "role": "roles/composer.worker"
          },
          "sensitive_attributes": [],
          "private": "bnVsbA==",
          "dependencies": [
            "module.data-platform.module.load-project.data.google_bigquery_default_service_account.bq_sa",
            "module.data-platform.module.load-project.data.google_project.project",
            "module.data-platform.module.load-project.data.google_storage_project_service_account.gcs_sa",
            "module.data-platform.module.load-project.google_compute_shared_vpc_host_project.shared_vpc_host",
            "module.data-platform.module.load-project.google_compute_shared_vpc_service_project.service_projects",
            "module.data-platform.module.load-project.google_kms_crypto_key_iam_member.service_identity_cmek",
            "module.data-platform.module.load-project.google_project.project",
            "module.data-platform.module.load-project.google_project_iam_member.servicenetworking",
            "module.data-platform.module.load-project.google_project_iam_member.shared_vpc_host_robots",
            "module.data-platform.module.load-project.google_project_organization_policy.boolean",
            "module.data-platform.module.load-project.google_project_organization_policy.list",
            "module.data-platform.module.load-project.google_project_service.project_services",
            "module.data-platform.module.load-project.google_project_service_identity.jit_si",
            "module.data-platform.module.load-project.google_project_service_identity.servicenetworking",
            "module.data-platform.module.load-sa-df-0.data.google_service_account.service_account",
            "module.data-platform.module.load-sa-df-0.google_service_account.service_account",
            "module.data-platform.module.orch-project.data.google_bigquery_default_service_account.bq_sa",
            "module.data-platform.module.orch-project.data.google_project.project",
            "module.data-platform.module.orch-project.data.google_storage_project_service_account.gcs_sa",
            "module.data-platform.module.orch-project.google_compute_shared_vpc_host_project.shared_vpc_host",
            "module.data-platform.module.orch-project.google_compute_shared_vpc_service_project.service_projects",
            "module.data-platform.module.orch-project.google_kms_crypto_key_iam_member.service_identity_cmek",
            "module.data-platform.module.orch-project.google_project.project",
            "module.data-platform.module.orch-project.google_project_iam_custom_role.roles",
            "module.data-platform.module.orch-project.google_project_iam_member.servicenetworking",
            "module.data-platform.module.orch-project.google_project_iam_member.shared_vpc_host_robots",
            "module.data-platform.module.orch-project.google_project_organization_policy.boolean",
            "module.data-platform.module.orch-project.google_project_organization_policy.list",
            "module.data-platform.module.orch-project.google_project_service.project_services",
            "module.data-platform.module.orch-project.google_project_service_identity.jit_si",
            "module.data-platform.module.orch-project.google_project_service_identity.servicenetworking",
            "module.data-platform.module.orch-sa-cmp-0.data.google_service_account.service_account",
            "module.data-platform.module.orch-sa-cmp-0.google_service_account.service_account",
            "module.data-platform.module.transf-project.data.google_bigquery_default_service_account.bq_sa",
            "module.data-platform.module.transf-project.data.google_project.project",
            "module.data-platform.module.transf-project.data.google_storage_project_service_account.gcs_sa",
            "module.data-platform.module.transf-project.google_compute_shared_vpc_host_project.shared_vpc_host",
            "module.data-platform.module.transf-project.google_compute_shared_vpc_service_project.service_projects",
            "module.data-platform.module.transf-project.google_kms_crypto_key_iam_member.service_identity_cmek",
            "module.data-platform.module.transf-project.google_project.project",
            "module.data-platform.module.transf-project.google_project_iam_member.servicenetworking",
            "module.data-platform.module.transf-project.google_project_iam_member.shared_vpc_host_robots",
            "module.data-platform.module.transf-project.google_project_organization_policy.boolean",
            "module.data-platform.module.transf-project.google_project_organization_policy.list",
            "module.data-platform.module.transf-project.google_project_service.project_services",
            "module.data-platform.module.transf-project.google_project_service_identity.jit_si",
            "module.data-platform.module.transf-project.google_project_service_identity.servicenetworking",
            "module.data-platform.module.transf-sa-df-0.data.google_service_account.service_account",
            "module.data-platform.module.transf-sa-df-0.google_service_account.service_account"
          ]
        },
        {
          "index_key": "roles/iam.serviceAccountUser",
          "schema_version": 0,
          "attributes": {
            "condition": [],
            "etag": "BwXeV20OGdg=",
            "id": "fs-50-dev-data-orc-0/roles/iam.serviceAccountUser",
            "members": [
              "group:gcp-data-engineers@caggioland.com",
              "serviceAccount:fs-50-dev-data-orc-cmp-0@fs-50-dev-data-orc-0.iam.gserviceaccount.com"
            ],
            "project": "fs-50-dev-data-orc-0",
            "role": "roles/iam.serviceAccountUser"
          },
          "sensitive_attributes": [],
          "private": "bnVsbA==",
          "dependencies": [
            "module.data-platform.module.load-project.data.google_bigquery_default_service_account.bq_sa",
            "module.data-platform.module.load-project.data.google_project.project",
            "module.data-platform.module.load-project.data.google_storage_project_service_account.gcs_sa",
            "module.data-platform.module.load-project.google_compute_shared_vpc_host_project.shared_vpc_host",
            "module.data-platform.module.load-project.google_compute_shared_vpc_service_project.service_projects",
            "module.data-platform.module.load-project.google_kms_crypto_key_iam_member.service_identity_cmek",
            "module.data-platform.module.load-project.google_project.project",
            "module.data-platform.module.load-project.google_project_iam_member.servicenetworking",
            "module.data-platform.module.load-project.google_project_iam_member.shared_vpc_host_robots",
            "module.data-platform.module.load-project.google_project_organization_policy.boolean",
            "module.data-platform.module.load-project.google_project_organization_policy.list",
            "module.data-platform.module.load-project.google_project_service.project_services",
            "module.data-platform.module.load-project.google_project_service_identity.jit_si",
            "module.data-platform.module.load-project.google_project_service_identity.servicenetworking",
            "module.data-platform.module.load-sa-df-0.data.google_service_account.service_account",
            "module.data-platform.module.load-sa-df-0.google_service_account.service_account",
            "module.data-platform.module.orch-project.data.google_bigquery_default_service_account.bq_sa",
            "module.data-platform.module.orch-project.data.google_project.project",
            "module.data-platform.module.orch-project.data.google_storage_project_service_account.gcs_sa",
            "module.data-platform.module.orch-project.google_compute_shared_vpc_host_project.shared_vpc_host",
            "module.data-platform.module.orch-project.google_compute_shared_vpc_service_project.service_projects",
            "module.data-platform.module.orch-project.google_kms_crypto_key_iam_member.service_identity_cmek",
            "module.data-platform.module.orch-project.google_project.project",
            "module.data-platform.module.orch-project.google_project_iam_custom_role.roles",
            "module.data-platform.module.orch-project.google_project_iam_member.servicenetworking",
            "module.data-platform.module.orch-project.google_project_iam_member.shared_vpc_host_robots",
            "module.data-platform.module.orch-project.google_project_organization_policy.boolean",
            "module.data-platform.module.orch-project.google_project_organization_policy.list",
            "module.data-platform.module.orch-project.google_project_service.project_services",
            "module.data-platform.module.orch-project.google_project_service_identity.jit_si",
            "module.data-platform.module.orch-project.google_project_service_identity.servicenetworking",
            "module.data-platform.module.orch-sa-cmp-0.data.google_service_account.service_account",
            "module.data-platform.module.orch-sa-cmp-0.google_service_account.service_account",
            "module.data-platform.module.transf-project.data.google_bigquery_default_service_account.bq_sa",
            "module.data-platform.module.transf-project.data.google_project.project",
            "module.data-platform.module.transf-project.data.google_storage_project_service_account.gcs_sa",
            "module.data-platform.module.transf-project.google_compute_shared_vpc_host_project.shared_vpc_host",
            "module.data-platform.module.transf-project.google_compute_shared_vpc_service_project.service_projects",
            "module.data-platform.module.transf-project.google_kms_crypto_key_iam_member.service_identity_cmek",
            "module.data-platform.module.transf-project.google_project.project",
            "module.data-platform.module.transf-project.google_project_iam_member.servicenetworking",
            "module.data-platform.module.transf-project.google_project_iam_member.shared_vpc_host_robots",
            "module.data-platform.module.transf-project.google_project_organization_policy.boolean",
            "module.data-platform.module.transf-project.google_project_organization_policy.list",
            "module.data-platform.module.transf-project.google_project_service.project_services",
            "module.data-platform.module.transf-project.google_project_service_identity.jit_si",
            "module.data-platform.module.transf-project.google_project_service_identity.servicenetworking",
            "module.data-platform.module.transf-sa-df-0.data.google_service_account.service_account",
            "module.data-platform.module.transf-sa-df-0.google_service_account.service_account"
          ]
        },
        {
          "index_key": "roles/iap.httpsResourceAccessor",
          "schema_version": 0,
          "attributes": {
            "condition": [],
            "etag": "BwXeV20OGdg=",
            "id": "fs-50-dev-data-orc-0/roles/iap.httpsResourceAccessor",
            "members": [
              "group:gcp-data-engineers@caggioland.com"
            ],
            "project": "fs-50-dev-data-orc-0",
            "role": "roles/iap.httpsResourceAccessor"
          },
          "sensitive_attributes": [],
          "private": "bnVsbA==",
          "dependencies": [
            "module.data-platform.module.load-project.data.google_bigquery_default_service_account.bq_sa",
            "module.data-platform.module.load-project.data.google_project.project",
            "module.data-platform.module.load-project.data.google_storage_project_service_account.gcs_sa",
            "module.data-platform.module.load-project.google_compute_shared_vpc_host_project.shared_vpc_host",
            "module.data-platform.module.load-project.google_compute_shared_vpc_service_project.service_projects",
            "module.data-platform.module.load-project.google_kms_crypto_key_iam_member.service_identity_cmek",
            "module.data-platform.module.load-project.google_project.project",
            "module.data-platform.module.load-project.google_project_iam_member.servicenetworking",
            "module.data-platform.module.load-project.google_project_iam_member.shared_vpc_host_robots",
            "module.data-platform.module.load-project.google_project_organization_policy.boolean",
            "module.data-platform.module.load-project.google_project_organization_policy.list",
            "module.data-platform.module.load-project.google_project_service.project_services",
            "module.data-platform.module.load-project.google_project_service_identity.jit_si",
            "module.data-platform.module.load-project.google_project_service_identity.servicenetworking",
            "module.data-platform.module.load-sa-df-0.data.google_service_account.service_account",
            "module.data-platform.module.load-sa-df-0.google_service_account.service_account",
            "module.data-platform.module.orch-project.data.google_bigquery_default_service_account.bq_sa",
            "module.data-platform.module.orch-project.data.google_project.project",
            "module.data-platform.module.orch-project.data.google_storage_project_service_account.gcs_sa",
            "module.data-platform.module.orch-project.google_compute_shared_vpc_host_project.shared_vpc_host",
            "module.data-platform.module.orch-project.google_compute_shared_vpc_service_project.service_projects",
            "module.data-platform.module.orch-project.google_kms_crypto_key_iam_member.service_identity_cmek",
            "module.data-platform.module.orch-project.google_project.project",
            "module.data-platform.module.orch-project.google_project_iam_custom_role.roles",
            "module.data-platform.module.orch-project.google_project_iam_member.servicenetworking",
            "module.data-platform.module.orch-project.google_project_iam_member.shared_vpc_host_robots",
            "module.data-platform.module.orch-project.google_project_organization_policy.boolean",
            "module.data-platform.module.orch-project.google_project_organization_policy.list",
            "module.data-platform.module.orch-project.google_project_service.project_services",
            "module.data-platform.module.orch-project.google_project_service_identity.jit_si",
            "module.data-platform.module.orch-project.google_project_service_identity.servicenetworking",
            "module.data-platform.module.orch-sa-cmp-0.data.google_service_account.service_account",
            "module.data-platform.module.orch-sa-cmp-0.google_service_account.service_account",
            "module.data-platform.module.transf-project.data.google_bigquery_default_service_account.bq_sa",
            "module.data-platform.module.transf-project.data.google_project.project",
            "module.data-platform.module.transf-project.data.google_storage_project_service_account.gcs_sa",
            "module.data-platform.module.transf-project.google_compute_shared_vpc_host_project.shared_vpc_host",
            "module.data-platform.module.transf-project.google_compute_shared_vpc_service_project.service_projects",
            "module.data-platform.module.transf-project.google_kms_crypto_key_iam_member.service_identity_cmek",
            "module.data-platform.module.transf-project.google_project.project",
            "module.data-platform.module.transf-project.google_project_iam_member.servicenetworking",
            "module.data-platform.module.transf-project.google_project_iam_member.shared_vpc_host_robots",
            "module.data-platform.module.transf-project.google_project_organization_policy.boolean",
            "module.data-platform.module.transf-project.google_project_organization_policy.list",
            "module.data-platform.module.transf-project.google_project_service.project_services",
            "module.data-platform.module.transf-project.google_project_service_identity.jit_si",
            "module.data-platform.module.transf-project.google_project_service_identity.servicenetworking",
            "module.data-platform.module.transf-sa-df-0.data.google_service_account.service_account",
            "module.data-platform.module.transf-sa-df-0.google_service_account.service_account"
          ]
        },
        {
          "index_key": "roles/storage.admin",
          "schema_version": 0,
          "attributes": {
            "condition": [],
            "etag": "BwXeV20OGdg=",
            "id": "fs-50-dev-data-orc-0/roles/storage.admin",
            "members": [
              "group:gcp-data-engineers@caggioland.com"
            ],
            "project": "fs-50-dev-data-orc-0",
            "role": "roles/storage.admin"
          },
          "sensitive_attributes": [],
          "private": "bnVsbA==",
          "dependencies": [
            "module.data-platform.module.load-project.data.google_bigquery_default_service_account.bq_sa",
            "module.data-platform.module.load-project.data.google_project.project",
            "module.data-platform.module.load-project.data.google_storage_project_service_account.gcs_sa",
            "module.data-platform.module.load-project.google_compute_shared_vpc_host_project.shared_vpc_host",
            "module.data-platform.module.load-project.google_compute_shared_vpc_service_project.service_projects",
            "module.data-platform.module.load-project.google_kms_crypto_key_iam_member.service_identity_cmek",
            "module.data-platform.module.load-project.google_project.project",
            "module.data-platform.module.load-project.google_project_iam_member.servicenetworking",
            "module.data-platform.module.load-project.google_project_iam_member.shared_vpc_host_robots",
            "module.data-platform.module.load-project.google_project_organization_policy.boolean",
            "module.data-platform.module.load-project.google_project_organization_policy.list",
            "module.data-platform.module.load-project.google_project_service.project_services",
            "module.data-platform.module.load-project.google_project_service_identity.jit_si",
            "module.data-platform.module.load-project.google_project_service_identity.servicenetworking",
            "module.data-platform.module.load-sa-df-0.data.google_service_account.service_account",
            "module.data-platform.module.load-sa-df-0.google_service_account.service_account",
            "module.data-platform.module.orch-project.data.google_bigquery_default_service_account.bq_sa",
            "module.data-platform.module.orch-project.data.google_project.project",
            "module.data-platform.module.orch-project.data.google_storage_project_service_account.gcs_sa",
            "module.data-platform.module.orch-project.google_compute_shared_vpc_host_project.shared_vpc_host",
            "module.data-platform.module.orch-project.google_compute_shared_vpc_service_project.service_projects",
            "module.data-platform.module.orch-project.google_kms_crypto_key_iam_member.service_identity_cmek",
            "module.data-platform.module.orch-project.google_project.project",
            "module.data-platform.module.orch-project.google_project_iam_custom_role.roles",
            "module.data-platform.module.orch-project.google_project_iam_member.servicenetworking",
            "module.data-platform.module.orch-project.google_project_iam_member.shared_vpc_host_robots",
            "module.data-platform.module.orch-project.google_project_organization_policy.boolean",
            "module.data-platform.module.orch-project.google_project_organization_policy.list",
            "module.data-platform.module.orch-project.google_project_service.project_services",
            "module.data-platform.module.orch-project.google_project_service_identity.jit_si",
            "module.data-platform.module.orch-project.google_project_service_identity.servicenetworking",
            "module.data-platform.module.orch-sa-cmp-0.data.google_service_account.service_account",
            "module.data-platform.module.orch-sa-cmp-0.google_service_account.service_account",
            "module.data-platform.module.transf-project.data.google_bigquery_default_service_account.bq_sa",
            "module.data-platform.module.transf-project.data.google_project.project",
            "module.data-platform.module.transf-project.data.google_storage_project_service_account.gcs_sa",
            "module.data-platform.module.transf-project.google_compute_shared_vpc_host_project.shared_vpc_host",
            "module.data-platform.module.transf-project.google_compute_shared_vpc_service_project.service_projects",
            "module.data-platform.module.transf-project.google_kms_crypto_key_iam_member.service_identity_cmek",
            "module.data-platform.module.transf-project.google_project.project",
            "module.data-platform.module.transf-project.google_project_iam_member.servicenetworking",
            "module.data-platform.module.transf-project.google_project_iam_member.shared_vpc_host_robots",
            "module.data-platform.module.transf-project.google_project_organization_policy.boolean",
            "module.data-platform.module.transf-project.google_project_organization_policy.list",
            "module.data-platform.module.transf-project.google_project_service.project_services",
            "module.data-platform.module.transf-project.google_project_service_identity.jit_si",
            "module.data-platform.module.transf-project.google_project_service_identity.servicenetworking",
            "module.data-platform.module.transf-sa-df-0.data.google_service_account.service_account",
            "module.data-platform.module.transf-sa-df-0.google_service_account.service_account"
          ]
        },
        {
          "index_key": "roles/storage.objectAdmin",
          "schema_version": 0,
          "attributes": {
            "condition": [],
            "etag": "BwXeV215Myw=",
            "id": "fs-50-dev-data-orc-0/roles/storage.objectAdmin",
            "members": [
              "group:gcp-data-engineers@caggioland.com",
              "serviceAccount:fs-50-dev-data-orc-cmp-0@fs-50-dev-data-orc-0.iam.gserviceaccount.com",
              "serviceAccount:service-863516118970@cloudcomposer-accounts.iam.gserviceaccount.com"
            ],
            "project": "fs-50-dev-data-orc-0",
            "role": "roles/storage.objectAdmin"
          },
          "sensitive_attributes": [],
          "private": "bnVsbA==",
          "dependencies": [
            "module.data-platform.module.load-project.data.google_bigquery_default_service_account.bq_sa",
            "module.data-platform.module.load-project.data.google_project.project",
            "module.data-platform.module.load-project.data.google_storage_project_service_account.gcs_sa",
            "module.data-platform.module.load-project.google_compute_shared_vpc_host_project.shared_vpc_host",
            "module.data-platform.module.load-project.google_compute_shared_vpc_service_project.service_projects",
            "module.data-platform.module.load-project.google_kms_crypto_key_iam_member.service_identity_cmek",
            "module.data-platform.module.load-project.google_project.project",
            "module.data-platform.module.load-project.google_project_iam_member.servicenetworking",
            "module.data-platform.module.load-project.google_project_iam_member.shared_vpc_host_robots",
            "module.data-platform.module.load-project.google_project_organization_policy.boolean",
            "module.data-platform.module.load-project.google_project_organization_policy.list",
            "module.data-platform.module.load-project.google_project_service.project_services",
            "module.data-platform.module.load-project.google_project_service_identity.jit_si",
            "module.data-platform.module.load-project.google_project_service_identity.servicenetworking",
            "module.data-platform.module.load-sa-df-0.data.google_service_account.service_account",
            "module.data-platform.module.load-sa-df-0.google_service_account.service_account",
            "module.data-platform.module.orch-project.data.google_bigquery_default_service_account.bq_sa",
            "module.data-platform.module.orch-project.data.google_project.project",
            "module.data-platform.module.orch-project.data.google_storage_project_service_account.gcs_sa",
            "module.data-platform.module.orch-project.google_compute_shared_vpc_host_project.shared_vpc_host",
            "module.data-platform.module.orch-project.google_compute_shared_vpc_service_project.service_projects",
            "module.data-platform.module.orch-project.google_kms_crypto_key_iam_member.service_identity_cmek",
            "module.data-platform.module.orch-project.google_project.project",
            "module.data-platform.module.orch-project.google_project_iam_custom_role.roles",
            "module.data-platform.module.orch-project.google_project_iam_member.servicenetworking",
            "module.data-platform.module.orch-project.google_project_iam_member.shared_vpc_host_robots",
            "module.data-platform.module.orch-project.google_project_organization_policy.boolean",
            "module.data-platform.module.orch-project.google_project_organization_policy.list",
            "module.data-platform.module.orch-project.google_project_service.project_services",
            "module.data-platform.module.orch-project.google_project_service_identity.jit_si",
            "module.data-platform.module.orch-project.google_project_service_identity.servicenetworking",
            "module.data-platform.module.orch-sa-cmp-0.data.google_service_account.service_account",
            "module.data-platform.module.orch-sa-cmp-0.google_service_account.service_account",
            "module.data-platform.module.transf-project.data.google_bigquery_default_service_account.bq_sa",
            "module.data-platform.module.transf-project.data.google_project.project",
            "module.data-platform.module.transf-project.data.google_storage_project_service_account.gcs_sa",
            "module.data-platform.module.transf-project.google_compute_shared_vpc_host_project.shared_vpc_host",
            "module.data-platform.module.transf-project.google_compute_shared_vpc_service_project.service_projects",
            "module.data-platform.module.transf-project.google_kms_crypto_key_iam_member.service_identity_cmek",
            "module.data-platform.module.transf-project.google_project.project",
            "module.data-platform.module.transf-project.google_project_iam_member.servicenetworking",
            "module.data-platform.module.transf-project.google_project_iam_member.shared_vpc_host_robots",
            "module.data-platform.module.transf-project.google_project_organization_policy.boolean",
            "module.data-platform.module.transf-project.google_project_organization_policy.list",
            "module.data-platform.module.transf-project.google_project_service.project_services",
            "module.data-platform.module.transf-project.google_project_service_identity.jit_si",
            "module.data-platform.module.transf-project.google_project_service_identity.servicenetworking",
            "module.data-platform.module.transf-sa-df-0.data.google_service_account.service_account",
            "module.data-platform.module.transf-sa-df-0.google_service_account.service_account"
          ]
        },
        {
          "index_key": "roles/storage.objectViewer",
          "schema_version": 0,
          "attributes": {
            "condition": [],
            "etag": "BwXeV215Myw=",
            "id": "fs-50-dev-data-orc-0/roles/storage.objectViewer",
            "members": [
              "serviceAccount:fs-50-dev-data-load-df-0@fs-50-dev-data-lod-0.iam.gserviceaccount.com"
            ],
            "project": "fs-50-dev-data-orc-0",
            "role": "roles/storage.objectViewer"
          },
          "sensitive_attributes": [],
          "private": "bnVsbA==",
          "dependencies": [
            "module.data-platform.module.load-project.data.google_bigquery_default_service_account.bq_sa",
            "module.data-platform.module.load-project.google_project_service.project_services",
            "module.data-platform.module.load-project.data.google_storage_project_service_account.gcs_sa",
            "module.data-platform.module.load-project.google_compute_shared_vpc_host_project.shared_vpc_host",
            "module.data-platform.module.load-project.google_compute_shared_vpc_service_project.service_projects",
            "module.data-platform.module.load-project.google_project.project",
            "module.data-platform.module.load-project.google_project_iam_member.servicenetworking",
            "module.data-platform.module.load-project.data.google_project.project",
            "module.data-platform.module.load-project.google_project_iam_member.shared_vpc_host_robots",
            "module.data-platform.module.load-project.google_project_organization_policy.boolean",
            "module.data-platform.module.load-project.google_project_organization_policy.list",
            "module.data-platform.module.load-project.google_kms_crypto_key_iam_member.service_identity_cmek",
            "module.data-platform.module.load-project.google_project_service_identity.jit_si",
            "module.data-platform.module.load-project.google_project_service_identity.servicenetworking",
            "module.data-platform.module.load-sa-df-0.data.google_service_account.service_account",
            "module.data-platform.module.load-sa-df-0.google_service_account.service_account",
            "module.data-platform.module.orch-project.data.google_bigquery_default_service_account.bq_sa",
            "module.data-platform.module.orch-project.data.google_project.project",
            "module.data-platform.module.orch-project.data.google_storage_project_service_account.gcs_sa",
            "module.data-platform.module.orch-project.google_compute_shared_vpc_service_project.service_projects",
            "module.data-platform.module.orch-project.google_kms_crypto_key_iam_member.service_identity_cmek",
            "module.data-platform.module.orch-project.google_project.project",
            "module.data-platform.module.orch-project.google_compute_shared_vpc_host_project.shared_vpc_host",
            "module.data-platform.module.orch-project.google_project_iam_custom_role.roles",
            "module.data-platform.module.orch-project.google_project_iam_member.servicenetworking",
            "module.data-platform.module.orch-project.google_project_iam_member.shared_vpc_host_robots",
            "module.data-platform.module.orch-project.google_project_organization_policy.boolean",
            "module.data-platform.module.orch-project.google_project_organization_policy.list",
            "module.data-platform.module.orch-project.google_project_service.project_services",
            "module.data-platform.module.orch-project.google_project_service_identity.jit_si",
            "module.data-platform.module.orch-project.google_project_service_identity.servicenetworking",
            "module.data-platform.module.orch-sa-cmp-0.data.google_service_account.service_account",
            "module.data-platform.module.orch-sa-cmp-0.google_service_account.service_account",
            "module.data-platform.module.transf-project.data.google_bigquery_default_service_account.bq_sa",
            "module.data-platform.module.transf-project.data.google_project.project",
            "module.data-platform.module.transf-project.google_compute_shared_vpc_host_project.shared_vpc_host",
            "module.data-platform.module.transf-project.google_project_organization_policy.boolean",
            "module.data-platform.module.transf-project.google_compute_shared_vpc_service_project.service_projects",
            "module.data-platform.module.transf-project.data.google_storage_project_service_account.gcs_sa",
            "module.data-platform.module.transf-project.google_kms_crypto_key_iam_member.service_identity_cmek",
            "module.data-platform.module.transf-project.google_project.project",
            "module.data-platform.module.transf-project.google_project_iam_member.servicenetworking",
            "module.data-platform.module.transf-project.google_project_iam_member.shared_vpc_host_robots",
            "module.data-platform.module.transf-project.google_project_organization_policy.list",
            "module.data-platform.module.transf-project.google_project_service.project_services",
            "module.data-platform.module.transf-project.google_project_service_identity.jit_si",
            "module.data-platform.module.transf-project.google_project_service_identity.servicenetworking",
            "module.data-platform.module.transf-sa-df-0.data.google_service_account.service_account",
            "module.data-platform.module.transf-sa-df-0.google_service_account.service_account"
          ]
        }
      ]
    },
    {
      "module": "module.data-platform.module.orch-project",
      "mode": "managed",
      "type": "google_project_iam_member",
      "name": "servicenetworking",
      "provider": "provider[\"registry.terraform.io/hashicorp/google\"]",
      "instances": [
        {
          "index_key": 0,
          "schema_version": 0,
          "attributes": {
            "condition": [],
            "etag": "BwXeV2nKjKk=",
            "id": "fs-50-dev-data-orc-0/roles/servicenetworking.serviceAgent/serviceAccount:service-863516118970@service-networking.iam.gserviceaccount.com",
            "member": "serviceAccount:service-863516118970@service-networking.iam.gserviceaccount.com",
            "project": "fs-50-dev-data-orc-0",
            "role": "roles/servicenetworking.serviceAgent"
          },
          "sensitive_attributes": [],
          "private": "bnVsbA==",
          "dependencies": [
            "module.data-platform.module.orch-project.data.google_project.project",
            "module.data-platform.module.orch-project.google_project.project",
            "module.data-platform.module.orch-project.google_project_service.project_services",
            "module.data-platform.module.orch-project.google_project_service_identity.servicenetworking"
          ]
        }
      ]
    },
    {
      "module": "module.data-platform.module.orch-project",
      "mode": "managed",
      "type": "google_project_organization_policy",
      "name": "boolean",
      "provider": "provider[\"registry.terraform.io/hashicorp/google\"]",
      "instances": [
        {
          "index_key": "constraints/compute.requireOsLogin",
          "schema_version": 0,
          "attributes": {
            "boolean_policy": [
              {
                "enforced": false
              }
            ],
            "constraint": "constraints/compute.requireOsLogin",
            "etag": "CJ+11JMGEOC7ktkC",
            "id": "fs-50-dev-data-orc-0:constraints/compute.requireOsLogin",
            "list_policy": [],
            "project": "fs-50-dev-data-orc-0",
            "restore_policy": [],
            "timeouts": null,
            "update_time": "2022-05-06T12:54:55.723820Z",
            "version": 0
          },
          "sensitive_attributes": [],
          "private": "eyJlMmJmYjczMC1lY2FhLTExZTYtOGY4OC0zNDM2M2JjN2M0YzAiOnsiY3JlYXRlIjoyNDAwMDAwMDAwMDAsImRlbGV0ZSI6MjQwMDAwMDAwMDAwLCJyZWFkIjoyNDAwMDAwMDAwMDAsInVwZGF0ZSI6MjQwMDAwMDAwMDAwfX0=",
          "dependencies": [
            "module.data-platform.module.orch-project.data.google_project.project",
            "module.data-platform.module.orch-project.google_project.project"
          ]
        }
      ]
    },
    {
      "module": "module.data-platform.module.orch-project",
      "mode": "managed",
      "type": "google_project_service",
      "name": "project_services",
      "provider": "provider[\"registry.terraform.io/hashicorp/google\"]",
      "instances": [
        {
          "index_key": "artifactregistry.googleapis.com",
          "schema_version": 0,
          "attributes": {
            "disable_dependent_services": true,
            "disable_on_destroy": true,
            "id": "fs-50-dev-data-orc-0/artifactregistry.googleapis.com",
            "project": "fs-50-dev-data-orc-0",
            "service": "artifactregistry.googleapis.com",
            "timeouts": null
          },
          "sensitive_attributes": [],
          "private": "eyJlMmJmYjczMC1lY2FhLTExZTYtOGY4OC0zNDM2M2JjN2M0YzAiOnsiY3JlYXRlIjoxMjAwMDAwMDAwMDAwLCJkZWxldGUiOjEyMDAwMDAwMDAwMDAsInJlYWQiOjYwMDAwMDAwMDAwMCwidXBkYXRlIjoxMjAwMDAwMDAwMDAwfX0=",
          "dependencies": [
            "module.data-platform.module.orch-project.data.google_project.project",
            "module.data-platform.module.orch-project.google_project.project"
          ]
        },
        {
          "index_key": "bigquery.googleapis.com",
          "schema_version": 0,
          "attributes": {
            "disable_dependent_services": true,
            "disable_on_destroy": true,
            "id": "fs-50-dev-data-orc-0/bigquery.googleapis.com",
            "project": "fs-50-dev-data-orc-0",
            "service": "bigquery.googleapis.com",
            "timeouts": null
          },
          "sensitive_attributes": [],
          "private": "eyJlMmJmYjczMC1lY2FhLTExZTYtOGY4OC0zNDM2M2JjN2M0YzAiOnsiY3JlYXRlIjoxMjAwMDAwMDAwMDAwLCJkZWxldGUiOjEyMDAwMDAwMDAwMDAsInJlYWQiOjYwMDAwMDAwMDAwMCwidXBkYXRlIjoxMjAwMDAwMDAwMDAwfX0=",
          "dependencies": [
            "module.data-platform.module.orch-project.data.google_project.project",
            "module.data-platform.module.orch-project.google_project.project"
          ]
        },
        {
          "index_key": "bigqueryreservation.googleapis.com",
          "schema_version": 0,
          "attributes": {
            "disable_dependent_services": true,
            "disable_on_destroy": true,
            "id": "fs-50-dev-data-orc-0/bigqueryreservation.googleapis.com",
            "project": "fs-50-dev-data-orc-0",
            "service": "bigqueryreservation.googleapis.com",
            "timeouts": null
          },
          "sensitive_attributes": [],
          "private": "eyJlMmJmYjczMC1lY2FhLTExZTYtOGY4OC0zNDM2M2JjN2M0YzAiOnsiY3JlYXRlIjoxMjAwMDAwMDAwMDAwLCJkZWxldGUiOjEyMDAwMDAwMDAwMDAsInJlYWQiOjYwMDAwMDAwMDAwMCwidXBkYXRlIjoxMjAwMDAwMDAwMDAwfX0=",
          "dependencies": [
            "module.data-platform.module.orch-project.data.google_project.project",
            "module.data-platform.module.orch-project.google_project.project"
          ]
        },
        {
          "index_key": "bigquerystorage.googleapis.com",
          "schema_version": 0,
          "attributes": {
            "disable_dependent_services": true,
            "disable_on_destroy": true,
            "id": "fs-50-dev-data-orc-0/bigquerystorage.googleapis.com",
            "project": "fs-50-dev-data-orc-0",
            "service": "bigquerystorage.googleapis.com",
            "timeouts": null
          },
          "sensitive_attributes": [],
          "private": "eyJlMmJmYjczMC1lY2FhLTExZTYtOGY4OC0zNDM2M2JjN2M0YzAiOnsiY3JlYXRlIjoxMjAwMDAwMDAwMDAwLCJkZWxldGUiOjEyMDAwMDAwMDAwMDAsInJlYWQiOjYwMDAwMDAwMDAwMCwidXBkYXRlIjoxMjAwMDAwMDAwMDAwfX0=",
          "dependencies": [
            "module.data-platform.module.orch-project.data.google_project.project",
            "module.data-platform.module.orch-project.google_project.project"
          ]
        },
        {
          "index_key": "cloudbuild.googleapis.com",
          "schema_version": 0,
          "attributes": {
            "disable_dependent_services": true,
            "disable_on_destroy": true,
            "id": "fs-50-dev-data-orc-0/cloudbuild.googleapis.com",
            "project": "fs-50-dev-data-orc-0",
            "service": "cloudbuild.googleapis.com",
            "timeouts": null
          },
          "sensitive_attributes": [],
          "private": "eyJlMmJmYjczMC1lY2FhLTExZTYtOGY4OC0zNDM2M2JjN2M0YzAiOnsiY3JlYXRlIjoxMjAwMDAwMDAwMDAwLCJkZWxldGUiOjEyMDAwMDAwMDAwMDAsInJlYWQiOjYwMDAwMDAwMDAwMCwidXBkYXRlIjoxMjAwMDAwMDAwMDAwfX0=",
          "dependencies": [
            "module.data-platform.module.orch-project.data.google_project.project",
            "module.data-platform.module.orch-project.google_project.project"
          ]
        },
        {
          "index_key": "cloudkms.googleapis.com",
          "schema_version": 0,
          "attributes": {
            "disable_dependent_services": true,
            "disable_on_destroy": true,
            "id": "fs-50-dev-data-orc-0/cloudkms.googleapis.com",
            "project": "fs-50-dev-data-orc-0",
            "service": "cloudkms.googleapis.com",
            "timeouts": null
          },
          "sensitive_attributes": [],
          "private": "eyJlMmJmYjczMC1lY2FhLTExZTYtOGY4OC0zNDM2M2JjN2M0YzAiOnsiY3JlYXRlIjoxMjAwMDAwMDAwMDAwLCJkZWxldGUiOjEyMDAwMDAwMDAwMDAsInJlYWQiOjYwMDAwMDAwMDAwMCwidXBkYXRlIjoxMjAwMDAwMDAwMDAwfX0=",
          "dependencies": [
            "module.data-platform.module.orch-project.data.google_project.project",
            "module.data-platform.module.orch-project.google_project.project"
          ]
        },
        {
          "index_key": "cloudresourcemanager.googleapis.com",
          "schema_version": 0,
          "attributes": {
            "disable_dependent_services": true,
            "disable_on_destroy": true,
            "id": "fs-50-dev-data-orc-0/cloudresourcemanager.googleapis.com",
            "project": "fs-50-dev-data-orc-0",
            "service": "cloudresourcemanager.googleapis.com",
            "timeouts": null
          },
          "sensitive_attributes": [],
          "private": "eyJlMmJmYjczMC1lY2FhLTExZTYtOGY4OC0zNDM2M2JjN2M0YzAiOnsiY3JlYXRlIjoxMjAwMDAwMDAwMDAwLCJkZWxldGUiOjEyMDAwMDAwMDAwMDAsInJlYWQiOjYwMDAwMDAwMDAwMCwidXBkYXRlIjoxMjAwMDAwMDAwMDAwfX0=",
          "dependencies": [
            "module.data-platform.module.orch-project.data.google_project.project",
            "module.data-platform.module.orch-project.google_project.project"
          ]
        },
        {
          "index_key": "composer.googleapis.com",
          "schema_version": 0,
          "attributes": {
            "disable_dependent_services": true,
            "disable_on_destroy": true,
            "id": "fs-50-dev-data-orc-0/composer.googleapis.com",
            "project": "fs-50-dev-data-orc-0",
            "service": "composer.googleapis.com",
            "timeouts": null
          },
          "sensitive_attributes": [],
          "private": "eyJlMmJmYjczMC1lY2FhLTExZTYtOGY4OC0zNDM2M2JjN2M0YzAiOnsiY3JlYXRlIjoxMjAwMDAwMDAwMDAwLCJkZWxldGUiOjEyMDAwMDAwMDAwMDAsInJlYWQiOjYwMDAwMDAwMDAwMCwidXBkYXRlIjoxMjAwMDAwMDAwMDAwfX0=",
          "dependencies": [
            "module.data-platform.module.orch-project.data.google_project.project",
            "module.data-platform.module.orch-project.google_project.project"
          ]
        },
        {
          "index_key": "compute.googleapis.com",
          "schema_version": 0,
          "attributes": {
            "disable_dependent_services": true,
            "disable_on_destroy": true,
            "id": "fs-50-dev-data-orc-0/compute.googleapis.com",
            "project": "fs-50-dev-data-orc-0",
            "service": "compute.googleapis.com",
            "timeouts": null
          },
          "sensitive_attributes": [],
          "private": "eyJlMmJmYjczMC1lY2FhLTExZTYtOGY4OC0zNDM2M2JjN2M0YzAiOnsiY3JlYXRlIjoxMjAwMDAwMDAwMDAwLCJkZWxldGUiOjEyMDAwMDAwMDAwMDAsInJlYWQiOjYwMDAwMDAwMDAwMCwidXBkYXRlIjoxMjAwMDAwMDAwMDAwfX0=",
          "dependencies": [
            "module.data-platform.module.orch-project.data.google_project.project",
            "module.data-platform.module.orch-project.google_project.project"
          ]
        },
        {
          "index_key": "container.googleapis.com",
          "schema_version": 0,
          "attributes": {
            "disable_dependent_services": true,
            "disable_on_destroy": true,
            "id": "fs-50-dev-data-orc-0/container.googleapis.com",
            "project": "fs-50-dev-data-orc-0",
            "service": "container.googleapis.com",
            "timeouts": null
          },
          "sensitive_attributes": [],
          "private": "eyJlMmJmYjczMC1lY2FhLTExZTYtOGY4OC0zNDM2M2JjN2M0YzAiOnsiY3JlYXRlIjoxMjAwMDAwMDAwMDAwLCJkZWxldGUiOjEyMDAwMDAwMDAwMDAsInJlYWQiOjYwMDAwMDAwMDAwMCwidXBkYXRlIjoxMjAwMDAwMDAwMDAwfX0=",
          "dependencies": [
            "module.data-platform.module.orch-project.data.google_project.project",
            "module.data-platform.module.orch-project.google_project.project"
          ]
        },
        {
          "index_key": "containerregistry.googleapis.com",
          "schema_version": 0,
          "attributes": {
            "disable_dependent_services": true,
            "disable_on_destroy": true,
            "id": "fs-50-dev-data-orc-0/containerregistry.googleapis.com",
            "project": "fs-50-dev-data-orc-0",
            "service": "containerregistry.googleapis.com",
            "timeouts": null
          },
          "sensitive_attributes": [],
          "private": "eyJlMmJmYjczMC1lY2FhLTExZTYtOGY4OC0zNDM2M2JjN2M0YzAiOnsiY3JlYXRlIjoxMjAwMDAwMDAwMDAwLCJkZWxldGUiOjEyMDAwMDAwMDAwMDAsInJlYWQiOjYwMDAwMDAwMDAwMCwidXBkYXRlIjoxMjAwMDAwMDAwMDAwfX0=",
          "dependencies": [
            "module.data-platform.module.orch-project.data.google_project.project",
            "module.data-platform.module.orch-project.google_project.project"
          ]
        },
        {
          "index_key": "dataflow.googleapis.com",
          "schema_version": 0,
          "attributes": {
            "disable_dependent_services": true,
            "disable_on_destroy": true,
            "id": "fs-50-dev-data-orc-0/dataflow.googleapis.com",
            "project": "fs-50-dev-data-orc-0",
            "service": "dataflow.googleapis.com",
            "timeouts": null
          },
          "sensitive_attributes": [],
          "private": "eyJlMmJmYjczMC1lY2FhLTExZTYtOGY4OC0zNDM2M2JjN2M0YzAiOnsiY3JlYXRlIjoxMjAwMDAwMDAwMDAwLCJkZWxldGUiOjEyMDAwMDAwMDAwMDAsInJlYWQiOjYwMDAwMDAwMDAwMCwidXBkYXRlIjoxMjAwMDAwMDAwMDAwfX0=",
          "dependencies": [
            "module.data-platform.module.orch-project.data.google_project.project",
            "module.data-platform.module.orch-project.google_project.project"
          ]
        },
        {
          "index_key": "iam.googleapis.com",
          "schema_version": 0,
          "attributes": {
            "disable_dependent_services": true,
            "disable_on_destroy": true,
            "id": "fs-50-dev-data-orc-0/iam.googleapis.com",
            "project": "fs-50-dev-data-orc-0",
            "service": "iam.googleapis.com",
            "timeouts": null
          },
          "sensitive_attributes": [],
          "private": "eyJlMmJmYjczMC1lY2FhLTExZTYtOGY4OC0zNDM2M2JjN2M0YzAiOnsiY3JlYXRlIjoxMjAwMDAwMDAwMDAwLCJkZWxldGUiOjEyMDAwMDAwMDAwMDAsInJlYWQiOjYwMDAwMDAwMDAwMCwidXBkYXRlIjoxMjAwMDAwMDAwMDAwfX0=",
          "dependencies": [
            "module.data-platform.module.orch-project.data.google_project.project",
            "module.data-platform.module.orch-project.google_project.project"
          ]
        },
        {
          "index_key": "pubsub.googleapis.com",
          "schema_version": 0,
          "attributes": {
            "disable_dependent_services": true,
            "disable_on_destroy": true,
            "id": "fs-50-dev-data-orc-0/pubsub.googleapis.com",
            "project": "fs-50-dev-data-orc-0",
            "service": "pubsub.googleapis.com",
            "timeouts": null
          },
          "sensitive_attributes": [],
          "private": "eyJlMmJmYjczMC1lY2FhLTExZTYtOGY4OC0zNDM2M2JjN2M0YzAiOnsiY3JlYXRlIjoxMjAwMDAwMDAwMDAwLCJkZWxldGUiOjEyMDAwMDAwMDAwMDAsInJlYWQiOjYwMDAwMDAwMDAwMCwidXBkYXRlIjoxMjAwMDAwMDAwMDAwfX0=",
          "dependencies": [
            "module.data-platform.module.orch-project.data.google_project.project",
            "module.data-platform.module.orch-project.google_project.project"
          ]
        },
        {
          "index_key": "servicenetworking.googleapis.com",
          "schema_version": 0,
          "attributes": {
            "disable_dependent_services": true,
            "disable_on_destroy": true,
            "id": "fs-50-dev-data-orc-0/servicenetworking.googleapis.com",
            "project": "fs-50-dev-data-orc-0",
            "service": "servicenetworking.googleapis.com",
            "timeouts": null
          },
          "sensitive_attributes": [],
          "private": "eyJlMmJmYjczMC1lY2FhLTExZTYtOGY4OC0zNDM2M2JjN2M0YzAiOnsiY3JlYXRlIjoxMjAwMDAwMDAwMDAwLCJkZWxldGUiOjEyMDAwMDAwMDAwMDAsInJlYWQiOjYwMDAwMDAwMDAwMCwidXBkYXRlIjoxMjAwMDAwMDAwMDAwfX0=",
          "dependencies": [
            "module.data-platform.module.orch-project.data.google_project.project",
            "module.data-platform.module.orch-project.google_project.project"
          ]
        },
        {
          "index_key": "serviceusage.googleapis.com",
          "schema_version": 0,
          "attributes": {
            "disable_dependent_services": true,
            "disable_on_destroy": true,
            "id": "fs-50-dev-data-orc-0/serviceusage.googleapis.com",
            "project": "fs-50-dev-data-orc-0",
            "service": "serviceusage.googleapis.com",
            "timeouts": null
          },
          "sensitive_attributes": [],
          "private": "eyJlMmJmYjczMC1lY2FhLTExZTYtOGY4OC0zNDM2M2JjN2M0YzAiOnsiY3JlYXRlIjoxMjAwMDAwMDAwMDAwLCJkZWxldGUiOjEyMDAwMDAwMDAwMDAsInJlYWQiOjYwMDAwMDAwMDAwMCwidXBkYXRlIjoxMjAwMDAwMDAwMDAwfX0=",
          "dependencies": [
            "module.data-platform.module.orch-project.data.google_project.project",
            "module.data-platform.module.orch-project.google_project.project"
          ]
        },
        {
          "index_key": "stackdriver.googleapis.com",
          "schema_version": 0,
          "attributes": {
            "disable_dependent_services": true,
            "disable_on_destroy": true,
            "id": "fs-50-dev-data-orc-0/stackdriver.googleapis.com",
            "project": "fs-50-dev-data-orc-0",
            "service": "stackdriver.googleapis.com",
            "timeouts": null
          },
          "sensitive_attributes": [],
          "private": "eyJlMmJmYjczMC1lY2FhLTExZTYtOGY4OC0zNDM2M2JjN2M0YzAiOnsiY3JlYXRlIjoxMjAwMDAwMDAwMDAwLCJkZWxldGUiOjEyMDAwMDAwMDAwMDAsInJlYWQiOjYwMDAwMDAwMDAwMCwidXBkYXRlIjoxMjAwMDAwMDAwMDAwfX0=",
          "dependencies": [
            "module.data-platform.module.orch-project.data.google_project.project",
            "module.data-platform.module.orch-project.google_project.project"
          ]
        },
        {
          "index_key": "storage-component.googleapis.com",
          "schema_version": 0,
          "attributes": {
            "disable_dependent_services": true,
            "disable_on_destroy": true,
            "id": "fs-50-dev-data-orc-0/storage-component.googleapis.com",
            "project": "fs-50-dev-data-orc-0",
            "service": "storage-component.googleapis.com",
            "timeouts": null
          },
          "sensitive_attributes": [],
          "private": "eyJlMmJmYjczMC1lY2FhLTExZTYtOGY4OC0zNDM2M2JjN2M0YzAiOnsiY3JlYXRlIjoxMjAwMDAwMDAwMDAwLCJkZWxldGUiOjEyMDAwMDAwMDAwMDAsInJlYWQiOjYwMDAwMDAwMDAwMCwidXBkYXRlIjoxMjAwMDAwMDAwMDAwfX0=",
          "dependencies": [
            "module.data-platform.module.orch-project.data.google_project.project",
            "module.data-platform.module.orch-project.google_project.project"
          ]
        },
        {
          "index_key": "storage.googleapis.com",
          "schema_version": 0,
          "attributes": {
            "disable_dependent_services": true,
            "disable_on_destroy": true,
            "id": "fs-50-dev-data-orc-0/storage.googleapis.com",
            "project": "fs-50-dev-data-orc-0",
            "service": "storage.googleapis.com",
            "timeouts": null
          },
          "sensitive_attributes": [],
          "private": "eyJlMmJmYjczMC1lY2FhLTExZTYtOGY4OC0zNDM2M2JjN2M0YzAiOnsiY3JlYXRlIjoxMjAwMDAwMDAwMDAwLCJkZWxldGUiOjEyMDAwMDAwMDAwMDAsInJlYWQiOjYwMDAwMDAwMDAwMCwidXBkYXRlIjoxMjAwMDAwMDAwMDAwfX0=",
          "dependencies": [
            "module.data-platform.module.orch-project.data.google_project.project",
            "module.data-platform.module.orch-project.google_project.project"
          ]
        }
      ]
    },
    {
      "module": "module.data-platform.module.orch-project",
      "mode": "managed",
      "type": "google_project_service_identity",
      "name": "jit_si",
      "provider": "provider[\"registry.terraform.io/hashicorp/google-beta\"]",
      "instances": [
        {
          "index_key": "pubsub.googleapis.com",
          "schema_version": 0,
          "attributes": {
            "email": "service-863516118970@gcp-sa-pubsub.iam.gserviceaccount.com",
            "id": "projects/fs-50-dev-data-orc-0/services/pubsub.googleapis.com",
            "project": "fs-50-dev-data-orc-0",
            "service": "pubsub.googleapis.com",
            "timeouts": null
          },
          "sensitive_attributes": [],
          "private": "eyJlMmJmYjczMC1lY2FhLTExZTYtOGY4OC0zNDM2M2JjN2M0YzAiOnsiY3JlYXRlIjoxMjAwMDAwMDAwMDAwLCJkZWxldGUiOjEyMDAwMDAwMDAwMDAsInJlYWQiOjYwMDAwMDAwMDAwMH19",
          "dependencies": [
            "module.data-platform.module.orch-project.data.google_project.project",
            "module.data-platform.module.orch-project.google_project.project",
            "module.data-platform.module.orch-project.google_project_service.project_services"
          ]
        }
      ]
    },
    {
      "module": "module.data-platform.module.orch-project",
      "mode": "managed",
      "type": "google_project_service_identity",
      "name": "servicenetworking",
      "provider": "provider[\"registry.terraform.io/hashicorp/google-beta\"]",
      "instances": [
        {
          "index_key": 0,
          "schema_version": 0,
          "attributes": {
            "email": "service-863516118970@service-networking.iam.gserviceaccount.com",
            "id": "projects/fs-50-dev-data-orc-0/services/servicenetworking.googleapis.com",
            "project": "fs-50-dev-data-orc-0",
            "service": "servicenetworking.googleapis.com",
            "timeouts": null
          },
          "sensitive_attributes": [],
          "private": "eyJlMmJmYjczMC1lY2FhLTExZTYtOGY4OC0zNDM2M2JjN2M0YzAiOnsiY3JlYXRlIjoxMjAwMDAwMDAwMDAwLCJkZWxldGUiOjEyMDAwMDAwMDAwMDAsInJlYWQiOjYwMDAwMDAwMDAwMH19",
          "dependencies": [
            "module.data-platform.module.orch-project.data.google_project.project",
            "module.data-platform.module.orch-project.google_project.project",
            "module.data-platform.module.orch-project.google_project_service.project_services"
          ]
        }
      ]
    },
    {
      "module": "module.data-platform.module.orch-sa-cmp-0",
      "mode": "managed",
      "type": "google_service_account",
      "name": "service_account",
      "provider": "provider[\"registry.terraform.io/hashicorp/google\"]",
      "instances": [
        {
          "index_key": 0,
          "schema_version": 0,
          "attributes": {
            "account_id": "fs-50-dev-data-orc-cmp-0",
            "description": "",
            "disabled": false,
            "display_name": "Data platform Composer service account",
            "email": "fs-50-dev-data-orc-cmp-0@fs-50-dev-data-orc-0.iam.gserviceaccount.com",
            "id": "projects/fs-50-dev-data-orc-0/serviceAccounts/fs-50-dev-data-orc-cmp-0@fs-50-dev-data-orc-0.iam.gserviceaccount.com",
            "name": "projects/fs-50-dev-data-orc-0/serviceAccounts/fs-50-dev-data-orc-cmp-0@fs-50-dev-data-orc-0.iam.gserviceaccount.com",
            "project": "fs-50-dev-data-orc-0",
            "timeouts": null,
            "unique_id": "100298949209617925462"
          },
          "sensitive_attributes": [],
          "private": "eyJlMmJmYjczMC1lY2FhLTExZTYtOGY4OC0zNDM2M2JjN2M0YzAiOnsiY3JlYXRlIjozMDAwMDAwMDAwMDB9fQ==",
          "dependencies": [
            "module.data-platform.module.orch-project.data.google_bigquery_default_service_account.bq_sa",
            "module.data-platform.module.orch-project.data.google_project.project",
            "module.data-platform.module.orch-project.data.google_storage_project_service_account.gcs_sa",
            "module.data-platform.module.orch-project.google_compute_shared_vpc_host_project.shared_vpc_host",
            "module.data-platform.module.orch-project.google_compute_shared_vpc_service_project.service_projects",
            "module.data-platform.module.orch-project.google_kms_crypto_key_iam_member.service_identity_cmek",
            "module.data-platform.module.orch-project.google_project.project",
            "module.data-platform.module.orch-project.google_project_iam_member.servicenetworking",
            "module.data-platform.module.orch-project.google_project_iam_member.shared_vpc_host_robots",
            "module.data-platform.module.orch-project.google_project_organization_policy.boolean",
            "module.data-platform.module.orch-project.google_project_organization_policy.list",
            "module.data-platform.module.orch-project.google_project_service.project_services",
            "module.data-platform.module.orch-project.google_project_service_identity.jit_si",
            "module.data-platform.module.orch-project.google_project_service_identity.servicenetworking"
          ]
        }
      ]
    },
    {
      "module": "module.data-platform.module.orch-sa-cmp-0",
      "mode": "managed",
      "type": "google_service_account_iam_binding",
      "name": "roles",
      "provider": "provider[\"registry.terraform.io/hashicorp/google\"]",
      "instances": [
        {
          "index_key": "roles/iam.serviceAccountTokenCreator",
          "schema_version": 0,
          "attributes": {
            "condition": [],
            "etag": "BwXeV2wStaI=",
            "id": "projects/fs-50-dev-data-orc-0/serviceAccounts/fs-50-dev-data-orc-cmp-0@fs-50-dev-data-orc-0.iam.gserviceaccount.com/roles/iam.serviceAccountTokenCreator",
            "members": [
              "group:gcp-data-engineers@caggioland.com"
            ],
            "role": "roles/iam.serviceAccountTokenCreator",
            "service_account_id": "projects/fs-50-dev-data-orc-0/serviceAccounts/fs-50-dev-data-orc-cmp-0@fs-50-dev-data-orc-0.iam.gserviceaccount.com"
          },
          "sensitive_attributes": [],
          "private": "bnVsbA==",
          "dependencies": [
            "module.data-platform.module.orch-project.data.google_bigquery_default_service_account.bq_sa",
            "module.data-platform.module.orch-project.data.google_project.project",
            "module.data-platform.module.orch-project.data.google_storage_project_service_account.gcs_sa",
            "module.data-platform.module.orch-project.google_compute_shared_vpc_host_project.shared_vpc_host",
            "module.data-platform.module.orch-project.google_compute_shared_vpc_service_project.service_projects",
            "module.data-platform.module.orch-project.google_kms_crypto_key_iam_member.service_identity_cmek",
            "module.data-platform.module.orch-project.google_project.project",
            "module.data-platform.module.orch-project.google_project_iam_member.servicenetworking",
            "module.data-platform.module.orch-project.google_project_iam_member.shared_vpc_host_robots",
            "module.data-platform.module.orch-project.google_project_organization_policy.boolean",
            "module.data-platform.module.orch-project.google_project_organization_policy.list",
            "module.data-platform.module.orch-project.google_project_service.project_services",
            "module.data-platform.module.orch-project.google_project_service_identity.jit_si",
            "module.data-platform.module.orch-project.google_project_service_identity.servicenetworking",
            "module.data-platform.module.orch-sa-cmp-0.data.google_service_account.service_account",
            "module.data-platform.module.orch-sa-cmp-0.google_service_account.service_account"
          ]
        },
        {
          "index_key": "roles/iam.serviceAccountUser",
          "schema_version": 0,
          "attributes": {
            "condition": [],
            "etag": "BwXeV2wStaI=",
            "id": "projects/fs-50-dev-data-orc-0/serviceAccounts/fs-50-dev-data-orc-cmp-0@fs-50-dev-data-orc-0.iam.gserviceaccount.com/roles/iam.serviceAccountUser",
            "members": [
              "serviceAccount:fs-50-dev-data-orc-cmp-0@fs-50-dev-data-orc-0.iam.gserviceaccount.com"
            ],
            "role": "roles/iam.serviceAccountUser",
            "service_account_id": "projects/fs-50-dev-data-orc-0/serviceAccounts/fs-50-dev-data-orc-cmp-0@fs-50-dev-data-orc-0.iam.gserviceaccount.com"
          },
          "sensitive_attributes": [],
          "private": "bnVsbA==",
          "dependencies": [
            "module.data-platform.module.orch-project.data.google_bigquery_default_service_account.bq_sa",
            "module.data-platform.module.orch-project.data.google_project.project",
            "module.data-platform.module.orch-project.data.google_storage_project_service_account.gcs_sa",
            "module.data-platform.module.orch-project.google_compute_shared_vpc_host_project.shared_vpc_host",
            "module.data-platform.module.orch-project.google_compute_shared_vpc_service_project.service_projects",
            "module.data-platform.module.orch-project.google_kms_crypto_key_iam_member.service_identity_cmek",
            "module.data-platform.module.orch-project.google_project.project",
            "module.data-platform.module.orch-project.google_project_iam_member.servicenetworking",
            "module.data-platform.module.orch-project.google_project_iam_member.shared_vpc_host_robots",
            "module.data-platform.module.orch-project.google_project_organization_policy.boolean",
            "module.data-platform.module.orch-project.google_project_organization_policy.list",
            "module.data-platform.module.orch-project.google_project_service.project_services",
            "module.data-platform.module.orch-project.google_project_service_identity.jit_si",
            "module.data-platform.module.orch-project.google_project_service_identity.servicenetworking",
            "module.data-platform.module.orch-sa-cmp-0.data.google_service_account.service_account",
            "module.data-platform.module.orch-sa-cmp-0.google_service_account.service_account"
          ]
        }
      ]
    },
    {
      "module": "module.data-platform.module.transf-cs-df-0",
      "mode": "managed",
      "type": "google_storage_bucket",
      "name": "bucket",
      "provider": "provider[\"registry.terraform.io/hashicorp/google\"]",
      "instances": [
        {
          "schema_version": 0,
          "attributes": {
            "cors": [],
            "default_event_based_hold": false,
            "encryption": [],
            "force_destroy": false,
            "id": "fs-50-dev-data-trf-cs-0",
            "labels": null,
            "lifecycle_rule": [],
            "location": "EU",
            "logging": [],
            "name": "fs-50-dev-data-trf-cs-0",
            "project": "fs-50-dev-data-trf-0",
            "requester_pays": false,
            "retention_policy": [],
            "self_link": "https://www.googleapis.com/storage/v1/b/fs-50-dev-data-trf-cs-0",
            "storage_class": "MULTI_REGIONAL",
            "timeouts": null,
            "uniform_bucket_level_access": true,
            "url": "gs://fs-50-dev-data-trf-cs-0",
            "versioning": [
              {
                "enabled": false
              }
            ],
            "website": []
          },
          "sensitive_attributes": [],
          "private": "bnVsbA==",
          "dependencies": [
            "module.data-platform.module.transf-project.data.google_bigquery_default_service_account.bq_sa",
            "module.data-platform.module.transf-project.data.google_project.project",
            "module.data-platform.module.transf-project.data.google_storage_project_service_account.gcs_sa",
            "module.data-platform.module.transf-project.google_compute_shared_vpc_host_project.shared_vpc_host",
            "module.data-platform.module.transf-project.google_compute_shared_vpc_service_project.service_projects",
            "module.data-platform.module.transf-project.google_kms_crypto_key_iam_member.service_identity_cmek",
            "module.data-platform.module.transf-project.google_project.project",
            "module.data-platform.module.transf-project.google_project_iam_member.servicenetworking",
            "module.data-platform.module.transf-project.google_project_iam_member.shared_vpc_host_robots",
            "module.data-platform.module.transf-project.google_project_organization_policy.boolean",
            "module.data-platform.module.transf-project.google_project_organization_policy.list",
            "module.data-platform.module.transf-project.google_project_service.project_services",
            "module.data-platform.module.transf-project.google_project_service_identity.jit_si",
            "module.data-platform.module.transf-project.google_project_service_identity.servicenetworking"
          ]
        }
      ]
    },
    {
      "module": "module.data-platform.module.transf-project",
      "mode": "data",
      "type": "google_bigquery_default_service_account",
      "name": "bq_sa",
      "provider": "provider[\"registry.terraform.io/hashicorp/google\"]",
      "instances": [
        {
          "index_key": 0,
          "schema_version": 0,
          "attributes": {
            "email": "bq-815882013226@bigquery-encryption.iam.gserviceaccount.com",
            "id": "bq-815882013226@bigquery-encryption.iam.gserviceaccount.com",
            "project": "fs-50-dev-data-trf-0"
          },
          "sensitive_attributes": []
        }
      ]
    },
    {
      "module": "module.data-platform.module.transf-project",
      "mode": "data",
      "type": "google_storage_project_service_account",
      "name": "gcs_sa",
      "provider": "provider[\"registry.terraform.io/hashicorp/google\"]",
      "instances": [
        {
          "index_key": 0,
          "schema_version": 0,
          "attributes": {
            "email_address": "service-815882013226@gs-project-accounts.iam.gserviceaccount.com",
            "id": "service-815882013226@gs-project-accounts.iam.gserviceaccount.com",
            "project": "fs-50-dev-data-trf-0",
            "user_project": null
          },
          "sensitive_attributes": []
        }
      ]
    },
    {
      "module": "module.data-platform.module.transf-project",
      "mode": "managed",
      "type": "google_compute_shared_vpc_service_project",
      "name": "shared_vpc_service",
      "provider": "provider[\"registry.terraform.io/hashicorp/google-beta\"]",
      "instances": [
        {
          "index_key": 0,
          "schema_version": 0,
          "attributes": {
            "host_project": "fs-30-dev-net-spoke-0",
            "id": "fs-30-dev-net-spoke-0/fs-50-dev-data-trf-0",
            "service_project": "fs-50-dev-data-trf-0",
            "timeouts": null
          },
          "sensitive_attributes": [],
          "private": "eyJlMmJmYjczMC1lY2FhLTExZTYtOGY4OC0zNDM2M2JjN2M0YzAiOnsiY3JlYXRlIjoyNDAwMDAwMDAwMDAsImRlbGV0ZSI6MjQwMDAwMDAwMDAwfX0=",
          "dependencies": [
            "module.data-platform.module.transf-project.data.google_project.project",
            "module.data-platform.module.transf-project.google_project.project"
          ]
        }
      ]
    },
    {
      "module": "module.data-platform.module.transf-project",
      "mode": "managed",
      "type": "google_project",
      "name": "project",
      "provider": "provider[\"registry.terraform.io/hashicorp/google\"]",
      "instances": [
        {
          "index_key": 0,
          "schema_version": 1,
          "attributes": {
            "auto_create_network": false,
            "billing_account": "0181A7-4CC981-B7594C",
            "folder_id": "86898363966",
            "id": "projects/fs-50-dev-data-trf-0",
            "labels": null,
            "name": "fs-50-dev-data-trf-0",
            "number": "815882013226",
            "org_id": "",
            "project_id": "fs-50-dev-data-trf-0",
            "skip_delete": false,
            "timeouts": null
          },
          "sensitive_attributes": [],
          "private": "eyJlMmJmYjczMC1lY2FhLTExZTYtOGY4OC0zNDM2M2JjN2M0YzAiOnsiY3JlYXRlIjo2MDAwMDAwMDAwMDAsImRlbGV0ZSI6NjAwMDAwMDAwMDAwLCJyZWFkIjo2MDAwMDAwMDAwMDAsInVwZGF0ZSI6NjAwMDAwMDAwMDAwfSwic2NoZW1hX3ZlcnNpb24iOiIxIn0="
        }
      ]
    },
    {
      "module": "module.data-platform.module.transf-project",
      "mode": "managed",
      "type": "google_project_iam_binding",
      "name": "authoritative",
      "provider": "provider[\"registry.terraform.io/hashicorp/google\"]",
      "instances": [
        {
          "index_key": "roles/bigquery.jobUser",
          "schema_version": 0,
          "attributes": {
            "condition": [],
            "etag": "BwXeV2zueho=",
            "id": "fs-50-dev-data-trf-0/roles/bigquery.jobUser",
            "members": [
              "group:gcp-data-engineers@caggioland.com",
              "serviceAccount:fs-50-dev-data-trf-bq-0@fs-50-dev-data-trf-0.iam.gserviceaccount.com"
            ],
            "project": "fs-50-dev-data-trf-0",
            "role": "roles/bigquery.jobUser"
          },
          "sensitive_attributes": [],
          "private": "bnVsbA==",
          "dependencies": [
            "module.data-platform.module.orch-project.data.google_bigquery_default_service_account.bq_sa",
            "module.data-platform.module.orch-project.google_project_iam_member.servicenetworking",
            "module.data-platform.module.orch-project.data.google_storage_project_service_account.gcs_sa",
            "module.data-platform.module.orch-project.google_compute_shared_vpc_host_project.shared_vpc_host",
            "module.data-platform.module.orch-project.google_compute_shared_vpc_service_project.service_projects",
            "module.data-platform.module.orch-project.google_kms_crypto_key_iam_member.service_identity_cmek",
            "module.data-platform.module.orch-project.google_project.project",
            "module.data-platform.module.orch-project.google_project_iam_member.shared_vpc_host_robots",
            "module.data-platform.module.orch-project.data.google_project.project",
            "module.data-platform.module.orch-project.google_project_organization_policy.boolean",
            "module.data-platform.module.orch-project.google_project_organization_policy.list",
            "module.data-platform.module.orch-project.google_project_service.project_services",
            "module.data-platform.module.orch-project.google_project_service_identity.servicenetworking",
            "module.data-platform.module.orch-sa-cmp-0.data.google_service_account.service_account",
            "module.data-platform.module.orch-sa-cmp-0.google_service_account.service_account",
            "module.data-platform.module.orch-project.google_project_service_identity.jit_si",
            "module.data-platform.module.transf-project.data.google_bigquery_default_service_account.bq_sa",
            "module.data-platform.module.transf-project.data.google_project.project",
            "module.data-platform.module.transf-project.data.google_storage_project_service_account.gcs_sa",
            "module.data-platform.module.transf-project.google_compute_shared_vpc_host_project.shared_vpc_host",
            "module.data-platform.module.transf-project.google_compute_shared_vpc_service_project.service_projects",
            "module.data-platform.module.transf-project.google_kms_crypto_key_iam_member.service_identity_cmek",
            "module.data-platform.module.transf-project.google_project.project",
            "module.data-platform.module.transf-project.google_project_iam_custom_role.roles",
            "module.data-platform.module.transf-project.google_project_iam_member.servicenetworking",
            "module.data-platform.module.transf-project.google_project_iam_member.shared_vpc_host_robots",
            "module.data-platform.module.transf-project.google_project_organization_policy.boolean",
            "module.data-platform.module.transf-project.google_project_organization_policy.list",
            "module.data-platform.module.transf-project.google_project_service.project_services",
            "module.data-platform.module.transf-project.google_project_service_identity.jit_si",
            "module.data-platform.module.transf-project.google_project_service_identity.servicenetworking",
            "module.data-platform.module.transf-sa-bq-0.data.google_service_account.service_account",
            "module.data-platform.module.transf-sa-bq-0.google_service_account.service_account",
            "module.data-platform.module.transf-sa-df-0.data.google_service_account.service_account",
            "module.data-platform.module.transf-sa-df-0.google_service_account.service_account"
          ]
        },
        {
          "index_key": "roles/dataflow.admin",
          "schema_version": 0,
          "attributes": {
            "condition": [],
            "etag": "BwXeV2xxQWo=",
            "id": "fs-50-dev-data-trf-0/roles/dataflow.admin",
            "members": [
              "group:gcp-data-engineers@caggioland.com",
              "serviceAccount:fs-50-dev-data-orc-cmp-0@fs-50-dev-data-orc-0.iam.gserviceaccount.com"
            ],
            "project": "fs-50-dev-data-trf-0",
            "role": "roles/dataflow.admin"
          },
          "sensitive_attributes": [],
          "private": "bnVsbA==",
          "dependencies": [
            "module.data-platform.module.orch-project.data.google_bigquery_default_service_account.bq_sa",
            "module.data-platform.module.orch-project.data.google_storage_project_service_account.gcs_sa",
            "module.data-platform.module.orch-project.google_compute_shared_vpc_host_project.shared_vpc_host",
            "module.data-platform.module.orch-project.google_compute_shared_vpc_service_project.service_projects",
            "module.data-platform.module.orch-project.google_kms_crypto_key_iam_member.service_identity_cmek",
            "module.data-platform.module.orch-project.google_project.project",
            "module.data-platform.module.orch-project.google_project_iam_member.servicenetworking",
            "module.data-platform.module.orch-project.google_project_iam_member.shared_vpc_host_robots",
            "module.data-platform.module.orch-project.data.google_project.project",
            "module.data-platform.module.orch-project.google_project_organization_policy.boolean",
            "module.data-platform.module.orch-project.google_project_organization_policy.list",
            "module.data-platform.module.orch-project.google_project_service.project_services",
            "module.data-platform.module.orch-project.google_project_service_identity.servicenetworking",
            "module.data-platform.module.orch-sa-cmp-0.data.google_service_account.service_account",
            "module.data-platform.module.orch-sa-cmp-0.google_service_account.service_account",
            "module.data-platform.module.orch-project.google_project_service_identity.jit_si",
            "module.data-platform.module.transf-project.data.google_bigquery_default_service_account.bq_sa",
            "module.data-platform.module.transf-project.data.google_project.project",
            "module.data-platform.module.transf-project.data.google_storage_project_service_account.gcs_sa",
            "module.data-platform.module.transf-project.google_compute_shared_vpc_host_project.shared_vpc_host",
            "module.data-platform.module.transf-project.google_compute_shared_vpc_service_project.service_projects",
            "module.data-platform.module.transf-project.google_kms_crypto_key_iam_member.service_identity_cmek",
            "module.data-platform.module.transf-project.google_project.project",
            "module.data-platform.module.transf-project.google_project_iam_custom_role.roles",
            "module.data-platform.module.transf-project.google_project_iam_member.servicenetworking",
            "module.data-platform.module.transf-project.google_project_iam_member.shared_vpc_host_robots",
            "module.data-platform.module.transf-project.google_project_organization_policy.boolean",
            "module.data-platform.module.transf-project.google_project_organization_policy.list",
            "module.data-platform.module.transf-project.google_project_service.project_services",
            "module.data-platform.module.transf-project.google_project_service_identity.jit_si",
            "module.data-platform.module.transf-project.google_project_service_identity.servicenetworking",
            "module.data-platform.module.transf-sa-bq-0.data.google_service_account.service_account",
            "module.data-platform.module.transf-sa-bq-0.google_service_account.service_account",
            "module.data-platform.module.transf-sa-df-0.data.google_service_account.service_account",
            "module.data-platform.module.transf-sa-df-0.google_service_account.service_account"
          ]
        },
        {
          "index_key": "roles/dataflow.worker",
          "schema_version": 0,
          "attributes": {
            "condition": [],
            "etag": "BwXeV2zueho=",
            "id": "fs-50-dev-data-trf-0/roles/dataflow.worker",
            "members": [
              "serviceAccount:fs-50-dev-data-trf-df-0@fs-50-dev-data-trf-0.iam.gserviceaccount.com"
            ],
            "project": "fs-50-dev-data-trf-0",
            "role": "roles/dataflow.worker"
          },
          "sensitive_attributes": [],
          "private": "bnVsbA==",
          "dependencies": [
            "module.data-platform.module.orch-project.data.google_bigquery_default_service_account.bq_sa",
            "module.data-platform.module.orch-project.data.google_project.project",
            "module.data-platform.module.orch-project.data.google_storage_project_service_account.gcs_sa",
            "module.data-platform.module.orch-project.google_compute_shared_vpc_host_project.shared_vpc_host",
            "module.data-platform.module.orch-project.google_compute_shared_vpc_service_project.service_projects",
            "module.data-platform.module.orch-project.google_kms_crypto_key_iam_member.service_identity_cmek",
            "module.data-platform.module.orch-project.google_project.project",
            "module.data-platform.module.orch-project.google_project_iam_member.servicenetworking",
            "module.data-platform.module.orch-project.google_project_iam_member.shared_vpc_host_robots",
            "module.data-platform.module.orch-project.google_project_organization_policy.boolean",
            "module.data-platform.module.orch-project.google_project_organization_policy.list",
            "module.data-platform.module.orch-project.google_project_service.project_services",
            "module.data-platform.module.orch-project.google_project_service_identity.jit_si",
            "module.data-platform.module.orch-project.google_project_service_identity.servicenetworking",
            "module.data-platform.module.orch-sa-cmp-0.data.google_service_account.service_account",
            "module.data-platform.module.orch-sa-cmp-0.google_service_account.service_account",
            "module.data-platform.module.transf-project.data.google_bigquery_default_service_account.bq_sa",
            "module.data-platform.module.transf-project.data.google_project.project",
            "module.data-platform.module.transf-project.data.google_storage_project_service_account.gcs_sa",
            "module.data-platform.module.transf-project.google_compute_shared_vpc_host_project.shared_vpc_host",
            "module.data-platform.module.transf-project.google_compute_shared_vpc_service_project.service_projects",
            "module.data-platform.module.transf-project.google_kms_crypto_key_iam_member.service_identity_cmek",
            "module.data-platform.module.transf-project.google_project.project",
            "module.data-platform.module.transf-project.google_project_iam_custom_role.roles",
            "module.data-platform.module.transf-project.google_project_iam_member.servicenetworking",
            "module.data-platform.module.transf-project.google_project_iam_member.shared_vpc_host_robots",
            "module.data-platform.module.transf-project.google_project_organization_policy.boolean",
            "module.data-platform.module.transf-project.google_project_organization_policy.list",
            "module.data-platform.module.transf-project.google_project_service.project_services",
            "module.data-platform.module.transf-project.google_project_service_identity.jit_si",
            "module.data-platform.module.transf-project.google_project_service_identity.servicenetworking",
            "module.data-platform.module.transf-sa-bq-0.data.google_service_account.service_account",
            "module.data-platform.module.transf-sa-bq-0.google_service_account.service_account",
            "module.data-platform.module.transf-sa-df-0.data.google_service_account.service_account",
            "module.data-platform.module.transf-sa-df-0.google_service_account.service_account"
          ]
        },
        {
          "index_key": "roles/storage.objectAdmin",
          "schema_version": 0,
          "attributes": {
            "condition": [],
            "etag": "BwXeV2xxQWo=",
            "id": "fs-50-dev-data-trf-0/roles/storage.objectAdmin",
            "members": [
              "serviceAccount:fs-50-dev-data-trf-df-0@fs-50-dev-data-trf-0.iam.gserviceaccount.com",
              "serviceAccount:service-815882013226@dataflow-service-producer-prod.iam.gserviceaccount.com"
            ],
            "project": "fs-50-dev-data-trf-0",
            "role": "roles/storage.objectAdmin"
          },
          "sensitive_attributes": [],
          "private": "bnVsbA==",
          "dependencies": [
            "module.data-platform.module.orch-project.data.google_bigquery_default_service_account.bq_sa",
            "module.data-platform.module.orch-project.data.google_project.project",
            "module.data-platform.module.orch-project.data.google_storage_project_service_account.gcs_sa",
            "module.data-platform.module.orch-project.google_compute_shared_vpc_host_project.shared_vpc_host",
            "module.data-platform.module.orch-project.google_compute_shared_vpc_service_project.service_projects",
            "module.data-platform.module.orch-project.google_kms_crypto_key_iam_member.service_identity_cmek",
            "module.data-platform.module.orch-project.google_project.project",
            "module.data-platform.module.orch-project.google_project_iam_member.servicenetworking",
            "module.data-platform.module.orch-project.google_project_iam_member.shared_vpc_host_robots",
            "module.data-platform.module.orch-project.google_project_organization_policy.boolean",
            "module.data-platform.module.orch-project.google_project_organization_policy.list",
            "module.data-platform.module.orch-project.google_project_service.project_services",
            "module.data-platform.module.orch-project.google_project_service_identity.jit_si",
            "module.data-platform.module.orch-project.google_project_service_identity.servicenetworking",
            "module.data-platform.module.orch-sa-cmp-0.data.google_service_account.service_account",
            "module.data-platform.module.orch-sa-cmp-0.google_service_account.service_account",
            "module.data-platform.module.transf-project.data.google_bigquery_default_service_account.bq_sa",
            "module.data-platform.module.transf-project.data.google_project.project",
            "module.data-platform.module.transf-project.data.google_storage_project_service_account.gcs_sa",
            "module.data-platform.module.transf-project.google_compute_shared_vpc_host_project.shared_vpc_host",
            "module.data-platform.module.transf-project.google_compute_shared_vpc_service_project.service_projects",
            "module.data-platform.module.transf-project.google_kms_crypto_key_iam_member.service_identity_cmek",
            "module.data-platform.module.transf-project.google_project.project",
            "module.data-platform.module.transf-project.google_project_iam_custom_role.roles",
            "module.data-platform.module.transf-project.google_project_iam_member.servicenetworking",
            "module.data-platform.module.transf-project.google_project_iam_member.shared_vpc_host_robots",
            "module.data-platform.module.transf-project.google_project_organization_policy.boolean",
            "module.data-platform.module.transf-project.google_project_organization_policy.list",
            "module.data-platform.module.transf-project.google_project_service.project_services",
            "module.data-platform.module.transf-project.google_project_service_identity.jit_si",
            "module.data-platform.module.transf-project.google_project_service_identity.servicenetworking",
            "module.data-platform.module.transf-sa-bq-0.data.google_service_account.service_account",
            "module.data-platform.module.transf-sa-bq-0.google_service_account.service_account",
            "module.data-platform.module.transf-sa-df-0.data.google_service_account.service_account",
            "module.data-platform.module.transf-sa-df-0.google_service_account.service_account"
          ]
        }
      ]
    },
    {
      "module": "module.data-platform.module.transf-project",
      "mode": "managed",
      "type": "google_project_iam_member",
      "name": "servicenetworking",
      "provider": "provider[\"registry.terraform.io/hashicorp/google\"]",
      "instances": [
        {
          "index_key": 0,
          "schema_version": 0,
          "attributes": {
            "condition": [],
            "etag": "BwXeV2nStBE=",
            "id": "fs-50-dev-data-trf-0/roles/servicenetworking.serviceAgent/serviceAccount:service-815882013226@service-networking.iam.gserviceaccount.com",
            "member": "serviceAccount:service-815882013226@service-networking.iam.gserviceaccount.com",
            "project": "fs-50-dev-data-trf-0",
            "role": "roles/servicenetworking.serviceAgent"
          },
          "sensitive_attributes": [],
          "private": "bnVsbA==",
          "dependencies": [
            "module.data-platform.module.transf-project.data.google_project.project",
            "module.data-platform.module.transf-project.google_project.project",
            "module.data-platform.module.transf-project.google_project_service.project_services",
            "module.data-platform.module.transf-project.google_project_service_identity.servicenetworking"
          ]
        }
      ]
    },
    {
      "module": "module.data-platform.module.transf-project",
      "mode": "managed",
      "type": "google_project_service",
      "name": "project_services",
      "provider": "provider[\"registry.terraform.io/hashicorp/google\"]",
      "instances": [
        {
          "index_key": "bigquery.googleapis.com",
          "schema_version": 0,
          "attributes": {
            "disable_dependent_services": true,
            "disable_on_destroy": true,
            "id": "fs-50-dev-data-trf-0/bigquery.googleapis.com",
            "project": "fs-50-dev-data-trf-0",
            "service": "bigquery.googleapis.com",
            "timeouts": null
          },
          "sensitive_attributes": [],
          "private": "eyJlMmJmYjczMC1lY2FhLTExZTYtOGY4OC0zNDM2M2JjN2M0YzAiOnsiY3JlYXRlIjoxMjAwMDAwMDAwMDAwLCJkZWxldGUiOjEyMDAwMDAwMDAwMDAsInJlYWQiOjYwMDAwMDAwMDAwMCwidXBkYXRlIjoxMjAwMDAwMDAwMDAwfX0=",
          "dependencies": [
            "module.data-platform.module.transf-project.data.google_project.project",
            "module.data-platform.module.transf-project.google_project.project"
          ]
        },
        {
          "index_key": "bigqueryreservation.googleapis.com",
          "schema_version": 0,
          "attributes": {
            "disable_dependent_services": true,
            "disable_on_destroy": true,
            "id": "fs-50-dev-data-trf-0/bigqueryreservation.googleapis.com",
            "project": "fs-50-dev-data-trf-0",
            "service": "bigqueryreservation.googleapis.com",
            "timeouts": null
          },
          "sensitive_attributes": [],
          "private": "eyJlMmJmYjczMC1lY2FhLTExZTYtOGY4OC0zNDM2M2JjN2M0YzAiOnsiY3JlYXRlIjoxMjAwMDAwMDAwMDAwLCJkZWxldGUiOjEyMDAwMDAwMDAwMDAsInJlYWQiOjYwMDAwMDAwMDAwMCwidXBkYXRlIjoxMjAwMDAwMDAwMDAwfX0=",
          "dependencies": [
            "module.data-platform.module.transf-project.data.google_project.project",
            "module.data-platform.module.transf-project.google_project.project"
          ]
        },
        {
          "index_key": "bigquerystorage.googleapis.com",
          "schema_version": 0,
          "attributes": {
            "disable_dependent_services": true,
            "disable_on_destroy": true,
            "id": "fs-50-dev-data-trf-0/bigquerystorage.googleapis.com",
            "project": "fs-50-dev-data-trf-0",
            "service": "bigquerystorage.googleapis.com",
            "timeouts": null
          },
          "sensitive_attributes": [],
          "private": "eyJlMmJmYjczMC1lY2FhLTExZTYtOGY4OC0zNDM2M2JjN2M0YzAiOnsiY3JlYXRlIjoxMjAwMDAwMDAwMDAwLCJkZWxldGUiOjEyMDAwMDAwMDAwMDAsInJlYWQiOjYwMDAwMDAwMDAwMCwidXBkYXRlIjoxMjAwMDAwMDAwMDAwfX0=",
          "dependencies": [
            "module.data-platform.module.transf-project.data.google_project.project",
            "module.data-platform.module.transf-project.google_project.project"
          ]
        },
        {
          "index_key": "cloudkms.googleapis.com",
          "schema_version": 0,
          "attributes": {
            "disable_dependent_services": true,
            "disable_on_destroy": true,
            "id": "fs-50-dev-data-trf-0/cloudkms.googleapis.com",
            "project": "fs-50-dev-data-trf-0",
            "service": "cloudkms.googleapis.com",
            "timeouts": null
          },
          "sensitive_attributes": [],
          "private": "eyJlMmJmYjczMC1lY2FhLTExZTYtOGY4OC0zNDM2M2JjN2M0YzAiOnsiY3JlYXRlIjoxMjAwMDAwMDAwMDAwLCJkZWxldGUiOjEyMDAwMDAwMDAwMDAsInJlYWQiOjYwMDAwMDAwMDAwMCwidXBkYXRlIjoxMjAwMDAwMDAwMDAwfX0=",
          "dependencies": [
            "module.data-platform.module.transf-project.data.google_project.project",
            "module.data-platform.module.transf-project.google_project.project"
          ]
        },
        {
          "index_key": "cloudresourcemanager.googleapis.com",
          "schema_version": 0,
          "attributes": {
            "disable_dependent_services": true,
            "disable_on_destroy": true,
            "id": "fs-50-dev-data-trf-0/cloudresourcemanager.googleapis.com",
            "project": "fs-50-dev-data-trf-0",
            "service": "cloudresourcemanager.googleapis.com",
            "timeouts": null
          },
          "sensitive_attributes": [],
          "private": "eyJlMmJmYjczMC1lY2FhLTExZTYtOGY4OC0zNDM2M2JjN2M0YzAiOnsiY3JlYXRlIjoxMjAwMDAwMDAwMDAwLCJkZWxldGUiOjEyMDAwMDAwMDAwMDAsInJlYWQiOjYwMDAwMDAwMDAwMCwidXBkYXRlIjoxMjAwMDAwMDAwMDAwfX0=",
          "dependencies": [
            "module.data-platform.module.transf-project.data.google_project.project",
            "module.data-platform.module.transf-project.google_project.project"
          ]
        },
        {
          "index_key": "compute.googleapis.com",
          "schema_version": 0,
          "attributes": {
            "disable_dependent_services": true,
            "disable_on_destroy": true,
            "id": "fs-50-dev-data-trf-0/compute.googleapis.com",
            "project": "fs-50-dev-data-trf-0",
            "service": "compute.googleapis.com",
            "timeouts": null
          },
          "sensitive_attributes": [],
          "private": "eyJlMmJmYjczMC1lY2FhLTExZTYtOGY4OC0zNDM2M2JjN2M0YzAiOnsiY3JlYXRlIjoxMjAwMDAwMDAwMDAwLCJkZWxldGUiOjEyMDAwMDAwMDAwMDAsInJlYWQiOjYwMDAwMDAwMDAwMCwidXBkYXRlIjoxMjAwMDAwMDAwMDAwfX0=",
          "dependencies": [
            "module.data-platform.module.transf-project.data.google_project.project",
            "module.data-platform.module.transf-project.google_project.project"
          ]
        },
        {
          "index_key": "dataflow.googleapis.com",
          "schema_version": 0,
          "attributes": {
            "disable_dependent_services": true,
            "disable_on_destroy": true,
            "id": "fs-50-dev-data-trf-0/dataflow.googleapis.com",
            "project": "fs-50-dev-data-trf-0",
            "service": "dataflow.googleapis.com",
            "timeouts": null
          },
          "sensitive_attributes": [],
          "private": "eyJlMmJmYjczMC1lY2FhLTExZTYtOGY4OC0zNDM2M2JjN2M0YzAiOnsiY3JlYXRlIjoxMjAwMDAwMDAwMDAwLCJkZWxldGUiOjEyMDAwMDAwMDAwMDAsInJlYWQiOjYwMDAwMDAwMDAwMCwidXBkYXRlIjoxMjAwMDAwMDAwMDAwfX0=",
          "dependencies": [
            "module.data-platform.module.transf-project.data.google_project.project",
            "module.data-platform.module.transf-project.google_project.project"
          ]
        },
        {
          "index_key": "dlp.googleapis.com",
          "schema_version": 0,
          "attributes": {
            "disable_dependent_services": true,
            "disable_on_destroy": true,
            "id": "fs-50-dev-data-trf-0/dlp.googleapis.com",
            "project": "fs-50-dev-data-trf-0",
            "service": "dlp.googleapis.com",
            "timeouts": null
          },
          "sensitive_attributes": [],
          "private": "eyJlMmJmYjczMC1lY2FhLTExZTYtOGY4OC0zNDM2M2JjN2M0YzAiOnsiY3JlYXRlIjoxMjAwMDAwMDAwMDAwLCJkZWxldGUiOjEyMDAwMDAwMDAwMDAsInJlYWQiOjYwMDAwMDAwMDAwMCwidXBkYXRlIjoxMjAwMDAwMDAwMDAwfX0=",
          "dependencies": [
            "module.data-platform.module.transf-project.data.google_project.project",
            "module.data-platform.module.transf-project.google_project.project"
          ]
        },
        {
          "index_key": "iam.googleapis.com",
          "schema_version": 0,
          "attributes": {
            "disable_dependent_services": true,
            "disable_on_destroy": true,
            "id": "fs-50-dev-data-trf-0/iam.googleapis.com",
            "project": "fs-50-dev-data-trf-0",
            "service": "iam.googleapis.com",
            "timeouts": null
          },
          "sensitive_attributes": [],
          "private": "eyJlMmJmYjczMC1lY2FhLTExZTYtOGY4OC0zNDM2M2JjN2M0YzAiOnsiY3JlYXRlIjoxMjAwMDAwMDAwMDAwLCJkZWxldGUiOjEyMDAwMDAwMDAwMDAsInJlYWQiOjYwMDAwMDAwMDAwMCwidXBkYXRlIjoxMjAwMDAwMDAwMDAwfX0=",
          "dependencies": [
            "module.data-platform.module.transf-project.data.google_project.project",
            "module.data-platform.module.transf-project.google_project.project"
          ]
        },
        {
          "index_key": "pubsub.googleapis.com",
          "schema_version": 0,
          "attributes": {
            "disable_dependent_services": true,
            "disable_on_destroy": true,
            "id": "fs-50-dev-data-trf-0/pubsub.googleapis.com",
            "project": "fs-50-dev-data-trf-0",
            "service": "pubsub.googleapis.com",
            "timeouts": null
          },
          "sensitive_attributes": [],
          "private": "eyJlMmJmYjczMC1lY2FhLTExZTYtOGY4OC0zNDM2M2JjN2M0YzAiOnsiY3JlYXRlIjoxMjAwMDAwMDAwMDAwLCJkZWxldGUiOjEyMDAwMDAwMDAwMDAsInJlYWQiOjYwMDAwMDAwMDAwMCwidXBkYXRlIjoxMjAwMDAwMDAwMDAwfX0=",
          "dependencies": [
            "module.data-platform.module.transf-project.data.google_project.project",
            "module.data-platform.module.transf-project.google_project.project"
          ]
        },
        {
          "index_key": "servicenetworking.googleapis.com",
          "schema_version": 0,
          "attributes": {
            "disable_dependent_services": true,
            "disable_on_destroy": true,
            "id": "fs-50-dev-data-trf-0/servicenetworking.googleapis.com",
            "project": "fs-50-dev-data-trf-0",
            "service": "servicenetworking.googleapis.com",
            "timeouts": null
          },
          "sensitive_attributes": [],
          "private": "eyJlMmJmYjczMC1lY2FhLTExZTYtOGY4OC0zNDM2M2JjN2M0YzAiOnsiY3JlYXRlIjoxMjAwMDAwMDAwMDAwLCJkZWxldGUiOjEyMDAwMDAwMDAwMDAsInJlYWQiOjYwMDAwMDAwMDAwMCwidXBkYXRlIjoxMjAwMDAwMDAwMDAwfX0=",
          "dependencies": [
            "module.data-platform.module.transf-project.data.google_project.project",
            "module.data-platform.module.transf-project.google_project.project"
          ]
        },
        {
          "index_key": "serviceusage.googleapis.com",
          "schema_version": 0,
          "attributes": {
            "disable_dependent_services": true,
            "disable_on_destroy": true,
            "id": "fs-50-dev-data-trf-0/serviceusage.googleapis.com",
            "project": "fs-50-dev-data-trf-0",
            "service": "serviceusage.googleapis.com",
            "timeouts": null
          },
          "sensitive_attributes": [],
          "private": "eyJlMmJmYjczMC1lY2FhLTExZTYtOGY4OC0zNDM2M2JjN2M0YzAiOnsiY3JlYXRlIjoxMjAwMDAwMDAwMDAwLCJkZWxldGUiOjEyMDAwMDAwMDAwMDAsInJlYWQiOjYwMDAwMDAwMDAwMCwidXBkYXRlIjoxMjAwMDAwMDAwMDAwfX0=",
          "dependencies": [
            "module.data-platform.module.transf-project.data.google_project.project",
            "module.data-platform.module.transf-project.google_project.project"
          ]
        },
        {
          "index_key": "stackdriver.googleapis.com",
          "schema_version": 0,
          "attributes": {
            "disable_dependent_services": true,
            "disable_on_destroy": true,
            "id": "fs-50-dev-data-trf-0/stackdriver.googleapis.com",
            "project": "fs-50-dev-data-trf-0",
            "service": "stackdriver.googleapis.com",
            "timeouts": null
          },
          "sensitive_attributes": [],
          "private": "eyJlMmJmYjczMC1lY2FhLTExZTYtOGY4OC0zNDM2M2JjN2M0YzAiOnsiY3JlYXRlIjoxMjAwMDAwMDAwMDAwLCJkZWxldGUiOjEyMDAwMDAwMDAwMDAsInJlYWQiOjYwMDAwMDAwMDAwMCwidXBkYXRlIjoxMjAwMDAwMDAwMDAwfX0=",
          "dependencies": [
            "module.data-platform.module.transf-project.data.google_project.project",
            "module.data-platform.module.transf-project.google_project.project"
          ]
        },
        {
          "index_key": "storage-component.googleapis.com",
          "schema_version": 0,
          "attributes": {
            "disable_dependent_services": true,
            "disable_on_destroy": true,
            "id": "fs-50-dev-data-trf-0/storage-component.googleapis.com",
            "project": "fs-50-dev-data-trf-0",
            "service": "storage-component.googleapis.com",
            "timeouts": null
          },
          "sensitive_attributes": [],
          "private": "eyJlMmJmYjczMC1lY2FhLTExZTYtOGY4OC0zNDM2M2JjN2M0YzAiOnsiY3JlYXRlIjoxMjAwMDAwMDAwMDAwLCJkZWxldGUiOjEyMDAwMDAwMDAwMDAsInJlYWQiOjYwMDAwMDAwMDAwMCwidXBkYXRlIjoxMjAwMDAwMDAwMDAwfX0=",
          "dependencies": [
            "module.data-platform.module.transf-project.data.google_project.project",
            "module.data-platform.module.transf-project.google_project.project"
          ]
        },
        {
          "index_key": "storage.googleapis.com",
          "schema_version": 0,
          "attributes": {
            "disable_dependent_services": true,
            "disable_on_destroy": true,
            "id": "fs-50-dev-data-trf-0/storage.googleapis.com",
            "project": "fs-50-dev-data-trf-0",
            "service": "storage.googleapis.com",
            "timeouts": null
          },
          "sensitive_attributes": [],
          "private": "eyJlMmJmYjczMC1lY2FhLTExZTYtOGY4OC0zNDM2M2JjN2M0YzAiOnsiY3JlYXRlIjoxMjAwMDAwMDAwMDAwLCJkZWxldGUiOjEyMDAwMDAwMDAwMDAsInJlYWQiOjYwMDAwMDAwMDAwMCwidXBkYXRlIjoxMjAwMDAwMDAwMDAwfX0=",
          "dependencies": [
            "module.data-platform.module.transf-project.data.google_project.project",
            "module.data-platform.module.transf-project.google_project.project"
          ]
        }
      ]
    },
    {
      "module": "module.data-platform.module.transf-project",
      "mode": "managed",
      "type": "google_project_service_identity",
      "name": "jit_si",
      "provider": "provider[\"registry.terraform.io/hashicorp/google-beta\"]",
      "instances": [
        {
          "index_key": "pubsub.googleapis.com",
          "schema_version": 0,
          "attributes": {
            "email": "service-815882013226@gcp-sa-pubsub.iam.gserviceaccount.com",
            "id": "projects/fs-50-dev-data-trf-0/services/pubsub.googleapis.com",
            "project": "fs-50-dev-data-trf-0",
            "service": "pubsub.googleapis.com",
            "timeouts": null
          },
          "sensitive_attributes": [],
          "private": "eyJlMmJmYjczMC1lY2FhLTExZTYtOGY4OC0zNDM2M2JjN2M0YzAiOnsiY3JlYXRlIjoxMjAwMDAwMDAwMDAwLCJkZWxldGUiOjEyMDAwMDAwMDAwMDAsInJlYWQiOjYwMDAwMDAwMDAwMH19",
          "dependencies": [
            "module.data-platform.module.transf-project.data.google_project.project",
            "module.data-platform.module.transf-project.google_project.project",
            "module.data-platform.module.transf-project.google_project_service.project_services"
          ]
        }
      ]
    },
    {
      "module": "module.data-platform.module.transf-project",
      "mode": "managed",
      "type": "google_project_service_identity",
      "name": "servicenetworking",
      "provider": "provider[\"registry.terraform.io/hashicorp/google-beta\"]",
      "instances": [
        {
          "index_key": 0,
          "schema_version": 0,
          "attributes": {
            "email": "service-815882013226@service-networking.iam.gserviceaccount.com",
            "id": "projects/fs-50-dev-data-trf-0/services/servicenetworking.googleapis.com",
            "project": "fs-50-dev-data-trf-0",
            "service": "servicenetworking.googleapis.com",
            "timeouts": null
          },
          "sensitive_attributes": [],
          "private": "eyJlMmJmYjczMC1lY2FhLTExZTYtOGY4OC0zNDM2M2JjN2M0YzAiOnsiY3JlYXRlIjoxMjAwMDAwMDAwMDAwLCJkZWxldGUiOjEyMDAwMDAwMDAwMDAsInJlYWQiOjYwMDAwMDAwMDAwMH19",
          "dependencies": [
            "module.data-platform.module.transf-project.data.google_project.project",
            "module.data-platform.module.transf-project.google_project.project",
            "module.data-platform.module.transf-project.google_project_service.project_services"
          ]
        }
      ]
    },
    {
      "module": "module.data-platform.module.transf-sa-bq-0",
      "mode": "managed",
      "type": "google_service_account",
      "name": "service_account",
      "provider": "provider[\"registry.terraform.io/hashicorp/google\"]",
      "instances": [
        {
          "index_key": 0,
          "schema_version": 0,
          "attributes": {
            "account_id": "fs-50-dev-data-trf-bq-0",
            "description": "",
            "disabled": false,
            "display_name": "Data platform BigQuery transformation service account",
            "email": "fs-50-dev-data-trf-bq-0@fs-50-dev-data-trf-0.iam.gserviceaccount.com",
            "id": "projects/fs-50-dev-data-trf-0/serviceAccounts/fs-50-dev-data-trf-bq-0@fs-50-dev-data-trf-0.iam.gserviceaccount.com",
            "name": "projects/fs-50-dev-data-trf-0/serviceAccounts/fs-50-dev-data-trf-bq-0@fs-50-dev-data-trf-0.iam.gserviceaccount.com",
            "project": "fs-50-dev-data-trf-0",
            "timeouts": null,
            "unique_id": "112427033399978224040"
          },
          "sensitive_attributes": [],
          "private": "eyJlMmJmYjczMC1lY2FhLTExZTYtOGY4OC0zNDM2M2JjN2M0YzAiOnsiY3JlYXRlIjozMDAwMDAwMDAwMDB9fQ==",
          "dependencies": [
            "module.data-platform.module.transf-project.data.google_bigquery_default_service_account.bq_sa",
            "module.data-platform.module.transf-project.data.google_project.project",
            "module.data-platform.module.transf-project.data.google_storage_project_service_account.gcs_sa",
            "module.data-platform.module.transf-project.google_compute_shared_vpc_host_project.shared_vpc_host",
            "module.data-platform.module.transf-project.google_compute_shared_vpc_service_project.service_projects",
            "module.data-platform.module.transf-project.google_kms_crypto_key_iam_member.service_identity_cmek",
            "module.data-platform.module.transf-project.google_project.project",
            "module.data-platform.module.transf-project.google_project_iam_member.servicenetworking",
            "module.data-platform.module.transf-project.google_project_iam_member.shared_vpc_host_robots",
            "module.data-platform.module.transf-project.google_project_organization_policy.boolean",
            "module.data-platform.module.transf-project.google_project_organization_policy.list",
            "module.data-platform.module.transf-project.google_project_service.project_services",
            "module.data-platform.module.transf-project.google_project_service_identity.jit_si",
            "module.data-platform.module.transf-project.google_project_service_identity.servicenetworking"
          ]
        }
      ]
    },
    {
      "module": "module.data-platform.module.transf-sa-bq-0",
      "mode": "managed",
      "type": "google_service_account_iam_binding",
      "name": "roles",
      "provider": "provider[\"registry.terraform.io/hashicorp/google\"]",
      "instances": [
        {
          "index_key": "roles/iam.serviceAccountTokenCreator",
          "schema_version": 0,
          "attributes": {
            "condition": [],
            "etag": "BwXeV2v8Qec=",
            "id": "projects/fs-50-dev-data-trf-0/serviceAccounts/fs-50-dev-data-trf-bq-0@fs-50-dev-data-trf-0.iam.gserviceaccount.com/roles/iam.serviceAccountTokenCreator",
            "members": [
              "group:gcp-data-engineers@caggioland.com",
              "serviceAccount:fs-50-dev-data-orc-cmp-0@fs-50-dev-data-orc-0.iam.gserviceaccount.com"
            ],
            "role": "roles/iam.serviceAccountTokenCreator",
            "service_account_id": "projects/fs-50-dev-data-trf-0/serviceAccounts/fs-50-dev-data-trf-bq-0@fs-50-dev-data-trf-0.iam.gserviceaccount.com"
          },
          "sensitive_attributes": [],
          "private": "bnVsbA==",
          "dependencies": [
            "module.data-platform.module.orch-project.data.google_bigquery_default_service_account.bq_sa",
            "module.data-platform.module.orch-project.data.google_project.project",
            "module.data-platform.module.orch-project.data.google_storage_project_service_account.gcs_sa",
            "module.data-platform.module.orch-project.google_compute_shared_vpc_host_project.shared_vpc_host",
            "module.data-platform.module.orch-project.google_compute_shared_vpc_service_project.service_projects",
            "module.data-platform.module.orch-project.google_kms_crypto_key_iam_member.service_identity_cmek",
            "module.data-platform.module.orch-project.google_project.project",
            "module.data-platform.module.orch-project.google_project_iam_member.servicenetworking",
            "module.data-platform.module.orch-project.google_project_iam_member.shared_vpc_host_robots",
            "module.data-platform.module.orch-project.google_project_organization_policy.boolean",
            "module.data-platform.module.orch-project.google_project_organization_policy.list",
            "module.data-platform.module.orch-project.google_project_service.project_services",
            "module.data-platform.module.orch-project.google_project_service_identity.jit_si",
            "module.data-platform.module.orch-project.google_project_service_identity.servicenetworking",
            "module.data-platform.module.orch-sa-cmp-0.data.google_service_account.service_account",
            "module.data-platform.module.orch-sa-cmp-0.google_service_account.service_account",
            "module.data-platform.module.transf-project.data.google_bigquery_default_service_account.bq_sa",
            "module.data-platform.module.transf-project.data.google_project.project",
            "module.data-platform.module.transf-project.data.google_storage_project_service_account.gcs_sa",
            "module.data-platform.module.transf-project.google_compute_shared_vpc_host_project.shared_vpc_host",
            "module.data-platform.module.transf-project.google_compute_shared_vpc_service_project.service_projects",
            "module.data-platform.module.transf-project.google_kms_crypto_key_iam_member.service_identity_cmek",
            "module.data-platform.module.transf-project.google_project.project",
            "module.data-platform.module.transf-project.google_project_iam_member.servicenetworking",
            "module.data-platform.module.transf-project.google_project_iam_member.shared_vpc_host_robots",
            "module.data-platform.module.transf-project.google_project_organization_policy.boolean",
            "module.data-platform.module.transf-project.google_project_organization_policy.list",
            "module.data-platform.module.transf-project.google_project_service.project_services",
            "module.data-platform.module.transf-project.google_project_service_identity.jit_si",
            "module.data-platform.module.transf-project.google_project_service_identity.servicenetworking",
            "module.data-platform.module.transf-sa-bq-0.data.google_service_account.service_account",
            "module.data-platform.module.transf-sa-bq-0.google_service_account.service_account"
          ]
        },
        {
          "index_key": "roles/iam.serviceAccountUser",
          "schema_version": 0,
          "attributes": {
            "condition": [],
            "etag": "BwXeV2v8Qec=",
            "id": "projects/fs-50-dev-data-trf-0/serviceAccounts/fs-50-dev-data-trf-bq-0@fs-50-dev-data-trf-0.iam.gserviceaccount.com/roles/iam.serviceAccountUser",
            "members": [
              "serviceAccount:fs-50-dev-data-orc-cmp-0@fs-50-dev-data-orc-0.iam.gserviceaccount.com"
            ],
            "role": "roles/iam.serviceAccountUser",
            "service_account_id": "projects/fs-50-dev-data-trf-0/serviceAccounts/fs-50-dev-data-trf-bq-0@fs-50-dev-data-trf-0.iam.gserviceaccount.com"
          },
          "sensitive_attributes": [],
          "private": "bnVsbA==",
          "dependencies": [
            "module.data-platform.module.orch-project.data.google_bigquery_default_service_account.bq_sa",
            "module.data-platform.module.orch-project.data.google_project.project",
            "module.data-platform.module.orch-project.data.google_storage_project_service_account.gcs_sa",
            "module.data-platform.module.orch-project.google_compute_shared_vpc_host_project.shared_vpc_host",
            "module.data-platform.module.orch-project.google_compute_shared_vpc_service_project.service_projects",
            "module.data-platform.module.orch-project.google_kms_crypto_key_iam_member.service_identity_cmek",
            "module.data-platform.module.orch-project.google_project.project",
            "module.data-platform.module.orch-project.google_project_iam_member.servicenetworking",
            "module.data-platform.module.orch-project.google_project_iam_member.shared_vpc_host_robots",
            "module.data-platform.module.orch-project.google_project_organization_policy.boolean",
            "module.data-platform.module.orch-project.google_project_organization_policy.list",
            "module.data-platform.module.orch-project.google_project_service.project_services",
            "module.data-platform.module.orch-project.google_project_service_identity.jit_si",
            "module.data-platform.module.orch-project.google_project_service_identity.servicenetworking",
            "module.data-platform.module.orch-sa-cmp-0.data.google_service_account.service_account",
            "module.data-platform.module.orch-sa-cmp-0.google_service_account.service_account",
            "module.data-platform.module.transf-project.data.google_bigquery_default_service_account.bq_sa",
            "module.data-platform.module.transf-project.data.google_project.project",
            "module.data-platform.module.transf-project.data.google_storage_project_service_account.gcs_sa",
            "module.data-platform.module.transf-project.google_compute_shared_vpc_host_project.shared_vpc_host",
            "module.data-platform.module.transf-project.google_compute_shared_vpc_service_project.service_projects",
            "module.data-platform.module.transf-project.google_kms_crypto_key_iam_member.service_identity_cmek",
            "module.data-platform.module.transf-project.google_project.project",
            "module.data-platform.module.transf-project.google_project_iam_member.servicenetworking",
            "module.data-platform.module.transf-project.google_project_iam_member.shared_vpc_host_robots",
            "module.data-platform.module.transf-project.google_project_organization_policy.boolean",
            "module.data-platform.module.transf-project.google_project_organization_policy.list",
            "module.data-platform.module.transf-project.google_project_service.project_services",
            "module.data-platform.module.transf-project.google_project_service_identity.jit_si",
            "module.data-platform.module.transf-project.google_project_service_identity.servicenetworking",
            "module.data-platform.module.transf-sa-bq-0.data.google_service_account.service_account",
            "module.data-platform.module.transf-sa-bq-0.google_service_account.service_account"
          ]
        }
      ]
    },
    {
      "module": "module.data-platform.module.transf-sa-df-0",
      "mode": "managed",
      "type": "google_service_account",
      "name": "service_account",
      "provider": "provider[\"registry.terraform.io/hashicorp/google\"]",
      "instances": [
        {
          "index_key": 0,
          "schema_version": 0,
          "attributes": {
            "account_id": "fs-50-dev-data-trf-df-0",
            "description": "",
            "disabled": false,
            "display_name": "Data platform Dataflow transformation service account",
            "email": "fs-50-dev-data-trf-df-0@fs-50-dev-data-trf-0.iam.gserviceaccount.com",
            "id": "projects/fs-50-dev-data-trf-0/serviceAccounts/fs-50-dev-data-trf-df-0@fs-50-dev-data-trf-0.iam.gserviceaccount.com",
            "name": "projects/fs-50-dev-data-trf-0/serviceAccounts/fs-50-dev-data-trf-df-0@fs-50-dev-data-trf-0.iam.gserviceaccount.com",
            "project": "fs-50-dev-data-trf-0",
            "timeouts": null,
            "unique_id": "113841964579864708680"
          },
          "sensitive_attributes": [],
          "private": "eyJlMmJmYjczMC1lY2FhLTExZTYtOGY4OC0zNDM2M2JjN2M0YzAiOnsiY3JlYXRlIjozMDAwMDAwMDAwMDB9fQ==",
          "dependencies": [
            "module.data-platform.module.transf-project.data.google_bigquery_default_service_account.bq_sa",
            "module.data-platform.module.transf-project.data.google_project.project",
            "module.data-platform.module.transf-project.data.google_storage_project_service_account.gcs_sa",
            "module.data-platform.module.transf-project.google_compute_shared_vpc_host_project.shared_vpc_host",
            "module.data-platform.module.transf-project.google_compute_shared_vpc_service_project.service_projects",
            "module.data-platform.module.transf-project.google_kms_crypto_key_iam_member.service_identity_cmek",
            "module.data-platform.module.transf-project.google_project.project",
            "module.data-platform.module.transf-project.google_project_iam_member.servicenetworking",
            "module.data-platform.module.transf-project.google_project_iam_member.shared_vpc_host_robots",
            "module.data-platform.module.transf-project.google_project_organization_policy.boolean",
            "module.data-platform.module.transf-project.google_project_organization_policy.list",
            "module.data-platform.module.transf-project.google_project_service.project_services",
            "module.data-platform.module.transf-project.google_project_service_identity.jit_si",
            "module.data-platform.module.transf-project.google_project_service_identity.servicenetworking"
          ]
        }
      ]
    },
    {
      "module": "module.data-platform.module.transf-sa-df-0",
      "mode": "managed",
      "type": "google_service_account_iam_binding",
      "name": "roles",
      "provider": "provider[\"registry.terraform.io/hashicorp/google\"]",
      "instances": [
        {
          "index_key": "roles/iam.serviceAccountTokenCreator",
          "schema_version": 0,
          "attributes": {
            "condition": [],
            "etag": "BwXeV2vXkSk=",
            "id": "projects/fs-50-dev-data-trf-0/serviceAccounts/fs-50-dev-data-trf-df-0@fs-50-dev-data-trf-0.iam.gserviceaccount.com/roles/iam.serviceAccountTokenCreator",
            "members": [
              "group:gcp-data-engineers@caggioland.com",
              "serviceAccount:fs-50-dev-data-orc-cmp-0@fs-50-dev-data-orc-0.iam.gserviceaccount.com"
            ],
            "role": "roles/iam.serviceAccountTokenCreator",
            "service_account_id": "projects/fs-50-dev-data-trf-0/serviceAccounts/fs-50-dev-data-trf-df-0@fs-50-dev-data-trf-0.iam.gserviceaccount.com"
          },
          "sensitive_attributes": [],
          "private": "bnVsbA==",
          "dependencies": [
            "module.data-platform.module.orch-project.data.google_bigquery_default_service_account.bq_sa",
            "module.data-platform.module.orch-project.data.google_project.project",
            "module.data-platform.module.orch-project.data.google_storage_project_service_account.gcs_sa",
            "module.data-platform.module.orch-project.google_compute_shared_vpc_host_project.shared_vpc_host",
            "module.data-platform.module.orch-project.google_compute_shared_vpc_service_project.service_projects",
            "module.data-platform.module.orch-project.google_kms_crypto_key_iam_member.service_identity_cmek",
            "module.data-platform.module.orch-project.google_project.project",
            "module.data-platform.module.orch-project.google_project_iam_member.servicenetworking",
            "module.data-platform.module.orch-project.google_project_iam_member.shared_vpc_host_robots",
            "module.data-platform.module.orch-project.google_project_organization_policy.boolean",
            "module.data-platform.module.orch-project.google_project_organization_policy.list",
            "module.data-platform.module.orch-project.google_project_service.project_services",
            "module.data-platform.module.orch-project.google_project_service_identity.jit_si",
            "module.data-platform.module.orch-project.google_project_service_identity.servicenetworking",
            "module.data-platform.module.orch-sa-cmp-0.data.google_service_account.service_account",
            "module.data-platform.module.orch-sa-cmp-0.google_service_account.service_account",
            "module.data-platform.module.transf-project.data.google_bigquery_default_service_account.bq_sa",
            "module.data-platform.module.transf-project.data.google_project.project",
            "module.data-platform.module.transf-project.data.google_storage_project_service_account.gcs_sa",
            "module.data-platform.module.transf-project.google_compute_shared_vpc_host_project.shared_vpc_host",
            "module.data-platform.module.transf-project.google_compute_shared_vpc_service_project.service_projects",
            "module.data-platform.module.transf-project.google_kms_crypto_key_iam_member.service_identity_cmek",
            "module.data-platform.module.transf-project.google_project.project",
            "module.data-platform.module.transf-project.google_project_iam_member.servicenetworking",
            "module.data-platform.module.transf-project.google_project_iam_member.shared_vpc_host_robots",
            "module.data-platform.module.transf-project.google_project_organization_policy.boolean",
            "module.data-platform.module.transf-project.google_project_organization_policy.list",
            "module.data-platform.module.transf-project.google_project_service.project_services",
            "module.data-platform.module.transf-project.google_project_service_identity.jit_si",
            "module.data-platform.module.transf-project.google_project_service_identity.servicenetworking",
            "module.data-platform.module.transf-sa-df-0.data.google_service_account.service_account",
            "module.data-platform.module.transf-sa-df-0.google_service_account.service_account"
          ]
        },
        {
          "index_key": "roles/iam.serviceAccountUser",
          "schema_version": 0,
          "attributes": {
            "condition": [],
            "etag": "BwXeV2wf9Xg=",
            "id": "projects/fs-50-dev-data-trf-0/serviceAccounts/fs-50-dev-data-trf-df-0@fs-50-dev-data-trf-0.iam.gserviceaccount.com/roles/iam.serviceAccountUser",
            "members": [
              "serviceAccount:fs-50-dev-data-orc-cmp-0@fs-50-dev-data-orc-0.iam.gserviceaccount.com"
            ],
            "role": "roles/iam.serviceAccountUser",
            "service_account_id": "projects/fs-50-dev-data-trf-0/serviceAccounts/fs-50-dev-data-trf-df-0@fs-50-dev-data-trf-0.iam.gserviceaccount.com"
          },
          "sensitive_attributes": [],
          "private": "bnVsbA==",
          "dependencies": [
            "module.data-platform.module.orch-project.data.google_bigquery_default_service_account.bq_sa",
            "module.data-platform.module.orch-project.data.google_project.project",
            "module.data-platform.module.orch-project.data.google_storage_project_service_account.gcs_sa",
            "module.data-platform.module.orch-project.google_compute_shared_vpc_host_project.shared_vpc_host",
            "module.data-platform.module.orch-project.google_compute_shared_vpc_service_project.service_projects",
            "module.data-platform.module.orch-project.google_kms_crypto_key_iam_member.service_identity_cmek",
            "module.data-platform.module.orch-project.google_project.project",
            "module.data-platform.module.orch-project.google_project_iam_member.servicenetworking",
            "module.data-platform.module.orch-project.google_project_iam_member.shared_vpc_host_robots",
            "module.data-platform.module.orch-project.google_project_organization_policy.boolean",
            "module.data-platform.module.orch-project.google_project_organization_policy.list",
            "module.data-platform.module.orch-project.google_project_service.project_services",
            "module.data-platform.module.orch-project.google_project_service_identity.jit_si",
            "module.data-platform.module.orch-project.google_project_service_identity.servicenetworking",
            "module.data-platform.module.orch-sa-cmp-0.data.google_service_account.service_account",
            "module.data-platform.module.orch-sa-cmp-0.google_service_account.service_account",
            "module.data-platform.module.transf-project.data.google_bigquery_default_service_account.bq_sa",
            "module.data-platform.module.transf-project.data.google_project.project",
            "module.data-platform.module.transf-project.data.google_storage_project_service_account.gcs_sa",
            "module.data-platform.module.transf-project.google_compute_shared_vpc_host_project.shared_vpc_host",
            "module.data-platform.module.transf-project.google_compute_shared_vpc_service_project.service_projects",
            "module.data-platform.module.transf-project.google_kms_crypto_key_iam_member.service_identity_cmek",
            "module.data-platform.module.transf-project.google_project.project",
            "module.data-platform.module.transf-project.google_project_iam_member.servicenetworking",
            "module.data-platform.module.transf-project.google_project_iam_member.shared_vpc_host_robots",
            "module.data-platform.module.transf-project.google_project_organization_policy.boolean",
            "module.data-platform.module.transf-project.google_project_organization_policy.list",
            "module.data-platform.module.transf-project.google_project_service.project_services",
            "module.data-platform.module.transf-project.google_project_service_identity.jit_si",
            "module.data-platform.module.transf-project.google_project_service_identity.servicenetworking",
            "module.data-platform.module.transf-sa-df-0.data.google_service_account.service_account",
            "module.data-platform.module.transf-sa-df-0.google_service_account.service_account"
          ]
        }
      ]
    }
  ]
}
